{
  "version": 4,
  "terraform_version": "1.5.7",
  "serial": 159,
  "lineage": "d67b47f0-7d9c-0ebc-700b-299b67c3bf4d",
  "outputs": {},
  "resources": [
    {
      "module": "module.moses_rds",
      "mode": "data",
      "type": "aws_availability_zones",
      "name": "eu-west-1",
      "provider": "module.moses_rds.provider[\"registry.terraform.io/hashicorp/aws\"].eu-west-1",
      "instances": [
        {
          "schema_version": 0,
          "attributes": {
            "all_availability_zones": null,
            "exclude_names": null,
            "exclude_zone_ids": null,
            "filter": null,
            "group_names": [
              "eu-west-1"
            ],
            "id": "eu-west-1",
            "names": [
              "eu-west-1a",
              "eu-west-1b",
              "eu-west-1c"
            ],
            "state": "available",
            "timeouts": null,
            "zone_ids": [
              "euw1-az2",
              "euw1-az3",
              "euw1-az1"
            ]
          },
          "sensitive_attributes": []
        }
      ]
    },
    {
      "module": "module.moses_rds",
      "mode": "data",
      "type": "aws_availability_zones",
      "name": "us-west-2",
      "provider": "module.moses_rds.provider[\"registry.terraform.io/hashicorp/aws\"].us-west-2",
      "instances": [
        {
          "schema_version": 0,
          "attributes": {
            "all_availability_zones": null,
            "exclude_names": null,
            "exclude_zone_ids": null,
            "filter": null,
            "group_names": [
              "us-west-2"
            ],
            "id": "us-west-2",
            "names": [
              "us-west-2a",
              "us-west-2b",
              "us-west-2c",
              "us-west-2d"
            ],
            "state": "available",
            "timeouts": null,
            "zone_ids": [
              "usw2-az1",
              "usw2-az2",
              "usw2-az3",
              "usw2-az4"
            ]
          },
          "sensitive_attributes": []
        }
      ]
    },
    {
      "module": "module.moses_rds",
      "mode": "managed",
      "type": "aws_db_instance",
      "name": "primary_postgres",
      "provider": "provider[\"registry.terraform.io/hashicorp/aws\"]",
      "instances": [
        {
          "schema_version": 2,
          "attributes": {
            "address": "terraform-20240913133025599800000019.cmcuzrqejgir.eu-west-1.rds.amazonaws.com",
            "allocated_storage": 20,
            "allow_major_version_upgrade": null,
            "apply_immediately": false,
            "arn": "arn:aws:rds:eu-west-1:495143188735:db:terraform-20240913133025599800000019",
            "auto_minor_version_upgrade": true,
            "availability_zone": "eu-west-1a",
            "backup_retention_period": 0,
            "backup_target": "region",
            "backup_window": "03:22-03:52",
            "blue_green_update": [],
            "ca_cert_identifier": "rds-ca-rsa2048-g1",
            "character_set_name": "",
            "copy_tags_to_snapshot": false,
            "custom_iam_instance_profile": "",
            "customer_owned_ip_enabled": false,
            "db_name": "",
            "db_subnet_group_name": "primary-db-subnet-group",
            "dedicated_log_volume": false,
            "delete_automated_backups": true,
            "deletion_protection": false,
            "domain": "",
            "domain_auth_secret_arn": "",
            "domain_dns_ips": null,
            "domain_fqdn": "",
            "domain_iam_role_name": "",
            "domain_ou": "",
            "enabled_cloudwatch_logs_exports": null,
            "endpoint": "terraform-20240913133025599800000019.cmcuzrqejgir.eu-west-1.rds.amazonaws.com:5432",
            "engine": "postgres",
            "engine_lifecycle_support": "open-source-rds-extended-support",
            "engine_version": "16",
            "engine_version_actual": "16.3",
            "final_snapshot_identifier": null,
            "hosted_zone_id": "Z29XKXDKYMONMX",
            "iam_database_authentication_enabled": false,
            "id": "db-XVPB27DHKBBYYP2ENN5BUDWRXU",
            "identifier": "terraform-20240913133025599800000019",
            "identifier_prefix": "terraform-",
            "instance_class": "db.t3.medium",
            "iops": 0,
            "kms_key_id": "",
            "latest_restorable_time": "",
            "license_model": "postgresql-license",
            "listener_endpoint": [],
            "maintenance_window": "wed:01:03-wed:01:33",
            "manage_master_user_password": null,
            "master_user_secret": [],
            "master_user_secret_kms_key_id": null,
            "max_allocated_storage": 0,
            "monitoring_interval": 0,
            "monitoring_role_arn": "",
            "multi_az": true,
            "nchar_character_set_name": "",
            "network_type": "IPV4",
            "option_group_name": "default:postgres-16",
            "parameter_group_name": "default.postgres16",
            "password": "Callmyname5533",
            "performance_insights_enabled": false,
            "performance_insights_kms_key_id": "",
            "performance_insights_retention_period": 0,
            "port": 5432,
            "publicly_accessible": false,
            "replica_mode": "",
            "replicas": [],
            "replicate_source_db": "",
            "resource_id": "db-XVPB27DHKBBYYP2ENN5BUDWRXU",
            "restore_to_point_in_time": [],
            "s3_import": [],
            "skip_final_snapshot": true,
            "snapshot_identifier": null,
            "status": "available",
            "storage_encrypted": false,
            "storage_throughput": 0,
            "storage_type": "gp2",
            "tags": {
              "Name": "Primary_PostgreSQL_Database"
            },
            "tags_all": {
              "Name": "Primary_PostgreSQL_Database"
            },
            "timeouts": null,
            "timezone": "",
            "upgrade_storage_config": null,
            "username": "olumoko",
            "vpc_security_group_ids": [
              "sg-08ac37045d80fc9d0"
            ]
          },
          "sensitive_attributes": [
            [
              {
                "type": "get_attr",
                "value": "password"
              }
            ]
          ],
          "private": "eyJlMmJmYjczMC1lY2FhLTExZTYtOGY4OC0zNDM2M2JjN2M0YzAiOnsiY3JlYXRlIjoyNDAwMDAwMDAwMDAwLCJkZWxldGUiOjM2MDAwMDAwMDAwMDAsInVwZGF0ZSI6NDgwMDAwMDAwMDAwMH0sInNjaGVtYV92ZXJzaW9uIjoiMiJ9",
          "dependencies": [
            "module.moses_vpc.aws_db_subnet_group.primary",
            "module.moses_vpc.data.aws_availability_zones.eu-west-1",
            "module.moses_vpc.module.security-group.aws_security_group.this",
            "module.moses_vpc.module.security-group.aws_security_group.this_name_prefix",
            "module.moses_vpc.module.vpc_primary.aws_cloudwatch_log_group.flow_log",
            "module.moses_vpc.module.vpc_primary.aws_customer_gateway.this",
            "module.moses_vpc.module.vpc_primary.aws_db_subnet_group.database",
            "module.moses_vpc.module.vpc_primary.aws_default_network_acl.this",
            "module.moses_vpc.module.vpc_primary.aws_default_route_table.default",
            "module.moses_vpc.module.vpc_primary.aws_default_security_group.this",
            "module.moses_vpc.module.vpc_primary.aws_default_vpc.this",
            "module.moses_vpc.module.vpc_primary.aws_egress_only_internet_gateway.this",
            "module.moses_vpc.module.vpc_primary.aws_eip.nat",
            "module.moses_vpc.module.vpc_primary.aws_elasticache_subnet_group.elasticache",
            "module.moses_vpc.module.vpc_primary.aws_flow_log.this",
            "module.moses_vpc.module.vpc_primary.aws_iam_policy.vpc_flow_log_cloudwatch",
            "module.moses_vpc.module.vpc_primary.aws_iam_role.vpc_flow_log_cloudwatch",
            "module.moses_vpc.module.vpc_primary.aws_iam_role_policy_attachment.vpc_flow_log_cloudwatch",
            "module.moses_vpc.module.vpc_primary.aws_internet_gateway.this",
            "module.moses_vpc.module.vpc_primary.aws_nat_gateway.this",
            "module.moses_vpc.module.vpc_primary.aws_network_acl.database",
            "module.moses_vpc.module.vpc_primary.aws_network_acl.elasticache",
            "module.moses_vpc.module.vpc_primary.aws_network_acl.intra",
            "module.moses_vpc.module.vpc_primary.aws_network_acl.outpost",
            "module.moses_vpc.module.vpc_primary.aws_network_acl.private",
            "module.moses_vpc.module.vpc_primary.aws_network_acl.public",
            "module.moses_vpc.module.vpc_primary.aws_network_acl.redshift",
            "module.moses_vpc.module.vpc_primary.aws_network_acl_rule.database_inbound",
            "module.moses_vpc.module.vpc_primary.aws_network_acl_rule.database_outbound",
            "module.moses_vpc.module.vpc_primary.aws_network_acl_rule.elasticache_inbound",
            "module.moses_vpc.module.vpc_primary.aws_network_acl_rule.elasticache_outbound",
            "module.moses_vpc.module.vpc_primary.aws_network_acl_rule.intra_inbound",
            "module.moses_vpc.module.vpc_primary.aws_network_acl_rule.intra_outbound",
            "module.moses_vpc.module.vpc_primary.aws_network_acl_rule.outpost_inbound",
            "module.moses_vpc.module.vpc_primary.aws_network_acl_rule.outpost_outbound",
            "module.moses_vpc.module.vpc_primary.aws_network_acl_rule.private_inbound",
            "module.moses_vpc.module.vpc_primary.aws_network_acl_rule.private_outbound",
            "module.moses_vpc.module.vpc_primary.aws_network_acl_rule.public_inbound",
            "module.moses_vpc.module.vpc_primary.aws_network_acl_rule.public_outbound",
            "module.moses_vpc.module.vpc_primary.aws_network_acl_rule.redshift_inbound",
            "module.moses_vpc.module.vpc_primary.aws_network_acl_rule.redshift_outbound",
            "module.moses_vpc.module.vpc_primary.aws_redshift_subnet_group.redshift",
            "module.moses_vpc.module.vpc_primary.aws_route.database_dns64_nat_gateway",
            "module.moses_vpc.module.vpc_primary.aws_route.database_internet_gateway",
            "module.moses_vpc.module.vpc_primary.aws_route.database_ipv6_egress",
            "module.moses_vpc.module.vpc_primary.aws_route.database_nat_gateway",
            "module.moses_vpc.module.vpc_primary.aws_route.private_dns64_nat_gateway",
            "module.moses_vpc.module.vpc_primary.aws_route.private_ipv6_egress",
            "module.moses_vpc.module.vpc_primary.aws_route.private_nat_gateway",
            "module.moses_vpc.module.vpc_primary.aws_route.public_internet_gateway",
            "module.moses_vpc.module.vpc_primary.aws_route.public_internet_gateway_ipv6",
            "module.moses_vpc.module.vpc_primary.aws_route_table.database",
            "module.moses_vpc.module.vpc_primary.aws_route_table.elasticache",
            "module.moses_vpc.module.vpc_primary.aws_route_table.intra",
            "module.moses_vpc.module.vpc_primary.aws_route_table.private",
            "module.moses_vpc.module.vpc_primary.aws_route_table.public",
            "module.moses_vpc.module.vpc_primary.aws_route_table.redshift",
            "module.moses_vpc.module.vpc_primary.aws_route_table_association.database",
            "module.moses_vpc.module.vpc_primary.aws_route_table_association.elasticache",
            "module.moses_vpc.module.vpc_primary.aws_route_table_association.intra",
            "module.moses_vpc.module.vpc_primary.aws_route_table_association.outpost",
            "module.moses_vpc.module.vpc_primary.aws_route_table_association.private",
            "module.moses_vpc.module.vpc_primary.aws_route_table_association.public",
            "module.moses_vpc.module.vpc_primary.aws_route_table_association.redshift",
            "module.moses_vpc.module.vpc_primary.aws_route_table_association.redshift_public",
            "module.moses_vpc.module.vpc_primary.aws_subnet.database",
            "module.moses_vpc.module.vpc_primary.aws_subnet.elasticache",
            "module.moses_vpc.module.vpc_primary.aws_subnet.intra",
            "module.moses_vpc.module.vpc_primary.aws_subnet.outpost",
            "module.moses_vpc.module.vpc_primary.aws_subnet.private",
            "module.moses_vpc.module.vpc_primary.aws_subnet.public",
            "module.moses_vpc.module.vpc_primary.aws_subnet.redshift",
            "module.moses_vpc.module.vpc_primary.aws_vpc.this",
            "module.moses_vpc.module.vpc_primary.aws_vpc_dhcp_options.this",
            "module.moses_vpc.module.vpc_primary.aws_vpc_dhcp_options_association.this",
            "module.moses_vpc.module.vpc_primary.aws_vpc_ipv4_cidr_block_association.this",
            "module.moses_vpc.module.vpc_primary.aws_vpn_gateway.this",
            "module.moses_vpc.module.vpc_primary.aws_vpn_gateway_attachment.this",
            "module.moses_vpc.module.vpc_primary.aws_vpn_gateway_route_propagation.intra",
            "module.moses_vpc.module.vpc_primary.aws_vpn_gateway_route_propagation.private",
            "module.moses_vpc.module.vpc_primary.aws_vpn_gateway_route_propagation.public",
            "module.moses_vpc.module.vpc_primary.data.aws_caller_identity.current",
            "module.moses_vpc.module.vpc_primary.data.aws_iam_policy_document.flow_log_cloudwatch_assume_role",
            "module.moses_vpc.module.vpc_primary.data.aws_iam_policy_document.vpc_flow_log_cloudwatch",
            "module.moses_vpc.module.vpc_primary.data.aws_partition.current",
            "module.moses_vpc.module.vpc_primary.data.aws_region.current"
          ]
        }
      ]
    },
    {
      "module": "module.moses_rds",
      "mode": "managed",
      "type": "aws_db_instance",
      "name": "secondary_postgres",
      "provider": "module.moses_rds.provider[\"registry.terraform.io/hashicorp/aws\"].us-west-2",
      "instances": [
        {
          "schema_version": 2,
          "attributes": {
            "address": "terraform-20240913133035201300000001.cwygnmewbj4r.us-west-2.rds.amazonaws.com",
            "allocated_storage": 20,
            "allow_major_version_upgrade": null,
            "apply_immediately": false,
            "arn": "arn:aws:rds:us-west-2:495143188735:db:terraform-20240913133035201300000001",
            "auto_minor_version_upgrade": true,
            "availability_zone": "us-west-2c",
            "backup_retention_period": 0,
            "backup_target": "region",
            "backup_window": "10:52-11:22",
            "blue_green_update": [],
            "ca_cert_identifier": "rds-ca-rsa2048-g1",
            "character_set_name": "",
            "copy_tags_to_snapshot": false,
            "custom_iam_instance_profile": "",
            "customer_owned_ip_enabled": false,
            "db_name": "",
            "db_subnet_group_name": "secondary-db-subnet-group",
            "dedicated_log_volume": false,
            "delete_automated_backups": true,
            "deletion_protection": false,
            "domain": "",
            "domain_auth_secret_arn": "",
            "domain_dns_ips": null,
            "domain_fqdn": "",
            "domain_iam_role_name": "",
            "domain_ou": "",
            "enabled_cloudwatch_logs_exports": null,
            "endpoint": "terraform-20240913133035201300000001.cwygnmewbj4r.us-west-2.rds.amazonaws.com:5432",
            "engine": "postgres",
            "engine_lifecycle_support": "open-source-rds-extended-support",
            "engine_version": "16",
            "engine_version_actual": "16.3",
            "final_snapshot_identifier": null,
            "hosted_zone_id": "Z1PVIF0B656C1W",
            "iam_database_authentication_enabled": false,
            "id": "db-OVFWUSMD23BXYHHKIYQJQSQ7LM",
            "identifier": "terraform-20240913133035201300000001",
            "identifier_prefix": "terraform-",
            "instance_class": "db.t3.medium",
            "iops": 0,
            "kms_key_id": "",
            "latest_restorable_time": "",
            "license_model": "postgresql-license",
            "listener_endpoint": [],
            "maintenance_window": "sat:13:19-sat:13:49",
            "manage_master_user_password": null,
            "master_user_secret": [],
            "master_user_secret_kms_key_id": null,
            "max_allocated_storage": 0,
            "monitoring_interval": 0,
            "monitoring_role_arn": "",
            "multi_az": true,
            "nchar_character_set_name": "",
            "network_type": "IPV4",
            "option_group_name": "default:postgres-16",
            "parameter_group_name": "default.postgres16",
            "password": "Callmyname5533",
            "performance_insights_enabled": false,
            "performance_insights_kms_key_id": "",
            "performance_insights_retention_period": 0,
            "port": 5432,
            "publicly_accessible": false,
            "replica_mode": "",
            "replicas": [],
            "replicate_source_db": "",
            "resource_id": "db-OVFWUSMD23BXYHHKIYQJQSQ7LM",
            "restore_to_point_in_time": [],
            "s3_import": [],
            "skip_final_snapshot": true,
            "snapshot_identifier": null,
            "status": "available",
            "storage_encrypted": false,
            "storage_throughput": 0,
            "storage_type": "gp2",
            "tags": {
              "Name": "Secondary_PostgreSQL_Database"
            },
            "tags_all": {
              "Name": "Secondary_PostgreSQL_Database"
            },
            "timeouts": null,
            "timezone": "",
            "upgrade_storage_config": null,
            "username": "olumoko",
            "vpc_security_group_ids": [
              "sg-091cc4459555cd876"
            ]
          },
          "sensitive_attributes": [
            [
              {
                "type": "get_attr",
                "value": "password"
              }
            ]
          ],
          "private": "eyJlMmJmYjczMC1lY2FhLTExZTYtOGY4OC0zNDM2M2JjN2M0YzAiOnsiY3JlYXRlIjoyNDAwMDAwMDAwMDAwLCJkZWxldGUiOjM2MDAwMDAwMDAwMDAsInVwZGF0ZSI6NDgwMDAwMDAwMDAwMH0sInNjaGVtYV92ZXJzaW9uIjoiMiJ9",
          "dependencies": [
            "module.moses_vpc.aws_db_subnet_group.secondary",
            "module.moses_vpc.data.aws_availability_zones.us-west-2",
            "module.moses_vpc.module.secondary-security-group_db.aws_security_group.this",
            "module.moses_vpc.module.secondary-security-group_db.aws_security_group.this_name_prefix",
            "module.moses_vpc.module.vpc_secondary.aws_cloudwatch_log_group.flow_log",
            "module.moses_vpc.module.vpc_secondary.aws_customer_gateway.this",
            "module.moses_vpc.module.vpc_secondary.aws_db_subnet_group.database",
            "module.moses_vpc.module.vpc_secondary.aws_default_network_acl.this",
            "module.moses_vpc.module.vpc_secondary.aws_default_route_table.default",
            "module.moses_vpc.module.vpc_secondary.aws_default_security_group.this",
            "module.moses_vpc.module.vpc_secondary.aws_default_vpc.this",
            "module.moses_vpc.module.vpc_secondary.aws_egress_only_internet_gateway.this",
            "module.moses_vpc.module.vpc_secondary.aws_eip.nat",
            "module.moses_vpc.module.vpc_secondary.aws_elasticache_subnet_group.elasticache",
            "module.moses_vpc.module.vpc_secondary.aws_flow_log.this",
            "module.moses_vpc.module.vpc_secondary.aws_iam_policy.vpc_flow_log_cloudwatch",
            "module.moses_vpc.module.vpc_secondary.aws_iam_role.vpc_flow_log_cloudwatch",
            "module.moses_vpc.module.vpc_secondary.aws_iam_role_policy_attachment.vpc_flow_log_cloudwatch",
            "module.moses_vpc.module.vpc_secondary.aws_internet_gateway.this",
            "module.moses_vpc.module.vpc_secondary.aws_nat_gateway.this",
            "module.moses_vpc.module.vpc_secondary.aws_network_acl.database",
            "module.moses_vpc.module.vpc_secondary.aws_network_acl.elasticache",
            "module.moses_vpc.module.vpc_secondary.aws_network_acl.intra",
            "module.moses_vpc.module.vpc_secondary.aws_network_acl.outpost",
            "module.moses_vpc.module.vpc_secondary.aws_network_acl.private",
            "module.moses_vpc.module.vpc_secondary.aws_network_acl.public",
            "module.moses_vpc.module.vpc_secondary.aws_network_acl.redshift",
            "module.moses_vpc.module.vpc_secondary.aws_network_acl_rule.database_inbound",
            "module.moses_vpc.module.vpc_secondary.aws_network_acl_rule.database_outbound",
            "module.moses_vpc.module.vpc_secondary.aws_network_acl_rule.elasticache_inbound",
            "module.moses_vpc.module.vpc_secondary.aws_network_acl_rule.elasticache_outbound",
            "module.moses_vpc.module.vpc_secondary.aws_network_acl_rule.intra_inbound",
            "module.moses_vpc.module.vpc_secondary.aws_network_acl_rule.intra_outbound",
            "module.moses_vpc.module.vpc_secondary.aws_network_acl_rule.outpost_inbound",
            "module.moses_vpc.module.vpc_secondary.aws_network_acl_rule.outpost_outbound",
            "module.moses_vpc.module.vpc_secondary.aws_network_acl_rule.private_inbound",
            "module.moses_vpc.module.vpc_secondary.aws_network_acl_rule.private_outbound",
            "module.moses_vpc.module.vpc_secondary.aws_network_acl_rule.public_inbound",
            "module.moses_vpc.module.vpc_secondary.aws_network_acl_rule.public_outbound",
            "module.moses_vpc.module.vpc_secondary.aws_network_acl_rule.redshift_inbound",
            "module.moses_vpc.module.vpc_secondary.aws_network_acl_rule.redshift_outbound",
            "module.moses_vpc.module.vpc_secondary.aws_redshift_subnet_group.redshift",
            "module.moses_vpc.module.vpc_secondary.aws_route.database_dns64_nat_gateway",
            "module.moses_vpc.module.vpc_secondary.aws_route.database_internet_gateway",
            "module.moses_vpc.module.vpc_secondary.aws_route.database_ipv6_egress",
            "module.moses_vpc.module.vpc_secondary.aws_route.database_nat_gateway",
            "module.moses_vpc.module.vpc_secondary.aws_route.private_dns64_nat_gateway",
            "module.moses_vpc.module.vpc_secondary.aws_route.private_ipv6_egress",
            "module.moses_vpc.module.vpc_secondary.aws_route.private_nat_gateway",
            "module.moses_vpc.module.vpc_secondary.aws_route.public_internet_gateway",
            "module.moses_vpc.module.vpc_secondary.aws_route.public_internet_gateway_ipv6",
            "module.moses_vpc.module.vpc_secondary.aws_route_table.database",
            "module.moses_vpc.module.vpc_secondary.aws_route_table.elasticache",
            "module.moses_vpc.module.vpc_secondary.aws_route_table.intra",
            "module.moses_vpc.module.vpc_secondary.aws_route_table.private",
            "module.moses_vpc.module.vpc_secondary.aws_route_table.public",
            "module.moses_vpc.module.vpc_secondary.aws_route_table.redshift",
            "module.moses_vpc.module.vpc_secondary.aws_route_table_association.database",
            "module.moses_vpc.module.vpc_secondary.aws_route_table_association.elasticache",
            "module.moses_vpc.module.vpc_secondary.aws_route_table_association.intra",
            "module.moses_vpc.module.vpc_secondary.aws_route_table_association.outpost",
            "module.moses_vpc.module.vpc_secondary.aws_route_table_association.private",
            "module.moses_vpc.module.vpc_secondary.aws_route_table_association.public",
            "module.moses_vpc.module.vpc_secondary.aws_route_table_association.redshift",
            "module.moses_vpc.module.vpc_secondary.aws_route_table_association.redshift_public",
            "module.moses_vpc.module.vpc_secondary.aws_subnet.database",
            "module.moses_vpc.module.vpc_secondary.aws_subnet.elasticache",
            "module.moses_vpc.module.vpc_secondary.aws_subnet.intra",
            "module.moses_vpc.module.vpc_secondary.aws_subnet.outpost",
            "module.moses_vpc.module.vpc_secondary.aws_subnet.private",
            "module.moses_vpc.module.vpc_secondary.aws_subnet.public",
            "module.moses_vpc.module.vpc_secondary.aws_subnet.redshift",
            "module.moses_vpc.module.vpc_secondary.aws_vpc.this",
            "module.moses_vpc.module.vpc_secondary.aws_vpc_dhcp_options.this",
            "module.moses_vpc.module.vpc_secondary.aws_vpc_dhcp_options_association.this",
            "module.moses_vpc.module.vpc_secondary.aws_vpc_ipv4_cidr_block_association.this",
            "module.moses_vpc.module.vpc_secondary.aws_vpn_gateway.this",
            "module.moses_vpc.module.vpc_secondary.aws_vpn_gateway_attachment.this",
            "module.moses_vpc.module.vpc_secondary.aws_vpn_gateway_route_propagation.intra",
            "module.moses_vpc.module.vpc_secondary.aws_vpn_gateway_route_propagation.private",
            "module.moses_vpc.module.vpc_secondary.aws_vpn_gateway_route_propagation.public",
            "module.moses_vpc.module.vpc_secondary.data.aws_caller_identity.current",
            "module.moses_vpc.module.vpc_secondary.data.aws_iam_policy_document.flow_log_cloudwatch_assume_role",
            "module.moses_vpc.module.vpc_secondary.data.aws_iam_policy_document.vpc_flow_log_cloudwatch",
            "module.moses_vpc.module.vpc_secondary.data.aws_partition.current",
            "module.moses_vpc.module.vpc_secondary.data.aws_region.current"
          ]
        }
      ]
    },
    {
      "module": "module.moses_vpc",
      "mode": "data",
      "type": "aws_availability_zones",
      "name": "eu-west-1",
      "provider": "module.moses_vpc.provider[\"registry.terraform.io/hashicorp/aws\"].eu-west-1",
      "instances": [
        {
          "schema_version": 0,
          "attributes": {
            "all_availability_zones": null,
            "exclude_names": null,
            "exclude_zone_ids": null,
            "filter": null,
            "group_names": [
              "eu-west-1"
            ],
            "id": "eu-west-1",
            "names": [
              "eu-west-1a",
              "eu-west-1b",
              "eu-west-1c"
            ],
            "state": "available",
            "timeouts": null,
            "zone_ids": [
              "euw1-az2",
              "euw1-az3",
              "euw1-az1"
            ]
          },
          "sensitive_attributes": []
        }
      ]
    },
    {
      "module": "module.moses_vpc",
      "mode": "data",
      "type": "aws_availability_zones",
      "name": "us-west-2",
      "provider": "module.moses_vpc.provider[\"registry.terraform.io/hashicorp/aws\"].us-west-2",
      "instances": [
        {
          "schema_version": 0,
          "attributes": {
            "all_availability_zones": null,
            "exclude_names": null,
            "exclude_zone_ids": null,
            "filter": null,
            "group_names": [
              "us-west-2"
            ],
            "id": "us-west-2",
            "names": [
              "us-west-2a",
              "us-west-2b",
              "us-west-2c",
              "us-west-2d"
            ],
            "state": "available",
            "timeouts": null,
            "zone_ids": [
              "usw2-az1",
              "usw2-az2",
              "usw2-az3",
              "usw2-az4"
            ]
          },
          "sensitive_attributes": []
        }
      ]
    },
    {
      "module": "module.moses_vpc",
      "mode": "managed",
      "type": "aws_db_subnet_group",
      "name": "primary",
      "provider": "module.moses_vpc.provider[\"registry.terraform.io/hashicorp/aws\"].eu-west-1",
      "instances": [
        {
          "schema_version": 0,
          "attributes": {
            "arn": "arn:aws:rds:eu-west-1:495143188735:subgrp:primary-db-subnet-group",
            "description": "Subnet group for primary RDS instance in us-west-1",
            "id": "primary-db-subnet-group",
            "name": "primary-db-subnet-group",
            "name_prefix": "",
            "subnet_ids": [
              "subnet-03fae03eb1d2cf414",
              "subnet-07646f2d03b72daf0",
              "subnet-0eb0605ed75c1e98b"
            ],
            "supported_network_types": [
              "IPV4"
            ],
            "tags": {
              "Name": "Primary-DB-Subnet-Group"
            },
            "tags_all": {
              "Name": "Primary-DB-Subnet-Group"
            },
            "vpc_id": "vpc-013b5e3bc57eddd25"
          },
          "sensitive_attributes": [],
          "private": "bnVsbA==",
          "dependencies": [
            "module.moses_vpc.data.aws_availability_zones.eu-west-1",
            "module.moses_vpc.module.vpc_primary.aws_subnet.private",
            "module.moses_vpc.module.vpc_primary.aws_vpc.this",
            "module.moses_vpc.module.vpc_primary.aws_vpc_ipv4_cidr_block_association.this"
          ]
        }
      ]
    },
    {
      "module": "module.moses_vpc",
      "mode": "managed",
      "type": "aws_db_subnet_group",
      "name": "secondary",
      "provider": "module.moses_vpc.provider[\"registry.terraform.io/hashicorp/aws\"].us-west-2",
      "instances": [
        {
          "schema_version": 0,
          "attributes": {
            "arn": "arn:aws:rds:us-west-2:495143188735:subgrp:secondary-db-subnet-group",
            "description": "Subnet group for secondary RDS instance in eu-west-1",
            "id": "secondary-db-subnet-group",
            "name": "secondary-db-subnet-group",
            "name_prefix": "",
            "subnet_ids": [
              "subnet-0493724e2cb94c7db",
              "subnet-0cf919d6a6a684481",
              "subnet-0d11688985c3f8fd2"
            ],
            "supported_network_types": [
              "IPV4"
            ],
            "tags": {
              "Name": "Secondary-DB-Subnet-Group"
            },
            "tags_all": {
              "Name": "Secondary-DB-Subnet-Group"
            },
            "vpc_id": "vpc-0ba67eb324e54026c"
          },
          "sensitive_attributes": [],
          "private": "bnVsbA==",
          "dependencies": [
            "module.moses_vpc.data.aws_availability_zones.us-west-2",
            "module.moses_vpc.module.vpc_secondary.aws_subnet.private",
            "module.moses_vpc.module.vpc_secondary.aws_vpc.this",
            "module.moses_vpc.module.vpc_secondary.aws_vpc_ipv4_cidr_block_association.this"
          ]
        }
      ]
    },
    {
      "module": "module.moses_vpc.module.primary-security-group_db",
      "mode": "managed",
      "type": "aws_security_group",
      "name": "this_name_prefix",
      "provider": "provider[\"registry.terraform.io/hashicorp/aws\"]",
      "instances": [
        {
          "index_key": 0,
          "schema_version": 1,
          "attributes": {
            "arn": "arn:aws:ec2:eu-west-1:495143188735:security-group/sg-0a4370dc1c5c1f116",
            "description": "Allow traffic on PostgreSQL port 5432",
            "egress": [],
            "id": "sg-0a4370dc1c5c1f116",
            "ingress": [],
            "name": "olumoko-primary_sg-db-20240913133022934500000017",
            "name_prefix": "olumoko-primary_sg-db-",
            "owner_id": "495143188735",
            "revoke_rules_on_delete": false,
            "tags": {
              "Name": "olumoko-primary_sg-db",
              "name": "olumoko-sg-db"
            },
            "tags_all": {
              "Name": "olumoko-primary_sg-db",
              "name": "olumoko-sg-db"
            },
            "timeouts": {
              "create": "10m",
              "delete": "15m"
            },
            "vpc_id": "vpc-013b5e3bc57eddd25"
          },
          "sensitive_attributes": [],
          "private": "eyJlMmJmYjczMC1lY2FhLTExZTYtOGY4OC0zNDM2M2JjN2M0YzAiOnsiY3JlYXRlIjo2MDAwMDAwMDAwMDAsImRlbGV0ZSI6OTAwMDAwMDAwMDAwfSwic2NoZW1hX3ZlcnNpb24iOiIxIn0=",
          "dependencies": [
            "module.moses_vpc.data.aws_availability_zones.eu-west-1",
            "module.moses_vpc.module.vpc_primary.aws_cloudwatch_log_group.flow_log",
            "module.moses_vpc.module.vpc_primary.aws_customer_gateway.this",
            "module.moses_vpc.module.vpc_primary.aws_db_subnet_group.database",
            "module.moses_vpc.module.vpc_primary.aws_default_network_acl.this",
            "module.moses_vpc.module.vpc_primary.aws_default_route_table.default",
            "module.moses_vpc.module.vpc_primary.aws_default_security_group.this",
            "module.moses_vpc.module.vpc_primary.aws_default_vpc.this",
            "module.moses_vpc.module.vpc_primary.aws_egress_only_internet_gateway.this",
            "module.moses_vpc.module.vpc_primary.aws_eip.nat",
            "module.moses_vpc.module.vpc_primary.aws_elasticache_subnet_group.elasticache",
            "module.moses_vpc.module.vpc_primary.aws_flow_log.this",
            "module.moses_vpc.module.vpc_primary.aws_iam_policy.vpc_flow_log_cloudwatch",
            "module.moses_vpc.module.vpc_primary.aws_iam_role.vpc_flow_log_cloudwatch",
            "module.moses_vpc.module.vpc_primary.aws_iam_role_policy_attachment.vpc_flow_log_cloudwatch",
            "module.moses_vpc.module.vpc_primary.aws_internet_gateway.this",
            "module.moses_vpc.module.vpc_primary.aws_nat_gateway.this",
            "module.moses_vpc.module.vpc_primary.aws_network_acl.database",
            "module.moses_vpc.module.vpc_primary.aws_network_acl.elasticache",
            "module.moses_vpc.module.vpc_primary.aws_network_acl.intra",
            "module.moses_vpc.module.vpc_primary.aws_network_acl.outpost",
            "module.moses_vpc.module.vpc_primary.aws_network_acl.private",
            "module.moses_vpc.module.vpc_primary.aws_network_acl.public",
            "module.moses_vpc.module.vpc_primary.aws_network_acl.redshift",
            "module.moses_vpc.module.vpc_primary.aws_network_acl_rule.database_inbound",
            "module.moses_vpc.module.vpc_primary.aws_network_acl_rule.database_outbound",
            "module.moses_vpc.module.vpc_primary.aws_network_acl_rule.elasticache_inbound",
            "module.moses_vpc.module.vpc_primary.aws_network_acl_rule.elasticache_outbound",
            "module.moses_vpc.module.vpc_primary.aws_network_acl_rule.intra_inbound",
            "module.moses_vpc.module.vpc_primary.aws_network_acl_rule.intra_outbound",
            "module.moses_vpc.module.vpc_primary.aws_network_acl_rule.outpost_inbound",
            "module.moses_vpc.module.vpc_primary.aws_network_acl_rule.outpost_outbound",
            "module.moses_vpc.module.vpc_primary.aws_network_acl_rule.private_inbound",
            "module.moses_vpc.module.vpc_primary.aws_network_acl_rule.private_outbound",
            "module.moses_vpc.module.vpc_primary.aws_network_acl_rule.public_inbound",
            "module.moses_vpc.module.vpc_primary.aws_network_acl_rule.public_outbound",
            "module.moses_vpc.module.vpc_primary.aws_network_acl_rule.redshift_inbound",
            "module.moses_vpc.module.vpc_primary.aws_network_acl_rule.redshift_outbound",
            "module.moses_vpc.module.vpc_primary.aws_redshift_subnet_group.redshift",
            "module.moses_vpc.module.vpc_primary.aws_route.database_dns64_nat_gateway",
            "module.moses_vpc.module.vpc_primary.aws_route.database_internet_gateway",
            "module.moses_vpc.module.vpc_primary.aws_route.database_ipv6_egress",
            "module.moses_vpc.module.vpc_primary.aws_route.database_nat_gateway",
            "module.moses_vpc.module.vpc_primary.aws_route.private_dns64_nat_gateway",
            "module.moses_vpc.module.vpc_primary.aws_route.private_ipv6_egress",
            "module.moses_vpc.module.vpc_primary.aws_route.private_nat_gateway",
            "module.moses_vpc.module.vpc_primary.aws_route.public_internet_gateway",
            "module.moses_vpc.module.vpc_primary.aws_route.public_internet_gateway_ipv6",
            "module.moses_vpc.module.vpc_primary.aws_route_table.database",
            "module.moses_vpc.module.vpc_primary.aws_route_table.elasticache",
            "module.moses_vpc.module.vpc_primary.aws_route_table.intra",
            "module.moses_vpc.module.vpc_primary.aws_route_table.private",
            "module.moses_vpc.module.vpc_primary.aws_route_table.public",
            "module.moses_vpc.module.vpc_primary.aws_route_table.redshift",
            "module.moses_vpc.module.vpc_primary.aws_route_table_association.database",
            "module.moses_vpc.module.vpc_primary.aws_route_table_association.elasticache",
            "module.moses_vpc.module.vpc_primary.aws_route_table_association.intra",
            "module.moses_vpc.module.vpc_primary.aws_route_table_association.outpost",
            "module.moses_vpc.module.vpc_primary.aws_route_table_association.private",
            "module.moses_vpc.module.vpc_primary.aws_route_table_association.public",
            "module.moses_vpc.module.vpc_primary.aws_route_table_association.redshift",
            "module.moses_vpc.module.vpc_primary.aws_route_table_association.redshift_public",
            "module.moses_vpc.module.vpc_primary.aws_subnet.database",
            "module.moses_vpc.module.vpc_primary.aws_subnet.elasticache",
            "module.moses_vpc.module.vpc_primary.aws_subnet.intra",
            "module.moses_vpc.module.vpc_primary.aws_subnet.outpost",
            "module.moses_vpc.module.vpc_primary.aws_subnet.private",
            "module.moses_vpc.module.vpc_primary.aws_subnet.public",
            "module.moses_vpc.module.vpc_primary.aws_subnet.redshift",
            "module.moses_vpc.module.vpc_primary.aws_vpc.this",
            "module.moses_vpc.module.vpc_primary.aws_vpc_dhcp_options.this",
            "module.moses_vpc.module.vpc_primary.aws_vpc_dhcp_options_association.this",
            "module.moses_vpc.module.vpc_primary.aws_vpc_ipv4_cidr_block_association.this",
            "module.moses_vpc.module.vpc_primary.aws_vpn_gateway.this",
            "module.moses_vpc.module.vpc_primary.aws_vpn_gateway_attachment.this",
            "module.moses_vpc.module.vpc_primary.aws_vpn_gateway_route_propagation.intra",
            "module.moses_vpc.module.vpc_primary.aws_vpn_gateway_route_propagation.private",
            "module.moses_vpc.module.vpc_primary.aws_vpn_gateway_route_propagation.public",
            "module.moses_vpc.module.vpc_primary.data.aws_caller_identity.current",
            "module.moses_vpc.module.vpc_primary.data.aws_iam_policy_document.flow_log_cloudwatch_assume_role",
            "module.moses_vpc.module.vpc_primary.data.aws_iam_policy_document.vpc_flow_log_cloudwatch",
            "module.moses_vpc.module.vpc_primary.data.aws_partition.current",
            "module.moses_vpc.module.vpc_primary.data.aws_region.current"
          ],
          "create_before_destroy": true
        }
      ]
    },
    {
      "module": "module.moses_vpc.module.primary-security-group_db",
      "mode": "managed",
      "type": "aws_security_group_rule",
      "name": "egress_with_cidr_blocks",
      "provider": "provider[\"registry.terraform.io/hashicorp/aws\"]",
      "instances": [
        {
          "index_key": 0,
          "schema_version": 2,
          "attributes": {
            "cidr_blocks": [
              "10.0.0.0/16"
            ],
            "description": "Allow outbound traffic on PostgreSQL port 5432",
            "from_port": 0,
            "id": "sgrule-989854231",
            "ipv6_cidr_blocks": null,
            "prefix_list_ids": [],
            "protocol": "-1",
            "security_group_id": "sg-0a4370dc1c5c1f116",
            "security_group_rule_id": "sgr-031f3cc460904a75e",
            "self": false,
            "source_security_group_id": null,
            "timeouts": null,
            "to_port": 0,
            "type": "egress"
          },
          "sensitive_attributes": [],
          "private": "eyJlMmJmYjczMC1lY2FhLTExZTYtOGY4OC0zNDM2M2JjN2M0YzAiOnsiY3JlYXRlIjozMDAwMDAwMDAwMDB9LCJzY2hlbWFfdmVyc2lvbiI6IjIifQ==",
          "dependencies": [
            "module.moses_vpc.data.aws_availability_zones.eu-west-1",
            "module.moses_vpc.module.primary-security-group_db.aws_security_group.this",
            "module.moses_vpc.module.primary-security-group_db.aws_security_group.this_name_prefix",
            "module.moses_vpc.module.vpc_primary.aws_cloudwatch_log_group.flow_log",
            "module.moses_vpc.module.vpc_primary.aws_customer_gateway.this",
            "module.moses_vpc.module.vpc_primary.aws_db_subnet_group.database",
            "module.moses_vpc.module.vpc_primary.aws_default_network_acl.this",
            "module.moses_vpc.module.vpc_primary.aws_default_route_table.default",
            "module.moses_vpc.module.vpc_primary.aws_default_security_group.this",
            "module.moses_vpc.module.vpc_primary.aws_default_vpc.this",
            "module.moses_vpc.module.vpc_primary.aws_egress_only_internet_gateway.this",
            "module.moses_vpc.module.vpc_primary.aws_eip.nat",
            "module.moses_vpc.module.vpc_primary.aws_elasticache_subnet_group.elasticache",
            "module.moses_vpc.module.vpc_primary.aws_flow_log.this",
            "module.moses_vpc.module.vpc_primary.aws_iam_policy.vpc_flow_log_cloudwatch",
            "module.moses_vpc.module.vpc_primary.aws_iam_role.vpc_flow_log_cloudwatch",
            "module.moses_vpc.module.vpc_primary.aws_iam_role_policy_attachment.vpc_flow_log_cloudwatch",
            "module.moses_vpc.module.vpc_primary.aws_internet_gateway.this",
            "module.moses_vpc.module.vpc_primary.aws_nat_gateway.this",
            "module.moses_vpc.module.vpc_primary.aws_network_acl.database",
            "module.moses_vpc.module.vpc_primary.aws_network_acl.elasticache",
            "module.moses_vpc.module.vpc_primary.aws_network_acl.intra",
            "module.moses_vpc.module.vpc_primary.aws_network_acl.outpost",
            "module.moses_vpc.module.vpc_primary.aws_network_acl.private",
            "module.moses_vpc.module.vpc_primary.aws_network_acl.public",
            "module.moses_vpc.module.vpc_primary.aws_network_acl.redshift",
            "module.moses_vpc.module.vpc_primary.aws_network_acl_rule.database_inbound",
            "module.moses_vpc.module.vpc_primary.aws_network_acl_rule.database_outbound",
            "module.moses_vpc.module.vpc_primary.aws_network_acl_rule.elasticache_inbound",
            "module.moses_vpc.module.vpc_primary.aws_network_acl_rule.elasticache_outbound",
            "module.moses_vpc.module.vpc_primary.aws_network_acl_rule.intra_inbound",
            "module.moses_vpc.module.vpc_primary.aws_network_acl_rule.intra_outbound",
            "module.moses_vpc.module.vpc_primary.aws_network_acl_rule.outpost_inbound",
            "module.moses_vpc.module.vpc_primary.aws_network_acl_rule.outpost_outbound",
            "module.moses_vpc.module.vpc_primary.aws_network_acl_rule.private_inbound",
            "module.moses_vpc.module.vpc_primary.aws_network_acl_rule.private_outbound",
            "module.moses_vpc.module.vpc_primary.aws_network_acl_rule.public_inbound",
            "module.moses_vpc.module.vpc_primary.aws_network_acl_rule.public_outbound",
            "module.moses_vpc.module.vpc_primary.aws_network_acl_rule.redshift_inbound",
            "module.moses_vpc.module.vpc_primary.aws_network_acl_rule.redshift_outbound",
            "module.moses_vpc.module.vpc_primary.aws_redshift_subnet_group.redshift",
            "module.moses_vpc.module.vpc_primary.aws_route.database_dns64_nat_gateway",
            "module.moses_vpc.module.vpc_primary.aws_route.database_internet_gateway",
            "module.moses_vpc.module.vpc_primary.aws_route.database_ipv6_egress",
            "module.moses_vpc.module.vpc_primary.aws_route.database_nat_gateway",
            "module.moses_vpc.module.vpc_primary.aws_route.private_dns64_nat_gateway",
            "module.moses_vpc.module.vpc_primary.aws_route.private_ipv6_egress",
            "module.moses_vpc.module.vpc_primary.aws_route.private_nat_gateway",
            "module.moses_vpc.module.vpc_primary.aws_route.public_internet_gateway",
            "module.moses_vpc.module.vpc_primary.aws_route.public_internet_gateway_ipv6",
            "module.moses_vpc.module.vpc_primary.aws_route_table.database",
            "module.moses_vpc.module.vpc_primary.aws_route_table.elasticache",
            "module.moses_vpc.module.vpc_primary.aws_route_table.intra",
            "module.moses_vpc.module.vpc_primary.aws_route_table.private",
            "module.moses_vpc.module.vpc_primary.aws_route_table.public",
            "module.moses_vpc.module.vpc_primary.aws_route_table.redshift",
            "module.moses_vpc.module.vpc_primary.aws_route_table_association.database",
            "module.moses_vpc.module.vpc_primary.aws_route_table_association.elasticache",
            "module.moses_vpc.module.vpc_primary.aws_route_table_association.intra",
            "module.moses_vpc.module.vpc_primary.aws_route_table_association.outpost",
            "module.moses_vpc.module.vpc_primary.aws_route_table_association.private",
            "module.moses_vpc.module.vpc_primary.aws_route_table_association.public",
            "module.moses_vpc.module.vpc_primary.aws_route_table_association.redshift",
            "module.moses_vpc.module.vpc_primary.aws_route_table_association.redshift_public",
            "module.moses_vpc.module.vpc_primary.aws_subnet.database",
            "module.moses_vpc.module.vpc_primary.aws_subnet.elasticache",
            "module.moses_vpc.module.vpc_primary.aws_subnet.intra",
            "module.moses_vpc.module.vpc_primary.aws_subnet.outpost",
            "module.moses_vpc.module.vpc_primary.aws_subnet.private",
            "module.moses_vpc.module.vpc_primary.aws_subnet.public",
            "module.moses_vpc.module.vpc_primary.aws_subnet.redshift",
            "module.moses_vpc.module.vpc_primary.aws_vpc.this",
            "module.moses_vpc.module.vpc_primary.aws_vpc_dhcp_options.this",
            "module.moses_vpc.module.vpc_primary.aws_vpc_dhcp_options_association.this",
            "module.moses_vpc.module.vpc_primary.aws_vpc_ipv4_cidr_block_association.this",
            "module.moses_vpc.module.vpc_primary.aws_vpn_gateway.this",
            "module.moses_vpc.module.vpc_primary.aws_vpn_gateway_attachment.this",
            "module.moses_vpc.module.vpc_primary.aws_vpn_gateway_route_propagation.intra",
            "module.moses_vpc.module.vpc_primary.aws_vpn_gateway_route_propagation.private",
            "module.moses_vpc.module.vpc_primary.aws_vpn_gateway_route_propagation.public",
            "module.moses_vpc.module.vpc_primary.data.aws_caller_identity.current",
            "module.moses_vpc.module.vpc_primary.data.aws_iam_policy_document.flow_log_cloudwatch_assume_role",
            "module.moses_vpc.module.vpc_primary.data.aws_iam_policy_document.vpc_flow_log_cloudwatch",
            "module.moses_vpc.module.vpc_primary.data.aws_partition.current",
            "module.moses_vpc.module.vpc_primary.data.aws_region.current"
          ]
        }
      ]
    },
    {
      "module": "module.moses_vpc.module.primary-security-group_db",
      "mode": "managed",
      "type": "aws_security_group_rule",
      "name": "ingress_with_cidr_blocks",
      "provider": "provider[\"registry.terraform.io/hashicorp/aws\"]",
      "instances": [
        {
          "index_key": 0,
          "schema_version": 2,
          "attributes": {
            "cidr_blocks": [
              "10.0.0.0/16"
            ],
            "description": "Allow inbound traffic on PostgreSQL port 5432",
            "from_port": 5432,
            "id": "sgrule-522584667",
            "ipv6_cidr_blocks": null,
            "prefix_list_ids": [],
            "protocol": "tcp",
            "security_group_id": "sg-0a4370dc1c5c1f116",
            "security_group_rule_id": "sgr-0379849b2cedaaf31",
            "self": false,
            "source_security_group_id": null,
            "timeouts": null,
            "to_port": 5432,
            "type": "ingress"
          },
          "sensitive_attributes": [],
          "private": "eyJlMmJmYjczMC1lY2FhLTExZTYtOGY4OC0zNDM2M2JjN2M0YzAiOnsiY3JlYXRlIjozMDAwMDAwMDAwMDB9LCJzY2hlbWFfdmVyc2lvbiI6IjIifQ==",
          "dependencies": [
            "module.moses_vpc.data.aws_availability_zones.eu-west-1",
            "module.moses_vpc.module.primary-security-group_db.aws_security_group.this",
            "module.moses_vpc.module.primary-security-group_db.aws_security_group.this_name_prefix",
            "module.moses_vpc.module.vpc_primary.aws_cloudwatch_log_group.flow_log",
            "module.moses_vpc.module.vpc_primary.aws_customer_gateway.this",
            "module.moses_vpc.module.vpc_primary.aws_db_subnet_group.database",
            "module.moses_vpc.module.vpc_primary.aws_default_network_acl.this",
            "module.moses_vpc.module.vpc_primary.aws_default_route_table.default",
            "module.moses_vpc.module.vpc_primary.aws_default_security_group.this",
            "module.moses_vpc.module.vpc_primary.aws_default_vpc.this",
            "module.moses_vpc.module.vpc_primary.aws_egress_only_internet_gateway.this",
            "module.moses_vpc.module.vpc_primary.aws_eip.nat",
            "module.moses_vpc.module.vpc_primary.aws_elasticache_subnet_group.elasticache",
            "module.moses_vpc.module.vpc_primary.aws_flow_log.this",
            "module.moses_vpc.module.vpc_primary.aws_iam_policy.vpc_flow_log_cloudwatch",
            "module.moses_vpc.module.vpc_primary.aws_iam_role.vpc_flow_log_cloudwatch",
            "module.moses_vpc.module.vpc_primary.aws_iam_role_policy_attachment.vpc_flow_log_cloudwatch",
            "module.moses_vpc.module.vpc_primary.aws_internet_gateway.this",
            "module.moses_vpc.module.vpc_primary.aws_nat_gateway.this",
            "module.moses_vpc.module.vpc_primary.aws_network_acl.database",
            "module.moses_vpc.module.vpc_primary.aws_network_acl.elasticache",
            "module.moses_vpc.module.vpc_primary.aws_network_acl.intra",
            "module.moses_vpc.module.vpc_primary.aws_network_acl.outpost",
            "module.moses_vpc.module.vpc_primary.aws_network_acl.private",
            "module.moses_vpc.module.vpc_primary.aws_network_acl.public",
            "module.moses_vpc.module.vpc_primary.aws_network_acl.redshift",
            "module.moses_vpc.module.vpc_primary.aws_network_acl_rule.database_inbound",
            "module.moses_vpc.module.vpc_primary.aws_network_acl_rule.database_outbound",
            "module.moses_vpc.module.vpc_primary.aws_network_acl_rule.elasticache_inbound",
            "module.moses_vpc.module.vpc_primary.aws_network_acl_rule.elasticache_outbound",
            "module.moses_vpc.module.vpc_primary.aws_network_acl_rule.intra_inbound",
            "module.moses_vpc.module.vpc_primary.aws_network_acl_rule.intra_outbound",
            "module.moses_vpc.module.vpc_primary.aws_network_acl_rule.outpost_inbound",
            "module.moses_vpc.module.vpc_primary.aws_network_acl_rule.outpost_outbound",
            "module.moses_vpc.module.vpc_primary.aws_network_acl_rule.private_inbound",
            "module.moses_vpc.module.vpc_primary.aws_network_acl_rule.private_outbound",
            "module.moses_vpc.module.vpc_primary.aws_network_acl_rule.public_inbound",
            "module.moses_vpc.module.vpc_primary.aws_network_acl_rule.public_outbound",
            "module.moses_vpc.module.vpc_primary.aws_network_acl_rule.redshift_inbound",
            "module.moses_vpc.module.vpc_primary.aws_network_acl_rule.redshift_outbound",
            "module.moses_vpc.module.vpc_primary.aws_redshift_subnet_group.redshift",
            "module.moses_vpc.module.vpc_primary.aws_route.database_dns64_nat_gateway",
            "module.moses_vpc.module.vpc_primary.aws_route.database_internet_gateway",
            "module.moses_vpc.module.vpc_primary.aws_route.database_ipv6_egress",
            "module.moses_vpc.module.vpc_primary.aws_route.database_nat_gateway",
            "module.moses_vpc.module.vpc_primary.aws_route.private_dns64_nat_gateway",
            "module.moses_vpc.module.vpc_primary.aws_route.private_ipv6_egress",
            "module.moses_vpc.module.vpc_primary.aws_route.private_nat_gateway",
            "module.moses_vpc.module.vpc_primary.aws_route.public_internet_gateway",
            "module.moses_vpc.module.vpc_primary.aws_route.public_internet_gateway_ipv6",
            "module.moses_vpc.module.vpc_primary.aws_route_table.database",
            "module.moses_vpc.module.vpc_primary.aws_route_table.elasticache",
            "module.moses_vpc.module.vpc_primary.aws_route_table.intra",
            "module.moses_vpc.module.vpc_primary.aws_route_table.private",
            "module.moses_vpc.module.vpc_primary.aws_route_table.public",
            "module.moses_vpc.module.vpc_primary.aws_route_table.redshift",
            "module.moses_vpc.module.vpc_primary.aws_route_table_association.database",
            "module.moses_vpc.module.vpc_primary.aws_route_table_association.elasticache",
            "module.moses_vpc.module.vpc_primary.aws_route_table_association.intra",
            "module.moses_vpc.module.vpc_primary.aws_route_table_association.outpost",
            "module.moses_vpc.module.vpc_primary.aws_route_table_association.private",
            "module.moses_vpc.module.vpc_primary.aws_route_table_association.public",
            "module.moses_vpc.module.vpc_primary.aws_route_table_association.redshift",
            "module.moses_vpc.module.vpc_primary.aws_route_table_association.redshift_public",
            "module.moses_vpc.module.vpc_primary.aws_subnet.database",
            "module.moses_vpc.module.vpc_primary.aws_subnet.elasticache",
            "module.moses_vpc.module.vpc_primary.aws_subnet.intra",
            "module.moses_vpc.module.vpc_primary.aws_subnet.outpost",
            "module.moses_vpc.module.vpc_primary.aws_subnet.private",
            "module.moses_vpc.module.vpc_primary.aws_subnet.public",
            "module.moses_vpc.module.vpc_primary.aws_subnet.redshift",
            "module.moses_vpc.module.vpc_primary.aws_vpc.this",
            "module.moses_vpc.module.vpc_primary.aws_vpc_dhcp_options.this",
            "module.moses_vpc.module.vpc_primary.aws_vpc_dhcp_options_association.this",
            "module.moses_vpc.module.vpc_primary.aws_vpc_ipv4_cidr_block_association.this",
            "module.moses_vpc.module.vpc_primary.aws_vpn_gateway.this",
            "module.moses_vpc.module.vpc_primary.aws_vpn_gateway_attachment.this",
            "module.moses_vpc.module.vpc_primary.aws_vpn_gateway_route_propagation.intra",
            "module.moses_vpc.module.vpc_primary.aws_vpn_gateway_route_propagation.private",
            "module.moses_vpc.module.vpc_primary.aws_vpn_gateway_route_propagation.public",
            "module.moses_vpc.module.vpc_primary.data.aws_caller_identity.current",
            "module.moses_vpc.module.vpc_primary.data.aws_iam_policy_document.flow_log_cloudwatch_assume_role",
            "module.moses_vpc.module.vpc_primary.data.aws_iam_policy_document.vpc_flow_log_cloudwatch",
            "module.moses_vpc.module.vpc_primary.data.aws_partition.current",
            "module.moses_vpc.module.vpc_primary.data.aws_region.current"
          ]
        }
      ]
    },
    {
      "module": "module.moses_vpc.module.secondary-security-group",
      "mode": "managed",
      "type": "aws_security_group",
      "name": "this_name_prefix",
      "provider": "module.moses_vpc.provider[\"registry.terraform.io/hashicorp/aws\"].us-west-2",
      "instances": [
        {
          "index_key": 0,
          "schema_version": 1,
          "attributes": {
            "arn": "arn:aws:ec2:us-west-2:495143188735:security-group/sg-0854ff33fce0a0038",
            "description": "Security group",
            "egress": [],
            "id": "sg-0854ff33fce0a0038",
            "ingress": [],
            "name": "olumoko-sg-2-20240913133031153900000009",
            "name_prefix": "olumoko-sg-2-",
            "owner_id": "495143188735",
            "revoke_rules_on_delete": false,
            "tags": {
              "Name": "olumoko-sg-2",
              "name": "olumoko-sg-2"
            },
            "tags_all": {
              "Name": "olumoko-sg-2",
              "name": "olumoko-sg-2"
            },
            "timeouts": {
              "create": "10m",
              "delete": "15m"
            },
            "vpc_id": "vpc-0ba67eb324e54026c"
          },
          "sensitive_attributes": [],
          "private": "eyJlMmJmYjczMC1lY2FhLTExZTYtOGY4OC0zNDM2M2JjN2M0YzAiOnsiY3JlYXRlIjo2MDAwMDAwMDAwMDAsImRlbGV0ZSI6OTAwMDAwMDAwMDAwfSwic2NoZW1hX3ZlcnNpb24iOiIxIn0=",
          "dependencies": [
            "module.moses_vpc.data.aws_availability_zones.us-west-2",
            "module.moses_vpc.module.vpc_secondary.aws_cloudwatch_log_group.flow_log",
            "module.moses_vpc.module.vpc_secondary.aws_customer_gateway.this",
            "module.moses_vpc.module.vpc_secondary.aws_db_subnet_group.database",
            "module.moses_vpc.module.vpc_secondary.aws_default_network_acl.this",
            "module.moses_vpc.module.vpc_secondary.aws_default_route_table.default",
            "module.moses_vpc.module.vpc_secondary.aws_default_security_group.this",
            "module.moses_vpc.module.vpc_secondary.aws_default_vpc.this",
            "module.moses_vpc.module.vpc_secondary.aws_egress_only_internet_gateway.this",
            "module.moses_vpc.module.vpc_secondary.aws_eip.nat",
            "module.moses_vpc.module.vpc_secondary.aws_elasticache_subnet_group.elasticache",
            "module.moses_vpc.module.vpc_secondary.aws_flow_log.this",
            "module.moses_vpc.module.vpc_secondary.aws_iam_policy.vpc_flow_log_cloudwatch",
            "module.moses_vpc.module.vpc_secondary.aws_iam_role.vpc_flow_log_cloudwatch",
            "module.moses_vpc.module.vpc_secondary.aws_iam_role_policy_attachment.vpc_flow_log_cloudwatch",
            "module.moses_vpc.module.vpc_secondary.aws_internet_gateway.this",
            "module.moses_vpc.module.vpc_secondary.aws_nat_gateway.this",
            "module.moses_vpc.module.vpc_secondary.aws_network_acl.database",
            "module.moses_vpc.module.vpc_secondary.aws_network_acl.elasticache",
            "module.moses_vpc.module.vpc_secondary.aws_network_acl.intra",
            "module.moses_vpc.module.vpc_secondary.aws_network_acl.outpost",
            "module.moses_vpc.module.vpc_secondary.aws_network_acl.private",
            "module.moses_vpc.module.vpc_secondary.aws_network_acl.public",
            "module.moses_vpc.module.vpc_secondary.aws_network_acl.redshift",
            "module.moses_vpc.module.vpc_secondary.aws_network_acl_rule.database_inbound",
            "module.moses_vpc.module.vpc_secondary.aws_network_acl_rule.database_outbound",
            "module.moses_vpc.module.vpc_secondary.aws_network_acl_rule.elasticache_inbound",
            "module.moses_vpc.module.vpc_secondary.aws_network_acl_rule.elasticache_outbound",
            "module.moses_vpc.module.vpc_secondary.aws_network_acl_rule.intra_inbound",
            "module.moses_vpc.module.vpc_secondary.aws_network_acl_rule.intra_outbound",
            "module.moses_vpc.module.vpc_secondary.aws_network_acl_rule.outpost_inbound",
            "module.moses_vpc.module.vpc_secondary.aws_network_acl_rule.outpost_outbound",
            "module.moses_vpc.module.vpc_secondary.aws_network_acl_rule.private_inbound",
            "module.moses_vpc.module.vpc_secondary.aws_network_acl_rule.private_outbound",
            "module.moses_vpc.module.vpc_secondary.aws_network_acl_rule.public_inbound",
            "module.moses_vpc.module.vpc_secondary.aws_network_acl_rule.public_outbound",
            "module.moses_vpc.module.vpc_secondary.aws_network_acl_rule.redshift_inbound",
            "module.moses_vpc.module.vpc_secondary.aws_network_acl_rule.redshift_outbound",
            "module.moses_vpc.module.vpc_secondary.aws_redshift_subnet_group.redshift",
            "module.moses_vpc.module.vpc_secondary.aws_route.database_dns64_nat_gateway",
            "module.moses_vpc.module.vpc_secondary.aws_route.database_internet_gateway",
            "module.moses_vpc.module.vpc_secondary.aws_route.database_ipv6_egress",
            "module.moses_vpc.module.vpc_secondary.aws_route.database_nat_gateway",
            "module.moses_vpc.module.vpc_secondary.aws_route.private_dns64_nat_gateway",
            "module.moses_vpc.module.vpc_secondary.aws_route.private_ipv6_egress",
            "module.moses_vpc.module.vpc_secondary.aws_route.private_nat_gateway",
            "module.moses_vpc.module.vpc_secondary.aws_route.public_internet_gateway",
            "module.moses_vpc.module.vpc_secondary.aws_route.public_internet_gateway_ipv6",
            "module.moses_vpc.module.vpc_secondary.aws_route_table.database",
            "module.moses_vpc.module.vpc_secondary.aws_route_table.elasticache",
            "module.moses_vpc.module.vpc_secondary.aws_route_table.intra",
            "module.moses_vpc.module.vpc_secondary.aws_route_table.private",
            "module.moses_vpc.module.vpc_secondary.aws_route_table.public",
            "module.moses_vpc.module.vpc_secondary.aws_route_table.redshift",
            "module.moses_vpc.module.vpc_secondary.aws_route_table_association.database",
            "module.moses_vpc.module.vpc_secondary.aws_route_table_association.elasticache",
            "module.moses_vpc.module.vpc_secondary.aws_route_table_association.intra",
            "module.moses_vpc.module.vpc_secondary.aws_route_table_association.outpost",
            "module.moses_vpc.module.vpc_secondary.aws_route_table_association.private",
            "module.moses_vpc.module.vpc_secondary.aws_route_table_association.public",
            "module.moses_vpc.module.vpc_secondary.aws_route_table_association.redshift",
            "module.moses_vpc.module.vpc_secondary.aws_route_table_association.redshift_public",
            "module.moses_vpc.module.vpc_secondary.aws_subnet.database",
            "module.moses_vpc.module.vpc_secondary.aws_subnet.elasticache",
            "module.moses_vpc.module.vpc_secondary.aws_subnet.intra",
            "module.moses_vpc.module.vpc_secondary.aws_subnet.outpost",
            "module.moses_vpc.module.vpc_secondary.aws_subnet.private",
            "module.moses_vpc.module.vpc_secondary.aws_subnet.public",
            "module.moses_vpc.module.vpc_secondary.aws_subnet.redshift",
            "module.moses_vpc.module.vpc_secondary.aws_vpc.this",
            "module.moses_vpc.module.vpc_secondary.aws_vpc_dhcp_options.this",
            "module.moses_vpc.module.vpc_secondary.aws_vpc_dhcp_options_association.this",
            "module.moses_vpc.module.vpc_secondary.aws_vpc_ipv4_cidr_block_association.this",
            "module.moses_vpc.module.vpc_secondary.aws_vpn_gateway.this",
            "module.moses_vpc.module.vpc_secondary.aws_vpn_gateway_attachment.this",
            "module.moses_vpc.module.vpc_secondary.aws_vpn_gateway_route_propagation.intra",
            "module.moses_vpc.module.vpc_secondary.aws_vpn_gateway_route_propagation.private",
            "module.moses_vpc.module.vpc_secondary.aws_vpn_gateway_route_propagation.public",
            "module.moses_vpc.module.vpc_secondary.data.aws_caller_identity.current",
            "module.moses_vpc.module.vpc_secondary.data.aws_iam_policy_document.flow_log_cloudwatch_assume_role",
            "module.moses_vpc.module.vpc_secondary.data.aws_iam_policy_document.vpc_flow_log_cloudwatch",
            "module.moses_vpc.module.vpc_secondary.data.aws_partition.current",
            "module.moses_vpc.module.vpc_secondary.data.aws_region.current"
          ],
          "create_before_destroy": true
        }
      ]
    },
    {
      "module": "module.moses_vpc.module.secondary-security-group",
      "mode": "managed",
      "type": "aws_security_group_rule",
      "name": "egress_with_cidr_blocks",
      "provider": "module.moses_vpc.provider[\"registry.terraform.io/hashicorp/aws\"].us-west-2",
      "instances": [
        {
          "index_key": 0,
          "schema_version": 2,
          "attributes": {
            "cidr_blocks": [
              "0.0.0.0/0"
            ],
            "description": "Allow outbound HTTPS traffic",
            "from_port": 443,
            "id": "sgrule-3238325161",
            "ipv6_cidr_blocks": null,
            "prefix_list_ids": [],
            "protocol": "tcp",
            "security_group_id": "sg-0854ff33fce0a0038",
            "security_group_rule_id": "sgr-02fdbe2d054893927",
            "self": false,
            "source_security_group_id": null,
            "timeouts": null,
            "to_port": 443,
            "type": "egress"
          },
          "sensitive_attributes": [],
          "private": "eyJlMmJmYjczMC1lY2FhLTExZTYtOGY4OC0zNDM2M2JjN2M0YzAiOnsiY3JlYXRlIjozMDAwMDAwMDAwMDB9LCJzY2hlbWFfdmVyc2lvbiI6IjIifQ==",
          "dependencies": [
            "module.moses_vpc.data.aws_availability_zones.us-west-2",
            "module.moses_vpc.module.secondary-security-group.aws_security_group.this",
            "module.moses_vpc.module.secondary-security-group.aws_security_group.this_name_prefix",
            "module.moses_vpc.module.vpc_secondary.aws_cloudwatch_log_group.flow_log",
            "module.moses_vpc.module.vpc_secondary.aws_customer_gateway.this",
            "module.moses_vpc.module.vpc_secondary.aws_db_subnet_group.database",
            "module.moses_vpc.module.vpc_secondary.aws_default_network_acl.this",
            "module.moses_vpc.module.vpc_secondary.aws_default_route_table.default",
            "module.moses_vpc.module.vpc_secondary.aws_default_security_group.this",
            "module.moses_vpc.module.vpc_secondary.aws_default_vpc.this",
            "module.moses_vpc.module.vpc_secondary.aws_egress_only_internet_gateway.this",
            "module.moses_vpc.module.vpc_secondary.aws_eip.nat",
            "module.moses_vpc.module.vpc_secondary.aws_elasticache_subnet_group.elasticache",
            "module.moses_vpc.module.vpc_secondary.aws_flow_log.this",
            "module.moses_vpc.module.vpc_secondary.aws_iam_policy.vpc_flow_log_cloudwatch",
            "module.moses_vpc.module.vpc_secondary.aws_iam_role.vpc_flow_log_cloudwatch",
            "module.moses_vpc.module.vpc_secondary.aws_iam_role_policy_attachment.vpc_flow_log_cloudwatch",
            "module.moses_vpc.module.vpc_secondary.aws_internet_gateway.this",
            "module.moses_vpc.module.vpc_secondary.aws_nat_gateway.this",
            "module.moses_vpc.module.vpc_secondary.aws_network_acl.database",
            "module.moses_vpc.module.vpc_secondary.aws_network_acl.elasticache",
            "module.moses_vpc.module.vpc_secondary.aws_network_acl.intra",
            "module.moses_vpc.module.vpc_secondary.aws_network_acl.outpost",
            "module.moses_vpc.module.vpc_secondary.aws_network_acl.private",
            "module.moses_vpc.module.vpc_secondary.aws_network_acl.public",
            "module.moses_vpc.module.vpc_secondary.aws_network_acl.redshift",
            "module.moses_vpc.module.vpc_secondary.aws_network_acl_rule.database_inbound",
            "module.moses_vpc.module.vpc_secondary.aws_network_acl_rule.database_outbound",
            "module.moses_vpc.module.vpc_secondary.aws_network_acl_rule.elasticache_inbound",
            "module.moses_vpc.module.vpc_secondary.aws_network_acl_rule.elasticache_outbound",
            "module.moses_vpc.module.vpc_secondary.aws_network_acl_rule.intra_inbound",
            "module.moses_vpc.module.vpc_secondary.aws_network_acl_rule.intra_outbound",
            "module.moses_vpc.module.vpc_secondary.aws_network_acl_rule.outpost_inbound",
            "module.moses_vpc.module.vpc_secondary.aws_network_acl_rule.outpost_outbound",
            "module.moses_vpc.module.vpc_secondary.aws_network_acl_rule.private_inbound",
            "module.moses_vpc.module.vpc_secondary.aws_network_acl_rule.private_outbound",
            "module.moses_vpc.module.vpc_secondary.aws_network_acl_rule.public_inbound",
            "module.moses_vpc.module.vpc_secondary.aws_network_acl_rule.public_outbound",
            "module.moses_vpc.module.vpc_secondary.aws_network_acl_rule.redshift_inbound",
            "module.moses_vpc.module.vpc_secondary.aws_network_acl_rule.redshift_outbound",
            "module.moses_vpc.module.vpc_secondary.aws_redshift_subnet_group.redshift",
            "module.moses_vpc.module.vpc_secondary.aws_route.database_dns64_nat_gateway",
            "module.moses_vpc.module.vpc_secondary.aws_route.database_internet_gateway",
            "module.moses_vpc.module.vpc_secondary.aws_route.database_ipv6_egress",
            "module.moses_vpc.module.vpc_secondary.aws_route.database_nat_gateway",
            "module.moses_vpc.module.vpc_secondary.aws_route.private_dns64_nat_gateway",
            "module.moses_vpc.module.vpc_secondary.aws_route.private_ipv6_egress",
            "module.moses_vpc.module.vpc_secondary.aws_route.private_nat_gateway",
            "module.moses_vpc.module.vpc_secondary.aws_route.public_internet_gateway",
            "module.moses_vpc.module.vpc_secondary.aws_route.public_internet_gateway_ipv6",
            "module.moses_vpc.module.vpc_secondary.aws_route_table.database",
            "module.moses_vpc.module.vpc_secondary.aws_route_table.elasticache",
            "module.moses_vpc.module.vpc_secondary.aws_route_table.intra",
            "module.moses_vpc.module.vpc_secondary.aws_route_table.private",
            "module.moses_vpc.module.vpc_secondary.aws_route_table.public",
            "module.moses_vpc.module.vpc_secondary.aws_route_table.redshift",
            "module.moses_vpc.module.vpc_secondary.aws_route_table_association.database",
            "module.moses_vpc.module.vpc_secondary.aws_route_table_association.elasticache",
            "module.moses_vpc.module.vpc_secondary.aws_route_table_association.intra",
            "module.moses_vpc.module.vpc_secondary.aws_route_table_association.outpost",
            "module.moses_vpc.module.vpc_secondary.aws_route_table_association.private",
            "module.moses_vpc.module.vpc_secondary.aws_route_table_association.public",
            "module.moses_vpc.module.vpc_secondary.aws_route_table_association.redshift",
            "module.moses_vpc.module.vpc_secondary.aws_route_table_association.redshift_public",
            "module.moses_vpc.module.vpc_secondary.aws_subnet.database",
            "module.moses_vpc.module.vpc_secondary.aws_subnet.elasticache",
            "module.moses_vpc.module.vpc_secondary.aws_subnet.intra",
            "module.moses_vpc.module.vpc_secondary.aws_subnet.outpost",
            "module.moses_vpc.module.vpc_secondary.aws_subnet.private",
            "module.moses_vpc.module.vpc_secondary.aws_subnet.public",
            "module.moses_vpc.module.vpc_secondary.aws_subnet.redshift",
            "module.moses_vpc.module.vpc_secondary.aws_vpc.this",
            "module.moses_vpc.module.vpc_secondary.aws_vpc_dhcp_options.this",
            "module.moses_vpc.module.vpc_secondary.aws_vpc_dhcp_options_association.this",
            "module.moses_vpc.module.vpc_secondary.aws_vpc_ipv4_cidr_block_association.this",
            "module.moses_vpc.module.vpc_secondary.aws_vpn_gateway.this",
            "module.moses_vpc.module.vpc_secondary.aws_vpn_gateway_attachment.this",
            "module.moses_vpc.module.vpc_secondary.aws_vpn_gateway_route_propagation.intra",
            "module.moses_vpc.module.vpc_secondary.aws_vpn_gateway_route_propagation.private",
            "module.moses_vpc.module.vpc_secondary.aws_vpn_gateway_route_propagation.public",
            "module.moses_vpc.module.vpc_secondary.data.aws_caller_identity.current",
            "module.moses_vpc.module.vpc_secondary.data.aws_iam_policy_document.flow_log_cloudwatch_assume_role",
            "module.moses_vpc.module.vpc_secondary.data.aws_iam_policy_document.vpc_flow_log_cloudwatch",
            "module.moses_vpc.module.vpc_secondary.data.aws_partition.current",
            "module.moses_vpc.module.vpc_secondary.data.aws_region.current"
          ]
        },
        {
          "index_key": 1,
          "schema_version": 2,
          "attributes": {
            "cidr_blocks": [
              "0.0.0.0/0"
            ],
            "description": "Allow outbound HTTP traffic",
            "from_port": 80,
            "id": "sgrule-1852221428",
            "ipv6_cidr_blocks": null,
            "prefix_list_ids": [],
            "protocol": "tcp",
            "security_group_id": "sg-0854ff33fce0a0038",
            "security_group_rule_id": "sgr-074f248618668c3fa",
            "self": false,
            "source_security_group_id": null,
            "timeouts": null,
            "to_port": 80,
            "type": "egress"
          },
          "sensitive_attributes": [],
          "private": "eyJlMmJmYjczMC1lY2FhLTExZTYtOGY4OC0zNDM2M2JjN2M0YzAiOnsiY3JlYXRlIjozMDAwMDAwMDAwMDB9LCJzY2hlbWFfdmVyc2lvbiI6IjIifQ==",
          "dependencies": [
            "module.moses_vpc.data.aws_availability_zones.us-west-2",
            "module.moses_vpc.module.secondary-security-group.aws_security_group.this",
            "module.moses_vpc.module.secondary-security-group.aws_security_group.this_name_prefix",
            "module.moses_vpc.module.vpc_secondary.aws_cloudwatch_log_group.flow_log",
            "module.moses_vpc.module.vpc_secondary.aws_customer_gateway.this",
            "module.moses_vpc.module.vpc_secondary.aws_db_subnet_group.database",
            "module.moses_vpc.module.vpc_secondary.aws_default_network_acl.this",
            "module.moses_vpc.module.vpc_secondary.aws_default_route_table.default",
            "module.moses_vpc.module.vpc_secondary.aws_default_security_group.this",
            "module.moses_vpc.module.vpc_secondary.aws_default_vpc.this",
            "module.moses_vpc.module.vpc_secondary.aws_egress_only_internet_gateway.this",
            "module.moses_vpc.module.vpc_secondary.aws_eip.nat",
            "module.moses_vpc.module.vpc_secondary.aws_elasticache_subnet_group.elasticache",
            "module.moses_vpc.module.vpc_secondary.aws_flow_log.this",
            "module.moses_vpc.module.vpc_secondary.aws_iam_policy.vpc_flow_log_cloudwatch",
            "module.moses_vpc.module.vpc_secondary.aws_iam_role.vpc_flow_log_cloudwatch",
            "module.moses_vpc.module.vpc_secondary.aws_iam_role_policy_attachment.vpc_flow_log_cloudwatch",
            "module.moses_vpc.module.vpc_secondary.aws_internet_gateway.this",
            "module.moses_vpc.module.vpc_secondary.aws_nat_gateway.this",
            "module.moses_vpc.module.vpc_secondary.aws_network_acl.database",
            "module.moses_vpc.module.vpc_secondary.aws_network_acl.elasticache",
            "module.moses_vpc.module.vpc_secondary.aws_network_acl.intra",
            "module.moses_vpc.module.vpc_secondary.aws_network_acl.outpost",
            "module.moses_vpc.module.vpc_secondary.aws_network_acl.private",
            "module.moses_vpc.module.vpc_secondary.aws_network_acl.public",
            "module.moses_vpc.module.vpc_secondary.aws_network_acl.redshift",
            "module.moses_vpc.module.vpc_secondary.aws_network_acl_rule.database_inbound",
            "module.moses_vpc.module.vpc_secondary.aws_network_acl_rule.database_outbound",
            "module.moses_vpc.module.vpc_secondary.aws_network_acl_rule.elasticache_inbound",
            "module.moses_vpc.module.vpc_secondary.aws_network_acl_rule.elasticache_outbound",
            "module.moses_vpc.module.vpc_secondary.aws_network_acl_rule.intra_inbound",
            "module.moses_vpc.module.vpc_secondary.aws_network_acl_rule.intra_outbound",
            "module.moses_vpc.module.vpc_secondary.aws_network_acl_rule.outpost_inbound",
            "module.moses_vpc.module.vpc_secondary.aws_network_acl_rule.outpost_outbound",
            "module.moses_vpc.module.vpc_secondary.aws_network_acl_rule.private_inbound",
            "module.moses_vpc.module.vpc_secondary.aws_network_acl_rule.private_outbound",
            "module.moses_vpc.module.vpc_secondary.aws_network_acl_rule.public_inbound",
            "module.moses_vpc.module.vpc_secondary.aws_network_acl_rule.public_outbound",
            "module.moses_vpc.module.vpc_secondary.aws_network_acl_rule.redshift_inbound",
            "module.moses_vpc.module.vpc_secondary.aws_network_acl_rule.redshift_outbound",
            "module.moses_vpc.module.vpc_secondary.aws_redshift_subnet_group.redshift",
            "module.moses_vpc.module.vpc_secondary.aws_route.database_dns64_nat_gateway",
            "module.moses_vpc.module.vpc_secondary.aws_route.database_internet_gateway",
            "module.moses_vpc.module.vpc_secondary.aws_route.database_ipv6_egress",
            "module.moses_vpc.module.vpc_secondary.aws_route.database_nat_gateway",
            "module.moses_vpc.module.vpc_secondary.aws_route.private_dns64_nat_gateway",
            "module.moses_vpc.module.vpc_secondary.aws_route.private_ipv6_egress",
            "module.moses_vpc.module.vpc_secondary.aws_route.private_nat_gateway",
            "module.moses_vpc.module.vpc_secondary.aws_route.public_internet_gateway",
            "module.moses_vpc.module.vpc_secondary.aws_route.public_internet_gateway_ipv6",
            "module.moses_vpc.module.vpc_secondary.aws_route_table.database",
            "module.moses_vpc.module.vpc_secondary.aws_route_table.elasticache",
            "module.moses_vpc.module.vpc_secondary.aws_route_table.intra",
            "module.moses_vpc.module.vpc_secondary.aws_route_table.private",
            "module.moses_vpc.module.vpc_secondary.aws_route_table.public",
            "module.moses_vpc.module.vpc_secondary.aws_route_table.redshift",
            "module.moses_vpc.module.vpc_secondary.aws_route_table_association.database",
            "module.moses_vpc.module.vpc_secondary.aws_route_table_association.elasticache",
            "module.moses_vpc.module.vpc_secondary.aws_route_table_association.intra",
            "module.moses_vpc.module.vpc_secondary.aws_route_table_association.outpost",
            "module.moses_vpc.module.vpc_secondary.aws_route_table_association.private",
            "module.moses_vpc.module.vpc_secondary.aws_route_table_association.public",
            "module.moses_vpc.module.vpc_secondary.aws_route_table_association.redshift",
            "module.moses_vpc.module.vpc_secondary.aws_route_table_association.redshift_public",
            "module.moses_vpc.module.vpc_secondary.aws_subnet.database",
            "module.moses_vpc.module.vpc_secondary.aws_subnet.elasticache",
            "module.moses_vpc.module.vpc_secondary.aws_subnet.intra",
            "module.moses_vpc.module.vpc_secondary.aws_subnet.outpost",
            "module.moses_vpc.module.vpc_secondary.aws_subnet.private",
            "module.moses_vpc.module.vpc_secondary.aws_subnet.public",
            "module.moses_vpc.module.vpc_secondary.aws_subnet.redshift",
            "module.moses_vpc.module.vpc_secondary.aws_vpc.this",
            "module.moses_vpc.module.vpc_secondary.aws_vpc_dhcp_options.this",
            "module.moses_vpc.module.vpc_secondary.aws_vpc_dhcp_options_association.this",
            "module.moses_vpc.module.vpc_secondary.aws_vpc_ipv4_cidr_block_association.this",
            "module.moses_vpc.module.vpc_secondary.aws_vpn_gateway.this",
            "module.moses_vpc.module.vpc_secondary.aws_vpn_gateway_attachment.this",
            "module.moses_vpc.module.vpc_secondary.aws_vpn_gateway_route_propagation.intra",
            "module.moses_vpc.module.vpc_secondary.aws_vpn_gateway_route_propagation.private",
            "module.moses_vpc.module.vpc_secondary.aws_vpn_gateway_route_propagation.public",
            "module.moses_vpc.module.vpc_secondary.data.aws_caller_identity.current",
            "module.moses_vpc.module.vpc_secondary.data.aws_iam_policy_document.flow_log_cloudwatch_assume_role",
            "module.moses_vpc.module.vpc_secondary.data.aws_iam_policy_document.vpc_flow_log_cloudwatch",
            "module.moses_vpc.module.vpc_secondary.data.aws_partition.current",
            "module.moses_vpc.module.vpc_secondary.data.aws_region.current"
          ]
        }
      ]
    },
    {
      "module": "module.moses_vpc.module.secondary-security-group",
      "mode": "managed",
      "type": "aws_security_group_rule",
      "name": "ingress_with_cidr_blocks",
      "provider": "module.moses_vpc.provider[\"registry.terraform.io/hashicorp/aws\"].us-west-2",
      "instances": [
        {
          "index_key": 0,
          "schema_version": 2,
          "attributes": {
            "cidr_blocks": [
              "10.0.0.0/16"
            ],
            "description": "Allow outbound HTTPS traffic",
            "from_port": 443,
            "id": "sgrule-1063128378",
            "ipv6_cidr_blocks": null,
            "prefix_list_ids": [],
            "protocol": "tcp",
            "security_group_id": "sg-0854ff33fce0a0038",
            "security_group_rule_id": "sgr-0b9d6e7dfd088a0b1",
            "self": false,
            "source_security_group_id": null,
            "timeouts": null,
            "to_port": 443,
            "type": "ingress"
          },
          "sensitive_attributes": [],
          "private": "eyJlMmJmYjczMC1lY2FhLTExZTYtOGY4OC0zNDM2M2JjN2M0YzAiOnsiY3JlYXRlIjozMDAwMDAwMDAwMDB9LCJzY2hlbWFfdmVyc2lvbiI6IjIifQ==",
          "dependencies": [
            "module.moses_vpc.data.aws_availability_zones.us-west-2",
            "module.moses_vpc.module.secondary-security-group.aws_security_group.this",
            "module.moses_vpc.module.secondary-security-group.aws_security_group.this_name_prefix",
            "module.moses_vpc.module.vpc_secondary.aws_cloudwatch_log_group.flow_log",
            "module.moses_vpc.module.vpc_secondary.aws_customer_gateway.this",
            "module.moses_vpc.module.vpc_secondary.aws_db_subnet_group.database",
            "module.moses_vpc.module.vpc_secondary.aws_default_network_acl.this",
            "module.moses_vpc.module.vpc_secondary.aws_default_route_table.default",
            "module.moses_vpc.module.vpc_secondary.aws_default_security_group.this",
            "module.moses_vpc.module.vpc_secondary.aws_default_vpc.this",
            "module.moses_vpc.module.vpc_secondary.aws_egress_only_internet_gateway.this",
            "module.moses_vpc.module.vpc_secondary.aws_eip.nat",
            "module.moses_vpc.module.vpc_secondary.aws_elasticache_subnet_group.elasticache",
            "module.moses_vpc.module.vpc_secondary.aws_flow_log.this",
            "module.moses_vpc.module.vpc_secondary.aws_iam_policy.vpc_flow_log_cloudwatch",
            "module.moses_vpc.module.vpc_secondary.aws_iam_role.vpc_flow_log_cloudwatch",
            "module.moses_vpc.module.vpc_secondary.aws_iam_role_policy_attachment.vpc_flow_log_cloudwatch",
            "module.moses_vpc.module.vpc_secondary.aws_internet_gateway.this",
            "module.moses_vpc.module.vpc_secondary.aws_nat_gateway.this",
            "module.moses_vpc.module.vpc_secondary.aws_network_acl.database",
            "module.moses_vpc.module.vpc_secondary.aws_network_acl.elasticache",
            "module.moses_vpc.module.vpc_secondary.aws_network_acl.intra",
            "module.moses_vpc.module.vpc_secondary.aws_network_acl.outpost",
            "module.moses_vpc.module.vpc_secondary.aws_network_acl.private",
            "module.moses_vpc.module.vpc_secondary.aws_network_acl.public",
            "module.moses_vpc.module.vpc_secondary.aws_network_acl.redshift",
            "module.moses_vpc.module.vpc_secondary.aws_network_acl_rule.database_inbound",
            "module.moses_vpc.module.vpc_secondary.aws_network_acl_rule.database_outbound",
            "module.moses_vpc.module.vpc_secondary.aws_network_acl_rule.elasticache_inbound",
            "module.moses_vpc.module.vpc_secondary.aws_network_acl_rule.elasticache_outbound",
            "module.moses_vpc.module.vpc_secondary.aws_network_acl_rule.intra_inbound",
            "module.moses_vpc.module.vpc_secondary.aws_network_acl_rule.intra_outbound",
            "module.moses_vpc.module.vpc_secondary.aws_network_acl_rule.outpost_inbound",
            "module.moses_vpc.module.vpc_secondary.aws_network_acl_rule.outpost_outbound",
            "module.moses_vpc.module.vpc_secondary.aws_network_acl_rule.private_inbound",
            "module.moses_vpc.module.vpc_secondary.aws_network_acl_rule.private_outbound",
            "module.moses_vpc.module.vpc_secondary.aws_network_acl_rule.public_inbound",
            "module.moses_vpc.module.vpc_secondary.aws_network_acl_rule.public_outbound",
            "module.moses_vpc.module.vpc_secondary.aws_network_acl_rule.redshift_inbound",
            "module.moses_vpc.module.vpc_secondary.aws_network_acl_rule.redshift_outbound",
            "module.moses_vpc.module.vpc_secondary.aws_redshift_subnet_group.redshift",
            "module.moses_vpc.module.vpc_secondary.aws_route.database_dns64_nat_gateway",
            "module.moses_vpc.module.vpc_secondary.aws_route.database_internet_gateway",
            "module.moses_vpc.module.vpc_secondary.aws_route.database_ipv6_egress",
            "module.moses_vpc.module.vpc_secondary.aws_route.database_nat_gateway",
            "module.moses_vpc.module.vpc_secondary.aws_route.private_dns64_nat_gateway",
            "module.moses_vpc.module.vpc_secondary.aws_route.private_ipv6_egress",
            "module.moses_vpc.module.vpc_secondary.aws_route.private_nat_gateway",
            "module.moses_vpc.module.vpc_secondary.aws_route.public_internet_gateway",
            "module.moses_vpc.module.vpc_secondary.aws_route.public_internet_gateway_ipv6",
            "module.moses_vpc.module.vpc_secondary.aws_route_table.database",
            "module.moses_vpc.module.vpc_secondary.aws_route_table.elasticache",
            "module.moses_vpc.module.vpc_secondary.aws_route_table.intra",
            "module.moses_vpc.module.vpc_secondary.aws_route_table.private",
            "module.moses_vpc.module.vpc_secondary.aws_route_table.public",
            "module.moses_vpc.module.vpc_secondary.aws_route_table.redshift",
            "module.moses_vpc.module.vpc_secondary.aws_route_table_association.database",
            "module.moses_vpc.module.vpc_secondary.aws_route_table_association.elasticache",
            "module.moses_vpc.module.vpc_secondary.aws_route_table_association.intra",
            "module.moses_vpc.module.vpc_secondary.aws_route_table_association.outpost",
            "module.moses_vpc.module.vpc_secondary.aws_route_table_association.private",
            "module.moses_vpc.module.vpc_secondary.aws_route_table_association.public",
            "module.moses_vpc.module.vpc_secondary.aws_route_table_association.redshift",
            "module.moses_vpc.module.vpc_secondary.aws_route_table_association.redshift_public",
            "module.moses_vpc.module.vpc_secondary.aws_subnet.database",
            "module.moses_vpc.module.vpc_secondary.aws_subnet.elasticache",
            "module.moses_vpc.module.vpc_secondary.aws_subnet.intra",
            "module.moses_vpc.module.vpc_secondary.aws_subnet.outpost",
            "module.moses_vpc.module.vpc_secondary.aws_subnet.private",
            "module.moses_vpc.module.vpc_secondary.aws_subnet.public",
            "module.moses_vpc.module.vpc_secondary.aws_subnet.redshift",
            "module.moses_vpc.module.vpc_secondary.aws_vpc.this",
            "module.moses_vpc.module.vpc_secondary.aws_vpc_dhcp_options.this",
            "module.moses_vpc.module.vpc_secondary.aws_vpc_dhcp_options_association.this",
            "module.moses_vpc.module.vpc_secondary.aws_vpc_ipv4_cidr_block_association.this",
            "module.moses_vpc.module.vpc_secondary.aws_vpn_gateway.this",
            "module.moses_vpc.module.vpc_secondary.aws_vpn_gateway_attachment.this",
            "module.moses_vpc.module.vpc_secondary.aws_vpn_gateway_route_propagation.intra",
            "module.moses_vpc.module.vpc_secondary.aws_vpn_gateway_route_propagation.private",
            "module.moses_vpc.module.vpc_secondary.aws_vpn_gateway_route_propagation.public",
            "module.moses_vpc.module.vpc_secondary.data.aws_caller_identity.current",
            "module.moses_vpc.module.vpc_secondary.data.aws_iam_policy_document.flow_log_cloudwatch_assume_role",
            "module.moses_vpc.module.vpc_secondary.data.aws_iam_policy_document.vpc_flow_log_cloudwatch",
            "module.moses_vpc.module.vpc_secondary.data.aws_partition.current",
            "module.moses_vpc.module.vpc_secondary.data.aws_region.current"
          ]
        },
        {
          "index_key": 1,
          "schema_version": 2,
          "attributes": {
            "cidr_blocks": [
              "10.0.0.0/16"
            ],
            "description": "Allow outbound HTTP traffic",
            "from_port": 80,
            "id": "sgrule-2756358155",
            "ipv6_cidr_blocks": null,
            "prefix_list_ids": [],
            "protocol": "tcp",
            "security_group_id": "sg-0854ff33fce0a0038",
            "security_group_rule_id": "sgr-0e4d3076a7b4ce92f",
            "self": false,
            "source_security_group_id": null,
            "timeouts": null,
            "to_port": 80,
            "type": "ingress"
          },
          "sensitive_attributes": [],
          "private": "eyJlMmJmYjczMC1lY2FhLTExZTYtOGY4OC0zNDM2M2JjN2M0YzAiOnsiY3JlYXRlIjozMDAwMDAwMDAwMDB9LCJzY2hlbWFfdmVyc2lvbiI6IjIifQ==",
          "dependencies": [
            "module.moses_vpc.data.aws_availability_zones.us-west-2",
            "module.moses_vpc.module.secondary-security-group.aws_security_group.this",
            "module.moses_vpc.module.secondary-security-group.aws_security_group.this_name_prefix",
            "module.moses_vpc.module.vpc_secondary.aws_cloudwatch_log_group.flow_log",
            "module.moses_vpc.module.vpc_secondary.aws_customer_gateway.this",
            "module.moses_vpc.module.vpc_secondary.aws_db_subnet_group.database",
            "module.moses_vpc.module.vpc_secondary.aws_default_network_acl.this",
            "module.moses_vpc.module.vpc_secondary.aws_default_route_table.default",
            "module.moses_vpc.module.vpc_secondary.aws_default_security_group.this",
            "module.moses_vpc.module.vpc_secondary.aws_default_vpc.this",
            "module.moses_vpc.module.vpc_secondary.aws_egress_only_internet_gateway.this",
            "module.moses_vpc.module.vpc_secondary.aws_eip.nat",
            "module.moses_vpc.module.vpc_secondary.aws_elasticache_subnet_group.elasticache",
            "module.moses_vpc.module.vpc_secondary.aws_flow_log.this",
            "module.moses_vpc.module.vpc_secondary.aws_iam_policy.vpc_flow_log_cloudwatch",
            "module.moses_vpc.module.vpc_secondary.aws_iam_role.vpc_flow_log_cloudwatch",
            "module.moses_vpc.module.vpc_secondary.aws_iam_role_policy_attachment.vpc_flow_log_cloudwatch",
            "module.moses_vpc.module.vpc_secondary.aws_internet_gateway.this",
            "module.moses_vpc.module.vpc_secondary.aws_nat_gateway.this",
            "module.moses_vpc.module.vpc_secondary.aws_network_acl.database",
            "module.moses_vpc.module.vpc_secondary.aws_network_acl.elasticache",
            "module.moses_vpc.module.vpc_secondary.aws_network_acl.intra",
            "module.moses_vpc.module.vpc_secondary.aws_network_acl.outpost",
            "module.moses_vpc.module.vpc_secondary.aws_network_acl.private",
            "module.moses_vpc.module.vpc_secondary.aws_network_acl.public",
            "module.moses_vpc.module.vpc_secondary.aws_network_acl.redshift",
            "module.moses_vpc.module.vpc_secondary.aws_network_acl_rule.database_inbound",
            "module.moses_vpc.module.vpc_secondary.aws_network_acl_rule.database_outbound",
            "module.moses_vpc.module.vpc_secondary.aws_network_acl_rule.elasticache_inbound",
            "module.moses_vpc.module.vpc_secondary.aws_network_acl_rule.elasticache_outbound",
            "module.moses_vpc.module.vpc_secondary.aws_network_acl_rule.intra_inbound",
            "module.moses_vpc.module.vpc_secondary.aws_network_acl_rule.intra_outbound",
            "module.moses_vpc.module.vpc_secondary.aws_network_acl_rule.outpost_inbound",
            "module.moses_vpc.module.vpc_secondary.aws_network_acl_rule.outpost_outbound",
            "module.moses_vpc.module.vpc_secondary.aws_network_acl_rule.private_inbound",
            "module.moses_vpc.module.vpc_secondary.aws_network_acl_rule.private_outbound",
            "module.moses_vpc.module.vpc_secondary.aws_network_acl_rule.public_inbound",
            "module.moses_vpc.module.vpc_secondary.aws_network_acl_rule.public_outbound",
            "module.moses_vpc.module.vpc_secondary.aws_network_acl_rule.redshift_inbound",
            "module.moses_vpc.module.vpc_secondary.aws_network_acl_rule.redshift_outbound",
            "module.moses_vpc.module.vpc_secondary.aws_redshift_subnet_group.redshift",
            "module.moses_vpc.module.vpc_secondary.aws_route.database_dns64_nat_gateway",
            "module.moses_vpc.module.vpc_secondary.aws_route.database_internet_gateway",
            "module.moses_vpc.module.vpc_secondary.aws_route.database_ipv6_egress",
            "module.moses_vpc.module.vpc_secondary.aws_route.database_nat_gateway",
            "module.moses_vpc.module.vpc_secondary.aws_route.private_dns64_nat_gateway",
            "module.moses_vpc.module.vpc_secondary.aws_route.private_ipv6_egress",
            "module.moses_vpc.module.vpc_secondary.aws_route.private_nat_gateway",
            "module.moses_vpc.module.vpc_secondary.aws_route.public_internet_gateway",
            "module.moses_vpc.module.vpc_secondary.aws_route.public_internet_gateway_ipv6",
            "module.moses_vpc.module.vpc_secondary.aws_route_table.database",
            "module.moses_vpc.module.vpc_secondary.aws_route_table.elasticache",
            "module.moses_vpc.module.vpc_secondary.aws_route_table.intra",
            "module.moses_vpc.module.vpc_secondary.aws_route_table.private",
            "module.moses_vpc.module.vpc_secondary.aws_route_table.public",
            "module.moses_vpc.module.vpc_secondary.aws_route_table.redshift",
            "module.moses_vpc.module.vpc_secondary.aws_route_table_association.database",
            "module.moses_vpc.module.vpc_secondary.aws_route_table_association.elasticache",
            "module.moses_vpc.module.vpc_secondary.aws_route_table_association.intra",
            "module.moses_vpc.module.vpc_secondary.aws_route_table_association.outpost",
            "module.moses_vpc.module.vpc_secondary.aws_route_table_association.private",
            "module.moses_vpc.module.vpc_secondary.aws_route_table_association.public",
            "module.moses_vpc.module.vpc_secondary.aws_route_table_association.redshift",
            "module.moses_vpc.module.vpc_secondary.aws_route_table_association.redshift_public",
            "module.moses_vpc.module.vpc_secondary.aws_subnet.database",
            "module.moses_vpc.module.vpc_secondary.aws_subnet.elasticache",
            "module.moses_vpc.module.vpc_secondary.aws_subnet.intra",
            "module.moses_vpc.module.vpc_secondary.aws_subnet.outpost",
            "module.moses_vpc.module.vpc_secondary.aws_subnet.private",
            "module.moses_vpc.module.vpc_secondary.aws_subnet.public",
            "module.moses_vpc.module.vpc_secondary.aws_subnet.redshift",
            "module.moses_vpc.module.vpc_secondary.aws_vpc.this",
            "module.moses_vpc.module.vpc_secondary.aws_vpc_dhcp_options.this",
            "module.moses_vpc.module.vpc_secondary.aws_vpc_dhcp_options_association.this",
            "module.moses_vpc.module.vpc_secondary.aws_vpc_ipv4_cidr_block_association.this",
            "module.moses_vpc.module.vpc_secondary.aws_vpn_gateway.this",
            "module.moses_vpc.module.vpc_secondary.aws_vpn_gateway_attachment.this",
            "module.moses_vpc.module.vpc_secondary.aws_vpn_gateway_route_propagation.intra",
            "module.moses_vpc.module.vpc_secondary.aws_vpn_gateway_route_propagation.private",
            "module.moses_vpc.module.vpc_secondary.aws_vpn_gateway_route_propagation.public",
            "module.moses_vpc.module.vpc_secondary.data.aws_caller_identity.current",
            "module.moses_vpc.module.vpc_secondary.data.aws_iam_policy_document.flow_log_cloudwatch_assume_role",
            "module.moses_vpc.module.vpc_secondary.data.aws_iam_policy_document.vpc_flow_log_cloudwatch",
            "module.moses_vpc.module.vpc_secondary.data.aws_partition.current",
            "module.moses_vpc.module.vpc_secondary.data.aws_region.current"
          ]
        }
      ]
    },
    {
      "module": "module.moses_vpc.module.secondary-security-group_db",
      "mode": "managed",
      "type": "aws_security_group",
      "name": "this_name_prefix",
      "provider": "module.moses_vpc.provider[\"registry.terraform.io/hashicorp/aws\"].us-west-2",
      "instances": [
        {
          "index_key": 0,
          "schema_version": 1,
          "attributes": {
            "arn": "arn:aws:ec2:us-west-2:495143188735:security-group/sg-091cc4459555cd876",
            "description": "Allow traffic on PostgreSQL port 5432",
            "egress": [],
            "id": "sg-091cc4459555cd876",
            "ingress": [],
            "name": "olumoko-secondary_sg-db-20240913133031153900000008",
            "name_prefix": "olumoko-secondary_sg-db-",
            "owner_id": "495143188735",
            "revoke_rules_on_delete": false,
            "tags": {
              "Name": "olumoko-secondary_sg-db",
              "name": "olumoko-sg-db"
            },
            "tags_all": {
              "Name": "olumoko-secondary_sg-db",
              "name": "olumoko-sg-db"
            },
            "timeouts": {
              "create": "10m",
              "delete": "15m"
            },
            "vpc_id": "vpc-0ba67eb324e54026c"
          },
          "sensitive_attributes": [],
          "private": "eyJlMmJmYjczMC1lY2FhLTExZTYtOGY4OC0zNDM2M2JjN2M0YzAiOnsiY3JlYXRlIjo2MDAwMDAwMDAwMDAsImRlbGV0ZSI6OTAwMDAwMDAwMDAwfSwic2NoZW1hX3ZlcnNpb24iOiIxIn0=",
          "dependencies": [
            "module.moses_vpc.data.aws_availability_zones.us-west-2",
            "module.moses_vpc.module.vpc_secondary.aws_cloudwatch_log_group.flow_log",
            "module.moses_vpc.module.vpc_secondary.aws_customer_gateway.this",
            "module.moses_vpc.module.vpc_secondary.aws_db_subnet_group.database",
            "module.moses_vpc.module.vpc_secondary.aws_default_network_acl.this",
            "module.moses_vpc.module.vpc_secondary.aws_default_route_table.default",
            "module.moses_vpc.module.vpc_secondary.aws_default_security_group.this",
            "module.moses_vpc.module.vpc_secondary.aws_default_vpc.this",
            "module.moses_vpc.module.vpc_secondary.aws_egress_only_internet_gateway.this",
            "module.moses_vpc.module.vpc_secondary.aws_eip.nat",
            "module.moses_vpc.module.vpc_secondary.aws_elasticache_subnet_group.elasticache",
            "module.moses_vpc.module.vpc_secondary.aws_flow_log.this",
            "module.moses_vpc.module.vpc_secondary.aws_iam_policy.vpc_flow_log_cloudwatch",
            "module.moses_vpc.module.vpc_secondary.aws_iam_role.vpc_flow_log_cloudwatch",
            "module.moses_vpc.module.vpc_secondary.aws_iam_role_policy_attachment.vpc_flow_log_cloudwatch",
            "module.moses_vpc.module.vpc_secondary.aws_internet_gateway.this",
            "module.moses_vpc.module.vpc_secondary.aws_nat_gateway.this",
            "module.moses_vpc.module.vpc_secondary.aws_network_acl.database",
            "module.moses_vpc.module.vpc_secondary.aws_network_acl.elasticache",
            "module.moses_vpc.module.vpc_secondary.aws_network_acl.intra",
            "module.moses_vpc.module.vpc_secondary.aws_network_acl.outpost",
            "module.moses_vpc.module.vpc_secondary.aws_network_acl.private",
            "module.moses_vpc.module.vpc_secondary.aws_network_acl.public",
            "module.moses_vpc.module.vpc_secondary.aws_network_acl.redshift",
            "module.moses_vpc.module.vpc_secondary.aws_network_acl_rule.database_inbound",
            "module.moses_vpc.module.vpc_secondary.aws_network_acl_rule.database_outbound",
            "module.moses_vpc.module.vpc_secondary.aws_network_acl_rule.elasticache_inbound",
            "module.moses_vpc.module.vpc_secondary.aws_network_acl_rule.elasticache_outbound",
            "module.moses_vpc.module.vpc_secondary.aws_network_acl_rule.intra_inbound",
            "module.moses_vpc.module.vpc_secondary.aws_network_acl_rule.intra_outbound",
            "module.moses_vpc.module.vpc_secondary.aws_network_acl_rule.outpost_inbound",
            "module.moses_vpc.module.vpc_secondary.aws_network_acl_rule.outpost_outbound",
            "module.moses_vpc.module.vpc_secondary.aws_network_acl_rule.private_inbound",
            "module.moses_vpc.module.vpc_secondary.aws_network_acl_rule.private_outbound",
            "module.moses_vpc.module.vpc_secondary.aws_network_acl_rule.public_inbound",
            "module.moses_vpc.module.vpc_secondary.aws_network_acl_rule.public_outbound",
            "module.moses_vpc.module.vpc_secondary.aws_network_acl_rule.redshift_inbound",
            "module.moses_vpc.module.vpc_secondary.aws_network_acl_rule.redshift_outbound",
            "module.moses_vpc.module.vpc_secondary.aws_redshift_subnet_group.redshift",
            "module.moses_vpc.module.vpc_secondary.aws_route.database_dns64_nat_gateway",
            "module.moses_vpc.module.vpc_secondary.aws_route.database_internet_gateway",
            "module.moses_vpc.module.vpc_secondary.aws_route.database_ipv6_egress",
            "module.moses_vpc.module.vpc_secondary.aws_route.database_nat_gateway",
            "module.moses_vpc.module.vpc_secondary.aws_route.private_dns64_nat_gateway",
            "module.moses_vpc.module.vpc_secondary.aws_route.private_ipv6_egress",
            "module.moses_vpc.module.vpc_secondary.aws_route.private_nat_gateway",
            "module.moses_vpc.module.vpc_secondary.aws_route.public_internet_gateway",
            "module.moses_vpc.module.vpc_secondary.aws_route.public_internet_gateway_ipv6",
            "module.moses_vpc.module.vpc_secondary.aws_route_table.database",
            "module.moses_vpc.module.vpc_secondary.aws_route_table.elasticache",
            "module.moses_vpc.module.vpc_secondary.aws_route_table.intra",
            "module.moses_vpc.module.vpc_secondary.aws_route_table.private",
            "module.moses_vpc.module.vpc_secondary.aws_route_table.public",
            "module.moses_vpc.module.vpc_secondary.aws_route_table.redshift",
            "module.moses_vpc.module.vpc_secondary.aws_route_table_association.database",
            "module.moses_vpc.module.vpc_secondary.aws_route_table_association.elasticache",
            "module.moses_vpc.module.vpc_secondary.aws_route_table_association.intra",
            "module.moses_vpc.module.vpc_secondary.aws_route_table_association.outpost",
            "module.moses_vpc.module.vpc_secondary.aws_route_table_association.private",
            "module.moses_vpc.module.vpc_secondary.aws_route_table_association.public",
            "module.moses_vpc.module.vpc_secondary.aws_route_table_association.redshift",
            "module.moses_vpc.module.vpc_secondary.aws_route_table_association.redshift_public",
            "module.moses_vpc.module.vpc_secondary.aws_subnet.database",
            "module.moses_vpc.module.vpc_secondary.aws_subnet.elasticache",
            "module.moses_vpc.module.vpc_secondary.aws_subnet.intra",
            "module.moses_vpc.module.vpc_secondary.aws_subnet.outpost",
            "module.moses_vpc.module.vpc_secondary.aws_subnet.private",
            "module.moses_vpc.module.vpc_secondary.aws_subnet.public",
            "module.moses_vpc.module.vpc_secondary.aws_subnet.redshift",
            "module.moses_vpc.module.vpc_secondary.aws_vpc.this",
            "module.moses_vpc.module.vpc_secondary.aws_vpc_dhcp_options.this",
            "module.moses_vpc.module.vpc_secondary.aws_vpc_dhcp_options_association.this",
            "module.moses_vpc.module.vpc_secondary.aws_vpc_ipv4_cidr_block_association.this",
            "module.moses_vpc.module.vpc_secondary.aws_vpn_gateway.this",
            "module.moses_vpc.module.vpc_secondary.aws_vpn_gateway_attachment.this",
            "module.moses_vpc.module.vpc_secondary.aws_vpn_gateway_route_propagation.intra",
            "module.moses_vpc.module.vpc_secondary.aws_vpn_gateway_route_propagation.private",
            "module.moses_vpc.module.vpc_secondary.aws_vpn_gateway_route_propagation.public",
            "module.moses_vpc.module.vpc_secondary.data.aws_caller_identity.current",
            "module.moses_vpc.module.vpc_secondary.data.aws_iam_policy_document.flow_log_cloudwatch_assume_role",
            "module.moses_vpc.module.vpc_secondary.data.aws_iam_policy_document.vpc_flow_log_cloudwatch",
            "module.moses_vpc.module.vpc_secondary.data.aws_partition.current",
            "module.moses_vpc.module.vpc_secondary.data.aws_region.current"
          ],
          "create_before_destroy": true
        }
      ]
    },
    {
      "module": "module.moses_vpc.module.secondary-security-group_db",
      "mode": "managed",
      "type": "aws_security_group_rule",
      "name": "egress_with_cidr_blocks",
      "provider": "module.moses_vpc.provider[\"registry.terraform.io/hashicorp/aws\"].us-west-2",
      "instances": [
        {
          "index_key": 0,
          "schema_version": 2,
          "attributes": {
            "cidr_blocks": [
              "10.0.0.0/16"
            ],
            "description": "Allow outbound traffic on PostgreSQL port 5432",
            "from_port": 0,
            "id": "sgrule-1650609051",
            "ipv6_cidr_blocks": null,
            "prefix_list_ids": [],
            "protocol": "-1",
            "security_group_id": "sg-091cc4459555cd876",
            "security_group_rule_id": "sgr-07eeea9c5770a6c5a",
            "self": false,
            "source_security_group_id": null,
            "timeouts": null,
            "to_port": 0,
            "type": "egress"
          },
          "sensitive_attributes": [],
          "private": "eyJlMmJmYjczMC1lY2FhLTExZTYtOGY4OC0zNDM2M2JjN2M0YzAiOnsiY3JlYXRlIjozMDAwMDAwMDAwMDB9LCJzY2hlbWFfdmVyc2lvbiI6IjIifQ==",
          "dependencies": [
            "module.moses_vpc.data.aws_availability_zones.us-west-2",
            "module.moses_vpc.module.secondary-security-group_db.aws_security_group.this",
            "module.moses_vpc.module.secondary-security-group_db.aws_security_group.this_name_prefix",
            "module.moses_vpc.module.vpc_secondary.aws_cloudwatch_log_group.flow_log",
            "module.moses_vpc.module.vpc_secondary.aws_customer_gateway.this",
            "module.moses_vpc.module.vpc_secondary.aws_db_subnet_group.database",
            "module.moses_vpc.module.vpc_secondary.aws_default_network_acl.this",
            "module.moses_vpc.module.vpc_secondary.aws_default_route_table.default",
            "module.moses_vpc.module.vpc_secondary.aws_default_security_group.this",
            "module.moses_vpc.module.vpc_secondary.aws_default_vpc.this",
            "module.moses_vpc.module.vpc_secondary.aws_egress_only_internet_gateway.this",
            "module.moses_vpc.module.vpc_secondary.aws_eip.nat",
            "module.moses_vpc.module.vpc_secondary.aws_elasticache_subnet_group.elasticache",
            "module.moses_vpc.module.vpc_secondary.aws_flow_log.this",
            "module.moses_vpc.module.vpc_secondary.aws_iam_policy.vpc_flow_log_cloudwatch",
            "module.moses_vpc.module.vpc_secondary.aws_iam_role.vpc_flow_log_cloudwatch",
            "module.moses_vpc.module.vpc_secondary.aws_iam_role_policy_attachment.vpc_flow_log_cloudwatch",
            "module.moses_vpc.module.vpc_secondary.aws_internet_gateway.this",
            "module.moses_vpc.module.vpc_secondary.aws_nat_gateway.this",
            "module.moses_vpc.module.vpc_secondary.aws_network_acl.database",
            "module.moses_vpc.module.vpc_secondary.aws_network_acl.elasticache",
            "module.moses_vpc.module.vpc_secondary.aws_network_acl.intra",
            "module.moses_vpc.module.vpc_secondary.aws_network_acl.outpost",
            "module.moses_vpc.module.vpc_secondary.aws_network_acl.private",
            "module.moses_vpc.module.vpc_secondary.aws_network_acl.public",
            "module.moses_vpc.module.vpc_secondary.aws_network_acl.redshift",
            "module.moses_vpc.module.vpc_secondary.aws_network_acl_rule.database_inbound",
            "module.moses_vpc.module.vpc_secondary.aws_network_acl_rule.database_outbound",
            "module.moses_vpc.module.vpc_secondary.aws_network_acl_rule.elasticache_inbound",
            "module.moses_vpc.module.vpc_secondary.aws_network_acl_rule.elasticache_outbound",
            "module.moses_vpc.module.vpc_secondary.aws_network_acl_rule.intra_inbound",
            "module.moses_vpc.module.vpc_secondary.aws_network_acl_rule.intra_outbound",
            "module.moses_vpc.module.vpc_secondary.aws_network_acl_rule.outpost_inbound",
            "module.moses_vpc.module.vpc_secondary.aws_network_acl_rule.outpost_outbound",
            "module.moses_vpc.module.vpc_secondary.aws_network_acl_rule.private_inbound",
            "module.moses_vpc.module.vpc_secondary.aws_network_acl_rule.private_outbound",
            "module.moses_vpc.module.vpc_secondary.aws_network_acl_rule.public_inbound",
            "module.moses_vpc.module.vpc_secondary.aws_network_acl_rule.public_outbound",
            "module.moses_vpc.module.vpc_secondary.aws_network_acl_rule.redshift_inbound",
            "module.moses_vpc.module.vpc_secondary.aws_network_acl_rule.redshift_outbound",
            "module.moses_vpc.module.vpc_secondary.aws_redshift_subnet_group.redshift",
            "module.moses_vpc.module.vpc_secondary.aws_route.database_dns64_nat_gateway",
            "module.moses_vpc.module.vpc_secondary.aws_route.database_internet_gateway",
            "module.moses_vpc.module.vpc_secondary.aws_route.database_ipv6_egress",
            "module.moses_vpc.module.vpc_secondary.aws_route.database_nat_gateway",
            "module.moses_vpc.module.vpc_secondary.aws_route.private_dns64_nat_gateway",
            "module.moses_vpc.module.vpc_secondary.aws_route.private_ipv6_egress",
            "module.moses_vpc.module.vpc_secondary.aws_route.private_nat_gateway",
            "module.moses_vpc.module.vpc_secondary.aws_route.public_internet_gateway",
            "module.moses_vpc.module.vpc_secondary.aws_route.public_internet_gateway_ipv6",
            "module.moses_vpc.module.vpc_secondary.aws_route_table.database",
            "module.moses_vpc.module.vpc_secondary.aws_route_table.elasticache",
            "module.moses_vpc.module.vpc_secondary.aws_route_table.intra",
            "module.moses_vpc.module.vpc_secondary.aws_route_table.private",
            "module.moses_vpc.module.vpc_secondary.aws_route_table.public",
            "module.moses_vpc.module.vpc_secondary.aws_route_table.redshift",
            "module.moses_vpc.module.vpc_secondary.aws_route_table_association.database",
            "module.moses_vpc.module.vpc_secondary.aws_route_table_association.elasticache",
            "module.moses_vpc.module.vpc_secondary.aws_route_table_association.intra",
            "module.moses_vpc.module.vpc_secondary.aws_route_table_association.outpost",
            "module.moses_vpc.module.vpc_secondary.aws_route_table_association.private",
            "module.moses_vpc.module.vpc_secondary.aws_route_table_association.public",
            "module.moses_vpc.module.vpc_secondary.aws_route_table_association.redshift",
            "module.moses_vpc.module.vpc_secondary.aws_route_table_association.redshift_public",
            "module.moses_vpc.module.vpc_secondary.aws_subnet.database",
            "module.moses_vpc.module.vpc_secondary.aws_subnet.elasticache",
            "module.moses_vpc.module.vpc_secondary.aws_subnet.intra",
            "module.moses_vpc.module.vpc_secondary.aws_subnet.outpost",
            "module.moses_vpc.module.vpc_secondary.aws_subnet.private",
            "module.moses_vpc.module.vpc_secondary.aws_subnet.public",
            "module.moses_vpc.module.vpc_secondary.aws_subnet.redshift",
            "module.moses_vpc.module.vpc_secondary.aws_vpc.this",
            "module.moses_vpc.module.vpc_secondary.aws_vpc_dhcp_options.this",
            "module.moses_vpc.module.vpc_secondary.aws_vpc_dhcp_options_association.this",
            "module.moses_vpc.module.vpc_secondary.aws_vpc_ipv4_cidr_block_association.this",
            "module.moses_vpc.module.vpc_secondary.aws_vpn_gateway.this",
            "module.moses_vpc.module.vpc_secondary.aws_vpn_gateway_attachment.this",
            "module.moses_vpc.module.vpc_secondary.aws_vpn_gateway_route_propagation.intra",
            "module.moses_vpc.module.vpc_secondary.aws_vpn_gateway_route_propagation.private",
            "module.moses_vpc.module.vpc_secondary.aws_vpn_gateway_route_propagation.public",
            "module.moses_vpc.module.vpc_secondary.data.aws_caller_identity.current",
            "module.moses_vpc.module.vpc_secondary.data.aws_iam_policy_document.flow_log_cloudwatch_assume_role",
            "module.moses_vpc.module.vpc_secondary.data.aws_iam_policy_document.vpc_flow_log_cloudwatch",
            "module.moses_vpc.module.vpc_secondary.data.aws_partition.current",
            "module.moses_vpc.module.vpc_secondary.data.aws_region.current"
          ]
        }
      ]
    },
    {
      "module": "module.moses_vpc.module.secondary-security-group_db",
      "mode": "managed",
      "type": "aws_security_group_rule",
      "name": "ingress_with_cidr_blocks",
      "provider": "module.moses_vpc.provider[\"registry.terraform.io/hashicorp/aws\"].us-west-2",
      "instances": [
        {
          "index_key": 0,
          "schema_version": 2,
          "attributes": {
            "cidr_blocks": [
              "10.0.0.0/16"
            ],
            "description": "Allow inbound traffic on PostgreSQL port 5432",
            "from_port": 5432,
            "id": "sgrule-422666574",
            "ipv6_cidr_blocks": null,
            "prefix_list_ids": [],
            "protocol": "tcp",
            "security_group_id": "sg-091cc4459555cd876",
            "security_group_rule_id": "sgr-0da659200679c6d6e",
            "self": false,
            "source_security_group_id": null,
            "timeouts": null,
            "to_port": 5432,
            "type": "ingress"
          },
          "sensitive_attributes": [],
          "private": "eyJlMmJmYjczMC1lY2FhLTExZTYtOGY4OC0zNDM2M2JjN2M0YzAiOnsiY3JlYXRlIjozMDAwMDAwMDAwMDB9LCJzY2hlbWFfdmVyc2lvbiI6IjIifQ==",
          "dependencies": [
            "module.moses_vpc.data.aws_availability_zones.us-west-2",
            "module.moses_vpc.module.secondary-security-group_db.aws_security_group.this",
            "module.moses_vpc.module.secondary-security-group_db.aws_security_group.this_name_prefix",
            "module.moses_vpc.module.vpc_secondary.aws_cloudwatch_log_group.flow_log",
            "module.moses_vpc.module.vpc_secondary.aws_customer_gateway.this",
            "module.moses_vpc.module.vpc_secondary.aws_db_subnet_group.database",
            "module.moses_vpc.module.vpc_secondary.aws_default_network_acl.this",
            "module.moses_vpc.module.vpc_secondary.aws_default_route_table.default",
            "module.moses_vpc.module.vpc_secondary.aws_default_security_group.this",
            "module.moses_vpc.module.vpc_secondary.aws_default_vpc.this",
            "module.moses_vpc.module.vpc_secondary.aws_egress_only_internet_gateway.this",
            "module.moses_vpc.module.vpc_secondary.aws_eip.nat",
            "module.moses_vpc.module.vpc_secondary.aws_elasticache_subnet_group.elasticache",
            "module.moses_vpc.module.vpc_secondary.aws_flow_log.this",
            "module.moses_vpc.module.vpc_secondary.aws_iam_policy.vpc_flow_log_cloudwatch",
            "module.moses_vpc.module.vpc_secondary.aws_iam_role.vpc_flow_log_cloudwatch",
            "module.moses_vpc.module.vpc_secondary.aws_iam_role_policy_attachment.vpc_flow_log_cloudwatch",
            "module.moses_vpc.module.vpc_secondary.aws_internet_gateway.this",
            "module.moses_vpc.module.vpc_secondary.aws_nat_gateway.this",
            "module.moses_vpc.module.vpc_secondary.aws_network_acl.database",
            "module.moses_vpc.module.vpc_secondary.aws_network_acl.elasticache",
            "module.moses_vpc.module.vpc_secondary.aws_network_acl.intra",
            "module.moses_vpc.module.vpc_secondary.aws_network_acl.outpost",
            "module.moses_vpc.module.vpc_secondary.aws_network_acl.private",
            "module.moses_vpc.module.vpc_secondary.aws_network_acl.public",
            "module.moses_vpc.module.vpc_secondary.aws_network_acl.redshift",
            "module.moses_vpc.module.vpc_secondary.aws_network_acl_rule.database_inbound",
            "module.moses_vpc.module.vpc_secondary.aws_network_acl_rule.database_outbound",
            "module.moses_vpc.module.vpc_secondary.aws_network_acl_rule.elasticache_inbound",
            "module.moses_vpc.module.vpc_secondary.aws_network_acl_rule.elasticache_outbound",
            "module.moses_vpc.module.vpc_secondary.aws_network_acl_rule.intra_inbound",
            "module.moses_vpc.module.vpc_secondary.aws_network_acl_rule.intra_outbound",
            "module.moses_vpc.module.vpc_secondary.aws_network_acl_rule.outpost_inbound",
            "module.moses_vpc.module.vpc_secondary.aws_network_acl_rule.outpost_outbound",
            "module.moses_vpc.module.vpc_secondary.aws_network_acl_rule.private_inbound",
            "module.moses_vpc.module.vpc_secondary.aws_network_acl_rule.private_outbound",
            "module.moses_vpc.module.vpc_secondary.aws_network_acl_rule.public_inbound",
            "module.moses_vpc.module.vpc_secondary.aws_network_acl_rule.public_outbound",
            "module.moses_vpc.module.vpc_secondary.aws_network_acl_rule.redshift_inbound",
            "module.moses_vpc.module.vpc_secondary.aws_network_acl_rule.redshift_outbound",
            "module.moses_vpc.module.vpc_secondary.aws_redshift_subnet_group.redshift",
            "module.moses_vpc.module.vpc_secondary.aws_route.database_dns64_nat_gateway",
            "module.moses_vpc.module.vpc_secondary.aws_route.database_internet_gateway",
            "module.moses_vpc.module.vpc_secondary.aws_route.database_ipv6_egress",
            "module.moses_vpc.module.vpc_secondary.aws_route.database_nat_gateway",
            "module.moses_vpc.module.vpc_secondary.aws_route.private_dns64_nat_gateway",
            "module.moses_vpc.module.vpc_secondary.aws_route.private_ipv6_egress",
            "module.moses_vpc.module.vpc_secondary.aws_route.private_nat_gateway",
            "module.moses_vpc.module.vpc_secondary.aws_route.public_internet_gateway",
            "module.moses_vpc.module.vpc_secondary.aws_route.public_internet_gateway_ipv6",
            "module.moses_vpc.module.vpc_secondary.aws_route_table.database",
            "module.moses_vpc.module.vpc_secondary.aws_route_table.elasticache",
            "module.moses_vpc.module.vpc_secondary.aws_route_table.intra",
            "module.moses_vpc.module.vpc_secondary.aws_route_table.private",
            "module.moses_vpc.module.vpc_secondary.aws_route_table.public",
            "module.moses_vpc.module.vpc_secondary.aws_route_table.redshift",
            "module.moses_vpc.module.vpc_secondary.aws_route_table_association.database",
            "module.moses_vpc.module.vpc_secondary.aws_route_table_association.elasticache",
            "module.moses_vpc.module.vpc_secondary.aws_route_table_association.intra",
            "module.moses_vpc.module.vpc_secondary.aws_route_table_association.outpost",
            "module.moses_vpc.module.vpc_secondary.aws_route_table_association.private",
            "module.moses_vpc.module.vpc_secondary.aws_route_table_association.public",
            "module.moses_vpc.module.vpc_secondary.aws_route_table_association.redshift",
            "module.moses_vpc.module.vpc_secondary.aws_route_table_association.redshift_public",
            "module.moses_vpc.module.vpc_secondary.aws_subnet.database",
            "module.moses_vpc.module.vpc_secondary.aws_subnet.elasticache",
            "module.moses_vpc.module.vpc_secondary.aws_subnet.intra",
            "module.moses_vpc.module.vpc_secondary.aws_subnet.outpost",
            "module.moses_vpc.module.vpc_secondary.aws_subnet.private",
            "module.moses_vpc.module.vpc_secondary.aws_subnet.public",
            "module.moses_vpc.module.vpc_secondary.aws_subnet.redshift",
            "module.moses_vpc.module.vpc_secondary.aws_vpc.this",
            "module.moses_vpc.module.vpc_secondary.aws_vpc_dhcp_options.this",
            "module.moses_vpc.module.vpc_secondary.aws_vpc_dhcp_options_association.this",
            "module.moses_vpc.module.vpc_secondary.aws_vpc_ipv4_cidr_block_association.this",
            "module.moses_vpc.module.vpc_secondary.aws_vpn_gateway.this",
            "module.moses_vpc.module.vpc_secondary.aws_vpn_gateway_attachment.this",
            "module.moses_vpc.module.vpc_secondary.aws_vpn_gateway_route_propagation.intra",
            "module.moses_vpc.module.vpc_secondary.aws_vpn_gateway_route_propagation.private",
            "module.moses_vpc.module.vpc_secondary.aws_vpn_gateway_route_propagation.public",
            "module.moses_vpc.module.vpc_secondary.data.aws_caller_identity.current",
            "module.moses_vpc.module.vpc_secondary.data.aws_iam_policy_document.flow_log_cloudwatch_assume_role",
            "module.moses_vpc.module.vpc_secondary.data.aws_iam_policy_document.vpc_flow_log_cloudwatch",
            "module.moses_vpc.module.vpc_secondary.data.aws_partition.current",
            "module.moses_vpc.module.vpc_secondary.data.aws_region.current"
          ]
        }
      ]
    },
    {
      "module": "module.moses_vpc.module.security-group",
      "mode": "managed",
      "type": "aws_security_group",
      "name": "this_name_prefix",
      "provider": "provider[\"registry.terraform.io/hashicorp/aws\"]",
      "instances": [
        {
          "index_key": 0,
          "schema_version": 1,
          "attributes": {
            "arn": "arn:aws:ec2:eu-west-1:495143188735:security-group/sg-08ac37045d80fc9d0",
            "description": "Security group",
            "egress": [],
            "id": "sg-08ac37045d80fc9d0",
            "ingress": [],
            "name": "olumoko-sg-1-20240913133022934600000018",
            "name_prefix": "olumoko-sg-1-",
            "owner_id": "495143188735",
            "revoke_rules_on_delete": false,
            "tags": {
              "Name": "olumoko-sg-1",
              "name": "olumoko-sg"
            },
            "tags_all": {
              "Name": "olumoko-sg-1",
              "name": "olumoko-sg"
            },
            "timeouts": {
              "create": "10m",
              "delete": "15m"
            },
            "vpc_id": "vpc-013b5e3bc57eddd25"
          },
          "sensitive_attributes": [],
          "private": "eyJlMmJmYjczMC1lY2FhLTExZTYtOGY4OC0zNDM2M2JjN2M0YzAiOnsiY3JlYXRlIjo2MDAwMDAwMDAwMDAsImRlbGV0ZSI6OTAwMDAwMDAwMDAwfSwic2NoZW1hX3ZlcnNpb24iOiIxIn0=",
          "dependencies": [
            "module.moses_vpc.data.aws_availability_zones.eu-west-1",
            "module.moses_vpc.module.vpc_primary.aws_cloudwatch_log_group.flow_log",
            "module.moses_vpc.module.vpc_primary.aws_customer_gateway.this",
            "module.moses_vpc.module.vpc_primary.aws_db_subnet_group.database",
            "module.moses_vpc.module.vpc_primary.aws_default_network_acl.this",
            "module.moses_vpc.module.vpc_primary.aws_default_route_table.default",
            "module.moses_vpc.module.vpc_primary.aws_default_security_group.this",
            "module.moses_vpc.module.vpc_primary.aws_default_vpc.this",
            "module.moses_vpc.module.vpc_primary.aws_egress_only_internet_gateway.this",
            "module.moses_vpc.module.vpc_primary.aws_eip.nat",
            "module.moses_vpc.module.vpc_primary.aws_elasticache_subnet_group.elasticache",
            "module.moses_vpc.module.vpc_primary.aws_flow_log.this",
            "module.moses_vpc.module.vpc_primary.aws_iam_policy.vpc_flow_log_cloudwatch",
            "module.moses_vpc.module.vpc_primary.aws_iam_role.vpc_flow_log_cloudwatch",
            "module.moses_vpc.module.vpc_primary.aws_iam_role_policy_attachment.vpc_flow_log_cloudwatch",
            "module.moses_vpc.module.vpc_primary.aws_internet_gateway.this",
            "module.moses_vpc.module.vpc_primary.aws_nat_gateway.this",
            "module.moses_vpc.module.vpc_primary.aws_network_acl.database",
            "module.moses_vpc.module.vpc_primary.aws_network_acl.elasticache",
            "module.moses_vpc.module.vpc_primary.aws_network_acl.intra",
            "module.moses_vpc.module.vpc_primary.aws_network_acl.outpost",
            "module.moses_vpc.module.vpc_primary.aws_network_acl.private",
            "module.moses_vpc.module.vpc_primary.aws_network_acl.public",
            "module.moses_vpc.module.vpc_primary.aws_network_acl.redshift",
            "module.moses_vpc.module.vpc_primary.aws_network_acl_rule.database_inbound",
            "module.moses_vpc.module.vpc_primary.aws_network_acl_rule.database_outbound",
            "module.moses_vpc.module.vpc_primary.aws_network_acl_rule.elasticache_inbound",
            "module.moses_vpc.module.vpc_primary.aws_network_acl_rule.elasticache_outbound",
            "module.moses_vpc.module.vpc_primary.aws_network_acl_rule.intra_inbound",
            "module.moses_vpc.module.vpc_primary.aws_network_acl_rule.intra_outbound",
            "module.moses_vpc.module.vpc_primary.aws_network_acl_rule.outpost_inbound",
            "module.moses_vpc.module.vpc_primary.aws_network_acl_rule.outpost_outbound",
            "module.moses_vpc.module.vpc_primary.aws_network_acl_rule.private_inbound",
            "module.moses_vpc.module.vpc_primary.aws_network_acl_rule.private_outbound",
            "module.moses_vpc.module.vpc_primary.aws_network_acl_rule.public_inbound",
            "module.moses_vpc.module.vpc_primary.aws_network_acl_rule.public_outbound",
            "module.moses_vpc.module.vpc_primary.aws_network_acl_rule.redshift_inbound",
            "module.moses_vpc.module.vpc_primary.aws_network_acl_rule.redshift_outbound",
            "module.moses_vpc.module.vpc_primary.aws_redshift_subnet_group.redshift",
            "module.moses_vpc.module.vpc_primary.aws_route.database_dns64_nat_gateway",
            "module.moses_vpc.module.vpc_primary.aws_route.database_internet_gateway",
            "module.moses_vpc.module.vpc_primary.aws_route.database_ipv6_egress",
            "module.moses_vpc.module.vpc_primary.aws_route.database_nat_gateway",
            "module.moses_vpc.module.vpc_primary.aws_route.private_dns64_nat_gateway",
            "module.moses_vpc.module.vpc_primary.aws_route.private_ipv6_egress",
            "module.moses_vpc.module.vpc_primary.aws_route.private_nat_gateway",
            "module.moses_vpc.module.vpc_primary.aws_route.public_internet_gateway",
            "module.moses_vpc.module.vpc_primary.aws_route.public_internet_gateway_ipv6",
            "module.moses_vpc.module.vpc_primary.aws_route_table.database",
            "module.moses_vpc.module.vpc_primary.aws_route_table.elasticache",
            "module.moses_vpc.module.vpc_primary.aws_route_table.intra",
            "module.moses_vpc.module.vpc_primary.aws_route_table.private",
            "module.moses_vpc.module.vpc_primary.aws_route_table.public",
            "module.moses_vpc.module.vpc_primary.aws_route_table.redshift",
            "module.moses_vpc.module.vpc_primary.aws_route_table_association.database",
            "module.moses_vpc.module.vpc_primary.aws_route_table_association.elasticache",
            "module.moses_vpc.module.vpc_primary.aws_route_table_association.intra",
            "module.moses_vpc.module.vpc_primary.aws_route_table_association.outpost",
            "module.moses_vpc.module.vpc_primary.aws_route_table_association.private",
            "module.moses_vpc.module.vpc_primary.aws_route_table_association.public",
            "module.moses_vpc.module.vpc_primary.aws_route_table_association.redshift",
            "module.moses_vpc.module.vpc_primary.aws_route_table_association.redshift_public",
            "module.moses_vpc.module.vpc_primary.aws_subnet.database",
            "module.moses_vpc.module.vpc_primary.aws_subnet.elasticache",
            "module.moses_vpc.module.vpc_primary.aws_subnet.intra",
            "module.moses_vpc.module.vpc_primary.aws_subnet.outpost",
            "module.moses_vpc.module.vpc_primary.aws_subnet.private",
            "module.moses_vpc.module.vpc_primary.aws_subnet.public",
            "module.moses_vpc.module.vpc_primary.aws_subnet.redshift",
            "module.moses_vpc.module.vpc_primary.aws_vpc.this",
            "module.moses_vpc.module.vpc_primary.aws_vpc_dhcp_options.this",
            "module.moses_vpc.module.vpc_primary.aws_vpc_dhcp_options_association.this",
            "module.moses_vpc.module.vpc_primary.aws_vpc_ipv4_cidr_block_association.this",
            "module.moses_vpc.module.vpc_primary.aws_vpn_gateway.this",
            "module.moses_vpc.module.vpc_primary.aws_vpn_gateway_attachment.this",
            "module.moses_vpc.module.vpc_primary.aws_vpn_gateway_route_propagation.intra",
            "module.moses_vpc.module.vpc_primary.aws_vpn_gateway_route_propagation.private",
            "module.moses_vpc.module.vpc_primary.aws_vpn_gateway_route_propagation.public",
            "module.moses_vpc.module.vpc_primary.data.aws_caller_identity.current",
            "module.moses_vpc.module.vpc_primary.data.aws_iam_policy_document.flow_log_cloudwatch_assume_role",
            "module.moses_vpc.module.vpc_primary.data.aws_iam_policy_document.vpc_flow_log_cloudwatch",
            "module.moses_vpc.module.vpc_primary.data.aws_partition.current",
            "module.moses_vpc.module.vpc_primary.data.aws_region.current"
          ],
          "create_before_destroy": true
        }
      ]
    },
    {
      "module": "module.moses_vpc.module.security-group",
      "mode": "managed",
      "type": "aws_security_group_rule",
      "name": "egress_with_cidr_blocks",
      "provider": "provider[\"registry.terraform.io/hashicorp/aws\"]",
      "instances": [
        {
          "index_key": 0,
          "schema_version": 2,
          "attributes": {
            "cidr_blocks": [
              "0.0.0.0/0"
            ],
            "description": "Allow outbound HTTPS traffic",
            "from_port": 443,
            "id": "sgrule-2081393826",
            "ipv6_cidr_blocks": null,
            "prefix_list_ids": [],
            "protocol": "tcp",
            "security_group_id": "sg-08ac37045d80fc9d0",
            "security_group_rule_id": "sgr-0f0ae6798ab29ac29",
            "self": false,
            "source_security_group_id": null,
            "timeouts": null,
            "to_port": 443,
            "type": "egress"
          },
          "sensitive_attributes": [],
          "private": "eyJlMmJmYjczMC1lY2FhLTExZTYtOGY4OC0zNDM2M2JjN2M0YzAiOnsiY3JlYXRlIjozMDAwMDAwMDAwMDB9LCJzY2hlbWFfdmVyc2lvbiI6IjIifQ==",
          "dependencies": [
            "module.moses_vpc.data.aws_availability_zones.eu-west-1",
            "module.moses_vpc.module.security-group.aws_security_group.this",
            "module.moses_vpc.module.security-group.aws_security_group.this_name_prefix",
            "module.moses_vpc.module.vpc_primary.aws_cloudwatch_log_group.flow_log",
            "module.moses_vpc.module.vpc_primary.aws_customer_gateway.this",
            "module.moses_vpc.module.vpc_primary.aws_db_subnet_group.database",
            "module.moses_vpc.module.vpc_primary.aws_default_network_acl.this",
            "module.moses_vpc.module.vpc_primary.aws_default_route_table.default",
            "module.moses_vpc.module.vpc_primary.aws_default_security_group.this",
            "module.moses_vpc.module.vpc_primary.aws_default_vpc.this",
            "module.moses_vpc.module.vpc_primary.aws_egress_only_internet_gateway.this",
            "module.moses_vpc.module.vpc_primary.aws_eip.nat",
            "module.moses_vpc.module.vpc_primary.aws_elasticache_subnet_group.elasticache",
            "module.moses_vpc.module.vpc_primary.aws_flow_log.this",
            "module.moses_vpc.module.vpc_primary.aws_iam_policy.vpc_flow_log_cloudwatch",
            "module.moses_vpc.module.vpc_primary.aws_iam_role.vpc_flow_log_cloudwatch",
            "module.moses_vpc.module.vpc_primary.aws_iam_role_policy_attachment.vpc_flow_log_cloudwatch",
            "module.moses_vpc.module.vpc_primary.aws_internet_gateway.this",
            "module.moses_vpc.module.vpc_primary.aws_nat_gateway.this",
            "module.moses_vpc.module.vpc_primary.aws_network_acl.database",
            "module.moses_vpc.module.vpc_primary.aws_network_acl.elasticache",
            "module.moses_vpc.module.vpc_primary.aws_network_acl.intra",
            "module.moses_vpc.module.vpc_primary.aws_network_acl.outpost",
            "module.moses_vpc.module.vpc_primary.aws_network_acl.private",
            "module.moses_vpc.module.vpc_primary.aws_network_acl.public",
            "module.moses_vpc.module.vpc_primary.aws_network_acl.redshift",
            "module.moses_vpc.module.vpc_primary.aws_network_acl_rule.database_inbound",
            "module.moses_vpc.module.vpc_primary.aws_network_acl_rule.database_outbound",
            "module.moses_vpc.module.vpc_primary.aws_network_acl_rule.elasticache_inbound",
            "module.moses_vpc.module.vpc_primary.aws_network_acl_rule.elasticache_outbound",
            "module.moses_vpc.module.vpc_primary.aws_network_acl_rule.intra_inbound",
            "module.moses_vpc.module.vpc_primary.aws_network_acl_rule.intra_outbound",
            "module.moses_vpc.module.vpc_primary.aws_network_acl_rule.outpost_inbound",
            "module.moses_vpc.module.vpc_primary.aws_network_acl_rule.outpost_outbound",
            "module.moses_vpc.module.vpc_primary.aws_network_acl_rule.private_inbound",
            "module.moses_vpc.module.vpc_primary.aws_network_acl_rule.private_outbound",
            "module.moses_vpc.module.vpc_primary.aws_network_acl_rule.public_inbound",
            "module.moses_vpc.module.vpc_primary.aws_network_acl_rule.public_outbound",
            "module.moses_vpc.module.vpc_primary.aws_network_acl_rule.redshift_inbound",
            "module.moses_vpc.module.vpc_primary.aws_network_acl_rule.redshift_outbound",
            "module.moses_vpc.module.vpc_primary.aws_redshift_subnet_group.redshift",
            "module.moses_vpc.module.vpc_primary.aws_route.database_dns64_nat_gateway",
            "module.moses_vpc.module.vpc_primary.aws_route.database_internet_gateway",
            "module.moses_vpc.module.vpc_primary.aws_route.database_ipv6_egress",
            "module.moses_vpc.module.vpc_primary.aws_route.database_nat_gateway",
            "module.moses_vpc.module.vpc_primary.aws_route.private_dns64_nat_gateway",
            "module.moses_vpc.module.vpc_primary.aws_route.private_ipv6_egress",
            "module.moses_vpc.module.vpc_primary.aws_route.private_nat_gateway",
            "module.moses_vpc.module.vpc_primary.aws_route.public_internet_gateway",
            "module.moses_vpc.module.vpc_primary.aws_route.public_internet_gateway_ipv6",
            "module.moses_vpc.module.vpc_primary.aws_route_table.database",
            "module.moses_vpc.module.vpc_primary.aws_route_table.elasticache",
            "module.moses_vpc.module.vpc_primary.aws_route_table.intra",
            "module.moses_vpc.module.vpc_primary.aws_route_table.private",
            "module.moses_vpc.module.vpc_primary.aws_route_table.public",
            "module.moses_vpc.module.vpc_primary.aws_route_table.redshift",
            "module.moses_vpc.module.vpc_primary.aws_route_table_association.database",
            "module.moses_vpc.module.vpc_primary.aws_route_table_association.elasticache",
            "module.moses_vpc.module.vpc_primary.aws_route_table_association.intra",
            "module.moses_vpc.module.vpc_primary.aws_route_table_association.outpost",
            "module.moses_vpc.module.vpc_primary.aws_route_table_association.private",
            "module.moses_vpc.module.vpc_primary.aws_route_table_association.public",
            "module.moses_vpc.module.vpc_primary.aws_route_table_association.redshift",
            "module.moses_vpc.module.vpc_primary.aws_route_table_association.redshift_public",
            "module.moses_vpc.module.vpc_primary.aws_subnet.database",
            "module.moses_vpc.module.vpc_primary.aws_subnet.elasticache",
            "module.moses_vpc.module.vpc_primary.aws_subnet.intra",
            "module.moses_vpc.module.vpc_primary.aws_subnet.outpost",
            "module.moses_vpc.module.vpc_primary.aws_subnet.private",
            "module.moses_vpc.module.vpc_primary.aws_subnet.public",
            "module.moses_vpc.module.vpc_primary.aws_subnet.redshift",
            "module.moses_vpc.module.vpc_primary.aws_vpc.this",
            "module.moses_vpc.module.vpc_primary.aws_vpc_dhcp_options.this",
            "module.moses_vpc.module.vpc_primary.aws_vpc_dhcp_options_association.this",
            "module.moses_vpc.module.vpc_primary.aws_vpc_ipv4_cidr_block_association.this",
            "module.moses_vpc.module.vpc_primary.aws_vpn_gateway.this",
            "module.moses_vpc.module.vpc_primary.aws_vpn_gateway_attachment.this",
            "module.moses_vpc.module.vpc_primary.aws_vpn_gateway_route_propagation.intra",
            "module.moses_vpc.module.vpc_primary.aws_vpn_gateway_route_propagation.private",
            "module.moses_vpc.module.vpc_primary.aws_vpn_gateway_route_propagation.public",
            "module.moses_vpc.module.vpc_primary.data.aws_caller_identity.current",
            "module.moses_vpc.module.vpc_primary.data.aws_iam_policy_document.flow_log_cloudwatch_assume_role",
            "module.moses_vpc.module.vpc_primary.data.aws_iam_policy_document.vpc_flow_log_cloudwatch",
            "module.moses_vpc.module.vpc_primary.data.aws_partition.current",
            "module.moses_vpc.module.vpc_primary.data.aws_region.current"
          ]
        },
        {
          "index_key": 1,
          "schema_version": 2,
          "attributes": {
            "cidr_blocks": [
              "0.0.0.0/0"
            ],
            "description": "Allow outbound HTTP traffic",
            "from_port": 80,
            "id": "sgrule-2640079563",
            "ipv6_cidr_blocks": null,
            "prefix_list_ids": [],
            "protocol": "tcp",
            "security_group_id": "sg-08ac37045d80fc9d0",
            "security_group_rule_id": "sgr-00a7e4d00ed0050af",
            "self": false,
            "source_security_group_id": null,
            "timeouts": null,
            "to_port": 80,
            "type": "egress"
          },
          "sensitive_attributes": [],
          "private": "eyJlMmJmYjczMC1lY2FhLTExZTYtOGY4OC0zNDM2M2JjN2M0YzAiOnsiY3JlYXRlIjozMDAwMDAwMDAwMDB9LCJzY2hlbWFfdmVyc2lvbiI6IjIifQ==",
          "dependencies": [
            "module.moses_vpc.data.aws_availability_zones.eu-west-1",
            "module.moses_vpc.module.security-group.aws_security_group.this",
            "module.moses_vpc.module.security-group.aws_security_group.this_name_prefix",
            "module.moses_vpc.module.vpc_primary.aws_cloudwatch_log_group.flow_log",
            "module.moses_vpc.module.vpc_primary.aws_customer_gateway.this",
            "module.moses_vpc.module.vpc_primary.aws_db_subnet_group.database",
            "module.moses_vpc.module.vpc_primary.aws_default_network_acl.this",
            "module.moses_vpc.module.vpc_primary.aws_default_route_table.default",
            "module.moses_vpc.module.vpc_primary.aws_default_security_group.this",
            "module.moses_vpc.module.vpc_primary.aws_default_vpc.this",
            "module.moses_vpc.module.vpc_primary.aws_egress_only_internet_gateway.this",
            "module.moses_vpc.module.vpc_primary.aws_eip.nat",
            "module.moses_vpc.module.vpc_primary.aws_elasticache_subnet_group.elasticache",
            "module.moses_vpc.module.vpc_primary.aws_flow_log.this",
            "module.moses_vpc.module.vpc_primary.aws_iam_policy.vpc_flow_log_cloudwatch",
            "module.moses_vpc.module.vpc_primary.aws_iam_role.vpc_flow_log_cloudwatch",
            "module.moses_vpc.module.vpc_primary.aws_iam_role_policy_attachment.vpc_flow_log_cloudwatch",
            "module.moses_vpc.module.vpc_primary.aws_internet_gateway.this",
            "module.moses_vpc.module.vpc_primary.aws_nat_gateway.this",
            "module.moses_vpc.module.vpc_primary.aws_network_acl.database",
            "module.moses_vpc.module.vpc_primary.aws_network_acl.elasticache",
            "module.moses_vpc.module.vpc_primary.aws_network_acl.intra",
            "module.moses_vpc.module.vpc_primary.aws_network_acl.outpost",
            "module.moses_vpc.module.vpc_primary.aws_network_acl.private",
            "module.moses_vpc.module.vpc_primary.aws_network_acl.public",
            "module.moses_vpc.module.vpc_primary.aws_network_acl.redshift",
            "module.moses_vpc.module.vpc_primary.aws_network_acl_rule.database_inbound",
            "module.moses_vpc.module.vpc_primary.aws_network_acl_rule.database_outbound",
            "module.moses_vpc.module.vpc_primary.aws_network_acl_rule.elasticache_inbound",
            "module.moses_vpc.module.vpc_primary.aws_network_acl_rule.elasticache_outbound",
            "module.moses_vpc.module.vpc_primary.aws_network_acl_rule.intra_inbound",
            "module.moses_vpc.module.vpc_primary.aws_network_acl_rule.intra_outbound",
            "module.moses_vpc.module.vpc_primary.aws_network_acl_rule.outpost_inbound",
            "module.moses_vpc.module.vpc_primary.aws_network_acl_rule.outpost_outbound",
            "module.moses_vpc.module.vpc_primary.aws_network_acl_rule.private_inbound",
            "module.moses_vpc.module.vpc_primary.aws_network_acl_rule.private_outbound",
            "module.moses_vpc.module.vpc_primary.aws_network_acl_rule.public_inbound",
            "module.moses_vpc.module.vpc_primary.aws_network_acl_rule.public_outbound",
            "module.moses_vpc.module.vpc_primary.aws_network_acl_rule.redshift_inbound",
            "module.moses_vpc.module.vpc_primary.aws_network_acl_rule.redshift_outbound",
            "module.moses_vpc.module.vpc_primary.aws_redshift_subnet_group.redshift",
            "module.moses_vpc.module.vpc_primary.aws_route.database_dns64_nat_gateway",
            "module.moses_vpc.module.vpc_primary.aws_route.database_internet_gateway",
            "module.moses_vpc.module.vpc_primary.aws_route.database_ipv6_egress",
            "module.moses_vpc.module.vpc_primary.aws_route.database_nat_gateway",
            "module.moses_vpc.module.vpc_primary.aws_route.private_dns64_nat_gateway",
            "module.moses_vpc.module.vpc_primary.aws_route.private_ipv6_egress",
            "module.moses_vpc.module.vpc_primary.aws_route.private_nat_gateway",
            "module.moses_vpc.module.vpc_primary.aws_route.public_internet_gateway",
            "module.moses_vpc.module.vpc_primary.aws_route.public_internet_gateway_ipv6",
            "module.moses_vpc.module.vpc_primary.aws_route_table.database",
            "module.moses_vpc.module.vpc_primary.aws_route_table.elasticache",
            "module.moses_vpc.module.vpc_primary.aws_route_table.intra",
            "module.moses_vpc.module.vpc_primary.aws_route_table.private",
            "module.moses_vpc.module.vpc_primary.aws_route_table.public",
            "module.moses_vpc.module.vpc_primary.aws_route_table.redshift",
            "module.moses_vpc.module.vpc_primary.aws_route_table_association.database",
            "module.moses_vpc.module.vpc_primary.aws_route_table_association.elasticache",
            "module.moses_vpc.module.vpc_primary.aws_route_table_association.intra",
            "module.moses_vpc.module.vpc_primary.aws_route_table_association.outpost",
            "module.moses_vpc.module.vpc_primary.aws_route_table_association.private",
            "module.moses_vpc.module.vpc_primary.aws_route_table_association.public",
            "module.moses_vpc.module.vpc_primary.aws_route_table_association.redshift",
            "module.moses_vpc.module.vpc_primary.aws_route_table_association.redshift_public",
            "module.moses_vpc.module.vpc_primary.aws_subnet.database",
            "module.moses_vpc.module.vpc_primary.aws_subnet.elasticache",
            "module.moses_vpc.module.vpc_primary.aws_subnet.intra",
            "module.moses_vpc.module.vpc_primary.aws_subnet.outpost",
            "module.moses_vpc.module.vpc_primary.aws_subnet.private",
            "module.moses_vpc.module.vpc_primary.aws_subnet.public",
            "module.moses_vpc.module.vpc_primary.aws_subnet.redshift",
            "module.moses_vpc.module.vpc_primary.aws_vpc.this",
            "module.moses_vpc.module.vpc_primary.aws_vpc_dhcp_options.this",
            "module.moses_vpc.module.vpc_primary.aws_vpc_dhcp_options_association.this",
            "module.moses_vpc.module.vpc_primary.aws_vpc_ipv4_cidr_block_association.this",
            "module.moses_vpc.module.vpc_primary.aws_vpn_gateway.this",
            "module.moses_vpc.module.vpc_primary.aws_vpn_gateway_attachment.this",
            "module.moses_vpc.module.vpc_primary.aws_vpn_gateway_route_propagation.intra",
            "module.moses_vpc.module.vpc_primary.aws_vpn_gateway_route_propagation.private",
            "module.moses_vpc.module.vpc_primary.aws_vpn_gateway_route_propagation.public",
            "module.moses_vpc.module.vpc_primary.data.aws_caller_identity.current",
            "module.moses_vpc.module.vpc_primary.data.aws_iam_policy_document.flow_log_cloudwatch_assume_role",
            "module.moses_vpc.module.vpc_primary.data.aws_iam_policy_document.vpc_flow_log_cloudwatch",
            "module.moses_vpc.module.vpc_primary.data.aws_partition.current",
            "module.moses_vpc.module.vpc_primary.data.aws_region.current"
          ]
        }
      ]
    },
    {
      "module": "module.moses_vpc.module.security-group",
      "mode": "managed",
      "type": "aws_security_group_rule",
      "name": "ingress_with_cidr_blocks",
      "provider": "provider[\"registry.terraform.io/hashicorp/aws\"]",
      "instances": [
        {
          "index_key": 0,
          "schema_version": 2,
          "attributes": {
            "cidr_blocks": [
              "10.0.0.0/16"
            ],
            "description": "Allow outbound HTTPS traffic",
            "from_port": 443,
            "id": "sgrule-2389034638",
            "ipv6_cidr_blocks": null,
            "prefix_list_ids": [],
            "protocol": "tcp",
            "security_group_id": "sg-08ac37045d80fc9d0",
            "security_group_rule_id": "sgr-079daa11a52d6a092",
            "self": false,
            "source_security_group_id": null,
            "timeouts": null,
            "to_port": 443,
            "type": "ingress"
          },
          "sensitive_attributes": [],
          "private": "eyJlMmJmYjczMC1lY2FhLTExZTYtOGY4OC0zNDM2M2JjN2M0YzAiOnsiY3JlYXRlIjozMDAwMDAwMDAwMDB9LCJzY2hlbWFfdmVyc2lvbiI6IjIifQ==",
          "dependencies": [
            "module.moses_vpc.data.aws_availability_zones.eu-west-1",
            "module.moses_vpc.module.security-group.aws_security_group.this",
            "module.moses_vpc.module.security-group.aws_security_group.this_name_prefix",
            "module.moses_vpc.module.vpc_primary.aws_cloudwatch_log_group.flow_log",
            "module.moses_vpc.module.vpc_primary.aws_customer_gateway.this",
            "module.moses_vpc.module.vpc_primary.aws_db_subnet_group.database",
            "module.moses_vpc.module.vpc_primary.aws_default_network_acl.this",
            "module.moses_vpc.module.vpc_primary.aws_default_route_table.default",
            "module.moses_vpc.module.vpc_primary.aws_default_security_group.this",
            "module.moses_vpc.module.vpc_primary.aws_default_vpc.this",
            "module.moses_vpc.module.vpc_primary.aws_egress_only_internet_gateway.this",
            "module.moses_vpc.module.vpc_primary.aws_eip.nat",
            "module.moses_vpc.module.vpc_primary.aws_elasticache_subnet_group.elasticache",
            "module.moses_vpc.module.vpc_primary.aws_flow_log.this",
            "module.moses_vpc.module.vpc_primary.aws_iam_policy.vpc_flow_log_cloudwatch",
            "module.moses_vpc.module.vpc_primary.aws_iam_role.vpc_flow_log_cloudwatch",
            "module.moses_vpc.module.vpc_primary.aws_iam_role_policy_attachment.vpc_flow_log_cloudwatch",
            "module.moses_vpc.module.vpc_primary.aws_internet_gateway.this",
            "module.moses_vpc.module.vpc_primary.aws_nat_gateway.this",
            "module.moses_vpc.module.vpc_primary.aws_network_acl.database",
            "module.moses_vpc.module.vpc_primary.aws_network_acl.elasticache",
            "module.moses_vpc.module.vpc_primary.aws_network_acl.intra",
            "module.moses_vpc.module.vpc_primary.aws_network_acl.outpost",
            "module.moses_vpc.module.vpc_primary.aws_network_acl.private",
            "module.moses_vpc.module.vpc_primary.aws_network_acl.public",
            "module.moses_vpc.module.vpc_primary.aws_network_acl.redshift",
            "module.moses_vpc.module.vpc_primary.aws_network_acl_rule.database_inbound",
            "module.moses_vpc.module.vpc_primary.aws_network_acl_rule.database_outbound",
            "module.moses_vpc.module.vpc_primary.aws_network_acl_rule.elasticache_inbound",
            "module.moses_vpc.module.vpc_primary.aws_network_acl_rule.elasticache_outbound",
            "module.moses_vpc.module.vpc_primary.aws_network_acl_rule.intra_inbound",
            "module.moses_vpc.module.vpc_primary.aws_network_acl_rule.intra_outbound",
            "module.moses_vpc.module.vpc_primary.aws_network_acl_rule.outpost_inbound",
            "module.moses_vpc.module.vpc_primary.aws_network_acl_rule.outpost_outbound",
            "module.moses_vpc.module.vpc_primary.aws_network_acl_rule.private_inbound",
            "module.moses_vpc.module.vpc_primary.aws_network_acl_rule.private_outbound",
            "module.moses_vpc.module.vpc_primary.aws_network_acl_rule.public_inbound",
            "module.moses_vpc.module.vpc_primary.aws_network_acl_rule.public_outbound",
            "module.moses_vpc.module.vpc_primary.aws_network_acl_rule.redshift_inbound",
            "module.moses_vpc.module.vpc_primary.aws_network_acl_rule.redshift_outbound",
            "module.moses_vpc.module.vpc_primary.aws_redshift_subnet_group.redshift",
            "module.moses_vpc.module.vpc_primary.aws_route.database_dns64_nat_gateway",
            "module.moses_vpc.module.vpc_primary.aws_route.database_internet_gateway",
            "module.moses_vpc.module.vpc_primary.aws_route.database_ipv6_egress",
            "module.moses_vpc.module.vpc_primary.aws_route.database_nat_gateway",
            "module.moses_vpc.module.vpc_primary.aws_route.private_dns64_nat_gateway",
            "module.moses_vpc.module.vpc_primary.aws_route.private_ipv6_egress",
            "module.moses_vpc.module.vpc_primary.aws_route.private_nat_gateway",
            "module.moses_vpc.module.vpc_primary.aws_route.public_internet_gateway",
            "module.moses_vpc.module.vpc_primary.aws_route.public_internet_gateway_ipv6",
            "module.moses_vpc.module.vpc_primary.aws_route_table.database",
            "module.moses_vpc.module.vpc_primary.aws_route_table.elasticache",
            "module.moses_vpc.module.vpc_primary.aws_route_table.intra",
            "module.moses_vpc.module.vpc_primary.aws_route_table.private",
            "module.moses_vpc.module.vpc_primary.aws_route_table.public",
            "module.moses_vpc.module.vpc_primary.aws_route_table.redshift",
            "module.moses_vpc.module.vpc_primary.aws_route_table_association.database",
            "module.moses_vpc.module.vpc_primary.aws_route_table_association.elasticache",
            "module.moses_vpc.module.vpc_primary.aws_route_table_association.intra",
            "module.moses_vpc.module.vpc_primary.aws_route_table_association.outpost",
            "module.moses_vpc.module.vpc_primary.aws_route_table_association.private",
            "module.moses_vpc.module.vpc_primary.aws_route_table_association.public",
            "module.moses_vpc.module.vpc_primary.aws_route_table_association.redshift",
            "module.moses_vpc.module.vpc_primary.aws_route_table_association.redshift_public",
            "module.moses_vpc.module.vpc_primary.aws_subnet.database",
            "module.moses_vpc.module.vpc_primary.aws_subnet.elasticache",
            "module.moses_vpc.module.vpc_primary.aws_subnet.intra",
            "module.moses_vpc.module.vpc_primary.aws_subnet.outpost",
            "module.moses_vpc.module.vpc_primary.aws_subnet.private",
            "module.moses_vpc.module.vpc_primary.aws_subnet.public",
            "module.moses_vpc.module.vpc_primary.aws_subnet.redshift",
            "module.moses_vpc.module.vpc_primary.aws_vpc.this",
            "module.moses_vpc.module.vpc_primary.aws_vpc_dhcp_options.this",
            "module.moses_vpc.module.vpc_primary.aws_vpc_dhcp_options_association.this",
            "module.moses_vpc.module.vpc_primary.aws_vpc_ipv4_cidr_block_association.this",
            "module.moses_vpc.module.vpc_primary.aws_vpn_gateway.this",
            "module.moses_vpc.module.vpc_primary.aws_vpn_gateway_attachment.this",
            "module.moses_vpc.module.vpc_primary.aws_vpn_gateway_route_propagation.intra",
            "module.moses_vpc.module.vpc_primary.aws_vpn_gateway_route_propagation.private",
            "module.moses_vpc.module.vpc_primary.aws_vpn_gateway_route_propagation.public",
            "module.moses_vpc.module.vpc_primary.data.aws_caller_identity.current",
            "module.moses_vpc.module.vpc_primary.data.aws_iam_policy_document.flow_log_cloudwatch_assume_role",
            "module.moses_vpc.module.vpc_primary.data.aws_iam_policy_document.vpc_flow_log_cloudwatch",
            "module.moses_vpc.module.vpc_primary.data.aws_partition.current",
            "module.moses_vpc.module.vpc_primary.data.aws_region.current"
          ]
        },
        {
          "index_key": 1,
          "schema_version": 2,
          "attributes": {
            "cidr_blocks": [
              "10.0.0.0/16"
            ],
            "description": "Allow outbound HTTP traffic",
            "from_port": 80,
            "id": "sgrule-858088164",
            "ipv6_cidr_blocks": null,
            "prefix_list_ids": [],
            "protocol": "tcp",
            "security_group_id": "sg-08ac37045d80fc9d0",
            "security_group_rule_id": "sgr-0fed89d7a1c7e5984",
            "self": false,
            "source_security_group_id": null,
            "timeouts": null,
            "to_port": 80,
            "type": "ingress"
          },
          "sensitive_attributes": [],
          "private": "eyJlMmJmYjczMC1lY2FhLTExZTYtOGY4OC0zNDM2M2JjN2M0YzAiOnsiY3JlYXRlIjozMDAwMDAwMDAwMDB9LCJzY2hlbWFfdmVyc2lvbiI6IjIifQ==",
          "dependencies": [
            "module.moses_vpc.data.aws_availability_zones.eu-west-1",
            "module.moses_vpc.module.security-group.aws_security_group.this",
            "module.moses_vpc.module.security-group.aws_security_group.this_name_prefix",
            "module.moses_vpc.module.vpc_primary.aws_cloudwatch_log_group.flow_log",
            "module.moses_vpc.module.vpc_primary.aws_customer_gateway.this",
            "module.moses_vpc.module.vpc_primary.aws_db_subnet_group.database",
            "module.moses_vpc.module.vpc_primary.aws_default_network_acl.this",
            "module.moses_vpc.module.vpc_primary.aws_default_route_table.default",
            "module.moses_vpc.module.vpc_primary.aws_default_security_group.this",
            "module.moses_vpc.module.vpc_primary.aws_default_vpc.this",
            "module.moses_vpc.module.vpc_primary.aws_egress_only_internet_gateway.this",
            "module.moses_vpc.module.vpc_primary.aws_eip.nat",
            "module.moses_vpc.module.vpc_primary.aws_elasticache_subnet_group.elasticache",
            "module.moses_vpc.module.vpc_primary.aws_flow_log.this",
            "module.moses_vpc.module.vpc_primary.aws_iam_policy.vpc_flow_log_cloudwatch",
            "module.moses_vpc.module.vpc_primary.aws_iam_role.vpc_flow_log_cloudwatch",
            "module.moses_vpc.module.vpc_primary.aws_iam_role_policy_attachment.vpc_flow_log_cloudwatch",
            "module.moses_vpc.module.vpc_primary.aws_internet_gateway.this",
            "module.moses_vpc.module.vpc_primary.aws_nat_gateway.this",
            "module.moses_vpc.module.vpc_primary.aws_network_acl.database",
            "module.moses_vpc.module.vpc_primary.aws_network_acl.elasticache",
            "module.moses_vpc.module.vpc_primary.aws_network_acl.intra",
            "module.moses_vpc.module.vpc_primary.aws_network_acl.outpost",
            "module.moses_vpc.module.vpc_primary.aws_network_acl.private",
            "module.moses_vpc.module.vpc_primary.aws_network_acl.public",
            "module.moses_vpc.module.vpc_primary.aws_network_acl.redshift",
            "module.moses_vpc.module.vpc_primary.aws_network_acl_rule.database_inbound",
            "module.moses_vpc.module.vpc_primary.aws_network_acl_rule.database_outbound",
            "module.moses_vpc.module.vpc_primary.aws_network_acl_rule.elasticache_inbound",
            "module.moses_vpc.module.vpc_primary.aws_network_acl_rule.elasticache_outbound",
            "module.moses_vpc.module.vpc_primary.aws_network_acl_rule.intra_inbound",
            "module.moses_vpc.module.vpc_primary.aws_network_acl_rule.intra_outbound",
            "module.moses_vpc.module.vpc_primary.aws_network_acl_rule.outpost_inbound",
            "module.moses_vpc.module.vpc_primary.aws_network_acl_rule.outpost_outbound",
            "module.moses_vpc.module.vpc_primary.aws_network_acl_rule.private_inbound",
            "module.moses_vpc.module.vpc_primary.aws_network_acl_rule.private_outbound",
            "module.moses_vpc.module.vpc_primary.aws_network_acl_rule.public_inbound",
            "module.moses_vpc.module.vpc_primary.aws_network_acl_rule.public_outbound",
            "module.moses_vpc.module.vpc_primary.aws_network_acl_rule.redshift_inbound",
            "module.moses_vpc.module.vpc_primary.aws_network_acl_rule.redshift_outbound",
            "module.moses_vpc.module.vpc_primary.aws_redshift_subnet_group.redshift",
            "module.moses_vpc.module.vpc_primary.aws_route.database_dns64_nat_gateway",
            "module.moses_vpc.module.vpc_primary.aws_route.database_internet_gateway",
            "module.moses_vpc.module.vpc_primary.aws_route.database_ipv6_egress",
            "module.moses_vpc.module.vpc_primary.aws_route.database_nat_gateway",
            "module.moses_vpc.module.vpc_primary.aws_route.private_dns64_nat_gateway",
            "module.moses_vpc.module.vpc_primary.aws_route.private_ipv6_egress",
            "module.moses_vpc.module.vpc_primary.aws_route.private_nat_gateway",
            "module.moses_vpc.module.vpc_primary.aws_route.public_internet_gateway",
            "module.moses_vpc.module.vpc_primary.aws_route.public_internet_gateway_ipv6",
            "module.moses_vpc.module.vpc_primary.aws_route_table.database",
            "module.moses_vpc.module.vpc_primary.aws_route_table.elasticache",
            "module.moses_vpc.module.vpc_primary.aws_route_table.intra",
            "module.moses_vpc.module.vpc_primary.aws_route_table.private",
            "module.moses_vpc.module.vpc_primary.aws_route_table.public",
            "module.moses_vpc.module.vpc_primary.aws_route_table.redshift",
            "module.moses_vpc.module.vpc_primary.aws_route_table_association.database",
            "module.moses_vpc.module.vpc_primary.aws_route_table_association.elasticache",
            "module.moses_vpc.module.vpc_primary.aws_route_table_association.intra",
            "module.moses_vpc.module.vpc_primary.aws_route_table_association.outpost",
            "module.moses_vpc.module.vpc_primary.aws_route_table_association.private",
            "module.moses_vpc.module.vpc_primary.aws_route_table_association.public",
            "module.moses_vpc.module.vpc_primary.aws_route_table_association.redshift",
            "module.moses_vpc.module.vpc_primary.aws_route_table_association.redshift_public",
            "module.moses_vpc.module.vpc_primary.aws_subnet.database",
            "module.moses_vpc.module.vpc_primary.aws_subnet.elasticache",
            "module.moses_vpc.module.vpc_primary.aws_subnet.intra",
            "module.moses_vpc.module.vpc_primary.aws_subnet.outpost",
            "module.moses_vpc.module.vpc_primary.aws_subnet.private",
            "module.moses_vpc.module.vpc_primary.aws_subnet.public",
            "module.moses_vpc.module.vpc_primary.aws_subnet.redshift",
            "module.moses_vpc.module.vpc_primary.aws_vpc.this",
            "module.moses_vpc.module.vpc_primary.aws_vpc_dhcp_options.this",
            "module.moses_vpc.module.vpc_primary.aws_vpc_dhcp_options_association.this",
            "module.moses_vpc.module.vpc_primary.aws_vpc_ipv4_cidr_block_association.this",
            "module.moses_vpc.module.vpc_primary.aws_vpn_gateway.this",
            "module.moses_vpc.module.vpc_primary.aws_vpn_gateway_attachment.this",
            "module.moses_vpc.module.vpc_primary.aws_vpn_gateway_route_propagation.intra",
            "module.moses_vpc.module.vpc_primary.aws_vpn_gateway_route_propagation.private",
            "module.moses_vpc.module.vpc_primary.aws_vpn_gateway_route_propagation.public",
            "module.moses_vpc.module.vpc_primary.data.aws_caller_identity.current",
            "module.moses_vpc.module.vpc_primary.data.aws_iam_policy_document.flow_log_cloudwatch_assume_role",
            "module.moses_vpc.module.vpc_primary.data.aws_iam_policy_document.vpc_flow_log_cloudwatch",
            "module.moses_vpc.module.vpc_primary.data.aws_partition.current",
            "module.moses_vpc.module.vpc_primary.data.aws_region.current"
          ]
        }
      ]
    },
    {
      "module": "module.moses_vpc.module.vpc_primary",
      "mode": "managed",
      "type": "aws_default_network_acl",
      "name": "this",
      "provider": "provider[\"registry.terraform.io/hashicorp/aws\"]",
      "instances": [
        {
          "index_key": 0,
          "schema_version": 0,
          "attributes": {
            "arn": "arn:aws:ec2:eu-west-1:495143188735:network-acl/acl-0d43be4f1b270e882",
            "default_network_acl_id": "acl-0d43be4f1b270e882",
            "egress": [
              {
                "action": "allow",
                "cidr_block": "",
                "from_port": 0,
                "icmp_code": null,
                "icmp_type": null,
                "ipv6_cidr_block": "::/0",
                "protocol": "-1",
                "rule_no": 101,
                "to_port": 0
              },
              {
                "action": "allow",
                "cidr_block": "0.0.0.0/0",
                "from_port": 0,
                "icmp_code": null,
                "icmp_type": null,
                "ipv6_cidr_block": "",
                "protocol": "-1",
                "rule_no": 100,
                "to_port": 0
              }
            ],
            "id": "acl-0d43be4f1b270e882",
            "ingress": [
              {
                "action": "allow",
                "cidr_block": "",
                "from_port": 0,
                "icmp_code": null,
                "icmp_type": null,
                "ipv6_cidr_block": "::/0",
                "protocol": "-1",
                "rule_no": 101,
                "to_port": 0
              },
              {
                "action": "allow",
                "cidr_block": "0.0.0.0/0",
                "from_port": 0,
                "icmp_code": null,
                "icmp_type": null,
                "ipv6_cidr_block": "",
                "protocol": "-1",
                "rule_no": 100,
                "to_port": 0
              }
            ],
            "owner_id": "495143188735",
            "subnet_ids": [
              "subnet-028764d90992587d1",
              "subnet-03fae03eb1d2cf414",
              "subnet-064866f372299bf2b",
              "subnet-07646f2d03b72daf0",
              "subnet-0a9767c8f72f68e4a",
              "subnet-0eb0605ed75c1e98b"
            ],
            "tags": {
              "Name": "olumoko-primary-vpc-default"
            },
            "tags_all": {
              "Name": "olumoko-primary-vpc-default"
            },
            "vpc_id": "vpc-013b5e3bc57eddd25"
          },
          "sensitive_attributes": [],
          "private": "bnVsbA==",
          "dependencies": [
            "module.moses_vpc.module.vpc_primary.aws_vpc.this"
          ],
          "create_before_destroy": true
        }
      ]
    },
    {
      "module": "module.moses_vpc.module.vpc_primary",
      "mode": "managed",
      "type": "aws_default_route_table",
      "name": "default",
      "provider": "provider[\"registry.terraform.io/hashicorp/aws\"]",
      "instances": [
        {
          "index_key": 0,
          "schema_version": 0,
          "attributes": {
            "arn": "arn:aws:ec2:eu-west-1:495143188735:route-table/rtb-0614ea2dd1f9e55cd",
            "default_route_table_id": "rtb-0614ea2dd1f9e55cd",
            "id": "rtb-0614ea2dd1f9e55cd",
            "owner_id": "495143188735",
            "propagating_vgws": null,
            "route": [],
            "tags": {
              "Name": "olumoko-primary-vpc-default"
            },
            "tags_all": {
              "Name": "olumoko-primary-vpc-default"
            },
            "timeouts": {
              "create": "5m",
              "update": "5m"
            },
            "vpc_id": "vpc-013b5e3bc57eddd25"
          },
          "sensitive_attributes": [],
          "private": "eyJlMmJmYjczMC1lY2FhLTExZTYtOGY4OC0zNDM2M2JjN2M0YzAiOnsiY3JlYXRlIjozMDAwMDAwMDAwMDAsInVwZGF0ZSI6MzAwMDAwMDAwMDAwfX0=",
          "dependencies": [
            "module.moses_vpc.module.vpc_primary.aws_vpc.this"
          ],
          "create_before_destroy": true
        }
      ]
    },
    {
      "module": "module.moses_vpc.module.vpc_primary",
      "mode": "managed",
      "type": "aws_default_security_group",
      "name": "this",
      "provider": "provider[\"registry.terraform.io/hashicorp/aws\"]",
      "instances": [
        {
          "index_key": 0,
          "schema_version": 1,
          "attributes": {
            "arn": "arn:aws:ec2:eu-west-1:495143188735:security-group/sg-02765b50abe5357ba",
            "description": "default VPC security group",
            "egress": [],
            "id": "sg-02765b50abe5357ba",
            "ingress": [],
            "name": "default",
            "name_prefix": "",
            "owner_id": "495143188735",
            "revoke_rules_on_delete": false,
            "tags": {
              "Name": "olumoko-primary-vpc-default"
            },
            "tags_all": {
              "Name": "olumoko-primary-vpc-default"
            },
            "vpc_id": "vpc-013b5e3bc57eddd25"
          },
          "sensitive_attributes": [],
          "private": "eyJzY2hlbWFfdmVyc2lvbiI6IjEifQ==",
          "dependencies": [
            "module.moses_vpc.module.vpc_primary.aws_vpc.this"
          ],
          "create_before_destroy": true
        }
      ]
    },
    {
      "module": "module.moses_vpc.module.vpc_primary",
      "mode": "managed",
      "type": "aws_eip",
      "name": "nat",
      "provider": "provider[\"registry.terraform.io/hashicorp/aws\"]",
      "instances": [
        {
          "index_key": 0,
          "schema_version": 0,
          "attributes": {
            "address": null,
            "allocation_id": "eipalloc-0fd67bae61240437e",
            "arn": "arn:aws:ec2:eu-west-1:495143188735:elastic-ip/eipalloc-0fd67bae61240437e",
            "associate_with_private_ip": null,
            "association_id": "",
            "carrier_ip": "",
            "customer_owned_ip": "",
            "customer_owned_ipv4_pool": "",
            "domain": "vpc",
            "id": "eipalloc-0fd67bae61240437e",
            "instance": "",
            "network_border_group": "eu-west-1",
            "network_interface": "",
            "private_dns": null,
            "private_ip": "",
            "ptr_record": "",
            "public_dns": "ec2-54-170-25-120.eu-west-1.compute.amazonaws.com",
            "public_ip": "54.170.25.120",
            "public_ipv4_pool": "amazon",
            "tags": {
              "Name": "olumoko-primary-vpc-eu-west-1a"
            },
            "tags_all": {
              "Name": "olumoko-primary-vpc-eu-west-1a"
            },
            "timeouts": null,
            "vpc": true
          },
          "sensitive_attributes": [],
          "private": "eyJlMmJmYjczMC1lY2FhLTExZTYtOGY4OC0zNDM2M2JjN2M0YzAiOnsiZGVsZXRlIjoxODAwMDAwMDAwMDAsInJlYWQiOjkwMDAwMDAwMDAwMCwidXBkYXRlIjozMDAwMDAwMDAwMDB9fQ==",
          "dependencies": [
            "module.moses_vpc.data.aws_availability_zones.eu-west-1",
            "module.moses_vpc.module.vpc_primary.aws_internet_gateway.this",
            "module.moses_vpc.module.vpc_primary.aws_vpc.this",
            "module.moses_vpc.module.vpc_primary.aws_vpc_ipv4_cidr_block_association.this"
          ],
          "create_before_destroy": true
        },
        {
          "index_key": 1,
          "schema_version": 0,
          "attributes": {
            "address": null,
            "allocation_id": "eipalloc-04e494b47407251d4",
            "arn": "arn:aws:ec2:eu-west-1:495143188735:elastic-ip/eipalloc-04e494b47407251d4",
            "associate_with_private_ip": null,
            "association_id": "",
            "carrier_ip": "",
            "customer_owned_ip": "",
            "customer_owned_ipv4_pool": "",
            "domain": "vpc",
            "id": "eipalloc-04e494b47407251d4",
            "instance": "",
            "network_border_group": "eu-west-1",
            "network_interface": "",
            "private_dns": null,
            "private_ip": "",
            "ptr_record": "",
            "public_dns": "ec2-79-125-36-12.eu-west-1.compute.amazonaws.com",
            "public_ip": "79.125.36.12",
            "public_ipv4_pool": "amazon",
            "tags": {
              "Name": "olumoko-primary-vpc-eu-west-1b"
            },
            "tags_all": {
              "Name": "olumoko-primary-vpc-eu-west-1b"
            },
            "timeouts": null,
            "vpc": true
          },
          "sensitive_attributes": [],
          "private": "eyJlMmJmYjczMC1lY2FhLTExZTYtOGY4OC0zNDM2M2JjN2M0YzAiOnsiZGVsZXRlIjoxODAwMDAwMDAwMDAsInJlYWQiOjkwMDAwMDAwMDAwMCwidXBkYXRlIjozMDAwMDAwMDAwMDB9fQ==",
          "dependencies": [
            "module.moses_vpc.data.aws_availability_zones.eu-west-1",
            "module.moses_vpc.module.vpc_primary.aws_internet_gateway.this",
            "module.moses_vpc.module.vpc_primary.aws_vpc.this",
            "module.moses_vpc.module.vpc_primary.aws_vpc_ipv4_cidr_block_association.this"
          ],
          "create_before_destroy": true
        },
        {
          "index_key": 2,
          "schema_version": 0,
          "attributes": {
            "address": null,
            "allocation_id": "eipalloc-052fbe7cb6cf75644",
            "arn": "arn:aws:ec2:eu-west-1:495143188735:elastic-ip/eipalloc-052fbe7cb6cf75644",
            "associate_with_private_ip": null,
            "association_id": "",
            "carrier_ip": "",
            "customer_owned_ip": "",
            "customer_owned_ipv4_pool": "",
            "domain": "vpc",
            "id": "eipalloc-052fbe7cb6cf75644",
            "instance": "",
            "network_border_group": "eu-west-1",
            "network_interface": "",
            "private_dns": null,
            "private_ip": "",
            "ptr_record": "",
            "public_dns": "ec2-54-220-235-53.eu-west-1.compute.amazonaws.com",
            "public_ip": "54.220.235.53",
            "public_ipv4_pool": "amazon",
            "tags": {
              "Name": "olumoko-primary-vpc-eu-west-1c"
            },
            "tags_all": {
              "Name": "olumoko-primary-vpc-eu-west-1c"
            },
            "timeouts": null,
            "vpc": true
          },
          "sensitive_attributes": [],
          "private": "eyJlMmJmYjczMC1lY2FhLTExZTYtOGY4OC0zNDM2M2JjN2M0YzAiOnsiZGVsZXRlIjoxODAwMDAwMDAwMDAsInJlYWQiOjkwMDAwMDAwMDAwMCwidXBkYXRlIjozMDAwMDAwMDAwMDB9fQ==",
          "dependencies": [
            "module.moses_vpc.data.aws_availability_zones.eu-west-1",
            "module.moses_vpc.module.vpc_primary.aws_internet_gateway.this",
            "module.moses_vpc.module.vpc_primary.aws_vpc.this",
            "module.moses_vpc.module.vpc_primary.aws_vpc_ipv4_cidr_block_association.this"
          ],
          "create_before_destroy": true
        }
      ]
    },
    {
      "module": "module.moses_vpc.module.vpc_primary",
      "mode": "managed",
      "type": "aws_internet_gateway",
      "name": "this",
      "provider": "provider[\"registry.terraform.io/hashicorp/aws\"]",
      "instances": [
        {
          "index_key": 0,
          "schema_version": 0,
          "attributes": {
            "arn": "arn:aws:ec2:eu-west-1:495143188735:internet-gateway/igw-0f48e073ce5fde23f",
            "id": "igw-0f48e073ce5fde23f",
            "owner_id": "495143188735",
            "tags": {
              "Name": "olumoko-primary-vpc"
            },
            "tags_all": {
              "Name": "olumoko-primary-vpc"
            },
            "timeouts": null,
            "vpc_id": "vpc-013b5e3bc57eddd25"
          },
          "sensitive_attributes": [],
          "private": "eyJlMmJmYjczMC1lY2FhLTExZTYtOGY4OC0zNDM2M2JjN2M0YzAiOnsiY3JlYXRlIjoxMjAwMDAwMDAwMDAwLCJkZWxldGUiOjEyMDAwMDAwMDAwMDAsInVwZGF0ZSI6MTIwMDAwMDAwMDAwMH19",
          "dependencies": [
            "module.moses_vpc.module.vpc_primary.aws_vpc.this",
            "module.moses_vpc.module.vpc_primary.aws_vpc_ipv4_cidr_block_association.this"
          ],
          "create_before_destroy": true
        }
      ]
    },
    {
      "module": "module.moses_vpc.module.vpc_primary",
      "mode": "managed",
      "type": "aws_nat_gateway",
      "name": "this",
      "provider": "provider[\"registry.terraform.io/hashicorp/aws\"]",
      "instances": [
        {
          "index_key": 0,
          "schema_version": 0,
          "attributes": {
            "allocation_id": "eipalloc-0fd67bae61240437e",
            "association_id": "eipassoc-00d761cb63902f80a",
            "connectivity_type": "public",
            "id": "nat-0f5451b6817620973",
            "network_interface_id": "eni-04fae32e01216f9db",
            "private_ip": "10.0.4.54",
            "public_ip": "54.170.25.120",
            "secondary_allocation_ids": null,
            "secondary_private_ip_address_count": 0,
            "secondary_private_ip_addresses": [],
            "subnet_id": "subnet-0a9767c8f72f68e4a",
            "tags": {
              "Name": "olumoko-primary-vpc-eu-west-1a"
            },
            "tags_all": {
              "Name": "olumoko-primary-vpc-eu-west-1a"
            },
            "timeouts": null
          },
          "sensitive_attributes": [],
          "private": "eyJlMmJmYjczMC1lY2FhLTExZTYtOGY4OC0zNDM2M2JjN2M0YzAiOnsiY3JlYXRlIjo2MDAwMDAwMDAwMDAsImRlbGV0ZSI6MTgwMDAwMDAwMDAwMCwidXBkYXRlIjo2MDAwMDAwMDAwMDB9fQ==",
          "dependencies": [
            "module.moses_vpc.data.aws_availability_zones.eu-west-1",
            "module.moses_vpc.module.vpc_primary.aws_eip.nat",
            "module.moses_vpc.module.vpc_primary.aws_internet_gateway.this",
            "module.moses_vpc.module.vpc_primary.aws_subnet.public",
            "module.moses_vpc.module.vpc_primary.aws_vpc.this",
            "module.moses_vpc.module.vpc_primary.aws_vpc_ipv4_cidr_block_association.this"
          ],
          "create_before_destroy": true
        },
        {
          "index_key": 1,
          "schema_version": 0,
          "attributes": {
            "allocation_id": "eipalloc-04e494b47407251d4",
            "association_id": "eipassoc-05f6e3057de4b3078",
            "connectivity_type": "public",
            "id": "nat-001f2df05f4ab5aff",
            "network_interface_id": "eni-00b6695a36fb90e55",
            "private_ip": "10.0.5.118",
            "public_ip": "79.125.36.12",
            "secondary_allocation_ids": null,
            "secondary_private_ip_address_count": 0,
            "secondary_private_ip_addresses": [],
            "subnet_id": "subnet-064866f372299bf2b",
            "tags": {
              "Name": "olumoko-primary-vpc-eu-west-1b"
            },
            "tags_all": {
              "Name": "olumoko-primary-vpc-eu-west-1b"
            },
            "timeouts": null
          },
          "sensitive_attributes": [],
          "private": "eyJlMmJmYjczMC1lY2FhLTExZTYtOGY4OC0zNDM2M2JjN2M0YzAiOnsiY3JlYXRlIjo2MDAwMDAwMDAwMDAsImRlbGV0ZSI6MTgwMDAwMDAwMDAwMCwidXBkYXRlIjo2MDAwMDAwMDAwMDB9fQ==",
          "dependencies": [
            "module.moses_vpc.data.aws_availability_zones.eu-west-1",
            "module.moses_vpc.module.vpc_primary.aws_eip.nat",
            "module.moses_vpc.module.vpc_primary.aws_internet_gateway.this",
            "module.moses_vpc.module.vpc_primary.aws_subnet.public",
            "module.moses_vpc.module.vpc_primary.aws_vpc.this",
            "module.moses_vpc.module.vpc_primary.aws_vpc_ipv4_cidr_block_association.this"
          ],
          "create_before_destroy": true
        },
        {
          "index_key": 2,
          "schema_version": 0,
          "attributes": {
            "allocation_id": "eipalloc-052fbe7cb6cf75644",
            "association_id": "eipassoc-0ecdf85d954881ee7",
            "connectivity_type": "public",
            "id": "nat-0b8d7e7e86ba9ec82",
            "network_interface_id": "eni-0977a3d731a25ea94",
            "private_ip": "10.0.6.5",
            "public_ip": "54.220.235.53",
            "secondary_allocation_ids": null,
            "secondary_private_ip_address_count": 0,
            "secondary_private_ip_addresses": [],
            "subnet_id": "subnet-028764d90992587d1",
            "tags": {
              "Name": "olumoko-primary-vpc-eu-west-1c"
            },
            "tags_all": {
              "Name": "olumoko-primary-vpc-eu-west-1c"
            },
            "timeouts": null
          },
          "sensitive_attributes": [],
          "private": "eyJlMmJmYjczMC1lY2FhLTExZTYtOGY4OC0zNDM2M2JjN2M0YzAiOnsiY3JlYXRlIjo2MDAwMDAwMDAwMDAsImRlbGV0ZSI6MTgwMDAwMDAwMDAwMCwidXBkYXRlIjo2MDAwMDAwMDAwMDB9fQ==",
          "dependencies": [
            "module.moses_vpc.data.aws_availability_zones.eu-west-1",
            "module.moses_vpc.module.vpc_primary.aws_eip.nat",
            "module.moses_vpc.module.vpc_primary.aws_internet_gateway.this",
            "module.moses_vpc.module.vpc_primary.aws_subnet.public",
            "module.moses_vpc.module.vpc_primary.aws_vpc.this",
            "module.moses_vpc.module.vpc_primary.aws_vpc_ipv4_cidr_block_association.this"
          ],
          "create_before_destroy": true
        }
      ]
    },
    {
      "module": "module.moses_vpc.module.vpc_primary",
      "mode": "managed",
      "type": "aws_route",
      "name": "private_nat_gateway",
      "provider": "provider[\"registry.terraform.io/hashicorp/aws\"]",
      "instances": [
        {
          "index_key": 0,
          "schema_version": 0,
          "attributes": {
            "carrier_gateway_id": "",
            "core_network_arn": "",
            "destination_cidr_block": "0.0.0.0/0",
            "destination_ipv6_cidr_block": "",
            "destination_prefix_list_id": "",
            "egress_only_gateway_id": "",
            "gateway_id": "",
            "id": "r-rtb-02b2655f357d182751080289494",
            "instance_id": "",
            "instance_owner_id": "",
            "local_gateway_id": "",
            "nat_gateway_id": "nat-0f5451b6817620973",
            "network_interface_id": "",
            "origin": "CreateRoute",
            "route_table_id": "rtb-02b2655f357d18275",
            "state": "active",
            "timeouts": {
              "create": "5m",
              "delete": null,
              "update": null
            },
            "transit_gateway_id": "",
            "vpc_endpoint_id": "",
            "vpc_peering_connection_id": ""
          },
          "sensitive_attributes": [],
          "private": "eyJlMmJmYjczMC1lY2FhLTExZTYtOGY4OC0zNDM2M2JjN2M0YzAiOnsiY3JlYXRlIjozMDAwMDAwMDAwMDAsImRlbGV0ZSI6MzAwMDAwMDAwMDAwLCJ1cGRhdGUiOjEyMDAwMDAwMDAwMH19",
          "dependencies": [
            "module.moses_vpc.data.aws_availability_zones.eu-west-1",
            "module.moses_vpc.module.vpc_primary.aws_eip.nat",
            "module.moses_vpc.module.vpc_primary.aws_internet_gateway.this",
            "module.moses_vpc.module.vpc_primary.aws_nat_gateway.this",
            "module.moses_vpc.module.vpc_primary.aws_route_table.private",
            "module.moses_vpc.module.vpc_primary.aws_subnet.public",
            "module.moses_vpc.module.vpc_primary.aws_vpc.this",
            "module.moses_vpc.module.vpc_primary.aws_vpc_ipv4_cidr_block_association.this"
          ],
          "create_before_destroy": true
        },
        {
          "index_key": 1,
          "schema_version": 0,
          "attributes": {
            "carrier_gateway_id": "",
            "core_network_arn": "",
            "destination_cidr_block": "0.0.0.0/0",
            "destination_ipv6_cidr_block": "",
            "destination_prefix_list_id": "",
            "egress_only_gateway_id": "",
            "gateway_id": "",
            "id": "r-rtb-009d55bd0ac8a60311080289494",
            "instance_id": "",
            "instance_owner_id": "",
            "local_gateway_id": "",
            "nat_gateway_id": "nat-001f2df05f4ab5aff",
            "network_interface_id": "",
            "origin": "CreateRoute",
            "route_table_id": "rtb-009d55bd0ac8a6031",
            "state": "active",
            "timeouts": {
              "create": "5m",
              "delete": null,
              "update": null
            },
            "transit_gateway_id": "",
            "vpc_endpoint_id": "",
            "vpc_peering_connection_id": ""
          },
          "sensitive_attributes": [],
          "private": "eyJlMmJmYjczMC1lY2FhLTExZTYtOGY4OC0zNDM2M2JjN2M0YzAiOnsiY3JlYXRlIjozMDAwMDAwMDAwMDAsImRlbGV0ZSI6MzAwMDAwMDAwMDAwLCJ1cGRhdGUiOjEyMDAwMDAwMDAwMH19",
          "dependencies": [
            "module.moses_vpc.data.aws_availability_zones.eu-west-1",
            "module.moses_vpc.module.vpc_primary.aws_eip.nat",
            "module.moses_vpc.module.vpc_primary.aws_internet_gateway.this",
            "module.moses_vpc.module.vpc_primary.aws_nat_gateway.this",
            "module.moses_vpc.module.vpc_primary.aws_route_table.private",
            "module.moses_vpc.module.vpc_primary.aws_subnet.public",
            "module.moses_vpc.module.vpc_primary.aws_vpc.this",
            "module.moses_vpc.module.vpc_primary.aws_vpc_ipv4_cidr_block_association.this"
          ],
          "create_before_destroy": true
        },
        {
          "index_key": 2,
          "schema_version": 0,
          "attributes": {
            "carrier_gateway_id": "",
            "core_network_arn": "",
            "destination_cidr_block": "0.0.0.0/0",
            "destination_ipv6_cidr_block": "",
            "destination_prefix_list_id": "",
            "egress_only_gateway_id": "",
            "gateway_id": "",
            "id": "r-rtb-02230399896825c311080289494",
            "instance_id": "",
            "instance_owner_id": "",
            "local_gateway_id": "",
            "nat_gateway_id": "nat-0b8d7e7e86ba9ec82",
            "network_interface_id": "",
            "origin": "CreateRoute",
            "route_table_id": "rtb-02230399896825c31",
            "state": "active",
            "timeouts": {
              "create": "5m",
              "delete": null,
              "update": null
            },
            "transit_gateway_id": "",
            "vpc_endpoint_id": "",
            "vpc_peering_connection_id": ""
          },
          "sensitive_attributes": [],
          "private": "eyJlMmJmYjczMC1lY2FhLTExZTYtOGY4OC0zNDM2M2JjN2M0YzAiOnsiY3JlYXRlIjozMDAwMDAwMDAwMDAsImRlbGV0ZSI6MzAwMDAwMDAwMDAwLCJ1cGRhdGUiOjEyMDAwMDAwMDAwMH19",
          "dependencies": [
            "module.moses_vpc.data.aws_availability_zones.eu-west-1",
            "module.moses_vpc.module.vpc_primary.aws_eip.nat",
            "module.moses_vpc.module.vpc_primary.aws_internet_gateway.this",
            "module.moses_vpc.module.vpc_primary.aws_nat_gateway.this",
            "module.moses_vpc.module.vpc_primary.aws_route_table.private",
            "module.moses_vpc.module.vpc_primary.aws_subnet.public",
            "module.moses_vpc.module.vpc_primary.aws_vpc.this",
            "module.moses_vpc.module.vpc_primary.aws_vpc_ipv4_cidr_block_association.this"
          ],
          "create_before_destroy": true
        }
      ]
    },
    {
      "module": "module.moses_vpc.module.vpc_primary",
      "mode": "managed",
      "type": "aws_route",
      "name": "public_internet_gateway",
      "provider": "provider[\"registry.terraform.io/hashicorp/aws\"]",
      "instances": [
        {
          "index_key": 0,
          "schema_version": 0,
          "attributes": {
            "carrier_gateway_id": "",
            "core_network_arn": "",
            "destination_cidr_block": "0.0.0.0/0",
            "destination_ipv6_cidr_block": "",
            "destination_prefix_list_id": "",
            "egress_only_gateway_id": "",
            "gateway_id": "igw-0f48e073ce5fde23f",
            "id": "r-rtb-04711ec244d749a161080289494",
            "instance_id": "",
            "instance_owner_id": "",
            "local_gateway_id": "",
            "nat_gateway_id": "",
            "network_interface_id": "",
            "origin": "CreateRoute",
            "route_table_id": "rtb-04711ec244d749a16",
            "state": "active",
            "timeouts": {
              "create": "5m",
              "delete": null,
              "update": null
            },
            "transit_gateway_id": "",
            "vpc_endpoint_id": "",
            "vpc_peering_connection_id": ""
          },
          "sensitive_attributes": [],
          "private": "eyJlMmJmYjczMC1lY2FhLTExZTYtOGY4OC0zNDM2M2JjN2M0YzAiOnsiY3JlYXRlIjozMDAwMDAwMDAwMDAsImRlbGV0ZSI6MzAwMDAwMDAwMDAwLCJ1cGRhdGUiOjEyMDAwMDAwMDAwMH19",
          "dependencies": [
            "module.moses_vpc.data.aws_availability_zones.eu-west-1",
            "module.moses_vpc.module.vpc_primary.aws_internet_gateway.this",
            "module.moses_vpc.module.vpc_primary.aws_route_table.public",
            "module.moses_vpc.module.vpc_primary.aws_vpc.this",
            "module.moses_vpc.module.vpc_primary.aws_vpc_ipv4_cidr_block_association.this"
          ],
          "create_before_destroy": true
        }
      ]
    },
    {
      "module": "module.moses_vpc.module.vpc_primary",
      "mode": "managed",
      "type": "aws_route_table",
      "name": "private",
      "provider": "provider[\"registry.terraform.io/hashicorp/aws\"]",
      "instances": [
        {
          "index_key": 0,
          "schema_version": 0,
          "attributes": {
            "arn": "arn:aws:ec2:eu-west-1:495143188735:route-table/rtb-02b2655f357d18275",
            "id": "rtb-02b2655f357d18275",
            "owner_id": "495143188735",
            "propagating_vgws": [],
            "route": [],
            "tags": {
              "Name": "olumoko-primary-vpc-private-eu-west-1a"
            },
            "tags_all": {
              "Name": "olumoko-primary-vpc-private-eu-west-1a"
            },
            "timeouts": null,
            "vpc_id": "vpc-013b5e3bc57eddd25"
          },
          "sensitive_attributes": [],
          "private": "eyJlMmJmYjczMC1lY2FhLTExZTYtOGY4OC0zNDM2M2JjN2M0YzAiOnsiY3JlYXRlIjozMDAwMDAwMDAwMDAsImRlbGV0ZSI6MzAwMDAwMDAwMDAwLCJ1cGRhdGUiOjEyMDAwMDAwMDAwMH19",
          "dependencies": [
            "module.moses_vpc.data.aws_availability_zones.eu-west-1",
            "module.moses_vpc.module.vpc_primary.aws_vpc.this",
            "module.moses_vpc.module.vpc_primary.aws_vpc_ipv4_cidr_block_association.this"
          ],
          "create_before_destroy": true
        },
        {
          "index_key": 1,
          "schema_version": 0,
          "attributes": {
            "arn": "arn:aws:ec2:eu-west-1:495143188735:route-table/rtb-009d55bd0ac8a6031",
            "id": "rtb-009d55bd0ac8a6031",
            "owner_id": "495143188735",
            "propagating_vgws": [],
            "route": [],
            "tags": {
              "Name": "olumoko-primary-vpc-private-eu-west-1b"
            },
            "tags_all": {
              "Name": "olumoko-primary-vpc-private-eu-west-1b"
            },
            "timeouts": null,
            "vpc_id": "vpc-013b5e3bc57eddd25"
          },
          "sensitive_attributes": [],
          "private": "eyJlMmJmYjczMC1lY2FhLTExZTYtOGY4OC0zNDM2M2JjN2M0YzAiOnsiY3JlYXRlIjozMDAwMDAwMDAwMDAsImRlbGV0ZSI6MzAwMDAwMDAwMDAwLCJ1cGRhdGUiOjEyMDAwMDAwMDAwMH19",
          "dependencies": [
            "module.moses_vpc.data.aws_availability_zones.eu-west-1",
            "module.moses_vpc.module.vpc_primary.aws_vpc.this",
            "module.moses_vpc.module.vpc_primary.aws_vpc_ipv4_cidr_block_association.this"
          ],
          "create_before_destroy": true
        },
        {
          "index_key": 2,
          "schema_version": 0,
          "attributes": {
            "arn": "arn:aws:ec2:eu-west-1:495143188735:route-table/rtb-02230399896825c31",
            "id": "rtb-02230399896825c31",
            "owner_id": "495143188735",
            "propagating_vgws": [],
            "route": [],
            "tags": {
              "Name": "olumoko-primary-vpc-private-eu-west-1c"
            },
            "tags_all": {
              "Name": "olumoko-primary-vpc-private-eu-west-1c"
            },
            "timeouts": null,
            "vpc_id": "vpc-013b5e3bc57eddd25"
          },
          "sensitive_attributes": [],
          "private": "eyJlMmJmYjczMC1lY2FhLTExZTYtOGY4OC0zNDM2M2JjN2M0YzAiOnsiY3JlYXRlIjozMDAwMDAwMDAwMDAsImRlbGV0ZSI6MzAwMDAwMDAwMDAwLCJ1cGRhdGUiOjEyMDAwMDAwMDAwMH19",
          "dependencies": [
            "module.moses_vpc.data.aws_availability_zones.eu-west-1",
            "module.moses_vpc.module.vpc_primary.aws_vpc.this",
            "module.moses_vpc.module.vpc_primary.aws_vpc_ipv4_cidr_block_association.this"
          ],
          "create_before_destroy": true
        }
      ]
    },
    {
      "module": "module.moses_vpc.module.vpc_primary",
      "mode": "managed",
      "type": "aws_route_table",
      "name": "public",
      "provider": "provider[\"registry.terraform.io/hashicorp/aws\"]",
      "instances": [
        {
          "index_key": 0,
          "schema_version": 0,
          "attributes": {
            "arn": "arn:aws:ec2:eu-west-1:495143188735:route-table/rtb-04711ec244d749a16",
            "id": "rtb-04711ec244d749a16",
            "owner_id": "495143188735",
            "propagating_vgws": [],
            "route": [],
            "tags": {
              "Name": "olumoko-primary-vpc-public"
            },
            "tags_all": {
              "Name": "olumoko-primary-vpc-public"
            },
            "timeouts": null,
            "vpc_id": "vpc-013b5e3bc57eddd25"
          },
          "sensitive_attributes": [],
          "private": "eyJlMmJmYjczMC1lY2FhLTExZTYtOGY4OC0zNDM2M2JjN2M0YzAiOnsiY3JlYXRlIjozMDAwMDAwMDAwMDAsImRlbGV0ZSI6MzAwMDAwMDAwMDAwLCJ1cGRhdGUiOjEyMDAwMDAwMDAwMH19",
          "dependencies": [
            "module.moses_vpc.data.aws_availability_zones.eu-west-1",
            "module.moses_vpc.module.vpc_primary.aws_vpc.this",
            "module.moses_vpc.module.vpc_primary.aws_vpc_ipv4_cidr_block_association.this"
          ],
          "create_before_destroy": true
        }
      ]
    },
    {
      "module": "module.moses_vpc.module.vpc_primary",
      "mode": "managed",
      "type": "aws_route_table_association",
      "name": "private",
      "provider": "provider[\"registry.terraform.io/hashicorp/aws\"]",
      "instances": [
        {
          "index_key": 0,
          "schema_version": 0,
          "attributes": {
            "gateway_id": "",
            "id": "rtbassoc-07db85eb49c9aec1d",
            "route_table_id": "rtb-02b2655f357d18275",
            "subnet_id": "subnet-07646f2d03b72daf0",
            "timeouts": null
          },
          "sensitive_attributes": [],
          "private": "eyJlMmJmYjczMC1lY2FhLTExZTYtOGY4OC0zNDM2M2JjN2M0YzAiOnsiY3JlYXRlIjozMDAwMDAwMDAwMDAsImRlbGV0ZSI6MzAwMDAwMDAwMDAwLCJ1cGRhdGUiOjEyMDAwMDAwMDAwMH19",
          "dependencies": [
            "module.moses_vpc.data.aws_availability_zones.eu-west-1",
            "module.moses_vpc.module.vpc_primary.aws_route_table.private",
            "module.moses_vpc.module.vpc_primary.aws_subnet.private",
            "module.moses_vpc.module.vpc_primary.aws_vpc.this",
            "module.moses_vpc.module.vpc_primary.aws_vpc_ipv4_cidr_block_association.this"
          ],
          "create_before_destroy": true
        },
        {
          "index_key": 1,
          "schema_version": 0,
          "attributes": {
            "gateway_id": "",
            "id": "rtbassoc-0cb1362cbc71ddd10",
            "route_table_id": "rtb-009d55bd0ac8a6031",
            "subnet_id": "subnet-0eb0605ed75c1e98b",
            "timeouts": null
          },
          "sensitive_attributes": [],
          "private": "eyJlMmJmYjczMC1lY2FhLTExZTYtOGY4OC0zNDM2M2JjN2M0YzAiOnsiY3JlYXRlIjozMDAwMDAwMDAwMDAsImRlbGV0ZSI6MzAwMDAwMDAwMDAwLCJ1cGRhdGUiOjEyMDAwMDAwMDAwMH19",
          "dependencies": [
            "module.moses_vpc.data.aws_availability_zones.eu-west-1",
            "module.moses_vpc.module.vpc_primary.aws_route_table.private",
            "module.moses_vpc.module.vpc_primary.aws_subnet.private",
            "module.moses_vpc.module.vpc_primary.aws_vpc.this",
            "module.moses_vpc.module.vpc_primary.aws_vpc_ipv4_cidr_block_association.this"
          ],
          "create_before_destroy": true
        },
        {
          "index_key": 2,
          "schema_version": 0,
          "attributes": {
            "gateway_id": "",
            "id": "rtbassoc-0e43c29a49391e6ee",
            "route_table_id": "rtb-02230399896825c31",
            "subnet_id": "subnet-03fae03eb1d2cf414",
            "timeouts": null
          },
          "sensitive_attributes": [],
          "private": "eyJlMmJmYjczMC1lY2FhLTExZTYtOGY4OC0zNDM2M2JjN2M0YzAiOnsiY3JlYXRlIjozMDAwMDAwMDAwMDAsImRlbGV0ZSI6MzAwMDAwMDAwMDAwLCJ1cGRhdGUiOjEyMDAwMDAwMDAwMH19",
          "dependencies": [
            "module.moses_vpc.data.aws_availability_zones.eu-west-1",
            "module.moses_vpc.module.vpc_primary.aws_route_table.private",
            "module.moses_vpc.module.vpc_primary.aws_subnet.private",
            "module.moses_vpc.module.vpc_primary.aws_vpc.this",
            "module.moses_vpc.module.vpc_primary.aws_vpc_ipv4_cidr_block_association.this"
          ],
          "create_before_destroy": true
        }
      ]
    },
    {
      "module": "module.moses_vpc.module.vpc_primary",
      "mode": "managed",
      "type": "aws_route_table_association",
      "name": "public",
      "provider": "provider[\"registry.terraform.io/hashicorp/aws\"]",
      "instances": [
        {
          "index_key": 0,
          "schema_version": 0,
          "attributes": {
            "gateway_id": "",
            "id": "rtbassoc-0ceaf4c395f5255dc",
            "route_table_id": "rtb-04711ec244d749a16",
            "subnet_id": "subnet-0a9767c8f72f68e4a",
            "timeouts": null
          },
          "sensitive_attributes": [],
          "private": "eyJlMmJmYjczMC1lY2FhLTExZTYtOGY4OC0zNDM2M2JjN2M0YzAiOnsiY3JlYXRlIjozMDAwMDAwMDAwMDAsImRlbGV0ZSI6MzAwMDAwMDAwMDAwLCJ1cGRhdGUiOjEyMDAwMDAwMDAwMH19",
          "dependencies": [
            "module.moses_vpc.data.aws_availability_zones.eu-west-1",
            "module.moses_vpc.module.vpc_primary.aws_route_table.public",
            "module.moses_vpc.module.vpc_primary.aws_subnet.public",
            "module.moses_vpc.module.vpc_primary.aws_vpc.this",
            "module.moses_vpc.module.vpc_primary.aws_vpc_ipv4_cidr_block_association.this"
          ],
          "create_before_destroy": true
        },
        {
          "index_key": 1,
          "schema_version": 0,
          "attributes": {
            "gateway_id": "",
            "id": "rtbassoc-02c4a90e28b4587aa",
            "route_table_id": "rtb-04711ec244d749a16",
            "subnet_id": "subnet-064866f372299bf2b",
            "timeouts": null
          },
          "sensitive_attributes": [],
          "private": "eyJlMmJmYjczMC1lY2FhLTExZTYtOGY4OC0zNDM2M2JjN2M0YzAiOnsiY3JlYXRlIjozMDAwMDAwMDAwMDAsImRlbGV0ZSI6MzAwMDAwMDAwMDAwLCJ1cGRhdGUiOjEyMDAwMDAwMDAwMH19",
          "dependencies": [
            "module.moses_vpc.data.aws_availability_zones.eu-west-1",
            "module.moses_vpc.module.vpc_primary.aws_route_table.public",
            "module.moses_vpc.module.vpc_primary.aws_subnet.public",
            "module.moses_vpc.module.vpc_primary.aws_vpc.this",
            "module.moses_vpc.module.vpc_primary.aws_vpc_ipv4_cidr_block_association.this"
          ],
          "create_before_destroy": true
        },
        {
          "index_key": 2,
          "schema_version": 0,
          "attributes": {
            "gateway_id": "",
            "id": "rtbassoc-008c04e8907f29c69",
            "route_table_id": "rtb-04711ec244d749a16",
            "subnet_id": "subnet-028764d90992587d1",
            "timeouts": null
          },
          "sensitive_attributes": [],
          "private": "eyJlMmJmYjczMC1lY2FhLTExZTYtOGY4OC0zNDM2M2JjN2M0YzAiOnsiY3JlYXRlIjozMDAwMDAwMDAwMDAsImRlbGV0ZSI6MzAwMDAwMDAwMDAwLCJ1cGRhdGUiOjEyMDAwMDAwMDAwMH19",
          "dependencies": [
            "module.moses_vpc.data.aws_availability_zones.eu-west-1",
            "module.moses_vpc.module.vpc_primary.aws_route_table.public",
            "module.moses_vpc.module.vpc_primary.aws_subnet.public",
            "module.moses_vpc.module.vpc_primary.aws_vpc.this",
            "module.moses_vpc.module.vpc_primary.aws_vpc_ipv4_cidr_block_association.this"
          ],
          "create_before_destroy": true
        }
      ]
    },
    {
      "module": "module.moses_vpc.module.vpc_primary",
      "mode": "managed",
      "type": "aws_subnet",
      "name": "private",
      "provider": "provider[\"registry.terraform.io/hashicorp/aws\"]",
      "instances": [
        {
          "index_key": 0,
          "schema_version": 1,
          "attributes": {
            "arn": "arn:aws:ec2:eu-west-1:495143188735:subnet/subnet-07646f2d03b72daf0",
            "assign_ipv6_address_on_creation": false,
            "availability_zone": "eu-west-1a",
            "availability_zone_id": "euw1-az2",
            "cidr_block": "10.0.1.0/24",
            "customer_owned_ipv4_pool": "",
            "enable_dns64": false,
            "enable_lni_at_device_index": 0,
            "enable_resource_name_dns_a_record_on_launch": false,
            "enable_resource_name_dns_aaaa_record_on_launch": false,
            "id": "subnet-07646f2d03b72daf0",
            "ipv6_cidr_block": "",
            "ipv6_cidr_block_association_id": "",
            "ipv6_native": false,
            "map_customer_owned_ip_on_launch": false,
            "map_public_ip_on_launch": false,
            "outpost_arn": "",
            "owner_id": "495143188735",
            "private_dns_hostname_type_on_launch": "ip-name",
            "tags": {
              "Name": "olumoko-primary-vpc-private-eu-west-1a",
              "kubernetes.io/cluster/pip-olumoko-cluster": "shared",
              "kubernetes.io/role/internal-elb": "1"
            },
            "tags_all": {
              "Name": "olumoko-primary-vpc-private-eu-west-1a",
              "kubernetes.io/cluster/pip-olumoko-cluster": "shared",
              "kubernetes.io/role/internal-elb": "1"
            },
            "timeouts": null,
            "vpc_id": "vpc-013b5e3bc57eddd25"
          },
          "sensitive_attributes": [],
          "private": "eyJlMmJmYjczMC1lY2FhLTExZTYtOGY4OC0zNDM2M2JjN2M0YzAiOnsiY3JlYXRlIjo2MDAwMDAwMDAwMDAsImRlbGV0ZSI6MTIwMDAwMDAwMDAwMH0sInNjaGVtYV92ZXJzaW9uIjoiMSJ9",
          "dependencies": [
            "module.moses_vpc.data.aws_availability_zones.eu-west-1",
            "module.moses_vpc.module.vpc_primary.aws_vpc.this",
            "module.moses_vpc.module.vpc_primary.aws_vpc_ipv4_cidr_block_association.this"
          ],
          "create_before_destroy": true
        },
        {
          "index_key": 1,
          "schema_version": 1,
          "attributes": {
            "arn": "arn:aws:ec2:eu-west-1:495143188735:subnet/subnet-0eb0605ed75c1e98b",
            "assign_ipv6_address_on_creation": false,
            "availability_zone": "eu-west-1b",
            "availability_zone_id": "euw1-az3",
            "cidr_block": "10.0.2.0/24",
            "customer_owned_ipv4_pool": "",
            "enable_dns64": false,
            "enable_lni_at_device_index": 0,
            "enable_resource_name_dns_a_record_on_launch": false,
            "enable_resource_name_dns_aaaa_record_on_launch": false,
            "id": "subnet-0eb0605ed75c1e98b",
            "ipv6_cidr_block": "",
            "ipv6_cidr_block_association_id": "",
            "ipv6_native": false,
            "map_customer_owned_ip_on_launch": false,
            "map_public_ip_on_launch": false,
            "outpost_arn": "",
            "owner_id": "495143188735",
            "private_dns_hostname_type_on_launch": "ip-name",
            "tags": {
              "Name": "olumoko-primary-vpc-private-eu-west-1b",
              "kubernetes.io/cluster/pip-olumoko-cluster": "shared",
              "kubernetes.io/role/internal-elb": "1"
            },
            "tags_all": {
              "Name": "olumoko-primary-vpc-private-eu-west-1b",
              "kubernetes.io/cluster/pip-olumoko-cluster": "shared",
              "kubernetes.io/role/internal-elb": "1"
            },
            "timeouts": null,
            "vpc_id": "vpc-013b5e3bc57eddd25"
          },
          "sensitive_attributes": [],
          "private": "eyJlMmJmYjczMC1lY2FhLTExZTYtOGY4OC0zNDM2M2JjN2M0YzAiOnsiY3JlYXRlIjo2MDAwMDAwMDAwMDAsImRlbGV0ZSI6MTIwMDAwMDAwMDAwMH0sInNjaGVtYV92ZXJzaW9uIjoiMSJ9",
          "dependencies": [
            "module.moses_vpc.data.aws_availability_zones.eu-west-1",
            "module.moses_vpc.module.vpc_primary.aws_vpc.this",
            "module.moses_vpc.module.vpc_primary.aws_vpc_ipv4_cidr_block_association.this"
          ],
          "create_before_destroy": true
        },
        {
          "index_key": 2,
          "schema_version": 1,
          "attributes": {
            "arn": "arn:aws:ec2:eu-west-1:495143188735:subnet/subnet-03fae03eb1d2cf414",
            "assign_ipv6_address_on_creation": false,
            "availability_zone": "eu-west-1c",
            "availability_zone_id": "euw1-az1",
            "cidr_block": "10.0.3.0/24",
            "customer_owned_ipv4_pool": "",
            "enable_dns64": false,
            "enable_lni_at_device_index": 0,
            "enable_resource_name_dns_a_record_on_launch": false,
            "enable_resource_name_dns_aaaa_record_on_launch": false,
            "id": "subnet-03fae03eb1d2cf414",
            "ipv6_cidr_block": "",
            "ipv6_cidr_block_association_id": "",
            "ipv6_native": false,
            "map_customer_owned_ip_on_launch": false,
            "map_public_ip_on_launch": false,
            "outpost_arn": "",
            "owner_id": "495143188735",
            "private_dns_hostname_type_on_launch": "ip-name",
            "tags": {
              "Name": "olumoko-primary-vpc-private-eu-west-1c",
              "kubernetes.io/cluster/pip-olumoko-cluster": "shared",
              "kubernetes.io/role/internal-elb": "1"
            },
            "tags_all": {
              "Name": "olumoko-primary-vpc-private-eu-west-1c",
              "kubernetes.io/cluster/pip-olumoko-cluster": "shared",
              "kubernetes.io/role/internal-elb": "1"
            },
            "timeouts": null,
            "vpc_id": "vpc-013b5e3bc57eddd25"
          },
          "sensitive_attributes": [],
          "private": "eyJlMmJmYjczMC1lY2FhLTExZTYtOGY4OC0zNDM2M2JjN2M0YzAiOnsiY3JlYXRlIjo2MDAwMDAwMDAwMDAsImRlbGV0ZSI6MTIwMDAwMDAwMDAwMH0sInNjaGVtYV92ZXJzaW9uIjoiMSJ9",
          "dependencies": [
            "module.moses_vpc.data.aws_availability_zones.eu-west-1",
            "module.moses_vpc.module.vpc_primary.aws_vpc.this",
            "module.moses_vpc.module.vpc_primary.aws_vpc_ipv4_cidr_block_association.this"
          ],
          "create_before_destroy": true
        }
      ]
    },
    {
      "module": "module.moses_vpc.module.vpc_primary",
      "mode": "managed",
      "type": "aws_subnet",
      "name": "public",
      "provider": "provider[\"registry.terraform.io/hashicorp/aws\"]",
      "instances": [
        {
          "index_key": 0,
          "schema_version": 1,
          "attributes": {
            "arn": "arn:aws:ec2:eu-west-1:495143188735:subnet/subnet-0a9767c8f72f68e4a",
            "assign_ipv6_address_on_creation": false,
            "availability_zone": "eu-west-1a",
            "availability_zone_id": "euw1-az2",
            "cidr_block": "10.0.4.0/24",
            "customer_owned_ipv4_pool": "",
            "enable_dns64": false,
            "enable_lni_at_device_index": 0,
            "enable_resource_name_dns_a_record_on_launch": false,
            "enable_resource_name_dns_aaaa_record_on_launch": false,
            "id": "subnet-0a9767c8f72f68e4a",
            "ipv6_cidr_block": "",
            "ipv6_cidr_block_association_id": "",
            "ipv6_native": false,
            "map_customer_owned_ip_on_launch": false,
            "map_public_ip_on_launch": false,
            "outpost_arn": "",
            "owner_id": "495143188735",
            "private_dns_hostname_type_on_launch": "ip-name",
            "tags": {
              "Name": "olumoko-primary-vpc-public-eu-west-1a",
              "kubernetes.io/cluster/pip-olumoko-cluster": "shared",
              "kubernetes.io/role/elb": "1"
            },
            "tags_all": {
              "Name": "olumoko-primary-vpc-public-eu-west-1a",
              "kubernetes.io/cluster/pip-olumoko-cluster": "shared",
              "kubernetes.io/role/elb": "1"
            },
            "timeouts": null,
            "vpc_id": "vpc-013b5e3bc57eddd25"
          },
          "sensitive_attributes": [],
          "private": "eyJlMmJmYjczMC1lY2FhLTExZTYtOGY4OC0zNDM2M2JjN2M0YzAiOnsiY3JlYXRlIjo2MDAwMDAwMDAwMDAsImRlbGV0ZSI6MTIwMDAwMDAwMDAwMH0sInNjaGVtYV92ZXJzaW9uIjoiMSJ9",
          "dependencies": [
            "module.moses_vpc.data.aws_availability_zones.eu-west-1",
            "module.moses_vpc.module.vpc_primary.aws_vpc.this",
            "module.moses_vpc.module.vpc_primary.aws_vpc_ipv4_cidr_block_association.this"
          ],
          "create_before_destroy": true
        },
        {
          "index_key": 1,
          "schema_version": 1,
          "attributes": {
            "arn": "arn:aws:ec2:eu-west-1:495143188735:subnet/subnet-064866f372299bf2b",
            "assign_ipv6_address_on_creation": false,
            "availability_zone": "eu-west-1b",
            "availability_zone_id": "euw1-az3",
            "cidr_block": "10.0.5.0/24",
            "customer_owned_ipv4_pool": "",
            "enable_dns64": false,
            "enable_lni_at_device_index": 0,
            "enable_resource_name_dns_a_record_on_launch": false,
            "enable_resource_name_dns_aaaa_record_on_launch": false,
            "id": "subnet-064866f372299bf2b",
            "ipv6_cidr_block": "",
            "ipv6_cidr_block_association_id": "",
            "ipv6_native": false,
            "map_customer_owned_ip_on_launch": false,
            "map_public_ip_on_launch": false,
            "outpost_arn": "",
            "owner_id": "495143188735",
            "private_dns_hostname_type_on_launch": "ip-name",
            "tags": {
              "Name": "olumoko-primary-vpc-public-eu-west-1b",
              "kubernetes.io/cluster/pip-olumoko-cluster": "shared",
              "kubernetes.io/role/elb": "1"
            },
            "tags_all": {
              "Name": "olumoko-primary-vpc-public-eu-west-1b",
              "kubernetes.io/cluster/pip-olumoko-cluster": "shared",
              "kubernetes.io/role/elb": "1"
            },
            "timeouts": null,
            "vpc_id": "vpc-013b5e3bc57eddd25"
          },
          "sensitive_attributes": [],
          "private": "eyJlMmJmYjczMC1lY2FhLTExZTYtOGY4OC0zNDM2M2JjN2M0YzAiOnsiY3JlYXRlIjo2MDAwMDAwMDAwMDAsImRlbGV0ZSI6MTIwMDAwMDAwMDAwMH0sInNjaGVtYV92ZXJzaW9uIjoiMSJ9",
          "dependencies": [
            "module.moses_vpc.data.aws_availability_zones.eu-west-1",
            "module.moses_vpc.module.vpc_primary.aws_vpc.this",
            "module.moses_vpc.module.vpc_primary.aws_vpc_ipv4_cidr_block_association.this"
          ],
          "create_before_destroy": true
        },
        {
          "index_key": 2,
          "schema_version": 1,
          "attributes": {
            "arn": "arn:aws:ec2:eu-west-1:495143188735:subnet/subnet-028764d90992587d1",
            "assign_ipv6_address_on_creation": false,
            "availability_zone": "eu-west-1c",
            "availability_zone_id": "euw1-az1",
            "cidr_block": "10.0.6.0/24",
            "customer_owned_ipv4_pool": "",
            "enable_dns64": false,
            "enable_lni_at_device_index": 0,
            "enable_resource_name_dns_a_record_on_launch": false,
            "enable_resource_name_dns_aaaa_record_on_launch": false,
            "id": "subnet-028764d90992587d1",
            "ipv6_cidr_block": "",
            "ipv6_cidr_block_association_id": "",
            "ipv6_native": false,
            "map_customer_owned_ip_on_launch": false,
            "map_public_ip_on_launch": false,
            "outpost_arn": "",
            "owner_id": "495143188735",
            "private_dns_hostname_type_on_launch": "ip-name",
            "tags": {
              "Name": "olumoko-primary-vpc-public-eu-west-1c",
              "kubernetes.io/cluster/pip-olumoko-cluster": "shared",
              "kubernetes.io/role/elb": "1"
            },
            "tags_all": {
              "Name": "olumoko-primary-vpc-public-eu-west-1c",
              "kubernetes.io/cluster/pip-olumoko-cluster": "shared",
              "kubernetes.io/role/elb": "1"
            },
            "timeouts": null,
            "vpc_id": "vpc-013b5e3bc57eddd25"
          },
          "sensitive_attributes": [],
          "private": "eyJlMmJmYjczMC1lY2FhLTExZTYtOGY4OC0zNDM2M2JjN2M0YzAiOnsiY3JlYXRlIjo2MDAwMDAwMDAwMDAsImRlbGV0ZSI6MTIwMDAwMDAwMDAwMH0sInNjaGVtYV92ZXJzaW9uIjoiMSJ9",
          "dependencies": [
            "module.moses_vpc.data.aws_availability_zones.eu-west-1",
            "module.moses_vpc.module.vpc_primary.aws_vpc.this",
            "module.moses_vpc.module.vpc_primary.aws_vpc_ipv4_cidr_block_association.this"
          ],
          "create_before_destroy": true
        }
      ]
    },
    {
      "module": "module.moses_vpc.module.vpc_primary",
      "mode": "managed",
      "type": "aws_vpc",
      "name": "this",
      "provider": "provider[\"registry.terraform.io/hashicorp/aws\"]",
      "instances": [
        {
          "index_key": 0,
          "schema_version": 1,
          "attributes": {
            "arn": "arn:aws:ec2:eu-west-1:495143188735:vpc/vpc-013b5e3bc57eddd25",
            "assign_generated_ipv6_cidr_block": false,
            "cidr_block": "10.0.0.0/16",
            "default_network_acl_id": "acl-0d43be4f1b270e882",
            "default_route_table_id": "rtb-0614ea2dd1f9e55cd",
            "default_security_group_id": "sg-02765b50abe5357ba",
            "dhcp_options_id": "dopt-0e4ef9620d4cd82b0",
            "enable_dns_hostnames": true,
            "enable_dns_support": true,
            "enable_network_address_usage_metrics": false,
            "id": "vpc-013b5e3bc57eddd25",
            "instance_tenancy": "default",
            "ipv4_ipam_pool_id": null,
            "ipv4_netmask_length": null,
            "ipv6_association_id": "",
            "ipv6_cidr_block": "",
            "ipv6_cidr_block_network_border_group": "",
            "ipv6_ipam_pool_id": "",
            "ipv6_netmask_length": 0,
            "main_route_table_id": "rtb-0614ea2dd1f9e55cd",
            "owner_id": "495143188735",
            "tags": {
              "Name": "olumoko-primary-vpc"
            },
            "tags_all": {
              "Name": "olumoko-primary-vpc"
            }
          },
          "sensitive_attributes": [],
          "private": "eyJzY2hlbWFfdmVyc2lvbiI6IjEifQ==",
          "create_before_destroy": true
        }
      ]
    },
    {
      "module": "module.moses_vpc.module.vpc_secondary",
      "mode": "managed",
      "type": "aws_default_network_acl",
      "name": "this",
      "provider": "module.moses_vpc.provider[\"registry.terraform.io/hashicorp/aws\"].us-west-2",
      "instances": [
        {
          "index_key": 0,
          "schema_version": 0,
          "attributes": {
            "arn": "arn:aws:ec2:us-west-2:495143188735:network-acl/acl-00c729764f6b8b381",
            "default_network_acl_id": "acl-00c729764f6b8b381",
            "egress": [
              {
                "action": "allow",
                "cidr_block": "",
                "from_port": 0,
                "icmp_code": null,
                "icmp_type": null,
                "ipv6_cidr_block": "::/0",
                "protocol": "-1",
                "rule_no": 101,
                "to_port": 0
              },
              {
                "action": "allow",
                "cidr_block": "0.0.0.0/0",
                "from_port": 0,
                "icmp_code": null,
                "icmp_type": null,
                "ipv6_cidr_block": "",
                "protocol": "-1",
                "rule_no": 100,
                "to_port": 0
              }
            ],
            "id": "acl-00c729764f6b8b381",
            "ingress": [
              {
                "action": "allow",
                "cidr_block": "",
                "from_port": 0,
                "icmp_code": null,
                "icmp_type": null,
                "ipv6_cidr_block": "::/0",
                "protocol": "-1",
                "rule_no": 101,
                "to_port": 0
              },
              {
                "action": "allow",
                "cidr_block": "0.0.0.0/0",
                "from_port": 0,
                "icmp_code": null,
                "icmp_type": null,
                "ipv6_cidr_block": "",
                "protocol": "-1",
                "rule_no": 100,
                "to_port": 0
              }
            ],
            "owner_id": "495143188735",
            "subnet_ids": [
              "subnet-031755cbfb4a018a0",
              "subnet-0493724e2cb94c7db",
              "subnet-0a73157ef38034c45",
              "subnet-0cf919d6a6a684481",
              "subnet-0d11688985c3f8fd2",
              "subnet-0f5e092dbda922e9a"
            ],
            "tags": {
              "Name": "olumoko-secondary-vpc-default"
            },
            "tags_all": {
              "Name": "olumoko-secondary-vpc-default"
            },
            "vpc_id": "vpc-0ba67eb324e54026c"
          },
          "sensitive_attributes": [],
          "private": "bnVsbA==",
          "dependencies": [
            "module.moses_vpc.module.vpc_secondary.aws_vpc.this"
          ],
          "create_before_destroy": true
        }
      ]
    },
    {
      "module": "module.moses_vpc.module.vpc_secondary",
      "mode": "managed",
      "type": "aws_default_route_table",
      "name": "default",
      "provider": "module.moses_vpc.provider[\"registry.terraform.io/hashicorp/aws\"].us-west-2",
      "instances": [
        {
          "index_key": 0,
          "schema_version": 0,
          "attributes": {
            "arn": "arn:aws:ec2:us-west-2:495143188735:route-table/rtb-0be1c928efc9c5b77",
            "default_route_table_id": "rtb-0be1c928efc9c5b77",
            "id": "rtb-0be1c928efc9c5b77",
            "owner_id": "495143188735",
            "propagating_vgws": null,
            "route": [],
            "tags": {
              "Name": "olumoko-secondary-vpc-default"
            },
            "tags_all": {
              "Name": "olumoko-secondary-vpc-default"
            },
            "timeouts": {
              "create": "5m",
              "update": "5m"
            },
            "vpc_id": "vpc-0ba67eb324e54026c"
          },
          "sensitive_attributes": [],
          "private": "eyJlMmJmYjczMC1lY2FhLTExZTYtOGY4OC0zNDM2M2JjN2M0YzAiOnsiY3JlYXRlIjozMDAwMDAwMDAwMDAsInVwZGF0ZSI6MzAwMDAwMDAwMDAwfX0=",
          "dependencies": [
            "module.moses_vpc.module.vpc_secondary.aws_vpc.this"
          ],
          "create_before_destroy": true
        }
      ]
    },
    {
      "module": "module.moses_vpc.module.vpc_secondary",
      "mode": "managed",
      "type": "aws_default_security_group",
      "name": "this",
      "provider": "module.moses_vpc.provider[\"registry.terraform.io/hashicorp/aws\"].us-west-2",
      "instances": [
        {
          "index_key": 0,
          "schema_version": 1,
          "attributes": {
            "arn": "arn:aws:ec2:us-west-2:495143188735:security-group/sg-0ce72c51f68b8a716",
            "description": "default VPC security group",
            "egress": [],
            "id": "sg-0ce72c51f68b8a716",
            "ingress": [],
            "name": "default",
            "name_prefix": "",
            "owner_id": "495143188735",
            "revoke_rules_on_delete": false,
            "tags": {
              "Name": "olumoko-secondary-vpc-default"
            },
            "tags_all": {
              "Name": "olumoko-secondary-vpc-default"
            },
            "vpc_id": "vpc-0ba67eb324e54026c"
          },
          "sensitive_attributes": [],
          "private": "eyJzY2hlbWFfdmVyc2lvbiI6IjEifQ==",
          "dependencies": [
            "module.moses_vpc.module.vpc_secondary.aws_vpc.this"
          ],
          "create_before_destroy": true
        }
      ]
    },
    {
      "module": "module.moses_vpc.module.vpc_secondary",
      "mode": "managed",
      "type": "aws_eip",
      "name": "nat",
      "provider": "module.moses_vpc.provider[\"registry.terraform.io/hashicorp/aws\"].us-west-2",
      "instances": [
        {
          "index_key": 0,
          "schema_version": 0,
          "attributes": {
            "address": null,
            "allocation_id": "eipalloc-0217d7e6ce18cf2b6",
            "arn": "arn:aws:ec2:us-west-2:495143188735:elastic-ip/eipalloc-0217d7e6ce18cf2b6",
            "associate_with_private_ip": null,
            "association_id": "",
            "carrier_ip": "",
            "customer_owned_ip": "",
            "customer_owned_ipv4_pool": "",
            "domain": "vpc",
            "id": "eipalloc-0217d7e6ce18cf2b6",
            "instance": "",
            "network_border_group": "us-west-2",
            "network_interface": "",
            "private_dns": null,
            "private_ip": "",
            "ptr_record": "",
            "public_dns": "ec2-52-26-115-212.us-west-2.compute.amazonaws.com",
            "public_ip": "52.26.115.212",
            "public_ipv4_pool": "amazon",
            "tags": {
              "Name": "olumoko-secondary-vpc-us-west-2a"
            },
            "tags_all": {
              "Name": "olumoko-secondary-vpc-us-west-2a"
            },
            "timeouts": null,
            "vpc": true
          },
          "sensitive_attributes": [],
          "private": "eyJlMmJmYjczMC1lY2FhLTExZTYtOGY4OC0zNDM2M2JjN2M0YzAiOnsiZGVsZXRlIjoxODAwMDAwMDAwMDAsInJlYWQiOjkwMDAwMDAwMDAwMCwidXBkYXRlIjozMDAwMDAwMDAwMDB9fQ==",
          "dependencies": [
            "module.moses_vpc.data.aws_availability_zones.us-west-2",
            "module.moses_vpc.module.vpc_secondary.aws_internet_gateway.this",
            "module.moses_vpc.module.vpc_secondary.aws_vpc.this",
            "module.moses_vpc.module.vpc_secondary.aws_vpc_ipv4_cidr_block_association.this"
          ],
          "create_before_destroy": true
        },
        {
          "index_key": 1,
          "schema_version": 0,
          "attributes": {
            "address": null,
            "allocation_id": "eipalloc-07d9d7198f2b16afe",
            "arn": "arn:aws:ec2:us-west-2:495143188735:elastic-ip/eipalloc-07d9d7198f2b16afe",
            "associate_with_private_ip": null,
            "association_id": "",
            "carrier_ip": "",
            "customer_owned_ip": "",
            "customer_owned_ipv4_pool": "",
            "domain": "vpc",
            "id": "eipalloc-07d9d7198f2b16afe",
            "instance": "",
            "network_border_group": "us-west-2",
            "network_interface": "",
            "private_dns": null,
            "private_ip": "",
            "ptr_record": "",
            "public_dns": "ec2-34-211-177-100.us-west-2.compute.amazonaws.com",
            "public_ip": "34.211.177.100",
            "public_ipv4_pool": "amazon",
            "tags": {
              "Name": "olumoko-secondary-vpc-us-west-2b"
            },
            "tags_all": {
              "Name": "olumoko-secondary-vpc-us-west-2b"
            },
            "timeouts": null,
            "vpc": true
          },
          "sensitive_attributes": [],
          "private": "eyJlMmJmYjczMC1lY2FhLTExZTYtOGY4OC0zNDM2M2JjN2M0YzAiOnsiZGVsZXRlIjoxODAwMDAwMDAwMDAsInJlYWQiOjkwMDAwMDAwMDAwMCwidXBkYXRlIjozMDAwMDAwMDAwMDB9fQ==",
          "dependencies": [
            "module.moses_vpc.data.aws_availability_zones.us-west-2",
            "module.moses_vpc.module.vpc_secondary.aws_internet_gateway.this",
            "module.moses_vpc.module.vpc_secondary.aws_vpc.this",
            "module.moses_vpc.module.vpc_secondary.aws_vpc_ipv4_cidr_block_association.this"
          ],
          "create_before_destroy": true
        },
        {
          "index_key": 2,
          "schema_version": 0,
          "attributes": {
            "address": null,
            "allocation_id": "eipalloc-0150902e138dec875",
            "arn": "arn:aws:ec2:us-west-2:495143188735:elastic-ip/eipalloc-0150902e138dec875",
            "associate_with_private_ip": null,
            "association_id": "",
            "carrier_ip": "",
            "customer_owned_ip": "",
            "customer_owned_ipv4_pool": "",
            "domain": "vpc",
            "id": "eipalloc-0150902e138dec875",
            "instance": "",
            "network_border_group": "us-west-2",
            "network_interface": "",
            "private_dns": null,
            "private_ip": "",
            "ptr_record": "",
            "public_dns": "ec2-100-20-253-215.us-west-2.compute.amazonaws.com",
            "public_ip": "100.20.253.215",
            "public_ipv4_pool": "amazon",
            "tags": {
              "Name": "olumoko-secondary-vpc-us-west-2c"
            },
            "tags_all": {
              "Name": "olumoko-secondary-vpc-us-west-2c"
            },
            "timeouts": null,
            "vpc": true
          },
          "sensitive_attributes": [],
          "private": "eyJlMmJmYjczMC1lY2FhLTExZTYtOGY4OC0zNDM2M2JjN2M0YzAiOnsiZGVsZXRlIjoxODAwMDAwMDAwMDAsInJlYWQiOjkwMDAwMDAwMDAwMCwidXBkYXRlIjozMDAwMDAwMDAwMDB9fQ==",
          "dependencies": [
            "module.moses_vpc.data.aws_availability_zones.us-west-2",
            "module.moses_vpc.module.vpc_secondary.aws_internet_gateway.this",
            "module.moses_vpc.module.vpc_secondary.aws_vpc.this",
            "module.moses_vpc.module.vpc_secondary.aws_vpc_ipv4_cidr_block_association.this"
          ],
          "create_before_destroy": true
        }
      ]
    },
    {
      "module": "module.moses_vpc.module.vpc_secondary",
      "mode": "managed",
      "type": "aws_internet_gateway",
      "name": "this",
      "provider": "module.moses_vpc.provider[\"registry.terraform.io/hashicorp/aws\"].us-west-2",
      "instances": [
        {
          "index_key": 0,
          "schema_version": 0,
          "attributes": {
            "arn": "arn:aws:ec2:us-west-2:495143188735:internet-gateway/igw-03ec55658ab5154c3",
            "id": "igw-03ec55658ab5154c3",
            "owner_id": "495143188735",
            "tags": {
              "Name": "olumoko-secondary-vpc"
            },
            "tags_all": {
              "Name": "olumoko-secondary-vpc"
            },
            "timeouts": null,
            "vpc_id": "vpc-0ba67eb324e54026c"
          },
          "sensitive_attributes": [],
          "private": "eyJlMmJmYjczMC1lY2FhLTExZTYtOGY4OC0zNDM2M2JjN2M0YzAiOnsiY3JlYXRlIjoxMjAwMDAwMDAwMDAwLCJkZWxldGUiOjEyMDAwMDAwMDAwMDAsInVwZGF0ZSI6MTIwMDAwMDAwMDAwMH19",
          "dependencies": [
            "module.moses_vpc.module.vpc_secondary.aws_vpc.this",
            "module.moses_vpc.module.vpc_secondary.aws_vpc_ipv4_cidr_block_association.this"
          ],
          "create_before_destroy": true
        }
      ]
    },
    {
      "module": "module.moses_vpc.module.vpc_secondary",
      "mode": "managed",
      "type": "aws_nat_gateway",
      "name": "this",
      "provider": "module.moses_vpc.provider[\"registry.terraform.io/hashicorp/aws\"].us-west-2",
      "instances": [
        {
          "index_key": 0,
          "schema_version": 0,
          "attributes": {
            "allocation_id": "eipalloc-0217d7e6ce18cf2b6",
            "association_id": "eipassoc-091b3d1facd6b5166",
            "connectivity_type": "public",
            "id": "nat-04e5ec679a6978688",
            "network_interface_id": "eni-03bf3b9e0ef360967",
            "private_ip": "10.0.4.26",
            "public_ip": "52.26.115.212",
            "secondary_allocation_ids": null,
            "secondary_private_ip_address_count": 0,
            "secondary_private_ip_addresses": [],
            "subnet_id": "subnet-031755cbfb4a018a0",
            "tags": {
              "Name": "olumoko-secondary-vpc-us-west-2a"
            },
            "tags_all": {
              "Name": "olumoko-secondary-vpc-us-west-2a"
            },
            "timeouts": null
          },
          "sensitive_attributes": [],
          "private": "eyJlMmJmYjczMC1lY2FhLTExZTYtOGY4OC0zNDM2M2JjN2M0YzAiOnsiY3JlYXRlIjo2MDAwMDAwMDAwMDAsImRlbGV0ZSI6MTgwMDAwMDAwMDAwMCwidXBkYXRlIjo2MDAwMDAwMDAwMDB9fQ==",
          "dependencies": [
            "module.moses_vpc.data.aws_availability_zones.us-west-2",
            "module.moses_vpc.module.vpc_secondary.aws_eip.nat",
            "module.moses_vpc.module.vpc_secondary.aws_internet_gateway.this",
            "module.moses_vpc.module.vpc_secondary.aws_subnet.public",
            "module.moses_vpc.module.vpc_secondary.aws_vpc.this",
            "module.moses_vpc.module.vpc_secondary.aws_vpc_ipv4_cidr_block_association.this"
          ],
          "create_before_destroy": true
        },
        {
          "index_key": 1,
          "schema_version": 0,
          "attributes": {
            "allocation_id": "eipalloc-07d9d7198f2b16afe",
            "association_id": "eipassoc-017192bbf555ed611",
            "connectivity_type": "public",
            "id": "nat-08a7db18167c79a7f",
            "network_interface_id": "eni-084aa0c1d2d107212",
            "private_ip": "10.0.5.240",
            "public_ip": "34.211.177.100",
            "secondary_allocation_ids": null,
            "secondary_private_ip_address_count": 0,
            "secondary_private_ip_addresses": [],
            "subnet_id": "subnet-0a73157ef38034c45",
            "tags": {
              "Name": "olumoko-secondary-vpc-us-west-2b"
            },
            "tags_all": {
              "Name": "olumoko-secondary-vpc-us-west-2b"
            },
            "timeouts": null
          },
          "sensitive_attributes": [],
          "private": "eyJlMmJmYjczMC1lY2FhLTExZTYtOGY4OC0zNDM2M2JjN2M0YzAiOnsiY3JlYXRlIjo2MDAwMDAwMDAwMDAsImRlbGV0ZSI6MTgwMDAwMDAwMDAwMCwidXBkYXRlIjo2MDAwMDAwMDAwMDB9fQ==",
          "dependencies": [
            "module.moses_vpc.data.aws_availability_zones.us-west-2",
            "module.moses_vpc.module.vpc_secondary.aws_eip.nat",
            "module.moses_vpc.module.vpc_secondary.aws_internet_gateway.this",
            "module.moses_vpc.module.vpc_secondary.aws_subnet.public",
            "module.moses_vpc.module.vpc_secondary.aws_vpc.this",
            "module.moses_vpc.module.vpc_secondary.aws_vpc_ipv4_cidr_block_association.this"
          ],
          "create_before_destroy": true
        },
        {
          "index_key": 2,
          "schema_version": 0,
          "attributes": {
            "allocation_id": "eipalloc-0150902e138dec875",
            "association_id": "eipassoc-082e2c6a9ea20628f",
            "connectivity_type": "public",
            "id": "nat-0b0b71f000728e0e3",
            "network_interface_id": "eni-0d95fa878f8bc1acc",
            "private_ip": "10.0.6.76",
            "public_ip": "100.20.253.215",
            "secondary_allocation_ids": null,
            "secondary_private_ip_address_count": 0,
            "secondary_private_ip_addresses": [],
            "subnet_id": "subnet-0f5e092dbda922e9a",
            "tags": {
              "Name": "olumoko-secondary-vpc-us-west-2c"
            },
            "tags_all": {
              "Name": "olumoko-secondary-vpc-us-west-2c"
            },
            "timeouts": null
          },
          "sensitive_attributes": [],
          "private": "eyJlMmJmYjczMC1lY2FhLTExZTYtOGY4OC0zNDM2M2JjN2M0YzAiOnsiY3JlYXRlIjo2MDAwMDAwMDAwMDAsImRlbGV0ZSI6MTgwMDAwMDAwMDAwMCwidXBkYXRlIjo2MDAwMDAwMDAwMDB9fQ==",
          "dependencies": [
            "module.moses_vpc.data.aws_availability_zones.us-west-2",
            "module.moses_vpc.module.vpc_secondary.aws_eip.nat",
            "module.moses_vpc.module.vpc_secondary.aws_internet_gateway.this",
            "module.moses_vpc.module.vpc_secondary.aws_subnet.public",
            "module.moses_vpc.module.vpc_secondary.aws_vpc.this",
            "module.moses_vpc.module.vpc_secondary.aws_vpc_ipv4_cidr_block_association.this"
          ],
          "create_before_destroy": true
        }
      ]
    },
    {
      "module": "module.moses_vpc.module.vpc_secondary",
      "mode": "managed",
      "type": "aws_route",
      "name": "private_nat_gateway",
      "provider": "module.moses_vpc.provider[\"registry.terraform.io/hashicorp/aws\"].us-west-2",
      "instances": [
        {
          "index_key": 0,
          "schema_version": 0,
          "attributes": {
            "carrier_gateway_id": "",
            "core_network_arn": "",
            "destination_cidr_block": "0.0.0.0/0",
            "destination_ipv6_cidr_block": "",
            "destination_prefix_list_id": "",
            "egress_only_gateway_id": "",
            "gateway_id": "",
            "id": "r-rtb-0bd91642b323f66961080289494",
            "instance_id": "",
            "instance_owner_id": "",
            "local_gateway_id": "",
            "nat_gateway_id": "nat-04e5ec679a6978688",
            "network_interface_id": "",
            "origin": "CreateRoute",
            "route_table_id": "rtb-0bd91642b323f6696",
            "state": "active",
            "timeouts": {
              "create": "5m",
              "delete": null,
              "update": null
            },
            "transit_gateway_id": "",
            "vpc_endpoint_id": "",
            "vpc_peering_connection_id": ""
          },
          "sensitive_attributes": [],
          "private": "eyJlMmJmYjczMC1lY2FhLTExZTYtOGY4OC0zNDM2M2JjN2M0YzAiOnsiY3JlYXRlIjozMDAwMDAwMDAwMDAsImRlbGV0ZSI6MzAwMDAwMDAwMDAwLCJ1cGRhdGUiOjEyMDAwMDAwMDAwMH19",
          "dependencies": [
            "module.moses_vpc.data.aws_availability_zones.us-west-2",
            "module.moses_vpc.module.vpc_secondary.aws_eip.nat",
            "module.moses_vpc.module.vpc_secondary.aws_internet_gateway.this",
            "module.moses_vpc.module.vpc_secondary.aws_nat_gateway.this",
            "module.moses_vpc.module.vpc_secondary.aws_route_table.private",
            "module.moses_vpc.module.vpc_secondary.aws_subnet.public",
            "module.moses_vpc.module.vpc_secondary.aws_vpc.this",
            "module.moses_vpc.module.vpc_secondary.aws_vpc_ipv4_cidr_block_association.this"
          ],
          "create_before_destroy": true
        },
        {
          "index_key": 1,
          "schema_version": 0,
          "attributes": {
            "carrier_gateway_id": "",
            "core_network_arn": "",
            "destination_cidr_block": "0.0.0.0/0",
            "destination_ipv6_cidr_block": "",
            "destination_prefix_list_id": "",
            "egress_only_gateway_id": "",
            "gateway_id": "",
            "id": "r-rtb-0438307febee35f451080289494",
            "instance_id": "",
            "instance_owner_id": "",
            "local_gateway_id": "",
            "nat_gateway_id": "nat-08a7db18167c79a7f",
            "network_interface_id": "",
            "origin": "CreateRoute",
            "route_table_id": "rtb-0438307febee35f45",
            "state": "active",
            "timeouts": {
              "create": "5m",
              "delete": null,
              "update": null
            },
            "transit_gateway_id": "",
            "vpc_endpoint_id": "",
            "vpc_peering_connection_id": ""
          },
          "sensitive_attributes": [],
          "private": "eyJlMmJmYjczMC1lY2FhLTExZTYtOGY4OC0zNDM2M2JjN2M0YzAiOnsiY3JlYXRlIjozMDAwMDAwMDAwMDAsImRlbGV0ZSI6MzAwMDAwMDAwMDAwLCJ1cGRhdGUiOjEyMDAwMDAwMDAwMH19",
          "dependencies": [
            "module.moses_vpc.data.aws_availability_zones.us-west-2",
            "module.moses_vpc.module.vpc_secondary.aws_eip.nat",
            "module.moses_vpc.module.vpc_secondary.aws_internet_gateway.this",
            "module.moses_vpc.module.vpc_secondary.aws_nat_gateway.this",
            "module.moses_vpc.module.vpc_secondary.aws_route_table.private",
            "module.moses_vpc.module.vpc_secondary.aws_subnet.public",
            "module.moses_vpc.module.vpc_secondary.aws_vpc.this",
            "module.moses_vpc.module.vpc_secondary.aws_vpc_ipv4_cidr_block_association.this"
          ],
          "create_before_destroy": true
        },
        {
          "index_key": 2,
          "schema_version": 0,
          "attributes": {
            "carrier_gateway_id": "",
            "core_network_arn": "",
            "destination_cidr_block": "0.0.0.0/0",
            "destination_ipv6_cidr_block": "",
            "destination_prefix_list_id": "",
            "egress_only_gateway_id": "",
            "gateway_id": "",
            "id": "r-rtb-0e7a651ddd4e56bd71080289494",
            "instance_id": "",
            "instance_owner_id": "",
            "local_gateway_id": "",
            "nat_gateway_id": "nat-0b0b71f000728e0e3",
            "network_interface_id": "",
            "origin": "CreateRoute",
            "route_table_id": "rtb-0e7a651ddd4e56bd7",
            "state": "active",
            "timeouts": {
              "create": "5m",
              "delete": null,
              "update": null
            },
            "transit_gateway_id": "",
            "vpc_endpoint_id": "",
            "vpc_peering_connection_id": ""
          },
          "sensitive_attributes": [],
          "private": "eyJlMmJmYjczMC1lY2FhLTExZTYtOGY4OC0zNDM2M2JjN2M0YzAiOnsiY3JlYXRlIjozMDAwMDAwMDAwMDAsImRlbGV0ZSI6MzAwMDAwMDAwMDAwLCJ1cGRhdGUiOjEyMDAwMDAwMDAwMH19",
          "dependencies": [
            "module.moses_vpc.data.aws_availability_zones.us-west-2",
            "module.moses_vpc.module.vpc_secondary.aws_eip.nat",
            "module.moses_vpc.module.vpc_secondary.aws_internet_gateway.this",
            "module.moses_vpc.module.vpc_secondary.aws_nat_gateway.this",
            "module.moses_vpc.module.vpc_secondary.aws_route_table.private",
            "module.moses_vpc.module.vpc_secondary.aws_subnet.public",
            "module.moses_vpc.module.vpc_secondary.aws_vpc.this",
            "module.moses_vpc.module.vpc_secondary.aws_vpc_ipv4_cidr_block_association.this"
          ],
          "create_before_destroy": true
        }
      ]
    },
    {
      "module": "module.moses_vpc.module.vpc_secondary",
      "mode": "managed",
      "type": "aws_route",
      "name": "public_internet_gateway",
      "provider": "module.moses_vpc.provider[\"registry.terraform.io/hashicorp/aws\"].us-west-2",
      "instances": [
        {
          "index_key": 0,
          "schema_version": 0,
          "attributes": {
            "carrier_gateway_id": "",
            "core_network_arn": "",
            "destination_cidr_block": "0.0.0.0/0",
            "destination_ipv6_cidr_block": "",
            "destination_prefix_list_id": "",
            "egress_only_gateway_id": "",
            "gateway_id": "igw-03ec55658ab5154c3",
            "id": "r-rtb-0a162d447b0a5cdf71080289494",
            "instance_id": "",
            "instance_owner_id": "",
            "local_gateway_id": "",
            "nat_gateway_id": "",
            "network_interface_id": "",
            "origin": "CreateRoute",
            "route_table_id": "rtb-0a162d447b0a5cdf7",
            "state": "active",
            "timeouts": {
              "create": "5m",
              "delete": null,
              "update": null
            },
            "transit_gateway_id": "",
            "vpc_endpoint_id": "",
            "vpc_peering_connection_id": ""
          },
          "sensitive_attributes": [],
          "private": "eyJlMmJmYjczMC1lY2FhLTExZTYtOGY4OC0zNDM2M2JjN2M0YzAiOnsiY3JlYXRlIjozMDAwMDAwMDAwMDAsImRlbGV0ZSI6MzAwMDAwMDAwMDAwLCJ1cGRhdGUiOjEyMDAwMDAwMDAwMH19",
          "dependencies": [
            "module.moses_vpc.data.aws_availability_zones.us-west-2",
            "module.moses_vpc.module.vpc_secondary.aws_internet_gateway.this",
            "module.moses_vpc.module.vpc_secondary.aws_route_table.public",
            "module.moses_vpc.module.vpc_secondary.aws_vpc.this",
            "module.moses_vpc.module.vpc_secondary.aws_vpc_ipv4_cidr_block_association.this"
          ],
          "create_before_destroy": true
        }
      ]
    },
    {
      "module": "module.moses_vpc.module.vpc_secondary",
      "mode": "managed",
      "type": "aws_route_table",
      "name": "private",
      "provider": "module.moses_vpc.provider[\"registry.terraform.io/hashicorp/aws\"].us-west-2",
      "instances": [
        {
          "index_key": 0,
          "schema_version": 0,
          "attributes": {
            "arn": "arn:aws:ec2:us-west-2:495143188735:route-table/rtb-0bd91642b323f6696",
            "id": "rtb-0bd91642b323f6696",
            "owner_id": "495143188735",
            "propagating_vgws": [],
            "route": [],
            "tags": {
              "Name": "olumoko-secondary-vpc-private-us-west-2a"
            },
            "tags_all": {
              "Name": "olumoko-secondary-vpc-private-us-west-2a"
            },
            "timeouts": null,
            "vpc_id": "vpc-0ba67eb324e54026c"
          },
          "sensitive_attributes": [],
          "private": "eyJlMmJmYjczMC1lY2FhLTExZTYtOGY4OC0zNDM2M2JjN2M0YzAiOnsiY3JlYXRlIjozMDAwMDAwMDAwMDAsImRlbGV0ZSI6MzAwMDAwMDAwMDAwLCJ1cGRhdGUiOjEyMDAwMDAwMDAwMH19",
          "dependencies": [
            "module.moses_vpc.data.aws_availability_zones.us-west-2",
            "module.moses_vpc.module.vpc_secondary.aws_vpc.this",
            "module.moses_vpc.module.vpc_secondary.aws_vpc_ipv4_cidr_block_association.this"
          ],
          "create_before_destroy": true
        },
        {
          "index_key": 1,
          "schema_version": 0,
          "attributes": {
            "arn": "arn:aws:ec2:us-west-2:495143188735:route-table/rtb-0438307febee35f45",
            "id": "rtb-0438307febee35f45",
            "owner_id": "495143188735",
            "propagating_vgws": [],
            "route": [],
            "tags": {
              "Name": "olumoko-secondary-vpc-private-us-west-2b"
            },
            "tags_all": {
              "Name": "olumoko-secondary-vpc-private-us-west-2b"
            },
            "timeouts": null,
            "vpc_id": "vpc-0ba67eb324e54026c"
          },
          "sensitive_attributes": [],
          "private": "eyJlMmJmYjczMC1lY2FhLTExZTYtOGY4OC0zNDM2M2JjN2M0YzAiOnsiY3JlYXRlIjozMDAwMDAwMDAwMDAsImRlbGV0ZSI6MzAwMDAwMDAwMDAwLCJ1cGRhdGUiOjEyMDAwMDAwMDAwMH19",
          "dependencies": [
            "module.moses_vpc.data.aws_availability_zones.us-west-2",
            "module.moses_vpc.module.vpc_secondary.aws_vpc.this",
            "module.moses_vpc.module.vpc_secondary.aws_vpc_ipv4_cidr_block_association.this"
          ],
          "create_before_destroy": true
        },
        {
          "index_key": 2,
          "schema_version": 0,
          "attributes": {
            "arn": "arn:aws:ec2:us-west-2:495143188735:route-table/rtb-0e7a651ddd4e56bd7",
            "id": "rtb-0e7a651ddd4e56bd7",
            "owner_id": "495143188735",
            "propagating_vgws": [],
            "route": [],
            "tags": {
              "Name": "olumoko-secondary-vpc-private-us-west-2c"
            },
            "tags_all": {
              "Name": "olumoko-secondary-vpc-private-us-west-2c"
            },
            "timeouts": null,
            "vpc_id": "vpc-0ba67eb324e54026c"
          },
          "sensitive_attributes": [],
          "private": "eyJlMmJmYjczMC1lY2FhLTExZTYtOGY4OC0zNDM2M2JjN2M0YzAiOnsiY3JlYXRlIjozMDAwMDAwMDAwMDAsImRlbGV0ZSI6MzAwMDAwMDAwMDAwLCJ1cGRhdGUiOjEyMDAwMDAwMDAwMH19",
          "dependencies": [
            "module.moses_vpc.data.aws_availability_zones.us-west-2",
            "module.moses_vpc.module.vpc_secondary.aws_vpc.this",
            "module.moses_vpc.module.vpc_secondary.aws_vpc_ipv4_cidr_block_association.this"
          ],
          "create_before_destroy": true
        }
      ]
    },
    {
      "module": "module.moses_vpc.module.vpc_secondary",
      "mode": "managed",
      "type": "aws_route_table",
      "name": "public",
      "provider": "module.moses_vpc.provider[\"registry.terraform.io/hashicorp/aws\"].us-west-2",
      "instances": [
        {
          "index_key": 0,
          "schema_version": 0,
          "attributes": {
            "arn": "arn:aws:ec2:us-west-2:495143188735:route-table/rtb-0a162d447b0a5cdf7",
            "id": "rtb-0a162d447b0a5cdf7",
            "owner_id": "495143188735",
            "propagating_vgws": [],
            "route": [],
            "tags": {
              "Name": "olumoko-secondary-vpc-public"
            },
            "tags_all": {
              "Name": "olumoko-secondary-vpc-public"
            },
            "timeouts": null,
            "vpc_id": "vpc-0ba67eb324e54026c"
          },
          "sensitive_attributes": [],
          "private": "eyJlMmJmYjczMC1lY2FhLTExZTYtOGY4OC0zNDM2M2JjN2M0YzAiOnsiY3JlYXRlIjozMDAwMDAwMDAwMDAsImRlbGV0ZSI6MzAwMDAwMDAwMDAwLCJ1cGRhdGUiOjEyMDAwMDAwMDAwMH19",
          "dependencies": [
            "module.moses_vpc.data.aws_availability_zones.us-west-2",
            "module.moses_vpc.module.vpc_secondary.aws_vpc.this",
            "module.moses_vpc.module.vpc_secondary.aws_vpc_ipv4_cidr_block_association.this"
          ],
          "create_before_destroy": true
        }
      ]
    },
    {
      "module": "module.moses_vpc.module.vpc_secondary",
      "mode": "managed",
      "type": "aws_route_table_association",
      "name": "private",
      "provider": "module.moses_vpc.provider[\"registry.terraform.io/hashicorp/aws\"].us-west-2",
      "instances": [
        {
          "index_key": 0,
          "schema_version": 0,
          "attributes": {
            "gateway_id": "",
            "id": "rtbassoc-0d6d6fccf7f971dc7",
            "route_table_id": "rtb-0bd91642b323f6696",
            "subnet_id": "subnet-0493724e2cb94c7db",
            "timeouts": null
          },
          "sensitive_attributes": [],
          "private": "eyJlMmJmYjczMC1lY2FhLTExZTYtOGY4OC0zNDM2M2JjN2M0YzAiOnsiY3JlYXRlIjozMDAwMDAwMDAwMDAsImRlbGV0ZSI6MzAwMDAwMDAwMDAwLCJ1cGRhdGUiOjEyMDAwMDAwMDAwMH19",
          "dependencies": [
            "module.moses_vpc.data.aws_availability_zones.us-west-2",
            "module.moses_vpc.module.vpc_secondary.aws_route_table.private",
            "module.moses_vpc.module.vpc_secondary.aws_subnet.private",
            "module.moses_vpc.module.vpc_secondary.aws_vpc.this",
            "module.moses_vpc.module.vpc_secondary.aws_vpc_ipv4_cidr_block_association.this"
          ],
          "create_before_destroy": true
        },
        {
          "index_key": 1,
          "schema_version": 0,
          "attributes": {
            "gateway_id": "",
            "id": "rtbassoc-0b61bcb1fd5ab6bbb",
            "route_table_id": "rtb-0438307febee35f45",
            "subnet_id": "subnet-0cf919d6a6a684481",
            "timeouts": null
          },
          "sensitive_attributes": [],
          "private": "eyJlMmJmYjczMC1lY2FhLTExZTYtOGY4OC0zNDM2M2JjN2M0YzAiOnsiY3JlYXRlIjozMDAwMDAwMDAwMDAsImRlbGV0ZSI6MzAwMDAwMDAwMDAwLCJ1cGRhdGUiOjEyMDAwMDAwMDAwMH19",
          "dependencies": [
            "module.moses_vpc.data.aws_availability_zones.us-west-2",
            "module.moses_vpc.module.vpc_secondary.aws_route_table.private",
            "module.moses_vpc.module.vpc_secondary.aws_subnet.private",
            "module.moses_vpc.module.vpc_secondary.aws_vpc.this",
            "module.moses_vpc.module.vpc_secondary.aws_vpc_ipv4_cidr_block_association.this"
          ],
          "create_before_destroy": true
        },
        {
          "index_key": 2,
          "schema_version": 0,
          "attributes": {
            "gateway_id": "",
            "id": "rtbassoc-0fec617db911711da",
            "route_table_id": "rtb-0e7a651ddd4e56bd7",
            "subnet_id": "subnet-0d11688985c3f8fd2",
            "timeouts": null
          },
          "sensitive_attributes": [],
          "private": "eyJlMmJmYjczMC1lY2FhLTExZTYtOGY4OC0zNDM2M2JjN2M0YzAiOnsiY3JlYXRlIjozMDAwMDAwMDAwMDAsImRlbGV0ZSI6MzAwMDAwMDAwMDAwLCJ1cGRhdGUiOjEyMDAwMDAwMDAwMH19",
          "dependencies": [
            "module.moses_vpc.data.aws_availability_zones.us-west-2",
            "module.moses_vpc.module.vpc_secondary.aws_route_table.private",
            "module.moses_vpc.module.vpc_secondary.aws_subnet.private",
            "module.moses_vpc.module.vpc_secondary.aws_vpc.this",
            "module.moses_vpc.module.vpc_secondary.aws_vpc_ipv4_cidr_block_association.this"
          ],
          "create_before_destroy": true
        }
      ]
    },
    {
      "module": "module.moses_vpc.module.vpc_secondary",
      "mode": "managed",
      "type": "aws_route_table_association",
      "name": "public",
      "provider": "module.moses_vpc.provider[\"registry.terraform.io/hashicorp/aws\"].us-west-2",
      "instances": [
        {
          "index_key": 0,
          "schema_version": 0,
          "attributes": {
            "gateway_id": "",
            "id": "rtbassoc-0715975c804de0be4",
            "route_table_id": "rtb-0a162d447b0a5cdf7",
            "subnet_id": "subnet-031755cbfb4a018a0",
            "timeouts": null
          },
          "sensitive_attributes": [],
          "private": "eyJlMmJmYjczMC1lY2FhLTExZTYtOGY4OC0zNDM2M2JjN2M0YzAiOnsiY3JlYXRlIjozMDAwMDAwMDAwMDAsImRlbGV0ZSI6MzAwMDAwMDAwMDAwLCJ1cGRhdGUiOjEyMDAwMDAwMDAwMH19",
          "dependencies": [
            "module.moses_vpc.data.aws_availability_zones.us-west-2",
            "module.moses_vpc.module.vpc_secondary.aws_route_table.public",
            "module.moses_vpc.module.vpc_secondary.aws_subnet.public",
            "module.moses_vpc.module.vpc_secondary.aws_vpc.this",
            "module.moses_vpc.module.vpc_secondary.aws_vpc_ipv4_cidr_block_association.this"
          ],
          "create_before_destroy": true
        },
        {
          "index_key": 1,
          "schema_version": 0,
          "attributes": {
            "gateway_id": "",
            "id": "rtbassoc-09c4d3975a8c1ad16",
            "route_table_id": "rtb-0a162d447b0a5cdf7",
            "subnet_id": "subnet-0a73157ef38034c45",
            "timeouts": null
          },
          "sensitive_attributes": [],
          "private": "eyJlMmJmYjczMC1lY2FhLTExZTYtOGY4OC0zNDM2M2JjN2M0YzAiOnsiY3JlYXRlIjozMDAwMDAwMDAwMDAsImRlbGV0ZSI6MzAwMDAwMDAwMDAwLCJ1cGRhdGUiOjEyMDAwMDAwMDAwMH19",
          "dependencies": [
            "module.moses_vpc.data.aws_availability_zones.us-west-2",
            "module.moses_vpc.module.vpc_secondary.aws_route_table.public",
            "module.moses_vpc.module.vpc_secondary.aws_subnet.public",
            "module.moses_vpc.module.vpc_secondary.aws_vpc.this",
            "module.moses_vpc.module.vpc_secondary.aws_vpc_ipv4_cidr_block_association.this"
          ],
          "create_before_destroy": true
        },
        {
          "index_key": 2,
          "schema_version": 0,
          "attributes": {
            "gateway_id": "",
            "id": "rtbassoc-08695a76ded8df81e",
            "route_table_id": "rtb-0a162d447b0a5cdf7",
            "subnet_id": "subnet-0f5e092dbda922e9a",
            "timeouts": null
          },
          "sensitive_attributes": [],
          "private": "eyJlMmJmYjczMC1lY2FhLTExZTYtOGY4OC0zNDM2M2JjN2M0YzAiOnsiY3JlYXRlIjozMDAwMDAwMDAwMDAsImRlbGV0ZSI6MzAwMDAwMDAwMDAwLCJ1cGRhdGUiOjEyMDAwMDAwMDAwMH19",
          "dependencies": [
            "module.moses_vpc.data.aws_availability_zones.us-west-2",
            "module.moses_vpc.module.vpc_secondary.aws_route_table.public",
            "module.moses_vpc.module.vpc_secondary.aws_subnet.public",
            "module.moses_vpc.module.vpc_secondary.aws_vpc.this",
            "module.moses_vpc.module.vpc_secondary.aws_vpc_ipv4_cidr_block_association.this"
          ],
          "create_before_destroy": true
        }
      ]
    },
    {
      "module": "module.moses_vpc.module.vpc_secondary",
      "mode": "managed",
      "type": "aws_subnet",
      "name": "private",
      "provider": "module.moses_vpc.provider[\"registry.terraform.io/hashicorp/aws\"].us-west-2",
      "instances": [
        {
          "index_key": 0,
          "schema_version": 1,
          "attributes": {
            "arn": "arn:aws:ec2:us-west-2:495143188735:subnet/subnet-0493724e2cb94c7db",
            "assign_ipv6_address_on_creation": false,
            "availability_zone": "us-west-2a",
            "availability_zone_id": "usw2-az1",
            "cidr_block": "10.0.1.0/24",
            "customer_owned_ipv4_pool": "",
            "enable_dns64": false,
            "enable_lni_at_device_index": 0,
            "enable_resource_name_dns_a_record_on_launch": false,
            "enable_resource_name_dns_aaaa_record_on_launch": false,
            "id": "subnet-0493724e2cb94c7db",
            "ipv6_cidr_block": "",
            "ipv6_cidr_block_association_id": "",
            "ipv6_native": false,
            "map_customer_owned_ip_on_launch": false,
            "map_public_ip_on_launch": false,
            "outpost_arn": "",
            "owner_id": "495143188735",
            "private_dns_hostname_type_on_launch": "ip-name",
            "tags": {
              "Name": "olumoko-secondary-vpc-private-us-west-2a",
              "kubernetes.io/cluster/pip-olumoko-cluster": "shared",
              "kubernetes.io/role/internal-elb": "1"
            },
            "tags_all": {
              "Name": "olumoko-secondary-vpc-private-us-west-2a",
              "kubernetes.io/cluster/pip-olumoko-cluster": "shared",
              "kubernetes.io/role/internal-elb": "1"
            },
            "timeouts": null,
            "vpc_id": "vpc-0ba67eb324e54026c"
          },
          "sensitive_attributes": [],
          "private": "eyJlMmJmYjczMC1lY2FhLTExZTYtOGY4OC0zNDM2M2JjN2M0YzAiOnsiY3JlYXRlIjo2MDAwMDAwMDAwMDAsImRlbGV0ZSI6MTIwMDAwMDAwMDAwMH0sInNjaGVtYV92ZXJzaW9uIjoiMSJ9",
          "dependencies": [
            "module.moses_vpc.data.aws_availability_zones.us-west-2",
            "module.moses_vpc.module.vpc_secondary.aws_vpc.this",
            "module.moses_vpc.module.vpc_secondary.aws_vpc_ipv4_cidr_block_association.this"
          ],
          "create_before_destroy": true
        },
        {
          "index_key": 1,
          "schema_version": 1,
          "attributes": {
            "arn": "arn:aws:ec2:us-west-2:495143188735:subnet/subnet-0cf919d6a6a684481",
            "assign_ipv6_address_on_creation": false,
            "availability_zone": "us-west-2b",
            "availability_zone_id": "usw2-az2",
            "cidr_block": "10.0.2.0/24",
            "customer_owned_ipv4_pool": "",
            "enable_dns64": false,
            "enable_lni_at_device_index": 0,
            "enable_resource_name_dns_a_record_on_launch": false,
            "enable_resource_name_dns_aaaa_record_on_launch": false,
            "id": "subnet-0cf919d6a6a684481",
            "ipv6_cidr_block": "",
            "ipv6_cidr_block_association_id": "",
            "ipv6_native": false,
            "map_customer_owned_ip_on_launch": false,
            "map_public_ip_on_launch": false,
            "outpost_arn": "",
            "owner_id": "495143188735",
            "private_dns_hostname_type_on_launch": "ip-name",
            "tags": {
              "Name": "olumoko-secondary-vpc-private-us-west-2b",
              "kubernetes.io/cluster/pip-olumoko-cluster": "shared",
              "kubernetes.io/role/internal-elb": "1"
            },
            "tags_all": {
              "Name": "olumoko-secondary-vpc-private-us-west-2b",
              "kubernetes.io/cluster/pip-olumoko-cluster": "shared",
              "kubernetes.io/role/internal-elb": "1"
            },
            "timeouts": null,
            "vpc_id": "vpc-0ba67eb324e54026c"
          },
          "sensitive_attributes": [],
          "private": "eyJlMmJmYjczMC1lY2FhLTExZTYtOGY4OC0zNDM2M2JjN2M0YzAiOnsiY3JlYXRlIjo2MDAwMDAwMDAwMDAsImRlbGV0ZSI6MTIwMDAwMDAwMDAwMH0sInNjaGVtYV92ZXJzaW9uIjoiMSJ9",
          "dependencies": [
            "module.moses_vpc.data.aws_availability_zones.us-west-2",
            "module.moses_vpc.module.vpc_secondary.aws_vpc.this",
            "module.moses_vpc.module.vpc_secondary.aws_vpc_ipv4_cidr_block_association.this"
          ],
          "create_before_destroy": true
        },
        {
          "index_key": 2,
          "schema_version": 1,
          "attributes": {
            "arn": "arn:aws:ec2:us-west-2:495143188735:subnet/subnet-0d11688985c3f8fd2",
            "assign_ipv6_address_on_creation": false,
            "availability_zone": "us-west-2c",
            "availability_zone_id": "usw2-az3",
            "cidr_block": "10.0.3.0/24",
            "customer_owned_ipv4_pool": "",
            "enable_dns64": false,
            "enable_lni_at_device_index": 0,
            "enable_resource_name_dns_a_record_on_launch": false,
            "enable_resource_name_dns_aaaa_record_on_launch": false,
            "id": "subnet-0d11688985c3f8fd2",
            "ipv6_cidr_block": "",
            "ipv6_cidr_block_association_id": "",
            "ipv6_native": false,
            "map_customer_owned_ip_on_launch": false,
            "map_public_ip_on_launch": false,
            "outpost_arn": "",
            "owner_id": "495143188735",
            "private_dns_hostname_type_on_launch": "ip-name",
            "tags": {
              "Name": "olumoko-secondary-vpc-private-us-west-2c",
              "kubernetes.io/cluster/pip-olumoko-cluster": "shared",
              "kubernetes.io/role/internal-elb": "1"
            },
            "tags_all": {
              "Name": "olumoko-secondary-vpc-private-us-west-2c",
              "kubernetes.io/cluster/pip-olumoko-cluster": "shared",
              "kubernetes.io/role/internal-elb": "1"
            },
            "timeouts": null,
            "vpc_id": "vpc-0ba67eb324e54026c"
          },
          "sensitive_attributes": [],
          "private": "eyJlMmJmYjczMC1lY2FhLTExZTYtOGY4OC0zNDM2M2JjN2M0YzAiOnsiY3JlYXRlIjo2MDAwMDAwMDAwMDAsImRlbGV0ZSI6MTIwMDAwMDAwMDAwMH0sInNjaGVtYV92ZXJzaW9uIjoiMSJ9",
          "dependencies": [
            "module.moses_vpc.data.aws_availability_zones.us-west-2",
            "module.moses_vpc.module.vpc_secondary.aws_vpc.this",
            "module.moses_vpc.module.vpc_secondary.aws_vpc_ipv4_cidr_block_association.this"
          ],
          "create_before_destroy": true
        }
      ]
    },
    {
      "module": "module.moses_vpc.module.vpc_secondary",
      "mode": "managed",
      "type": "aws_subnet",
      "name": "public",
      "provider": "module.moses_vpc.provider[\"registry.terraform.io/hashicorp/aws\"].us-west-2",
      "instances": [
        {
          "index_key": 0,
          "schema_version": 1,
          "attributes": {
            "arn": "arn:aws:ec2:us-west-2:495143188735:subnet/subnet-031755cbfb4a018a0",
            "assign_ipv6_address_on_creation": false,
            "availability_zone": "us-west-2a",
            "availability_zone_id": "usw2-az1",
            "cidr_block": "10.0.4.0/24",
            "customer_owned_ipv4_pool": "",
            "enable_dns64": false,
            "enable_lni_at_device_index": 0,
            "enable_resource_name_dns_a_record_on_launch": false,
            "enable_resource_name_dns_aaaa_record_on_launch": false,
            "id": "subnet-031755cbfb4a018a0",
            "ipv6_cidr_block": "",
            "ipv6_cidr_block_association_id": "",
            "ipv6_native": false,
            "map_customer_owned_ip_on_launch": false,
            "map_public_ip_on_launch": false,
            "outpost_arn": "",
            "owner_id": "495143188735",
            "private_dns_hostname_type_on_launch": "ip-name",
            "tags": {
              "Name": "olumoko-secondary-vpc-public-us-west-2a",
              "kubernetes.io/cluster/pip-olumoko-cluster": "shared",
              "kubernetes.io/role/elb": "1"
            },
            "tags_all": {
              "Name": "olumoko-secondary-vpc-public-us-west-2a",
              "kubernetes.io/cluster/pip-olumoko-cluster": "shared",
              "kubernetes.io/role/elb": "1"
            },
            "timeouts": null,
            "vpc_id": "vpc-0ba67eb324e54026c"
          },
          "sensitive_attributes": [],
          "private": "eyJlMmJmYjczMC1lY2FhLTExZTYtOGY4OC0zNDM2M2JjN2M0YzAiOnsiY3JlYXRlIjo2MDAwMDAwMDAwMDAsImRlbGV0ZSI6MTIwMDAwMDAwMDAwMH0sInNjaGVtYV92ZXJzaW9uIjoiMSJ9",
          "dependencies": [
            "module.moses_vpc.data.aws_availability_zones.us-west-2",
            "module.moses_vpc.module.vpc_secondary.aws_vpc.this",
            "module.moses_vpc.module.vpc_secondary.aws_vpc_ipv4_cidr_block_association.this"
          ],
          "create_before_destroy": true
        },
        {
          "index_key": 1,
          "schema_version": 1,
          "attributes": {
            "arn": "arn:aws:ec2:us-west-2:495143188735:subnet/subnet-0a73157ef38034c45",
            "assign_ipv6_address_on_creation": false,
            "availability_zone": "us-west-2b",
            "availability_zone_id": "usw2-az2",
            "cidr_block": "10.0.5.0/24",
            "customer_owned_ipv4_pool": "",
            "enable_dns64": false,
            "enable_lni_at_device_index": 0,
            "enable_resource_name_dns_a_record_on_launch": false,
            "enable_resource_name_dns_aaaa_record_on_launch": false,
            "id": "subnet-0a73157ef38034c45",
            "ipv6_cidr_block": "",
            "ipv6_cidr_block_association_id": "",
            "ipv6_native": false,
            "map_customer_owned_ip_on_launch": false,
            "map_public_ip_on_launch": false,
            "outpost_arn": "",
            "owner_id": "495143188735",
            "private_dns_hostname_type_on_launch": "ip-name",
            "tags": {
              "Name": "olumoko-secondary-vpc-public-us-west-2b",
              "kubernetes.io/cluster/pip-olumoko-cluster": "shared",
              "kubernetes.io/role/elb": "1"
            },
            "tags_all": {
              "Name": "olumoko-secondary-vpc-public-us-west-2b",
              "kubernetes.io/cluster/pip-olumoko-cluster": "shared",
              "kubernetes.io/role/elb": "1"
            },
            "timeouts": null,
            "vpc_id": "vpc-0ba67eb324e54026c"
          },
          "sensitive_attributes": [],
          "private": "eyJlMmJmYjczMC1lY2FhLTExZTYtOGY4OC0zNDM2M2JjN2M0YzAiOnsiY3JlYXRlIjo2MDAwMDAwMDAwMDAsImRlbGV0ZSI6MTIwMDAwMDAwMDAwMH0sInNjaGVtYV92ZXJzaW9uIjoiMSJ9",
          "dependencies": [
            "module.moses_vpc.data.aws_availability_zones.us-west-2",
            "module.moses_vpc.module.vpc_secondary.aws_vpc.this",
            "module.moses_vpc.module.vpc_secondary.aws_vpc_ipv4_cidr_block_association.this"
          ],
          "create_before_destroy": true
        },
        {
          "index_key": 2,
          "schema_version": 1,
          "attributes": {
            "arn": "arn:aws:ec2:us-west-2:495143188735:subnet/subnet-0f5e092dbda922e9a",
            "assign_ipv6_address_on_creation": false,
            "availability_zone": "us-west-2c",
            "availability_zone_id": "usw2-az3",
            "cidr_block": "10.0.6.0/24",
            "customer_owned_ipv4_pool": "",
            "enable_dns64": false,
            "enable_lni_at_device_index": 0,
            "enable_resource_name_dns_a_record_on_launch": false,
            "enable_resource_name_dns_aaaa_record_on_launch": false,
            "id": "subnet-0f5e092dbda922e9a",
            "ipv6_cidr_block": "",
            "ipv6_cidr_block_association_id": "",
            "ipv6_native": false,
            "map_customer_owned_ip_on_launch": false,
            "map_public_ip_on_launch": false,
            "outpost_arn": "",
            "owner_id": "495143188735",
            "private_dns_hostname_type_on_launch": "ip-name",
            "tags": {
              "Name": "olumoko-secondary-vpc-public-us-west-2c",
              "kubernetes.io/cluster/pip-olumoko-cluster": "shared",
              "kubernetes.io/role/elb": "1"
            },
            "tags_all": {
              "Name": "olumoko-secondary-vpc-public-us-west-2c",
              "kubernetes.io/cluster/pip-olumoko-cluster": "shared",
              "kubernetes.io/role/elb": "1"
            },
            "timeouts": null,
            "vpc_id": "vpc-0ba67eb324e54026c"
          },
          "sensitive_attributes": [],
          "private": "eyJlMmJmYjczMC1lY2FhLTExZTYtOGY4OC0zNDM2M2JjN2M0YzAiOnsiY3JlYXRlIjo2MDAwMDAwMDAwMDAsImRlbGV0ZSI6MTIwMDAwMDAwMDAwMH0sInNjaGVtYV92ZXJzaW9uIjoiMSJ9",
          "dependencies": [
            "module.moses_vpc.data.aws_availability_zones.us-west-2",
            "module.moses_vpc.module.vpc_secondary.aws_vpc.this",
            "module.moses_vpc.module.vpc_secondary.aws_vpc_ipv4_cidr_block_association.this"
          ],
          "create_before_destroy": true
        }
      ]
    },
    {
      "module": "module.moses_vpc.module.vpc_secondary",
      "mode": "managed",
      "type": "aws_vpc",
      "name": "this",
      "provider": "module.moses_vpc.provider[\"registry.terraform.io/hashicorp/aws\"].us-west-2",
      "instances": [
        {
          "index_key": 0,
          "schema_version": 1,
          "attributes": {
            "arn": "arn:aws:ec2:us-west-2:495143188735:vpc/vpc-0ba67eb324e54026c",
            "assign_generated_ipv6_cidr_block": false,
            "cidr_block": "10.0.0.0/16",
            "default_network_acl_id": "acl-00c729764f6b8b381",
            "default_route_table_id": "rtb-0be1c928efc9c5b77",
            "default_security_group_id": "sg-0ce72c51f68b8a716",
            "dhcp_options_id": "dopt-065664a8467c78ea5",
            "enable_dns_hostnames": true,
            "enable_dns_support": true,
            "enable_network_address_usage_metrics": false,
            "id": "vpc-0ba67eb324e54026c",
            "instance_tenancy": "default",
            "ipv4_ipam_pool_id": null,
            "ipv4_netmask_length": null,
            "ipv6_association_id": "",
            "ipv6_cidr_block": "",
            "ipv6_cidr_block_network_border_group": "",
            "ipv6_ipam_pool_id": "",
            "ipv6_netmask_length": 0,
            "main_route_table_id": "rtb-0be1c928efc9c5b77",
            "owner_id": "495143188735",
            "tags": {
              "Name": "olumoko-secondary-vpc"
            },
            "tags_all": {
              "Name": "olumoko-secondary-vpc"
            }
          },
          "sensitive_attributes": [],
          "private": "eyJzY2hlbWFfdmVyc2lvbiI6IjEifQ==",
          "create_before_destroy": true
        }
      ]
    },
    {
      "module": "module.my-eks",
      "mode": "data",
      "type": "aws_availability_zones",
      "name": "eu-west-1",
      "provider": "module.my-eks.provider[\"registry.terraform.io/hashicorp/aws\"].eu-west-1",
      "instances": [
        {
          "schema_version": 0,
          "attributes": {
            "all_availability_zones": null,
            "exclude_names": null,
            "exclude_zone_ids": null,
            "filter": null,
            "group_names": [
              "eu-west-1"
            ],
            "id": "eu-west-1",
            "names": [
              "eu-west-1a",
              "eu-west-1b",
              "eu-west-1c"
            ],
            "state": "available",
            "timeouts": null,
            "zone_ids": [
              "euw1-az2",
              "euw1-az3",
              "euw1-az1"
            ]
          },
          "sensitive_attributes": []
        }
      ]
    },
    {
      "module": "module.my-eks",
      "mode": "data",
      "type": "aws_availability_zones",
      "name": "us-west-2",
      "provider": "module.my-eks.provider[\"registry.terraform.io/hashicorp/aws\"].us-west-2",
      "instances": [
        {
          "schema_version": 0,
          "attributes": {
            "all_availability_zones": null,
            "exclude_names": null,
            "exclude_zone_ids": null,
            "filter": null,
            "group_names": [
              "us-west-2"
            ],
            "id": "us-west-2",
            "names": [
              "us-west-2a",
              "us-west-2b",
              "us-west-2c",
              "us-west-2d"
            ],
            "state": "available",
            "timeouts": null,
            "zone_ids": [
              "usw2-az1",
              "usw2-az2",
              "usw2-az3",
              "usw2-az4"
            ]
          },
          "sensitive_attributes": []
        }
      ]
    },
    {
      "module": "module.my-eks.module.eks",
      "mode": "data",
      "type": "aws_caller_identity",
      "name": "current",
      "provider": "provider[\"registry.terraform.io/hashicorp/aws\"]",
      "instances": [
        {
          "schema_version": 0,
          "attributes": {
            "account_id": "495143188735",
            "arn": "arn:aws:iam::495143188735:user/pip",
            "id": "495143188735",
            "user_id": "AIDAXGSGVPD7S5JXQDKSO"
          },
          "sensitive_attributes": []
        }
      ]
    },
    {
      "module": "module.my-eks.module.eks",
      "mode": "data",
      "type": "aws_iam_policy_document",
      "name": "assume_role_policy",
      "provider": "provider[\"registry.terraform.io/hashicorp/aws\"]",
      "instances": [
        {
          "index_key": 0,
          "schema_version": 0,
          "attributes": {
            "id": "2764486067",
            "json": "{\n  \"Version\": \"2012-10-17\",\n  \"Statement\": [\n    {\n      \"Sid\": \"EKSClusterAssumeRole\",\n      \"Effect\": \"Allow\",\n      \"Action\": \"sts:AssumeRole\",\n      \"Principal\": {\n        \"Service\": \"eks.amazonaws.com\"\n      }\n    }\n  ]\n}",
            "minified_json": "{\"Version\":\"2012-10-17\",\"Statement\":[{\"Sid\":\"EKSClusterAssumeRole\",\"Effect\":\"Allow\",\"Action\":\"sts:AssumeRole\",\"Principal\":{\"Service\":\"eks.amazonaws.com\"}}]}",
            "override_json": null,
            "override_policy_documents": null,
            "policy_id": null,
            "source_json": null,
            "source_policy_documents": null,
            "statement": [
              {
                "actions": [
                  "sts:AssumeRole"
                ],
                "condition": [],
                "effect": "Allow",
                "not_actions": [],
                "not_principals": [],
                "not_resources": [],
                "principals": [
                  {
                    "identifiers": [
                      "eks.amazonaws.com"
                    ],
                    "type": "Service"
                  }
                ],
                "resources": [],
                "sid": "EKSClusterAssumeRole"
              }
            ],
            "version": "2012-10-17"
          },
          "sensitive_attributes": []
        }
      ]
    },
    {
      "module": "module.my-eks.module.eks",
      "mode": "data",
      "type": "aws_iam_session_context",
      "name": "current",
      "provider": "provider[\"registry.terraform.io/hashicorp/aws\"]",
      "instances": [
        {
          "schema_version": 0,
          "attributes": {
            "arn": "arn:aws:iam::495143188735:user/pip",
            "id": "arn:aws:iam::495143188735:user/pip",
            "issuer_arn": "arn:aws:iam::495143188735:user/pip",
            "issuer_id": "",
            "issuer_name": "",
            "session_name": ""
          },
          "sensitive_attributes": []
        }
      ]
    },
    {
      "module": "module.my-eks.module.eks",
      "mode": "data",
      "type": "aws_partition",
      "name": "current",
      "provider": "provider[\"registry.terraform.io/hashicorp/aws\"]",
      "instances": [
        {
          "schema_version": 0,
          "attributes": {
            "dns_suffix": "amazonaws.com",
            "id": "aws",
            "partition": "aws",
            "reverse_dns_prefix": "com.amazonaws"
          },
          "sensitive_attributes": []
        }
      ]
    },
    {
      "module": "module.my-eks.module.eks",
      "mode": "data",
      "type": "tls_certificate",
      "name": "this",
      "provider": "provider[\"registry.terraform.io/hashicorp/tls\"]",
      "instances": [
        {
          "index_key": 0,
          "schema_version": 0,
          "attributes": {
            "certificates": [
              {
                "cert_pem": "-----BEGIN CERTIFICATE-----\nMIIEdTCCA12gAwIBAgIJAKcOSkw0grd/MA0GCSqGSIb3DQEBCwUAMGgxCzAJBgNV\nBAYTAlVTMSUwIwYDVQQKExxTdGFyZmllbGQgVGVjaG5vbG9naWVzLCBJbmMuMTIw\nMAYDVQQLEylTdGFyZmllbGQgQ2xhc3MgMiBDZXJ0aWZpY2F0aW9uIEF1dGhvcml0\neTAeFw0wOTA5MDIwMDAwMDBaFw0zNDA2MjgxNzM5MTZaMIGYMQswCQYDVQQGEwJV\nUzEQMA4GA1UECBMHQXJpem9uYTETMBEGA1UEBxMKU2NvdHRzZGFsZTElMCMGA1UE\nChMcU3RhcmZpZWxkIFRlY2hub2xvZ2llcywgSW5jLjE7MDkGA1UEAxMyU3RhcmZp\nZWxkIFNlcnZpY2VzIFJvb3QgQ2VydGlmaWNhdGUgQXV0aG9yaXR5IC0gRzIwggEi\nMA0GCSqGSIb3DQEBAQUAA4IBDwAwggEKAoIBAQDVDDrEKvlO4vW+GZdfjohTsR8/\ny8+fIBNtKTrID30892t2OGPZNmCom15cAICyL1l/9of5JUOG52kbUpqQ4XHj2C0N\nTm/2yEnZtvMaVq4rtnQU68/7JuMauh2WLmo7WJSJR1b/JaCTcFOD2oR0FMNnngRo\nOt+OQFodSk7PQ5E751bWAHDLUu57fa4657wx+UX2wmDPE1kCK4DMNEffud6QZW0C\nzyyRpqbn3oUYSXxmTqM6bam17jQuug0DuDPfR+uxa40l2ZvOgdFFRjKWcIfeAg5J\nQ4W2bHO7ZOphQazJ1FTfhy/HIrImzJ9ZVGif/L4qL8RVHHVAYBeFAlU5i38FAgMB\nAAGjgfAwge0wDwYDVR0TAQH/BAUwAwEB/zAOBgNVHQ8BAf8EBAMCAYYwHQYDVR0O\nBBYEFJxfAN+qAdcwKziIorhtSpzyEZGDMB8GA1UdIwQYMBaAFL9ft9HO3R+G9FtV\nrNzXEMIOqYjnME8GCCsGAQUFBwEBBEMwQTAcBggrBgEFBQcwAYYQaHR0cDovL28u\nc3MyLnVzLzAhBggrBgEFBQcwAoYVaHR0cDovL3guc3MyLnVzL3guY2VyMCYGA1Ud\nHwQfMB0wG6AZoBeGFWh0dHA6Ly9zLnNzMi51cy9yLmNybDARBgNVHSAECjAIMAYG\nBFUdIAAwDQYJKoZIhvcNAQELBQADggEBACMd44pXyn3pF3lM8R5V/cxTbj5HD9/G\nVfKyBDbtgB9TxF00KGu+x1X8Z+rLP3+QsjPNG1gQggL4+C/1E2DUBc7xgQjB3ad1\nl08YuW3e95ORCLp+QCztweq7dp4zBncdDQh/U90bZKuCJ/Fp1U1ervShw3WnWEQt\n8jxwmKy6abaVd38PMV4s/KCHOkdp8Hlf9BRUpJVeEXgSYCfOn8J3/yNTd126/+pZ\n59vPr5KW7ySaNRB6nJHGDn2Z9j8Z3/VyVOEVqQdZe4O/Ui5GjLIAZHYcSNPYeehu\nVsyuLAOQ1xk4meTKCRlb/weWsKh/NEnfVqn3sF/tM+2MR7cwA130A4w=\n-----END CERTIFICATE-----\n",
                "is_ca": true,
                "issuer": "OU=Starfield Class 2 Certification Authority,O=Starfield Technologies\\, Inc.,C=US",
                "not_after": "2034-06-28T17:39:16Z",
                "not_before": "2009-09-02T00:00:00Z",
                "public_key_algorithm": "RSA",
                "serial_number": "12037640545166866303",
                "sha1_fingerprint": "9e99a48a9960b14926bb7f3b02e22da2b0ab7280",
                "signature_algorithm": "SHA256-RSA",
                "subject": "CN=Starfield Services Root Certificate Authority - G2,O=Starfield Technologies\\, Inc.,L=Scottsdale,ST=Arizona,C=US",
                "version": 3
              },
              {
                "cert_pem": "-----BEGIN CERTIFICATE-----\nMIIEkjCCA3qgAwIBAgITBn+USionzfP6wq4rAfkI7rnExjANBgkqhkiG9w0BAQsF\nADCBmDELMAkGA1UEBhMCVVMxEDAOBgNVBAgTB0FyaXpvbmExEzARBgNVBAcTClNj\nb3R0c2RhbGUxJTAjBgNVBAoTHFN0YXJmaWVsZCBUZWNobm9sb2dpZXMsIEluYy4x\nOzA5BgNVBAMTMlN0YXJmaWVsZCBTZXJ2aWNlcyBSb290IENlcnRpZmljYXRlIEF1\ndGhvcml0eSAtIEcyMB4XDTE1MDUyNTEyMDAwMFoXDTM3MTIzMTAxMDAwMFowOTEL\nMAkGA1UEBhMCVVMxDzANBgNVBAoTBkFtYXpvbjEZMBcGA1UEAxMQQW1hem9uIFJv\nb3QgQ0EgMTCCASIwDQYJKoZIhvcNAQEBBQADggEPADCCAQoCggEBALJ4gHHKeNXj\nca9HgFB0fW7Y14h29Jlo91ghYPl0hAEvrAIthtOgQ3pOsqTQNroBvo3bSMgHFzZM\n9O6II8c+6zf1tRn4SWiw3te5djgdYZ6k/oI2peVKVuRF4fn9tBb6dNqcmzU5L/qw\nIFAGbHrQgLKm+a/sRxmPUDgH3KKHOVj4utWp+UhnMJbulHheb4mjUcAwhmahRWa6\nVOujw5H5SNz/0egwLX0tdHA114gk957EWW67c4cX8jJGKLhD+rcdqsq08p8kDi1L\n93FcXmn/6pUCyziKrlA4b9v7LWIbxcceVOF34GfID5yHI9Y/QCB/IIDEgEw+OyQm\njgSubJrIqg0CAwEAAaOCATEwggEtMA8GA1UdEwEB/wQFMAMBAf8wDgYDVR0PAQH/\nBAQDAgGGMB0GA1UdDgQWBBSEGMyFNOy8DJSULghZnMeyEE4KCDAfBgNVHSMEGDAW\ngBScXwDfqgHXMCs4iKK4bUqc8hGRgzB4BggrBgEFBQcBAQRsMGowLgYIKwYBBQUH\nMAGGImh0dHA6Ly9vY3NwLnJvb3RnMi5hbWF6b250cnVzdC5jb20wOAYIKwYBBQUH\nMAKGLGh0dHA6Ly9jcnQucm9vdGcyLmFtYXpvbnRydXN0LmNvbS9yb290ZzIuY2Vy\nMD0GA1UdHwQ2MDQwMqAwoC6GLGh0dHA6Ly9jcmwucm9vdGcyLmFtYXpvbnRydXN0\nLmNvbS9yb290ZzIuY3JsMBEGA1UdIAQKMAgwBgYEVR0gADANBgkqhkiG9w0BAQsF\nAAOCAQEAYjdCXLwQtT6LLOkMm2xF4gcAevnFWAu5CIw+7bMlPLVvUOTNNWqnkzSW\nMiGpSESrnO09tKpzbeR/FoCJbM8oAxiDR3mjEH4wW6w7sGDgd9QIpuEdfF7Au/ma\neyKdpwAJfqxGF4PcnCZXmTA5YpaP7dreqsXMGz7KQ2hsVxa81Q4gLv7/wmpdLqBK\nbRRYh5TmOTFffHPLkIhqhBGWJ6bt2YFGpn6jcgAKUj6DiAdjd4lpFw85hdKrCEVN\n0FE6/V1dN2RMfjCyVSRCnTawXZwXgWHxyvkQAiSr6w10kY17RSlQOYiypok1JR4U\nakcjMS9cmvqtmg5iUaQqqcT5NJ0hGA==\n-----END CERTIFICATE-----\n",
                "is_ca": true,
                "issuer": "CN=Starfield Services Root Certificate Authority - G2,O=Starfield Technologies\\, Inc.,L=Scottsdale,ST=Arizona,C=US",
                "not_after": "2037-12-31T01:00:00Z",
                "not_before": "2015-05-25T12:00:00Z",
                "public_key_algorithm": "RSA",
                "serial_number": "144918191876577076464031512351042010504348870",
                "sha1_fingerprint": "06b25927c42a721631c1efd9431e648fa62e1e39",
                "signature_algorithm": "SHA256-RSA",
                "subject": "CN=Amazon Root CA 1,O=Amazon,C=US",
                "version": 3
              },
              {
                "cert_pem": "-----BEGIN CERTIFICATE-----\nMIIEXjCCA0agAwIBAgITB3MSSkvL1E7HtTvq8ZSELToPoTANBgkqhkiG9w0BAQsF\nADA5MQswCQYDVQQGEwJVUzEPMA0GA1UEChMGQW1hem9uMRkwFwYDVQQDExBBbWF6\nb24gUm9vdCBDQSAxMB4XDTIyMDgyMzIyMjUzMFoXDTMwMDgyMzIyMjUzMFowPDEL\nMAkGA1UEBhMCVVMxDzANBgNVBAoTBkFtYXpvbjEcMBoGA1UEAxMTQW1hem9uIFJT\nQSAyMDQ4IE0wMjCCASIwDQYJKoZIhvcNAQEBBQADggEPADCCAQoCggEBALtDGMZa\nqHneKei1by6+pUPPLljTB143Si6VpEWPc6mSkFhZb/6qrkZyoHlQLbDYnI2D7hD0\nsdzEqfnuAjIsuXQLG3A8TvX6V3oFNBFVe8NlLJHvBseKY88saLwufxkZVwk74g4n\nWlNMXzla9Y5F3wwRHwMVH443xGz6UtGSZSqQ94eFx5X7Tlqt8whi8qCaKdZ5rNak\n+r9nUThOeClqFd4oXych//Rc7Y0eX1KNWHYSI1Nk31mYgiK3JvH063g+K9tHA63Z\neTgKgndlh+WI+zv7i44HepRZjA1FYwYZ9Vv/9UkC5Yz8/yU65fgjaE+wVHM4e/Yy\nC2osrPWE7gJ+dXMCAwEAAaOCAVowggFWMBIGA1UdEwEB/wQIMAYBAf8CAQAwDgYD\nVR0PAQH/BAQDAgGGMB0GA1UdJQQWMBQGCCsGAQUFBwMBBggrBgEFBQcDAjAdBgNV\nHQ4EFgQUwDFSzVpQw4J8dHHOy+mc+XrrguIwHwYDVR0jBBgwFoAUhBjMhTTsvAyU\nlC4IWZzHshBOCggwewYIKwYBBQUHAQEEbzBtMC8GCCsGAQUFBzABhiNodHRwOi8v\nb2NzcC5yb290Y2ExLmFtYXpvbnRydXN0LmNvbTA6BggrBgEFBQcwAoYuaHR0cDov\nL2NydC5yb290Y2ExLmFtYXpvbnRydXN0LmNvbS9yb290Y2ExLmNlcjA/BgNVHR8E\nODA2MDSgMqAwhi5odHRwOi8vY3JsLnJvb3RjYTEuYW1hem9udHJ1c3QuY29tL3Jv\nb3RjYTEuY3JsMBMGA1UdIAQMMAowCAYGZ4EMAQIBMA0GCSqGSIb3DQEBCwUAA4IB\nAQAtTi6Fs0Azfi+iwm7jrz+CSxHH+uHl7Law3MQSXVtR8RV53PtR6r/6gNpqlzdo\nZq4FKbADi1v9Bun8RY8D51uedRfjsbeodizeBB8nXmeyD33Ep7VATj4ozcd31YFV\nfgRhvTSxNrrTlNpWkUk0m3BMPv8sg381HhA6uEYokE5q9uws/3YkKqRiEz3TsaWm\nJqIRZhMbgAfp7O7FUwFIb7UIspogZSKxPIWJpxiPo3TcBambbVtQOcNRWz5qCQdD\nslI2yayq0n2TXoHyNCLEH8rpsJRVILFsg0jc7BaFrMnF462+ajSehgj12IidNeRN\n4zl+EoNaWdpnWndvSpAEkq2P\n-----END CERTIFICATE-----\n",
                "is_ca": true,
                "issuer": "CN=Amazon Root CA 1,O=Amazon,C=US",
                "not_after": "2030-08-23T22:25:30Z",
                "not_before": "2022-08-23T22:25:30Z",
                "public_key_algorithm": "RSA",
                "serial_number": "166129353110899469622597955040406457904926625",
                "sha1_fingerprint": "414a2060b738c635cc7fc243e052615592830c53",
                "signature_algorithm": "SHA256-RSA",
                "subject": "CN=Amazon RSA 2048 M02,O=Amazon,C=US",
                "version": 3
              },
              {
                "cert_pem": "-----BEGIN CERTIFICATE-----\nMIIF5jCCBM6gAwIBAgIQDH6dmlZLRosz1IbBZfV+RzANBgkqhkiG9w0BAQsFADA8\nMQswCQYDVQQGEwJVUzEPMA0GA1UEChMGQW1hem9uMRwwGgYDVQQDExNBbWF6b24g\nUlNBIDIwNDggTTAyMB4XDTI0MDMyODAwMDAwMFoXDTI1MDQyNjIzNTk1OVowKDEm\nMCQGA1UEAwwdKi5la3MuZXUtd2VzdC0xLmFtYXpvbmF3cy5jb20wggEiMA0GCSqG\nSIb3DQEBAQUAA4IBDwAwggEKAoIBAQCshb1CIedwupih8rj/4L/x1DUJCoJh9QQb\n7XGJ0RxyanCtUOUHaDNJ1G+BWUNp9UWrHQ6ztY7Buz0+mswNr0OtN05tK8zQBJlv\nfP07L9zSc1ISiU/r4ZfrNClJ+6W/+b2EIirSaC3CiGXUbWs+I5JewiS4ItcTbyAh\nHLpHTdZ6bQ29ryToLRuprMdmhYoJAt+Zr+MGr1yTMEGQeKc3LVNXTiFkT14Vg/Rk\ngrrNBNVPPgXamT1JquraVYKQecAwF4qA8ooRD6Y8ddTEg90uFkzSXOIvZllU/BCz\n+55XX4u3P1Yyr9GmfkyXyoyIf4ZpmRfWHV6iVXlcctkIae1Uku4rAgMBAAGjggL2\nMIIC8jAfBgNVHSMEGDAWgBTAMVLNWlDDgnx0cc7L6Zz5euuC4jAdBgNVHQ4EFgQU\n+IcCw9E5kgjQucbVuxg3jJevsXgwKAYDVR0RBCEwH4IdKi5la3MuZXUtd2VzdC0x\nLmFtYXpvbmF3cy5jb20wEwYDVR0gBAwwCjAIBgZngQwBAgEwDgYDVR0PAQH/BAQD\nAgWgMB0GA1UdJQQWMBQGCCsGAQUFBwMBBggrBgEFBQcDAjA7BgNVHR8ENDAyMDCg\nLqAshipodHRwOi8vY3JsLnIybTAyLmFtYXpvbnRydXN0LmNvbS9yMm0wMi5jcmww\ndQYIKwYBBQUHAQEEaTBnMC0GCCsGAQUFBzABhiFodHRwOi8vb2NzcC5yMm0wMi5h\nbWF6b250cnVzdC5jb20wNgYIKwYBBQUHMAKGKmh0dHA6Ly9jcnQucjJtMDIuYW1h\nem9udHJ1c3QuY29tL3IybTAyLmNlcjAMBgNVHRMBAf8EAjAAMIIBfgYKKwYBBAHW\neQIEAgSCAW4EggFqAWgAdwDPEVbu1S58r/OHW9lpLpvpGnFnSrAX7KwB0lt3zsw7\nCAAAAY6FnATSAAAEAwBIMEYCIQDekTgwaQcskvPB6vTKAVK9ih7dE/hYE/DtJxKJ\nOiHPQgIhAMJTRQp3VCsm4gDjJzCQ21yRgkXeWkEBsucQAubNgGYWAHUAfVkeEuF4\nKnscYWd8Xv340IdcFKBOlZ65Ay/ZDowuebgAAAGOhZwE0AAABAMARjBEAiBFOaaL\nmzRZARFlt2WE9uVqVUej6dvgXhmzErxyjIYqUQIgDjRg44FdUVx3unpSbJueoSi5\nnS/HAp8FvVhucO4zhy0AdgDm0jFjQHeMwRBBBtdxuc7B0kD2loSG+7qHMh39HjeO\nUAAAAY6FnATlAAAEAwBHMEUCIAi0+Gz7nmbEYra2aJPCn7XcWBO24CMu//BlYosm\nS0ANAiEAw7VCkVhEmRP83ynfrkwJEU2XBGeLkwRP7qOiUd90zncwDQYJKoZIhvcN\nAQELBQADggEBAEEuh4XdOVYurMxPT8AR3IznEpxV9zWqKGqWSwVb4E+TGH209V4g\no8WVaA29wHye/ldX6ZgIxonrPvdXtZkpkQqZ62N2J7tZ/NMhMVa5ERMCaS2T3QvB\npZjH/k64O90Xop1EKzGLRsr62SH4A9YIz0J3qEdXQrkyHOiZXMnETs1N+ZJzt/RY\n7Dor4xBRMgvCZl6UTOFua2o1DBb3PwMmArCAfFFiRmkIQwxHol7Yyq0NGU05GI59\nhH+ISmvYl3NAZJ94P5nFUI6XJRCEg+xKsj4yAFrOLNmujajC1TYQg5fZo+VIxPN8\n3/pGZG5k883vUwnEVBi4s8IlPhpT6GTWV4I=\n-----END CERTIFICATE-----\n",
                "is_ca": false,
                "issuer": "CN=Amazon RSA 2048 M02,O=Amazon,C=US",
                "not_after": "2025-04-26T23:59:59Z",
                "not_before": "2024-03-28T00:00:00Z",
                "public_key_algorithm": "RSA",
                "serial_number": "16608161919745892679597834760487272007",
                "sha1_fingerprint": "c7ccdfd44b79de55780690a159cce8f67eea33c2",
                "signature_algorithm": "SHA256-RSA",
                "subject": "CN=*.eks.eu-west-1.amazonaws.com",
                "version": 3
              }
            ],
            "content": null,
            "id": "585e5ff420479566f6257ba376c39b1343ba13d5",
            "url": "https://oidc.eks.eu-west-1.amazonaws.com/id/D4C895A4AAD093BE59205AC76B18AE43",
            "verify_chain": true
          },
          "sensitive_attributes": []
        }
      ]
    },
    {
      "module": "module.my-eks.module.eks",
      "mode": "managed",
      "type": "aws_cloudwatch_log_group",
      "name": "this",
      "provider": "provider[\"registry.terraform.io/hashicorp/aws\"]",
      "instances": [
        {
          "index_key": 0,
          "schema_version": 0,
          "attributes": {
            "arn": "arn:aws:logs:eu-west-1:495143188735:log-group:/aws/eks/pip-olumoko-cluster/cluster",
            "id": "/aws/eks/pip-olumoko-cluster/cluster",
            "kms_key_id": "",
            "log_group_class": "STANDARD",
            "name": "/aws/eks/pip-olumoko-cluster/cluster",
            "name_prefix": "",
            "retention_in_days": 90,
            "skip_destroy": false,
            "tags": {
              "Name": "/aws/eks/pip-olumoko-cluster/cluster"
            },
            "tags_all": {
              "Name": "/aws/eks/pip-olumoko-cluster/cluster"
            }
          },
          "sensitive_attributes": [],
          "private": "bnVsbA==",
          "create_before_destroy": true
        }
      ]
    },
    {
      "module": "module.my-eks.module.eks",
      "mode": "managed",
      "type": "aws_eks_cluster",
      "name": "this",
      "provider": "provider[\"registry.terraform.io/hashicorp/aws\"]",
      "instances": [
        {
          "index_key": 0,
          "schema_version": 1,
          "attributes": {
            "access_config": [
              {
                "authentication_mode": "CONFIG_MAP",
                "bootstrap_cluster_creator_admin_permissions": true
              }
            ],
            "arn": "arn:aws:eks:eu-west-1:495143188735:cluster/pip-olumoko-cluster",
            "bootstrap_self_managed_addons": true,
            "certificate_authority": [
              {
                "data": "LS0tLS1CRUdJTiBDRVJUSUZJQ0FURS0tLS0tCk1JSUMvakNDQWVhZ0F3SUJBZ0lCQURBTkJna3Foa2lHOXcwQkFRc0ZBREFWTVJNd0VRWURWUVFERXdwcmRXSmwKY201bGRHVnpNQjRYRFRJME1Ea3hNekV6TXpJek1sb1hEVE0wTURreE1URXpNekl6TWxvd0ZURVRNQkVHQTFVRQpBeE1LYTNWaVpYSnVaWFJsY3pDQ0FTSXdEUVlKS29aSWh2Y05BUUVCQlFBRGdnRVBBRENDQVFvQ2dnRUJBTm9UCktXYWhRa09vMktvczRQYkcwNnlpZWs0UHU4V0NSdlNIOUVlYzBXcURaU0RST3RMY3BxbHBmZk0rbnZlbUdwTjgKdW1FaDdTSVF3cVljdnRmOUhDdS9jQ0ZDTzgxS2FMU0dsZEtKeTlRbUlLMGRTbmwzT0ZFVkpGYk5DUFN4cWpaUQp0VnlyZ3l2ZFgwWUtJSU9EY1NHVG82MlQ4cmhIM0FvNzhKWGhZMFVLQkFoUU55RHcrOGcwZm5yL3k2bVBReWwrCjk1Yll1a21jWGFjdG5SUEhzaHRmYzhacFpKVkxQN0g4R0kreWU5eVpJNm9SMEtTMXRwV2FnSTdaWm1UVGpNajQKdlVFS0hIekR4ZHR2Y2xtOFVReXJLek4xV1ViMFdmakRtS3VyWnllNmlmVllmRDRYalZzMlJrTTcya3d0SHA3TApiMEJ3MUpHczlSSzJyTVpYcVNVQ0F3RUFBYU5aTUZjd0RnWURWUjBQQVFIL0JBUURBZ0trTUE4R0ExVWRFd0VCCi93UUZNQU1CQWY4d0hRWURWUjBPQkJZRUZCSk5yOXFudXJORnE0bFNWYWs0aFhPSFBMTFhNQlVHQTFVZEVRUU8KTUF5Q0NtdDFZbVZ5Ym1WMFpYTXdEUVlKS29aSWh2Y05BUUVMQlFBRGdnRUJBQjkvQWxYMmV3c2dlb2VkWkR1OAo4UGRaeG1seTJyaHhQaDJ6bnUwQmZZOG13dDYrY0Z4RHZoU2w0K1REU2NLbDV0OHo1QTg2cXFDMUhUdWRuZWdQClZjK3pyYmswR2E4b3dNQ3ZwaVBiczdpdDVuTE9OMTFvTjB3dGY1bWpBcHRmM2ZQMFg5ZmlGYnNyZ1FoWlA0VGgKdEZnK1c4YW04UkJzWnJ1b1lKN3RpS1owVkhyOGg0ejlrU0ZBQlVjSEpFV3Ard3V4ampxcm1PMmRVczdHZFNteQowNE1YZXVhN2ZNMHUzQjF5WEFJanZIRmJzTEVtZWFDOStxTGNPQURDWURqamZEKzNhcVdiZjY1bExYK21xUkxaCk9IR2V1cnhiVUZRcTZaQ3JqN3NRQTBxSXZacENvQUp1UG40U0RqQkt4S3dQcE43cXZyRjZ5cUZmV3ZBS0ZJUloKQ3BvPQotLS0tLUVORCBDRVJUSUZJQ0FURS0tLS0tCg=="
              }
            ],
            "cluster_id": null,
            "created_at": "2024-09-13T13:28:44Z",
            "enabled_cluster_log_types": [
              "api",
              "audit",
              "authenticator"
            ],
            "encryption_config": [
              {
                "provider": [
                  {
                    "key_arn": "arn:aws:kms:eu-west-1:495143188735:key/fabdf2aa-d23f-4309-86b2-052a3fc38e2f"
                  }
                ],
                "resources": [
                  "secrets"
                ]
              }
            ],
            "endpoint": "https://D4C895A4AAD093BE59205AC76B18AE43.gr7.eu-west-1.eks.amazonaws.com",
            "id": "pip-olumoko-cluster",
            "identity": [
              {
                "oidc": [
                  {
                    "issuer": "https://oidc.eks.eu-west-1.amazonaws.com/id/D4C895A4AAD093BE59205AC76B18AE43"
                  }
                ]
              }
            ],
            "kubernetes_network_config": [
              {
                "ip_family": "ipv4",
                "service_ipv4_cidr": "172.20.0.0/16",
                "service_ipv6_cidr": ""
              }
            ],
            "name": "pip-olumoko-cluster",
            "outpost_config": [],
            "platform_version": "eks.28",
            "role_arn": "arn:aws:iam::495143188735:role/pip-olumoko-cluster-cluster-20240913132805480800000003",
            "status": "ACTIVE",
            "tags": null,
            "tags_all": {},
            "timeouts": {
              "create": null,
              "delete": null,
              "update": null
            },
            "upgrade_policy": [
              {
                "support_type": "EXTENDED"
              }
            ],
            "version": "1.24",
            "vpc_config": [
              {
                "cluster_security_group_id": "sg-066739ea90000f880",
                "endpoint_private_access": true,
                "endpoint_public_access": true,
                "public_access_cidrs": [
                  "0.0.0.0/0"
                ],
                "security_group_ids": [
                  "sg-0ac65e5031e7405bb"
                ],
                "subnet_ids": [
                  "subnet-03fae03eb1d2cf414",
                  "subnet-07646f2d03b72daf0",
                  "subnet-0eb0605ed75c1e98b"
                ],
                "vpc_id": "vpc-013b5e3bc57eddd25"
              }
            ]
          },
          "sensitive_attributes": [],
          "private": "eyJlMmJmYjczMC1lY2FhLTExZTYtOGY4OC0zNDM2M2JjN2M0YzAiOnsiY3JlYXRlIjoxODAwMDAwMDAwMDAwLCJkZWxldGUiOjkwMDAwMDAwMDAwMCwidXBkYXRlIjozNjAwMDAwMDAwMDAwfSwic2NoZW1hX3ZlcnNpb24iOiIxIn0=",
          "dependencies": [
            "module.moses_vpc.data.aws_availability_zones.eu-west-1",
            "module.moses_vpc.module.vpc_primary.aws_subnet.private",
            "module.moses_vpc.module.vpc_primary.aws_vpc.this",
            "module.moses_vpc.module.vpc_primary.aws_vpc_ipv4_cidr_block_association.this",
            "module.my-eks.module.eks.aws_cloudwatch_log_group.this",
            "module.my-eks.module.eks.aws_iam_policy.cni_ipv6_policy",
            "module.my-eks.module.eks.aws_iam_role.this",
            "module.my-eks.module.eks.aws_iam_role_policy_attachment.this",
            "module.my-eks.module.eks.aws_security_group.cluster",
            "module.my-eks.module.eks.aws_security_group.node",
            "module.my-eks.module.eks.aws_security_group_rule.cluster",
            "module.my-eks.module.eks.aws_security_group_rule.node",
            "module.my-eks.module.eks.data.aws_iam_policy_document.assume_role_policy",
            "module.my-eks.module.eks.data.aws_iam_session_context.current",
            "module.my-eks.module.eks.data.aws_partition.current",
            "module.my-eks.module.eks.module.kms.aws_kms_external_key.this",
            "module.my-eks.module.eks.module.kms.aws_kms_key.this",
            "module.my-eks.module.eks.module.kms.data.aws_caller_identity.current",
            "module.my-eks.module.eks.module.kms.data.aws_iam_policy_document.this",
            "module.my-eks.module.eks.module.kms.data.aws_partition.current"
          ],
          "create_before_destroy": true
        }
      ]
    },
    {
      "module": "module.my-eks.module.eks",
      "mode": "managed",
      "type": "aws_iam_openid_connect_provider",
      "name": "oidc_provider",
      "provider": "provider[\"registry.terraform.io/hashicorp/aws\"]",
      "instances": [
        {
          "index_key": 0,
          "schema_version": 0,
          "attributes": {
            "arn": "arn:aws:iam::495143188735:oidc-provider/oidc.eks.eu-west-1.amazonaws.com/id/D4C895A4AAD093BE59205AC76B18AE43",
            "client_id_list": [
              "sts.amazonaws.com"
            ],
            "id": "arn:aws:iam::495143188735:oidc-provider/oidc.eks.eu-west-1.amazonaws.com/id/D4C895A4AAD093BE59205AC76B18AE43",
            "tags": {
              "Name": "pip-olumoko-cluster-eks-irsa"
            },
            "tags_all": {
              "Name": "pip-olumoko-cluster-eks-irsa"
            },
            "thumbprint_list": [
              "9e99a48a9960b14926bb7f3b02e22da2b0ab7280",
              "06b25927c42a721631c1efd9431e648fa62e1e39",
              "414a2060b738c635cc7fc243e052615592830c53",
              "c7ccdfd44b79de55780690a159cce8f67eea33c2"
            ],
            "url": "oidc.eks.eu-west-1.amazonaws.com/id/D4C895A4AAD093BE59205AC76B18AE43"
          },
          "sensitive_attributes": [],
          "private": "bnVsbA==",
          "dependencies": [
            "module.moses_vpc.data.aws_availability_zones.eu-west-1",
            "module.moses_vpc.module.vpc_primary.aws_subnet.private",
            "module.moses_vpc.module.vpc_primary.aws_vpc.this",
            "module.moses_vpc.module.vpc_primary.aws_vpc_ipv4_cidr_block_association.this",
            "module.my-eks.module.eks.aws_cloudwatch_log_group.this",
            "module.my-eks.module.eks.aws_eks_cluster.this",
            "module.my-eks.module.eks.aws_iam_policy.cni_ipv6_policy",
            "module.my-eks.module.eks.aws_iam_role.this",
            "module.my-eks.module.eks.aws_iam_role_policy_attachment.this",
            "module.my-eks.module.eks.aws_security_group.cluster",
            "module.my-eks.module.eks.aws_security_group.node",
            "module.my-eks.module.eks.aws_security_group_rule.cluster",
            "module.my-eks.module.eks.aws_security_group_rule.node",
            "module.my-eks.module.eks.data.aws_iam_policy_document.assume_role_policy",
            "module.my-eks.module.eks.data.aws_iam_session_context.current",
            "module.my-eks.module.eks.data.aws_partition.current",
            "module.my-eks.module.eks.data.tls_certificate.this",
            "module.my-eks.module.eks.module.kms.aws_kms_external_key.this",
            "module.my-eks.module.eks.module.kms.aws_kms_key.this",
            "module.my-eks.module.eks.module.kms.data.aws_caller_identity.current",
            "module.my-eks.module.eks.module.kms.data.aws_iam_policy_document.this",
            "module.my-eks.module.eks.module.kms.data.aws_partition.current"
          ]
        }
      ]
    },
    {
      "module": "module.my-eks.module.eks",
      "mode": "managed",
      "type": "aws_iam_policy",
      "name": "cluster_encryption",
      "provider": "provider[\"registry.terraform.io/hashicorp/aws\"]",
      "instances": [
        {
          "index_key": 0,
          "schema_version": 0,
          "attributes": {
            "arn": "arn:aws:iam::495143188735:policy/pip-olumoko-cluster-cluster-ClusterEncryption20240913132838536800000015",
            "attachment_count": 0,
            "description": "Cluster encryption policy to allow cluster role to utilize CMK provided",
            "id": "arn:aws:iam::495143188735:policy/pip-olumoko-cluster-cluster-ClusterEncryption20240913132838536800000015",
            "name": "pip-olumoko-cluster-cluster-ClusterEncryption20240913132838536800000015",
            "name_prefix": "pip-olumoko-cluster-cluster-ClusterEncryption",
            "path": "/",
            "policy": "{\"Statement\":[{\"Action\":[\"kms:Encrypt\",\"kms:Decrypt\",\"kms:ListGrants\",\"kms:DescribeKey\"],\"Effect\":\"Allow\",\"Resource\":\"arn:aws:kms:eu-west-1:495143188735:key/fabdf2aa-d23f-4309-86b2-052a3fc38e2f\"}],\"Version\":\"2012-10-17\"}",
            "policy_id": "ANPAXGSGVPD75JRHFEG3X",
            "tags": null,
            "tags_all": {}
          },
          "sensitive_attributes": [],
          "private": "bnVsbA==",
          "dependencies": [
            "module.my-eks.module.eks.aws_iam_role.this",
            "module.my-eks.module.eks.data.aws_iam_policy_document.assume_role_policy",
            "module.my-eks.module.eks.data.aws_iam_session_context.current",
            "module.my-eks.module.eks.module.kms.aws_kms_external_key.this",
            "module.my-eks.module.eks.module.kms.aws_kms_key.this",
            "module.my-eks.module.eks.module.kms.data.aws_caller_identity.current",
            "module.my-eks.module.eks.module.kms.data.aws_iam_policy_document.this",
            "module.my-eks.module.eks.module.kms.data.aws_partition.current"
          ]
        }
      ]
    },
    {
      "module": "module.my-eks.module.eks",
      "mode": "managed",
      "type": "aws_iam_role",
      "name": "this",
      "provider": "provider[\"registry.terraform.io/hashicorp/aws\"]",
      "instances": [
        {
          "index_key": 0,
          "schema_version": 0,
          "attributes": {
            "arn": "arn:aws:iam::495143188735:role/pip-olumoko-cluster-cluster-20240913132805480800000003",
            "assume_role_policy": "{\"Statement\":[{\"Action\":\"sts:AssumeRole\",\"Effect\":\"Allow\",\"Principal\":{\"Service\":\"eks.amazonaws.com\"},\"Sid\":\"EKSClusterAssumeRole\"}],\"Version\":\"2012-10-17\"}",
            "create_date": "2024-09-13T13:28:07Z",
            "description": "",
            "force_detach_policies": true,
            "id": "pip-olumoko-cluster-cluster-20240913132805480800000003",
            "inline_policy": [
              {
                "name": "pip-olumoko-cluster-cluster",
                "policy": "{\"Version\":\"2012-10-17\",\"Statement\":[{\"Action\":[\"logs:CreateLogGroup\"],\"Effect\":\"Deny\",\"Resource\":\"*\"}]}"
              }
            ],
            "managed_policy_arns": [],
            "max_session_duration": 3600,
            "name": "pip-olumoko-cluster-cluster-20240913132805480800000003",
            "name_prefix": "pip-olumoko-cluster-cluster-",
            "path": "/",
            "permissions_boundary": "",
            "tags": null,
            "tags_all": {},
            "unique_id": "AROAXGSGVPD72MDLCIXNX"
          },
          "sensitive_attributes": [],
          "private": "bnVsbA==",
          "dependencies": [
            "module.my-eks.module.eks.data.aws_iam_policy_document.assume_role_policy"
          ],
          "create_before_destroy": true
        }
      ]
    },
    {
      "module": "module.my-eks.module.eks",
      "mode": "managed",
      "type": "aws_iam_role_policy_attachment",
      "name": "cluster_encryption",
      "provider": "provider[\"registry.terraform.io/hashicorp/aws\"]",
      "instances": [
        {
          "index_key": 0,
          "schema_version": 0,
          "attributes": {
            "id": "pip-olumoko-cluster-cluster-20240913132805480800000003-20240913132840765700000016",
            "policy_arn": "arn:aws:iam::495143188735:policy/pip-olumoko-cluster-cluster-ClusterEncryption20240913132838536800000015",
            "role": "pip-olumoko-cluster-cluster-20240913132805480800000003"
          },
          "sensitive_attributes": [],
          "private": "bnVsbA==",
          "dependencies": [
            "module.my-eks.module.eks.aws_iam_policy.cluster_encryption",
            "module.my-eks.module.eks.aws_iam_role.this",
            "module.my-eks.module.eks.data.aws_iam_policy_document.assume_role_policy",
            "module.my-eks.module.eks.data.aws_iam_session_context.current",
            "module.my-eks.module.eks.module.kms.aws_kms_external_key.this",
            "module.my-eks.module.eks.module.kms.aws_kms_key.this",
            "module.my-eks.module.eks.module.kms.data.aws_caller_identity.current",
            "module.my-eks.module.eks.module.kms.data.aws_iam_policy_document.this",
            "module.my-eks.module.eks.module.kms.data.aws_partition.current"
          ]
        }
      ]
    },
    {
      "module": "module.my-eks.module.eks",
      "mode": "managed",
      "type": "aws_iam_role_policy_attachment",
      "name": "this",
      "provider": "provider[\"registry.terraform.io/hashicorp/aws\"]",
      "instances": [
        {
          "index_key": "AmazonEKSClusterPolicy",
          "schema_version": 0,
          "attributes": {
            "id": "pip-olumoko-cluster-cluster-20240913132805480800000003-2024091313281045710000000b",
            "policy_arn": "arn:aws:iam::aws:policy/AmazonEKSClusterPolicy",
            "role": "pip-olumoko-cluster-cluster-20240913132805480800000003"
          },
          "sensitive_attributes": [],
          "private": "bnVsbA==",
          "dependencies": [
            "module.my-eks.module.eks.aws_iam_role.this",
            "module.my-eks.module.eks.data.aws_iam_policy_document.assume_role_policy",
            "module.my-eks.module.eks.data.aws_partition.current"
          ],
          "create_before_destroy": true
        },
        {
          "index_key": "AmazonEKSVPCResourceController",
          "schema_version": 0,
          "attributes": {
            "id": "pip-olumoko-cluster-cluster-20240913132805480800000003-2024091313281020430000000a",
            "policy_arn": "arn:aws:iam::aws:policy/AmazonEKSVPCResourceController",
            "role": "pip-olumoko-cluster-cluster-20240913132805480800000003"
          },
          "sensitive_attributes": [],
          "private": "bnVsbA==",
          "dependencies": [
            "module.my-eks.module.eks.aws_iam_role.this",
            "module.my-eks.module.eks.data.aws_iam_policy_document.assume_role_policy",
            "module.my-eks.module.eks.data.aws_partition.current"
          ],
          "create_before_destroy": true
        }
      ]
    },
    {
      "module": "module.my-eks.module.eks",
      "mode": "managed",
      "type": "aws_security_group",
      "name": "cluster",
      "provider": "provider[\"registry.terraform.io/hashicorp/aws\"]",
      "instances": [
        {
          "index_key": 0,
          "schema_version": 1,
          "attributes": {
            "arn": "arn:aws:ec2:eu-west-1:495143188735:security-group/sg-0ac65e5031e7405bb",
            "description": "EKS cluster security group",
            "egress": [],
            "id": "sg-0ac65e5031e7405bb",
            "ingress": [],
            "name": "pip-olumoko-cluster-cluster-20240913132822635400000010",
            "name_prefix": "pip-olumoko-cluster-cluster-",
            "owner_id": "495143188735",
            "revoke_rules_on_delete": false,
            "tags": {
              "Name": "pip-olumoko-cluster-cluster"
            },
            "tags_all": {
              "Name": "pip-olumoko-cluster-cluster"
            },
            "timeouts": null,
            "vpc_id": "vpc-013b5e3bc57eddd25"
          },
          "sensitive_attributes": [],
          "private": "eyJlMmJmYjczMC1lY2FhLTExZTYtOGY4OC0zNDM2M2JjN2M0YzAiOnsiY3JlYXRlIjo2MDAwMDAwMDAwMDAsImRlbGV0ZSI6OTAwMDAwMDAwMDAwfSwic2NoZW1hX3ZlcnNpb24iOiIxIn0=",
          "dependencies": [
            "module.moses_vpc.module.vpc_primary.aws_vpc.this"
          ],
          "create_before_destroy": true
        }
      ]
    },
    {
      "module": "module.my-eks.module.eks",
      "mode": "managed",
      "type": "aws_security_group",
      "name": "node",
      "provider": "provider[\"registry.terraform.io/hashicorp/aws\"]",
      "instances": [
        {
          "index_key": 0,
          "schema_version": 1,
          "attributes": {
            "arn": "arn:aws:ec2:eu-west-1:495143188735:security-group/sg-0604becbf569c351b",
            "description": "EKS node shared security group",
            "egress": [],
            "id": "sg-0604becbf569c351b",
            "ingress": [],
            "name": "pip-olumoko-cluster-node-20240913132822792400000011",
            "name_prefix": "pip-olumoko-cluster-node-",
            "owner_id": "495143188735",
            "revoke_rules_on_delete": false,
            "tags": {
              "Name": "pip-olumoko-cluster-node",
              "kubernetes.io/cluster/pip-olumoko-cluster": "owned"
            },
            "tags_all": {
              "Name": "pip-olumoko-cluster-node",
              "kubernetes.io/cluster/pip-olumoko-cluster": "owned"
            },
            "timeouts": null,
            "vpc_id": "vpc-013b5e3bc57eddd25"
          },
          "sensitive_attributes": [],
          "private": "eyJlMmJmYjczMC1lY2FhLTExZTYtOGY4OC0zNDM2M2JjN2M0YzAiOnsiY3JlYXRlIjo2MDAwMDAwMDAwMDAsImRlbGV0ZSI6OTAwMDAwMDAwMDAwfSwic2NoZW1hX3ZlcnNpb24iOiIxIn0=",
          "dependencies": [
            "module.moses_vpc.module.vpc_primary.aws_vpc.this"
          ],
          "create_before_destroy": true
        }
      ]
    },
    {
      "module": "module.my-eks.module.eks",
      "mode": "managed",
      "type": "aws_security_group_rule",
      "name": "cluster",
      "provider": "provider[\"registry.terraform.io/hashicorp/aws\"]",
      "instances": [
        {
          "index_key": "ingress_nodes_443",
          "schema_version": 2,
          "attributes": {
            "cidr_blocks": null,
            "description": "Node groups to cluster API",
            "from_port": 443,
            "id": "sgrule-2360918657",
            "ipv6_cidr_blocks": null,
            "prefix_list_ids": null,
            "protocol": "tcp",
            "security_group_id": "sg-0ac65e5031e7405bb",
            "security_group_rule_id": "sgr-058be08f01dc65916",
            "self": false,
            "source_security_group_id": "sg-0604becbf569c351b",
            "timeouts": null,
            "to_port": 443,
            "type": "ingress"
          },
          "sensitive_attributes": [],
          "private": "eyJlMmJmYjczMC1lY2FhLTExZTYtOGY4OC0zNDM2M2JjN2M0YzAiOnsiY3JlYXRlIjozMDAwMDAwMDAwMDB9LCJzY2hlbWFfdmVyc2lvbiI6IjIifQ==",
          "dependencies": [
            "module.moses_vpc.module.vpc_primary.aws_vpc.this",
            "module.my-eks.module.eks.aws_security_group.cluster",
            "module.my-eks.module.eks.aws_security_group.node"
          ],
          "create_before_destroy": true
        }
      ]
    },
    {
      "module": "module.my-eks.module.eks",
      "mode": "managed",
      "type": "aws_security_group_rule",
      "name": "node",
      "provider": "provider[\"registry.terraform.io/hashicorp/aws\"]",
      "instances": [
        {
          "index_key": "egress_all",
          "schema_version": 2,
          "attributes": {
            "cidr_blocks": [
              "0.0.0.0/0"
            ],
            "description": "Allow all egress",
            "from_port": 0,
            "id": "sgrule-4178387251",
            "ipv6_cidr_blocks": null,
            "prefix_list_ids": [],
            "protocol": "-1",
            "security_group_id": "sg-0604becbf569c351b",
            "security_group_rule_id": "sgr-05d8895d393b48931",
            "self": false,
            "source_security_group_id": null,
            "timeouts": null,
            "to_port": 0,
            "type": "egress"
          },
          "sensitive_attributes": [],
          "private": "eyJlMmJmYjczMC1lY2FhLTExZTYtOGY4OC0zNDM2M2JjN2M0YzAiOnsiY3JlYXRlIjozMDAwMDAwMDAwMDB9LCJzY2hlbWFfdmVyc2lvbiI6IjIifQ==",
          "dependencies": [
            "module.moses_vpc.module.vpc_primary.aws_vpc.this",
            "module.my-eks.module.eks.aws_security_group.cluster",
            "module.my-eks.module.eks.aws_security_group.node"
          ],
          "create_before_destroy": true
        },
        {
          "index_key": "ingress_cluster_443",
          "schema_version": 2,
          "attributes": {
            "cidr_blocks": null,
            "description": "Cluster API to node groups",
            "from_port": 443,
            "id": "sgrule-909357135",
            "ipv6_cidr_blocks": null,
            "prefix_list_ids": [],
            "protocol": "tcp",
            "security_group_id": "sg-0604becbf569c351b",
            "security_group_rule_id": "sgr-0e863aec1d00bfbce",
            "self": false,
            "source_security_group_id": "sg-0ac65e5031e7405bb",
            "timeouts": null,
            "to_port": 443,
            "type": "ingress"
          },
          "sensitive_attributes": [],
          "private": "eyJlMmJmYjczMC1lY2FhLTExZTYtOGY4OC0zNDM2M2JjN2M0YzAiOnsiY3JlYXRlIjozMDAwMDAwMDAwMDB9LCJzY2hlbWFfdmVyc2lvbiI6IjIifQ==",
          "dependencies": [
            "module.moses_vpc.module.vpc_primary.aws_vpc.this",
            "module.my-eks.module.eks.aws_security_group.cluster",
            "module.my-eks.module.eks.aws_security_group.node"
          ],
          "create_before_destroy": true
        },
        {
          "index_key": "ingress_cluster_4443_webhook",
          "schema_version": 2,
          "attributes": {
            "cidr_blocks": null,
            "description": "Cluster API to node 4443/tcp webhook",
            "from_port": 4443,
            "id": "sgrule-4103994113",
            "ipv6_cidr_blocks": null,
            "prefix_list_ids": [],
            "protocol": "tcp",
            "security_group_id": "sg-0604becbf569c351b",
            "security_group_rule_id": "sgr-02b30bef978019b79",
            "self": false,
            "source_security_group_id": "sg-0ac65e5031e7405bb",
            "timeouts": null,
            "to_port": 4443,
            "type": "ingress"
          },
          "sensitive_attributes": [],
          "private": "eyJlMmJmYjczMC1lY2FhLTExZTYtOGY4OC0zNDM2M2JjN2M0YzAiOnsiY3JlYXRlIjozMDAwMDAwMDAwMDB9LCJzY2hlbWFfdmVyc2lvbiI6IjIifQ==",
          "dependencies": [
            "module.moses_vpc.module.vpc_primary.aws_vpc.this",
            "module.my-eks.module.eks.aws_security_group.cluster",
            "module.my-eks.module.eks.aws_security_group.node"
          ],
          "create_before_destroy": true
        },
        {
          "index_key": "ingress_cluster_6443_webhook",
          "schema_version": 2,
          "attributes": {
            "cidr_blocks": null,
            "description": "Cluster API to node 6443/tcp webhook",
            "from_port": 6443,
            "id": "sgrule-1038064791",
            "ipv6_cidr_blocks": null,
            "prefix_list_ids": [],
            "protocol": "tcp",
            "security_group_id": "sg-0604becbf569c351b",
            "security_group_rule_id": "sgr-09b1339c0a7a9e649",
            "self": false,
            "source_security_group_id": "sg-0ac65e5031e7405bb",
            "timeouts": null,
            "to_port": 6443,
            "type": "ingress"
          },
          "sensitive_attributes": [],
          "private": "eyJlMmJmYjczMC1lY2FhLTExZTYtOGY4OC0zNDM2M2JjN2M0YzAiOnsiY3JlYXRlIjozMDAwMDAwMDAwMDB9LCJzY2hlbWFfdmVyc2lvbiI6IjIifQ==",
          "dependencies": [
            "module.moses_vpc.module.vpc_primary.aws_vpc.this",
            "module.my-eks.module.eks.aws_security_group.cluster",
            "module.my-eks.module.eks.aws_security_group.node"
          ],
          "create_before_destroy": true
        },
        {
          "index_key": "ingress_cluster_8443_webhook",
          "schema_version": 2,
          "attributes": {
            "cidr_blocks": null,
            "description": "Cluster API to node 8443/tcp webhook",
            "from_port": 8443,
            "id": "sgrule-780378294",
            "ipv6_cidr_blocks": null,
            "prefix_list_ids": [],
            "protocol": "tcp",
            "security_group_id": "sg-0604becbf569c351b",
            "security_group_rule_id": "sgr-062b78d7af0bd5cf9",
            "self": false,
            "source_security_group_id": "sg-0ac65e5031e7405bb",
            "timeouts": null,
            "to_port": 8443,
            "type": "ingress"
          },
          "sensitive_attributes": [],
          "private": "eyJlMmJmYjczMC1lY2FhLTExZTYtOGY4OC0zNDM2M2JjN2M0YzAiOnsiY3JlYXRlIjozMDAwMDAwMDAwMDB9LCJzY2hlbWFfdmVyc2lvbiI6IjIifQ==",
          "dependencies": [
            "module.moses_vpc.module.vpc_primary.aws_vpc.this",
            "module.my-eks.module.eks.aws_security_group.cluster",
            "module.my-eks.module.eks.aws_security_group.node"
          ],
          "create_before_destroy": true
        },
        {
          "index_key": "ingress_cluster_9443_webhook",
          "schema_version": 2,
          "attributes": {
            "cidr_blocks": null,
            "description": "Cluster API to node 9443/tcp webhook",
            "from_port": 9443,
            "id": "sgrule-1243779965",
            "ipv6_cidr_blocks": null,
            "prefix_list_ids": [],
            "protocol": "tcp",
            "security_group_id": "sg-0604becbf569c351b",
            "security_group_rule_id": "sgr-029a7cb41b91700b9",
            "self": false,
            "source_security_group_id": "sg-0ac65e5031e7405bb",
            "timeouts": null,
            "to_port": 9443,
            "type": "ingress"
          },
          "sensitive_attributes": [],
          "private": "eyJlMmJmYjczMC1lY2FhLTExZTYtOGY4OC0zNDM2M2JjN2M0YzAiOnsiY3JlYXRlIjozMDAwMDAwMDAwMDB9LCJzY2hlbWFfdmVyc2lvbiI6IjIifQ==",
          "dependencies": [
            "module.moses_vpc.module.vpc_primary.aws_vpc.this",
            "module.my-eks.module.eks.aws_security_group.cluster",
            "module.my-eks.module.eks.aws_security_group.node"
          ],
          "create_before_destroy": true
        },
        {
          "index_key": "ingress_cluster_kubelet",
          "schema_version": 2,
          "attributes": {
            "cidr_blocks": null,
            "description": "Cluster API to node kubelets",
            "from_port": 10250,
            "id": "sgrule-3222213810",
            "ipv6_cidr_blocks": null,
            "prefix_list_ids": [],
            "protocol": "tcp",
            "security_group_id": "sg-0604becbf569c351b",
            "security_group_rule_id": "sgr-0c098334a1aa0f928",
            "self": false,
            "source_security_group_id": "sg-0ac65e5031e7405bb",
            "timeouts": null,
            "to_port": 10250,
            "type": "ingress"
          },
          "sensitive_attributes": [],
          "private": "eyJlMmJmYjczMC1lY2FhLTExZTYtOGY4OC0zNDM2M2JjN2M0YzAiOnsiY3JlYXRlIjozMDAwMDAwMDAwMDB9LCJzY2hlbWFfdmVyc2lvbiI6IjIifQ==",
          "dependencies": [
            "module.moses_vpc.module.vpc_primary.aws_vpc.this",
            "module.my-eks.module.eks.aws_security_group.cluster",
            "module.my-eks.module.eks.aws_security_group.node"
          ],
          "create_before_destroy": true
        },
        {
          "index_key": "ingress_nodes_ephemeral",
          "schema_version": 2,
          "attributes": {
            "cidr_blocks": null,
            "description": "Node to node ingress on ephemeral ports",
            "from_port": 1025,
            "id": "sgrule-3251052788",
            "ipv6_cidr_blocks": null,
            "prefix_list_ids": [],
            "protocol": "tcp",
            "security_group_id": "sg-0604becbf569c351b",
            "security_group_rule_id": "sgr-0950e7b9aeb94ce35",
            "self": true,
            "source_security_group_id": null,
            "timeouts": null,
            "to_port": 65535,
            "type": "ingress"
          },
          "sensitive_attributes": [],
          "private": "eyJlMmJmYjczMC1lY2FhLTExZTYtOGY4OC0zNDM2M2JjN2M0YzAiOnsiY3JlYXRlIjozMDAwMDAwMDAwMDB9LCJzY2hlbWFfdmVyc2lvbiI6IjIifQ==",
          "dependencies": [
            "module.moses_vpc.module.vpc_primary.aws_vpc.this",
            "module.my-eks.module.eks.aws_security_group.cluster",
            "module.my-eks.module.eks.aws_security_group.node"
          ],
          "create_before_destroy": true
        },
        {
          "index_key": "ingress_self_coredns_tcp",
          "schema_version": 2,
          "attributes": {
            "cidr_blocks": null,
            "description": "Node to node CoreDNS",
            "from_port": 53,
            "id": "sgrule-2813259438",
            "ipv6_cidr_blocks": null,
            "prefix_list_ids": [],
            "protocol": "tcp",
            "security_group_id": "sg-0604becbf569c351b",
            "security_group_rule_id": "sgr-04a6ebaf9b8ae3801",
            "self": true,
            "source_security_group_id": null,
            "timeouts": null,
            "to_port": 53,
            "type": "ingress"
          },
          "sensitive_attributes": [],
          "private": "eyJlMmJmYjczMC1lY2FhLTExZTYtOGY4OC0zNDM2M2JjN2M0YzAiOnsiY3JlYXRlIjozMDAwMDAwMDAwMDB9LCJzY2hlbWFfdmVyc2lvbiI6IjIifQ==",
          "dependencies": [
            "module.moses_vpc.module.vpc_primary.aws_vpc.this",
            "module.my-eks.module.eks.aws_security_group.cluster",
            "module.my-eks.module.eks.aws_security_group.node"
          ],
          "create_before_destroy": true
        },
        {
          "index_key": "ingress_self_coredns_udp",
          "schema_version": 2,
          "attributes": {
            "cidr_blocks": null,
            "description": "Node to node CoreDNS UDP",
            "from_port": 53,
            "id": "sgrule-66145601",
            "ipv6_cidr_blocks": null,
            "prefix_list_ids": [],
            "protocol": "udp",
            "security_group_id": "sg-0604becbf569c351b",
            "security_group_rule_id": "sgr-0c4cf57c39993962f",
            "self": true,
            "source_security_group_id": null,
            "timeouts": null,
            "to_port": 53,
            "type": "ingress"
          },
          "sensitive_attributes": [],
          "private": "eyJlMmJmYjczMC1lY2FhLTExZTYtOGY4OC0zNDM2M2JjN2M0YzAiOnsiY3JlYXRlIjozMDAwMDAwMDAwMDB9LCJzY2hlbWFfdmVyc2lvbiI6IjIifQ==",
          "dependencies": [
            "module.moses_vpc.module.vpc_primary.aws_vpc.this",
            "module.my-eks.module.eks.aws_security_group.cluster",
            "module.my-eks.module.eks.aws_security_group.node"
          ],
          "create_before_destroy": true
        }
      ]
    },
    {
      "module": "module.my-eks.module.eks",
      "mode": "managed",
      "type": "time_sleep",
      "name": "this",
      "provider": "provider[\"registry.terraform.io/hashicorp/time\"]",
      "instances": [
        {
          "index_key": 0,
          "schema_version": 0,
          "attributes": {
            "create_duration": "30s",
            "destroy_duration": null,
            "id": "2024-09-13T13:36:55Z",
            "triggers": {
              "cluster_certificate_authority_data": "LS0tLS1CRUdJTiBDRVJUSUZJQ0FURS0tLS0tCk1JSUMvakNDQWVhZ0F3SUJBZ0lCQURBTkJna3Foa2lHOXcwQkFRc0ZBREFWTVJNd0VRWURWUVFERXdwcmRXSmwKY201bGRHVnpNQjRYRFRJME1Ea3hNekV6TXpJek1sb1hEVE0wTURreE1URXpNekl6TWxvd0ZURVRNQkVHQTFVRQpBeE1LYTNWaVpYSnVaWFJsY3pDQ0FTSXdEUVlKS29aSWh2Y05BUUVCQlFBRGdnRVBBRENDQVFvQ2dnRUJBTm9UCktXYWhRa09vMktvczRQYkcwNnlpZWs0UHU4V0NSdlNIOUVlYzBXcURaU0RST3RMY3BxbHBmZk0rbnZlbUdwTjgKdW1FaDdTSVF3cVljdnRmOUhDdS9jQ0ZDTzgxS2FMU0dsZEtKeTlRbUlLMGRTbmwzT0ZFVkpGYk5DUFN4cWpaUQp0VnlyZ3l2ZFgwWUtJSU9EY1NHVG82MlQ4cmhIM0FvNzhKWGhZMFVLQkFoUU55RHcrOGcwZm5yL3k2bVBReWwrCjk1Yll1a21jWGFjdG5SUEhzaHRmYzhacFpKVkxQN0g4R0kreWU5eVpJNm9SMEtTMXRwV2FnSTdaWm1UVGpNajQKdlVFS0hIekR4ZHR2Y2xtOFVReXJLek4xV1ViMFdmakRtS3VyWnllNmlmVllmRDRYalZzMlJrTTcya3d0SHA3TApiMEJ3MUpHczlSSzJyTVpYcVNVQ0F3RUFBYU5aTUZjd0RnWURWUjBQQVFIL0JBUURBZ0trTUE4R0ExVWRFd0VCCi93UUZNQU1CQWY4d0hRWURWUjBPQkJZRUZCSk5yOXFudXJORnE0bFNWYWs0aFhPSFBMTFhNQlVHQTFVZEVRUU8KTUF5Q0NtdDFZbVZ5Ym1WMFpYTXdEUVlKS29aSWh2Y05BUUVMQlFBRGdnRUJBQjkvQWxYMmV3c2dlb2VkWkR1OAo4UGRaeG1seTJyaHhQaDJ6bnUwQmZZOG13dDYrY0Z4RHZoU2w0K1REU2NLbDV0OHo1QTg2cXFDMUhUdWRuZWdQClZjK3pyYmswR2E4b3dNQ3ZwaVBiczdpdDVuTE9OMTFvTjB3dGY1bWpBcHRmM2ZQMFg5ZmlGYnNyZ1FoWlA0VGgKdEZnK1c4YW04UkJzWnJ1b1lKN3RpS1owVkhyOGg0ejlrU0ZBQlVjSEpFV3Ard3V4ampxcm1PMmRVczdHZFNteQowNE1YZXVhN2ZNMHUzQjF5WEFJanZIRmJzTEVtZWFDOStxTGNPQURDWURqamZEKzNhcVdiZjY1bExYK21xUkxaCk9IR2V1cnhiVUZRcTZaQ3JqN3NRQTBxSXZacENvQUp1UG40U0RqQkt4S3dQcE43cXZyRjZ5cUZmV3ZBS0ZJUloKQ3BvPQotLS0tLUVORCBDRVJUSUZJQ0FURS0tLS0tCg==",
              "cluster_endpoint": "https://D4C895A4AAD093BE59205AC76B18AE43.gr7.eu-west-1.eks.amazonaws.com",
              "cluster_name": "pip-olumoko-cluster",
              "cluster_version": "1.24"
            }
          },
          "sensitive_attributes": [],
          "dependencies": [
            "module.moses_vpc.data.aws_availability_zones.eu-west-1",
            "module.moses_vpc.module.vpc_primary.aws_subnet.private",
            "module.moses_vpc.module.vpc_primary.aws_vpc.this",
            "module.moses_vpc.module.vpc_primary.aws_vpc_ipv4_cidr_block_association.this",
            "module.my-eks.module.eks.aws_cloudwatch_log_group.this",
            "module.my-eks.module.eks.aws_eks_cluster.this",
            "module.my-eks.module.eks.aws_iam_policy.cni_ipv6_policy",
            "module.my-eks.module.eks.aws_iam_role.this",
            "module.my-eks.module.eks.aws_iam_role_policy_attachment.this",
            "module.my-eks.module.eks.aws_security_group.cluster",
            "module.my-eks.module.eks.aws_security_group.node",
            "module.my-eks.module.eks.aws_security_group_rule.cluster",
            "module.my-eks.module.eks.aws_security_group_rule.node",
            "module.my-eks.module.eks.data.aws_iam_policy_document.assume_role_policy",
            "module.my-eks.module.eks.data.aws_iam_session_context.current",
            "module.my-eks.module.eks.data.aws_partition.current",
            "module.my-eks.module.eks.module.kms.aws_kms_external_key.this",
            "module.my-eks.module.eks.module.kms.aws_kms_key.this",
            "module.my-eks.module.eks.module.kms.data.aws_caller_identity.current",
            "module.my-eks.module.eks.module.kms.data.aws_iam_policy_document.this",
            "module.my-eks.module.eks.module.kms.data.aws_partition.current"
          ],
          "create_before_destroy": true
        }
      ]
    },
    {
      "module": "module.my-eks.module.eks-dev",
      "mode": "data",
      "type": "aws_caller_identity",
      "name": "current",
      "provider": "module.my-eks.provider[\"registry.terraform.io/hashicorp/aws\"].us-west-2",
      "instances": [
        {
          "schema_version": 0,
          "attributes": {
            "account_id": "495143188735",
            "arn": "arn:aws:iam::495143188735:user/pip",
            "id": "495143188735",
            "user_id": "AIDAXGSGVPD7S5JXQDKSO"
          },
          "sensitive_attributes": []
        }
      ]
    },
    {
      "module": "module.my-eks.module.eks-dev",
      "mode": "data",
      "type": "aws_iam_policy_document",
      "name": "assume_role_policy",
      "provider": "module.my-eks.provider[\"registry.terraform.io/hashicorp/aws\"].us-west-2",
      "instances": [
        {
          "index_key": 0,
          "schema_version": 0,
          "attributes": {
            "id": "2764486067",
            "json": "{\n  \"Version\": \"2012-10-17\",\n  \"Statement\": [\n    {\n      \"Sid\": \"EKSClusterAssumeRole\",\n      \"Effect\": \"Allow\",\n      \"Action\": \"sts:AssumeRole\",\n      \"Principal\": {\n        \"Service\": \"eks.amazonaws.com\"\n      }\n    }\n  ]\n}",
            "minified_json": "{\"Version\":\"2012-10-17\",\"Statement\":[{\"Sid\":\"EKSClusterAssumeRole\",\"Effect\":\"Allow\",\"Action\":\"sts:AssumeRole\",\"Principal\":{\"Service\":\"eks.amazonaws.com\"}}]}",
            "override_json": null,
            "override_policy_documents": null,
            "policy_id": null,
            "source_json": null,
            "source_policy_documents": null,
            "statement": [
              {
                "actions": [
                  "sts:AssumeRole"
                ],
                "condition": [],
                "effect": "Allow",
                "not_actions": [],
                "not_principals": [],
                "not_resources": [],
                "principals": [
                  {
                    "identifiers": [
                      "eks.amazonaws.com"
                    ],
                    "type": "Service"
                  }
                ],
                "resources": [],
                "sid": "EKSClusterAssumeRole"
              }
            ],
            "version": "2012-10-17"
          },
          "sensitive_attributes": []
        }
      ]
    },
    {
      "module": "module.my-eks.module.eks-dev",
      "mode": "data",
      "type": "aws_iam_session_context",
      "name": "current",
      "provider": "module.my-eks.provider[\"registry.terraform.io/hashicorp/aws\"].us-west-2",
      "instances": [
        {
          "schema_version": 0,
          "attributes": {
            "arn": "arn:aws:iam::495143188735:user/pip",
            "id": "arn:aws:iam::495143188735:user/pip",
            "issuer_arn": "arn:aws:iam::495143188735:user/pip",
            "issuer_id": "",
            "issuer_name": "",
            "session_name": ""
          },
          "sensitive_attributes": []
        }
      ]
    },
    {
      "module": "module.my-eks.module.eks-dev",
      "mode": "data",
      "type": "aws_partition",
      "name": "current",
      "provider": "module.my-eks.provider[\"registry.terraform.io/hashicorp/aws\"].us-west-2",
      "instances": [
        {
          "schema_version": 0,
          "attributes": {
            "dns_suffix": "amazonaws.com",
            "id": "aws",
            "partition": "aws",
            "reverse_dns_prefix": "com.amazonaws"
          },
          "sensitive_attributes": []
        }
      ]
    },
    {
      "module": "module.my-eks.module.eks-dev",
      "mode": "data",
      "type": "tls_certificate",
      "name": "this",
      "provider": "provider[\"registry.terraform.io/hashicorp/tls\"]",
      "instances": [
        {
          "index_key": 0,
          "schema_version": 0,
          "attributes": {
            "certificates": [
              {
                "cert_pem": "-----BEGIN CERTIFICATE-----\nMIIEdTCCA12gAwIBAgIJAKcOSkw0grd/MA0GCSqGSIb3DQEBCwUAMGgxCzAJBgNV\nBAYTAlVTMSUwIwYDVQQKExxTdGFyZmllbGQgVGVjaG5vbG9naWVzLCBJbmMuMTIw\nMAYDVQQLEylTdGFyZmllbGQgQ2xhc3MgMiBDZXJ0aWZpY2F0aW9uIEF1dGhvcml0\neTAeFw0wOTA5MDIwMDAwMDBaFw0zNDA2MjgxNzM5MTZaMIGYMQswCQYDVQQGEwJV\nUzEQMA4GA1UECBMHQXJpem9uYTETMBEGA1UEBxMKU2NvdHRzZGFsZTElMCMGA1UE\nChMcU3RhcmZpZWxkIFRlY2hub2xvZ2llcywgSW5jLjE7MDkGA1UEAxMyU3RhcmZp\nZWxkIFNlcnZpY2VzIFJvb3QgQ2VydGlmaWNhdGUgQXV0aG9yaXR5IC0gRzIwggEi\nMA0GCSqGSIb3DQEBAQUAA4IBDwAwggEKAoIBAQDVDDrEKvlO4vW+GZdfjohTsR8/\ny8+fIBNtKTrID30892t2OGPZNmCom15cAICyL1l/9of5JUOG52kbUpqQ4XHj2C0N\nTm/2yEnZtvMaVq4rtnQU68/7JuMauh2WLmo7WJSJR1b/JaCTcFOD2oR0FMNnngRo\nOt+OQFodSk7PQ5E751bWAHDLUu57fa4657wx+UX2wmDPE1kCK4DMNEffud6QZW0C\nzyyRpqbn3oUYSXxmTqM6bam17jQuug0DuDPfR+uxa40l2ZvOgdFFRjKWcIfeAg5J\nQ4W2bHO7ZOphQazJ1FTfhy/HIrImzJ9ZVGif/L4qL8RVHHVAYBeFAlU5i38FAgMB\nAAGjgfAwge0wDwYDVR0TAQH/BAUwAwEB/zAOBgNVHQ8BAf8EBAMCAYYwHQYDVR0O\nBBYEFJxfAN+qAdcwKziIorhtSpzyEZGDMB8GA1UdIwQYMBaAFL9ft9HO3R+G9FtV\nrNzXEMIOqYjnME8GCCsGAQUFBwEBBEMwQTAcBggrBgEFBQcwAYYQaHR0cDovL28u\nc3MyLnVzLzAhBggrBgEFBQcwAoYVaHR0cDovL3guc3MyLnVzL3guY2VyMCYGA1Ud\nHwQfMB0wG6AZoBeGFWh0dHA6Ly9zLnNzMi51cy9yLmNybDARBgNVHSAECjAIMAYG\nBFUdIAAwDQYJKoZIhvcNAQELBQADggEBACMd44pXyn3pF3lM8R5V/cxTbj5HD9/G\nVfKyBDbtgB9TxF00KGu+x1X8Z+rLP3+QsjPNG1gQggL4+C/1E2DUBc7xgQjB3ad1\nl08YuW3e95ORCLp+QCztweq7dp4zBncdDQh/U90bZKuCJ/Fp1U1ervShw3WnWEQt\n8jxwmKy6abaVd38PMV4s/KCHOkdp8Hlf9BRUpJVeEXgSYCfOn8J3/yNTd126/+pZ\n59vPr5KW7ySaNRB6nJHGDn2Z9j8Z3/VyVOEVqQdZe4O/Ui5GjLIAZHYcSNPYeehu\nVsyuLAOQ1xk4meTKCRlb/weWsKh/NEnfVqn3sF/tM+2MR7cwA130A4w=\n-----END CERTIFICATE-----\n",
                "is_ca": true,
                "issuer": "OU=Starfield Class 2 Certification Authority,O=Starfield Technologies\\, Inc.,C=US",
                "not_after": "2034-06-28T17:39:16Z",
                "not_before": "2009-09-02T00:00:00Z",
                "public_key_algorithm": "RSA",
                "serial_number": "12037640545166866303",
                "sha1_fingerprint": "9e99a48a9960b14926bb7f3b02e22da2b0ab7280",
                "signature_algorithm": "SHA256-RSA",
                "subject": "CN=Starfield Services Root Certificate Authority - G2,O=Starfield Technologies\\, Inc.,L=Scottsdale,ST=Arizona,C=US",
                "version": 3
              },
              {
                "cert_pem": "-----BEGIN CERTIFICATE-----\nMIIEkjCCA3qgAwIBAgITBn+USionzfP6wq4rAfkI7rnExjANBgkqhkiG9w0BAQsF\nADCBmDELMAkGA1UEBhMCVVMxEDAOBgNVBAgTB0FyaXpvbmExEzARBgNVBAcTClNj\nb3R0c2RhbGUxJTAjBgNVBAoTHFN0YXJmaWVsZCBUZWNobm9sb2dpZXMsIEluYy4x\nOzA5BgNVBAMTMlN0YXJmaWVsZCBTZXJ2aWNlcyBSb290IENlcnRpZmljYXRlIEF1\ndGhvcml0eSAtIEcyMB4XDTE1MDUyNTEyMDAwMFoXDTM3MTIzMTAxMDAwMFowOTEL\nMAkGA1UEBhMCVVMxDzANBgNVBAoTBkFtYXpvbjEZMBcGA1UEAxMQQW1hem9uIFJv\nb3QgQ0EgMTCCASIwDQYJKoZIhvcNAQEBBQADggEPADCCAQoCggEBALJ4gHHKeNXj\nca9HgFB0fW7Y14h29Jlo91ghYPl0hAEvrAIthtOgQ3pOsqTQNroBvo3bSMgHFzZM\n9O6II8c+6zf1tRn4SWiw3te5djgdYZ6k/oI2peVKVuRF4fn9tBb6dNqcmzU5L/qw\nIFAGbHrQgLKm+a/sRxmPUDgH3KKHOVj4utWp+UhnMJbulHheb4mjUcAwhmahRWa6\nVOujw5H5SNz/0egwLX0tdHA114gk957EWW67c4cX8jJGKLhD+rcdqsq08p8kDi1L\n93FcXmn/6pUCyziKrlA4b9v7LWIbxcceVOF34GfID5yHI9Y/QCB/IIDEgEw+OyQm\njgSubJrIqg0CAwEAAaOCATEwggEtMA8GA1UdEwEB/wQFMAMBAf8wDgYDVR0PAQH/\nBAQDAgGGMB0GA1UdDgQWBBSEGMyFNOy8DJSULghZnMeyEE4KCDAfBgNVHSMEGDAW\ngBScXwDfqgHXMCs4iKK4bUqc8hGRgzB4BggrBgEFBQcBAQRsMGowLgYIKwYBBQUH\nMAGGImh0dHA6Ly9vY3NwLnJvb3RnMi5hbWF6b250cnVzdC5jb20wOAYIKwYBBQUH\nMAKGLGh0dHA6Ly9jcnQucm9vdGcyLmFtYXpvbnRydXN0LmNvbS9yb290ZzIuY2Vy\nMD0GA1UdHwQ2MDQwMqAwoC6GLGh0dHA6Ly9jcmwucm9vdGcyLmFtYXpvbnRydXN0\nLmNvbS9yb290ZzIuY3JsMBEGA1UdIAQKMAgwBgYEVR0gADANBgkqhkiG9w0BAQsF\nAAOCAQEAYjdCXLwQtT6LLOkMm2xF4gcAevnFWAu5CIw+7bMlPLVvUOTNNWqnkzSW\nMiGpSESrnO09tKpzbeR/FoCJbM8oAxiDR3mjEH4wW6w7sGDgd9QIpuEdfF7Au/ma\neyKdpwAJfqxGF4PcnCZXmTA5YpaP7dreqsXMGz7KQ2hsVxa81Q4gLv7/wmpdLqBK\nbRRYh5TmOTFffHPLkIhqhBGWJ6bt2YFGpn6jcgAKUj6DiAdjd4lpFw85hdKrCEVN\n0FE6/V1dN2RMfjCyVSRCnTawXZwXgWHxyvkQAiSr6w10kY17RSlQOYiypok1JR4U\nakcjMS9cmvqtmg5iUaQqqcT5NJ0hGA==\n-----END CERTIFICATE-----\n",
                "is_ca": true,
                "issuer": "CN=Starfield Services Root Certificate Authority - G2,O=Starfield Technologies\\, Inc.,L=Scottsdale,ST=Arizona,C=US",
                "not_after": "2037-12-31T01:00:00Z",
                "not_before": "2015-05-25T12:00:00Z",
                "public_key_algorithm": "RSA",
                "serial_number": "144918191876577076464031512351042010504348870",
                "sha1_fingerprint": "06b25927c42a721631c1efd9431e648fa62e1e39",
                "signature_algorithm": "SHA256-RSA",
                "subject": "CN=Amazon Root CA 1,O=Amazon,C=US",
                "version": 3
              },
              {
                "cert_pem": "-----BEGIN CERTIFICATE-----\nMIIEXjCCA0agAwIBAgITB3MSSkvL1E7HtTvq8ZSELToPoTANBgkqhkiG9w0BAQsF\nADA5MQswCQYDVQQGEwJVUzEPMA0GA1UEChMGQW1hem9uMRkwFwYDVQQDExBBbWF6\nb24gUm9vdCBDQSAxMB4XDTIyMDgyMzIyMjUzMFoXDTMwMDgyMzIyMjUzMFowPDEL\nMAkGA1UEBhMCVVMxDzANBgNVBAoTBkFtYXpvbjEcMBoGA1UEAxMTQW1hem9uIFJT\nQSAyMDQ4IE0wMjCCASIwDQYJKoZIhvcNAQEBBQADggEPADCCAQoCggEBALtDGMZa\nqHneKei1by6+pUPPLljTB143Si6VpEWPc6mSkFhZb/6qrkZyoHlQLbDYnI2D7hD0\nsdzEqfnuAjIsuXQLG3A8TvX6V3oFNBFVe8NlLJHvBseKY88saLwufxkZVwk74g4n\nWlNMXzla9Y5F3wwRHwMVH443xGz6UtGSZSqQ94eFx5X7Tlqt8whi8qCaKdZ5rNak\n+r9nUThOeClqFd4oXych//Rc7Y0eX1KNWHYSI1Nk31mYgiK3JvH063g+K9tHA63Z\neTgKgndlh+WI+zv7i44HepRZjA1FYwYZ9Vv/9UkC5Yz8/yU65fgjaE+wVHM4e/Yy\nC2osrPWE7gJ+dXMCAwEAAaOCAVowggFWMBIGA1UdEwEB/wQIMAYBAf8CAQAwDgYD\nVR0PAQH/BAQDAgGGMB0GA1UdJQQWMBQGCCsGAQUFBwMBBggrBgEFBQcDAjAdBgNV\nHQ4EFgQUwDFSzVpQw4J8dHHOy+mc+XrrguIwHwYDVR0jBBgwFoAUhBjMhTTsvAyU\nlC4IWZzHshBOCggwewYIKwYBBQUHAQEEbzBtMC8GCCsGAQUFBzABhiNodHRwOi8v\nb2NzcC5yb290Y2ExLmFtYXpvbnRydXN0LmNvbTA6BggrBgEFBQcwAoYuaHR0cDov\nL2NydC5yb290Y2ExLmFtYXpvbnRydXN0LmNvbS9yb290Y2ExLmNlcjA/BgNVHR8E\nODA2MDSgMqAwhi5odHRwOi8vY3JsLnJvb3RjYTEuYW1hem9udHJ1c3QuY29tL3Jv\nb3RjYTEuY3JsMBMGA1UdIAQMMAowCAYGZ4EMAQIBMA0GCSqGSIb3DQEBCwUAA4IB\nAQAtTi6Fs0Azfi+iwm7jrz+CSxHH+uHl7Law3MQSXVtR8RV53PtR6r/6gNpqlzdo\nZq4FKbADi1v9Bun8RY8D51uedRfjsbeodizeBB8nXmeyD33Ep7VATj4ozcd31YFV\nfgRhvTSxNrrTlNpWkUk0m3BMPv8sg381HhA6uEYokE5q9uws/3YkKqRiEz3TsaWm\nJqIRZhMbgAfp7O7FUwFIb7UIspogZSKxPIWJpxiPo3TcBambbVtQOcNRWz5qCQdD\nslI2yayq0n2TXoHyNCLEH8rpsJRVILFsg0jc7BaFrMnF462+ajSehgj12IidNeRN\n4zl+EoNaWdpnWndvSpAEkq2P\n-----END CERTIFICATE-----\n",
                "is_ca": true,
                "issuer": "CN=Amazon Root CA 1,O=Amazon,C=US",
                "not_after": "2030-08-23T22:25:30Z",
                "not_before": "2022-08-23T22:25:30Z",
                "public_key_algorithm": "RSA",
                "serial_number": "166129353110899469622597955040406457904926625",
                "sha1_fingerprint": "414a2060b738c635cc7fc243e052615592830c53",
                "signature_algorithm": "SHA256-RSA",
                "subject": "CN=Amazon RSA 2048 M02,O=Amazon,C=US",
                "version": 3
              },
              {
                "cert_pem": "-----BEGIN CERTIFICATE-----\nMIIF5TCCBM2gAwIBAgIQDsWM2D5RSLl7IRD58Bp6DzANBgkqhkiG9w0BAQsFADA8\nMQswCQYDVQQGEwJVUzEPMA0GA1UEChMGQW1hem9uMRwwGgYDVQQDExNBbWF6b24g\nUlNBIDIwNDggTTAyMB4XDTI0MDQwMTAwMDAwMFoXDTI1MDQzMDIzNTk1OVowKDEm\nMCQGA1UEAwwdKi5la3MudXMtd2VzdC0yLmFtYXpvbmF3cy5jb20wggEiMA0GCSqG\nSIb3DQEBAQUAA4IBDwAwggEKAoIBAQDX5xeQmZmCHJG/Hd1k93EKIB8aJgqMBjV8\nhK/mr1q0NT//Sv1xJGaZELpdUh1rAYUSSGUs0rRC8+vugtpzOMJ6asPo4KFOxfBe\neq+QZddyw7yay4RaywlHlBuvqhZkMcTyie3Bw08EnKct7xPKcn11cFHf5Uef1Q+G\nLyWJealim9xLyaSZ3VdKswDVn4YrqWaCi89RgngtldUTpTBBOr52C6ZOcaAPZj7L\nMkui4/kC4dTtnCKJKmVKT1gnbKK/bcH3G63M2EOSjhR1JFMyTNBs0UNfDqVFnpIB\ngc6antQWJ1z5BpiejH0HJlDBfa4JJ9LSbSSl4oSnW1m5FWgOP6TrAgMBAAGjggL1\nMIIC8TAfBgNVHSMEGDAWgBTAMVLNWlDDgnx0cc7L6Zz5euuC4jAdBgNVHQ4EFgQU\niV25OQVdcpXV1bT71pUVtEYNuiAwKAYDVR0RBCEwH4IdKi5la3MudXMtd2VzdC0y\nLmFtYXpvbmF3cy5jb20wEwYDVR0gBAwwCjAIBgZngQwBAgEwDgYDVR0PAQH/BAQD\nAgWgMB0GA1UdJQQWMBQGCCsGAQUFBwMBBggrBgEFBQcDAjA7BgNVHR8ENDAyMDCg\nLqAshipodHRwOi8vY3JsLnIybTAyLmFtYXpvbnRydXN0LmNvbS9yMm0wMi5jcmww\ndQYIKwYBBQUHAQEEaTBnMC0GCCsGAQUFBzABhiFodHRwOi8vb2NzcC5yMm0wMi5h\nbWF6b250cnVzdC5jb20wNgYIKwYBBQUHMAKGKmh0dHA6Ly9jcnQucjJtMDIuYW1h\nem9udHJ1c3QuY29tL3IybTAyLmNlcjAMBgNVHRMBAf8EAjAAMIIBfQYKKwYBBAHW\neQIEAgSCAW0EggFpAWcAdgDPEVbu1S58r/OHW9lpLpvpGnFnSrAX7KwB0lt3zsw7\nCAAAAY6aMr/xAAAEAwBHMEUCIEkz4BRPTftldFZ3x7B3K5F91iqxjGZKYVBh7ChF\nWMa1AiEA5Tac6flLFvDsSI9OprjWela3qTk8/meb1i4aTt4vLYUAdgB9WR4S4Xgq\nexxhZ3xe/fjQh1wUoE6VnrkDL9kOjC55uAAAAY6aMr+zAAAEAwBHMEUCIHFcffDz\nLXWVRQA1pu63XR9odC62oKPm00qYSEcIK9QhAiEAze+8hnlqBtqAkdLRW9KmBL2Q\n2el9UwkvdmiqSsAySBUAdQDm0jFjQHeMwRBBBtdxuc7B0kD2loSG+7qHMh39HjeO\nUAAAAY6aMr/EAAAEAwBGMEQCIG2ekWjuvM0A2NoQe7pGojHoYAyYK8+bISkAyTdC\n6HPBAiBR67wkUrGGjfMaD8cy2nBhuThBMB8kOZLm5YOegGDGyzANBgkqhkiG9w0B\nAQsFAAOCAQEAeNiU5fLVKMSwpzjtYMfCydbBJhmcbzBC81zZLFMETCoDT2gnJrEm\n86kN44ZMOonuECEs3n++I2lMoslsdXRevU7EZ4Jo8imOVy0Is05ffbfnv294viuG\nB23hMe9JQMVBuQzDyoUvBUhcJIxk7hQoFGjckh2P7km4HmH/0vZV13Lhrat9kws4\n3PzywHbzV5SsyOCszZFAowzsUaakhlBXOj++OeCTViHTLixywNhrA2n+21yCTVAj\nXAfc6i0YQ/B17FKkYlH/L5ZNl0UdXaW79LobdZdIsCfqOweGjUxLB/pWz2rK4JPI\nqBir/DrLGniJB5oLDg9DfN3gmRp6oWwWTw==\n-----END CERTIFICATE-----\n",
                "is_ca": false,
                "issuer": "CN=Amazon RSA 2048 M02,O=Amazon,C=US",
                "not_after": "2025-04-30T23:59:59Z",
                "not_before": "2024-04-01T00:00:00Z",
                "public_key_algorithm": "RSA",
                "serial_number": "19634931092034134610649070322822314511",
                "sha1_fingerprint": "3934cf57a95810cf5b7a7ce04dbb323fdb9a41a7",
                "signature_algorithm": "SHA256-RSA",
                "subject": "CN=*.eks.us-west-2.amazonaws.com",
                "version": 3
              }
            ],
            "content": null,
            "id": "9ce40dc2a049cbf871181c1b9ce87cb4fcc34109",
            "url": "https://oidc.eks.us-west-2.amazonaws.com/id/6EECAA73558305E1C781C34B34B43193",
            "verify_chain": true
          },
          "sensitive_attributes": []
        }
      ]
    },
    {
      "module": "module.my-eks.module.eks-dev",
      "mode": "managed",
      "type": "aws_cloudwatch_log_group",
      "name": "this",
      "provider": "module.my-eks.provider[\"registry.terraform.io/hashicorp/aws\"].us-west-2",
      "instances": [
        {
          "index_key": 0,
          "schema_version": 0,
          "attributes": {
            "arn": "arn:aws:logs:us-west-2:495143188735:log-group:/aws/eks/pip-olumoko-cluster/cluster",
            "id": "/aws/eks/pip-olumoko-cluster/cluster",
            "kms_key_id": "",
            "log_group_class": "STANDARD",
            "name": "/aws/eks/pip-olumoko-cluster/cluster",
            "name_prefix": "",
            "retention_in_days": 90,
            "skip_destroy": false,
            "tags": {
              "Name": "/aws/eks/pip-olumoko-cluster/cluster"
            },
            "tags_all": {
              "Name": "/aws/eks/pip-olumoko-cluster/cluster"
            }
          },
          "sensitive_attributes": [],
          "private": "bnVsbA==",
          "create_before_destroy": true
        }
      ]
    },
    {
      "module": "module.my-eks.module.eks-dev",
      "mode": "managed",
      "type": "aws_eks_cluster",
      "name": "this",
      "provider": "module.my-eks.provider[\"registry.terraform.io/hashicorp/aws\"].us-west-2",
      "instances": [
        {
          "index_key": 0,
          "schema_version": 1,
          "attributes": {
            "access_config": [
              {
                "authentication_mode": "CONFIG_MAP",
                "bootstrap_cluster_creator_admin_permissions": true
              }
            ],
            "arn": "arn:aws:eks:us-west-2:495143188735:cluster/pip-olumoko-cluster",
            "bootstrap_self_managed_addons": true,
            "certificate_authority": [
              {
                "data": "LS0tLS1CRUdJTiBDRVJUSUZJQ0FURS0tLS0tCk1JSUMvakNDQWVhZ0F3SUJBZ0lCQURBTkJna3Foa2lHOXcwQkFRc0ZBREFWTVJNd0VRWURWUVFERXdwcmRXSmwKY201bGRHVnpNQjRYRFRJME1Ea3hNekV6TXpReE9Wb1hEVE0wTURreE1URXpNelF4T1Zvd0ZURVRNQkVHQTFVRQpBeE1LYTNWaVpYSnVaWFJsY3pDQ0FTSXdEUVlKS29aSWh2Y05BUUVCQlFBRGdnRVBBRENDQVFvQ2dnRUJBS1k1CnViaXBrWVF5Yzhjb2NXNkl1Z05Pek5KU2hJR1d3THJuYlBGNnpWSytIYnZVeDRLNTdlY2xQS01nWlY4MUFXRVMKSDlyUjQ5aHNzdDFHd3RsMk5TL05uS0lJOG8rS1pxZStFZ2Z3alhDSmgvOC9UZVNJNmtPbFR4djBrd0xUMkdnOApWaUhWdmNrVXllN24rYUtreTAxbXNKd1RHNGJGN1NjWU1xenBzSDRWNHVxQVZDcGE1azluUEFMRmpHQlZlcWVUCk1FQ1N1RVAvby9pYnhkZnNVNlhSVjFnZStjUlFlRGtCNE0vRFBXYnlUSk8yVnpzTkQ3a3hXeUROY2tjRlZuODYKaGxrZHBnYTFEMkFSbkFNMDBjVjdrQUlTaFAvS09PbUhKTVdrRzBDUFUzZVNyYWtSVm55STB1djJiR1lYdDJTRwpReDh5ZlVXcThveVI1cDBFanQ4Q0F3RUFBYU5aTUZjd0RnWURWUjBQQVFIL0JBUURBZ0trTUE4R0ExVWRFd0VCCi93UUZNQU1CQWY4d0hRWURWUjBPQkJZRUZOUHVSdmZsRWNVTDRmVm83bERod3pzNzlSanNNQlVHQTFVZEVRUU8KTUF5Q0NtdDFZbVZ5Ym1WMFpYTXdEUVlKS29aSWh2Y05BUUVMQlFBRGdnRUJBSXVHZlpERkg4cjZTZ3kzUzd2SQo2T1F5ZkdienJzREhrelFlSGlLZnR0bXFYSHFCOVZaaU1KeDJEempNUVBPMHRCY2FZUFVYdUZvdVdNNU9XUnR4Cm1LOFp2bTNRYUVXdXZ1ZUl4azlWOERaYzZrSEl5SkVZTG50TlcwaTJBRy92MmN3YmdTQjNTbmZtRGJzU1hrZnYKcWY3UUpxbktGeU4wRmlYWGpyU3J4VkRuTTVKd3RJcGJQekNoblorOUg3clNrVzQ4Yzd0azRtR29uVkxwUUNGNgpzM002RSt4NlJPTytOcWJMUURGNXlkSGhFb3NzaEtmcnVvNFI1RjVIM0pkMjlLdFNKNVdBOXZzY1NBcER3OEdnClVHeitJTzJjYTFGSEkxR0lSZkRsNWorU1lJLzVtREZVbmxoNDEyZURhRzdvVmptcmtVOFpKQVJqbUhnN2szbjAKWC9JPQotLS0tLUVORCBDRVJUSUZJQ0FURS0tLS0tCg=="
              }
            ],
            "cluster_id": null,
            "created_at": "2024-09-13T13:29:04Z",
            "enabled_cluster_log_types": [
              "api",
              "audit",
              "authenticator"
            ],
            "encryption_config": [
              {
                "provider": [
                  {
                    "key_arn": "arn:aws:kms:us-west-2:495143188735:key/d530fc6e-e473-4906-a348-0dda89a287bf"
                  }
                ],
                "resources": [
                  "secrets"
                ]
              }
            ],
            "endpoint": "https://6EECAA73558305E1C781C34B34B43193.yl4.us-west-2.eks.amazonaws.com",
            "id": "pip-olumoko-cluster",
            "identity": [
              {
                "oidc": [
                  {
                    "issuer": "https://oidc.eks.us-west-2.amazonaws.com/id/6EECAA73558305E1C781C34B34B43193"
                  }
                ]
              }
            ],
            "kubernetes_network_config": [
              {
                "ip_family": "ipv4",
                "service_ipv4_cidr": "172.20.0.0/16",
                "service_ipv6_cidr": ""
              }
            ],
            "name": "pip-olumoko-cluster",
            "outpost_config": [],
            "platform_version": "eks.28",
            "role_arn": "arn:aws:iam::495143188735:role/pip-olumoko-cluster-cluster-20240913132806389100000003",
            "status": "ACTIVE",
            "tags": null,
            "tags_all": {},
            "timeouts": {
              "create": null,
              "delete": null,
              "update": null
            },
            "upgrade_policy": [
              {
                "support_type": "EXTENDED"
              }
            ],
            "version": "1.24",
            "vpc_config": [
              {
                "cluster_security_group_id": "sg-01a01784d28e02dd6",
                "endpoint_private_access": true,
                "endpoint_public_access": true,
                "public_access_cidrs": [
                  "0.0.0.0/0"
                ],
                "security_group_ids": [
                  "sg-071489d3b8cff60b1"
                ],
                "subnet_ids": [
                  "subnet-0493724e2cb94c7db",
                  "subnet-0cf919d6a6a684481",
                  "subnet-0d11688985c3f8fd2"
                ],
                "vpc_id": "vpc-0ba67eb324e54026c"
              }
            ]
          },
          "sensitive_attributes": [],
          "private": "eyJlMmJmYjczMC1lY2FhLTExZTYtOGY4OC0zNDM2M2JjN2M0YzAiOnsiY3JlYXRlIjoxODAwMDAwMDAwMDAwLCJkZWxldGUiOjkwMDAwMDAwMDAwMCwidXBkYXRlIjozNjAwMDAwMDAwMDAwfSwic2NoZW1hX3ZlcnNpb24iOiIxIn0=",
          "dependencies": [
            "module.moses_vpc.data.aws_availability_zones.us-west-2",
            "module.moses_vpc.module.vpc_secondary.aws_subnet.private",
            "module.moses_vpc.module.vpc_secondary.aws_vpc.this",
            "module.moses_vpc.module.vpc_secondary.aws_vpc_ipv4_cidr_block_association.this",
            "module.my-eks.module.eks-dev.aws_cloudwatch_log_group.this",
            "module.my-eks.module.eks-dev.aws_iam_policy.cni_ipv6_policy",
            "module.my-eks.module.eks-dev.aws_iam_role.this",
            "module.my-eks.module.eks-dev.aws_iam_role_policy_attachment.this",
            "module.my-eks.module.eks-dev.aws_security_group.cluster",
            "module.my-eks.module.eks-dev.aws_security_group.node",
            "module.my-eks.module.eks-dev.aws_security_group_rule.cluster",
            "module.my-eks.module.eks-dev.aws_security_group_rule.node",
            "module.my-eks.module.eks-dev.data.aws_iam_policy_document.assume_role_policy",
            "module.my-eks.module.eks-dev.data.aws_iam_session_context.current",
            "module.my-eks.module.eks-dev.data.aws_partition.current",
            "module.my-eks.module.eks-dev.module.kms.aws_kms_external_key.this",
            "module.my-eks.module.eks-dev.module.kms.aws_kms_key.this",
            "module.my-eks.module.eks-dev.module.kms.data.aws_caller_identity.current",
            "module.my-eks.module.eks-dev.module.kms.data.aws_iam_policy_document.this",
            "module.my-eks.module.eks-dev.module.kms.data.aws_partition.current"
          ],
          "create_before_destroy": true
        }
      ]
    },
    {
      "module": "module.my-eks.module.eks-dev",
      "mode": "managed",
      "type": "aws_iam_openid_connect_provider",
      "name": "oidc_provider",
      "provider": "module.my-eks.provider[\"registry.terraform.io/hashicorp/aws\"].us-west-2",
      "instances": [
        {
          "index_key": 0,
          "schema_version": 0,
          "attributes": {
            "arn": "arn:aws:iam::495143188735:oidc-provider/oidc.eks.us-west-2.amazonaws.com/id/6EECAA73558305E1C781C34B34B43193",
            "client_id_list": [
              "sts.amazonaws.com"
            ],
            "id": "arn:aws:iam::495143188735:oidc-provider/oidc.eks.us-west-2.amazonaws.com/id/6EECAA73558305E1C781C34B34B43193",
            "tags": {
              "Name": "pip-olumoko-cluster-eks-irsa"
            },
            "tags_all": {
              "Name": "pip-olumoko-cluster-eks-irsa"
            },
            "thumbprint_list": [
              "9e99a48a9960b14926bb7f3b02e22da2b0ab7280",
              "06b25927c42a721631c1efd9431e648fa62e1e39",
              "414a2060b738c635cc7fc243e052615592830c53",
              "3934cf57a95810cf5b7a7ce04dbb323fdb9a41a7"
            ],
            "url": "oidc.eks.us-west-2.amazonaws.com/id/6EECAA73558305E1C781C34B34B43193"
          },
          "sensitive_attributes": [],
          "private": "bnVsbA==",
          "dependencies": [
            "module.moses_vpc.data.aws_availability_zones.us-west-2",
            "module.moses_vpc.module.vpc_secondary.aws_subnet.private",
            "module.moses_vpc.module.vpc_secondary.aws_vpc.this",
            "module.moses_vpc.module.vpc_secondary.aws_vpc_ipv4_cidr_block_association.this",
            "module.my-eks.module.eks-dev.aws_cloudwatch_log_group.this",
            "module.my-eks.module.eks-dev.aws_eks_cluster.this",
            "module.my-eks.module.eks-dev.aws_iam_policy.cni_ipv6_policy",
            "module.my-eks.module.eks-dev.aws_iam_role.this",
            "module.my-eks.module.eks-dev.aws_iam_role_policy_attachment.this",
            "module.my-eks.module.eks-dev.aws_security_group.cluster",
            "module.my-eks.module.eks-dev.aws_security_group.node",
            "module.my-eks.module.eks-dev.aws_security_group_rule.cluster",
            "module.my-eks.module.eks-dev.aws_security_group_rule.node",
            "module.my-eks.module.eks-dev.data.aws_iam_policy_document.assume_role_policy",
            "module.my-eks.module.eks-dev.data.aws_iam_session_context.current",
            "module.my-eks.module.eks-dev.data.aws_partition.current",
            "module.my-eks.module.eks-dev.data.tls_certificate.this",
            "module.my-eks.module.eks-dev.module.kms.aws_kms_external_key.this",
            "module.my-eks.module.eks-dev.module.kms.aws_kms_key.this",
            "module.my-eks.module.eks-dev.module.kms.data.aws_caller_identity.current",
            "module.my-eks.module.eks-dev.module.kms.data.aws_iam_policy_document.this",
            "module.my-eks.module.eks-dev.module.kms.data.aws_partition.current"
          ]
        }
      ]
    },
    {
      "module": "module.my-eks.module.eks-dev",
      "mode": "managed",
      "type": "aws_iam_policy",
      "name": "cluster_encryption",
      "provider": "module.my-eks.provider[\"registry.terraform.io/hashicorp/aws\"].us-west-2",
      "instances": [
        {
          "index_key": 0,
          "schema_version": 0,
          "attributes": {
            "arn": "arn:aws:iam::495143188735:policy/pip-olumoko-cluster-cluster-ClusterEncryption2024091313283502890000000c",
            "attachment_count": 0,
            "description": "Cluster encryption policy to allow cluster role to utilize CMK provided",
            "id": "arn:aws:iam::495143188735:policy/pip-olumoko-cluster-cluster-ClusterEncryption2024091313283502890000000c",
            "name": "pip-olumoko-cluster-cluster-ClusterEncryption2024091313283502890000000c",
            "name_prefix": "pip-olumoko-cluster-cluster-ClusterEncryption",
            "path": "/",
            "policy": "{\"Statement\":[{\"Action\":[\"kms:Encrypt\",\"kms:Decrypt\",\"kms:ListGrants\",\"kms:DescribeKey\"],\"Effect\":\"Allow\",\"Resource\":\"arn:aws:kms:us-west-2:495143188735:key/d530fc6e-e473-4906-a348-0dda89a287bf\"}],\"Version\":\"2012-10-17\"}",
            "policy_id": "ANPAXGSGVPD7422NWL76R",
            "tags": null,
            "tags_all": {}
          },
          "sensitive_attributes": [],
          "private": "bnVsbA==",
          "dependencies": [
            "module.my-eks.module.eks-dev.aws_iam_role.this",
            "module.my-eks.module.eks-dev.data.aws_iam_policy_document.assume_role_policy",
            "module.my-eks.module.eks-dev.data.aws_iam_session_context.current",
            "module.my-eks.module.eks-dev.module.kms.aws_kms_external_key.this",
            "module.my-eks.module.eks-dev.module.kms.aws_kms_key.this",
            "module.my-eks.module.eks-dev.module.kms.data.aws_caller_identity.current",
            "module.my-eks.module.eks-dev.module.kms.data.aws_iam_policy_document.this",
            "module.my-eks.module.eks-dev.module.kms.data.aws_partition.current"
          ]
        }
      ]
    },
    {
      "module": "module.my-eks.module.eks-dev",
      "mode": "managed",
      "type": "aws_iam_role",
      "name": "this",
      "provider": "module.my-eks.provider[\"registry.terraform.io/hashicorp/aws\"].us-west-2",
      "instances": [
        {
          "index_key": 0,
          "schema_version": 0,
          "attributes": {
            "arn": "arn:aws:iam::495143188735:role/pip-olumoko-cluster-cluster-20240913132806389100000003",
            "assume_role_policy": "{\"Statement\":[{\"Action\":\"sts:AssumeRole\",\"Effect\":\"Allow\",\"Principal\":{\"Service\":\"eks.amazonaws.com\"},\"Sid\":\"EKSClusterAssumeRole\"}],\"Version\":\"2012-10-17\"}",
            "create_date": "2024-09-13T13:28:07Z",
            "description": "",
            "force_detach_policies": true,
            "id": "pip-olumoko-cluster-cluster-20240913132806389100000003",
            "inline_policy": [
              {
                "name": "pip-olumoko-cluster-cluster",
                "policy": "{\"Version\":\"2012-10-17\",\"Statement\":[{\"Action\":[\"logs:CreateLogGroup\"],\"Effect\":\"Deny\",\"Resource\":\"*\"}]}"
              }
            ],
            "managed_policy_arns": [],
            "max_session_duration": 3600,
            "name": "pip-olumoko-cluster-cluster-20240913132806389100000003",
            "name_prefix": "pip-olumoko-cluster-cluster-",
            "path": "/",
            "permissions_boundary": "",
            "tags": null,
            "tags_all": {},
            "unique_id": "AROAXGSGVPD7UTR56VYCT"
          },
          "sensitive_attributes": [],
          "private": "bnVsbA==",
          "dependencies": [
            "module.my-eks.module.eks-dev.data.aws_iam_policy_document.assume_role_policy"
          ],
          "create_before_destroy": true
        }
      ]
    },
    {
      "module": "module.my-eks.module.eks-dev",
      "mode": "managed",
      "type": "aws_iam_role_policy_attachment",
      "name": "cluster_encryption",
      "provider": "module.my-eks.provider[\"registry.terraform.io/hashicorp/aws\"].us-west-2",
      "instances": [
        {
          "index_key": 0,
          "schema_version": 0,
          "attributes": {
            "id": "pip-olumoko-cluster-cluster-20240913132806389100000003-2024091313283857780000000d",
            "policy_arn": "arn:aws:iam::495143188735:policy/pip-olumoko-cluster-cluster-ClusterEncryption2024091313283502890000000c",
            "role": "pip-olumoko-cluster-cluster-20240913132806389100000003"
          },
          "sensitive_attributes": [],
          "private": "bnVsbA==",
          "dependencies": [
            "module.my-eks.module.eks-dev.aws_iam_policy.cluster_encryption",
            "module.my-eks.module.eks-dev.aws_iam_role.this",
            "module.my-eks.module.eks-dev.data.aws_iam_policy_document.assume_role_policy",
            "module.my-eks.module.eks-dev.data.aws_iam_session_context.current",
            "module.my-eks.module.eks-dev.module.kms.aws_kms_external_key.this",
            "module.my-eks.module.eks-dev.module.kms.aws_kms_key.this",
            "module.my-eks.module.eks-dev.module.kms.data.aws_caller_identity.current",
            "module.my-eks.module.eks-dev.module.kms.data.aws_iam_policy_document.this",
            "module.my-eks.module.eks-dev.module.kms.data.aws_partition.current"
          ]
        }
      ]
    },
    {
      "module": "module.my-eks.module.eks-dev",
      "mode": "managed",
      "type": "aws_iam_role_policy_attachment",
      "name": "this",
      "provider": "module.my-eks.provider[\"registry.terraform.io/hashicorp/aws\"].us-west-2",
      "instances": [
        {
          "index_key": "AmazonEKSClusterPolicy",
          "schema_version": 0,
          "attributes": {
            "id": "pip-olumoko-cluster-cluster-20240913132806389100000003-2024091313281055230000000b",
            "policy_arn": "arn:aws:iam::aws:policy/AmazonEKSClusterPolicy",
            "role": "pip-olumoko-cluster-cluster-20240913132806389100000003"
          },
          "sensitive_attributes": [],
          "private": "bnVsbA==",
          "dependencies": [
            "module.my-eks.module.eks-dev.aws_iam_role.this",
            "module.my-eks.module.eks-dev.data.aws_iam_policy_document.assume_role_policy",
            "module.my-eks.module.eks-dev.data.aws_partition.current"
          ],
          "create_before_destroy": true
        },
        {
          "index_key": "AmazonEKSVPCResourceController",
          "schema_version": 0,
          "attributes": {
            "id": "pip-olumoko-cluster-cluster-20240913132806389100000003-2024091313281052020000000a",
            "policy_arn": "arn:aws:iam::aws:policy/AmazonEKSVPCResourceController",
            "role": "pip-olumoko-cluster-cluster-20240913132806389100000003"
          },
          "sensitive_attributes": [],
          "private": "bnVsbA==",
          "dependencies": [
            "module.my-eks.module.eks-dev.aws_iam_role.this",
            "module.my-eks.module.eks-dev.data.aws_iam_policy_document.assume_role_policy",
            "module.my-eks.module.eks-dev.data.aws_partition.current"
          ],
          "create_before_destroy": true
        }
      ]
    },
    {
      "module": "module.my-eks.module.eks-dev",
      "mode": "managed",
      "type": "aws_security_group",
      "name": "cluster",
      "provider": "module.my-eks.provider[\"registry.terraform.io/hashicorp/aws\"].us-west-2",
      "instances": [
        {
          "index_key": 0,
          "schema_version": 1,
          "attributes": {
            "arn": "arn:aws:ec2:us-west-2:495143188735:security-group/sg-071489d3b8cff60b1",
            "description": "EKS cluster security group",
            "egress": [],
            "id": "sg-071489d3b8cff60b1",
            "ingress": [],
            "name": "pip-olumoko-cluster-cluster-2024091313283939450000000e",
            "name_prefix": "pip-olumoko-cluster-cluster-",
            "owner_id": "495143188735",
            "revoke_rules_on_delete": false,
            "tags": {
              "Name": "pip-olumoko-cluster-cluster"
            },
            "tags_all": {
              "Name": "pip-olumoko-cluster-cluster"
            },
            "timeouts": null,
            "vpc_id": "vpc-0ba67eb324e54026c"
          },
          "sensitive_attributes": [],
          "private": "eyJlMmJmYjczMC1lY2FhLTExZTYtOGY4OC0zNDM2M2JjN2M0YzAiOnsiY3JlYXRlIjo2MDAwMDAwMDAwMDAsImRlbGV0ZSI6OTAwMDAwMDAwMDAwfSwic2NoZW1hX3ZlcnNpb24iOiIxIn0=",
          "dependencies": [
            "module.moses_vpc.module.vpc_secondary.aws_vpc.this"
          ],
          "create_before_destroy": true
        }
      ]
    },
    {
      "module": "module.my-eks.module.eks-dev",
      "mode": "managed",
      "type": "aws_security_group",
      "name": "node",
      "provider": "module.my-eks.provider[\"registry.terraform.io/hashicorp/aws\"].us-west-2",
      "instances": [
        {
          "index_key": 0,
          "schema_version": 1,
          "attributes": {
            "arn": "arn:aws:ec2:us-west-2:495143188735:security-group/sg-069e7131ace2c9dc7",
            "description": "EKS node shared security group",
            "egress": [],
            "id": "sg-069e7131ace2c9dc7",
            "ingress": [],
            "name": "pip-olumoko-cluster-node-2024091313283959130000000f",
            "name_prefix": "pip-olumoko-cluster-node-",
            "owner_id": "495143188735",
            "revoke_rules_on_delete": false,
            "tags": {
              "Name": "pip-olumoko-cluster-node",
              "kubernetes.io/cluster/pip-olumoko-cluster": "owned"
            },
            "tags_all": {
              "Name": "pip-olumoko-cluster-node",
              "kubernetes.io/cluster/pip-olumoko-cluster": "owned"
            },
            "timeouts": null,
            "vpc_id": "vpc-0ba67eb324e54026c"
          },
          "sensitive_attributes": [],
          "private": "eyJlMmJmYjczMC1lY2FhLTExZTYtOGY4OC0zNDM2M2JjN2M0YzAiOnsiY3JlYXRlIjo2MDAwMDAwMDAwMDAsImRlbGV0ZSI6OTAwMDAwMDAwMDAwfSwic2NoZW1hX3ZlcnNpb24iOiIxIn0=",
          "dependencies": [
            "module.moses_vpc.module.vpc_secondary.aws_vpc.this"
          ],
          "create_before_destroy": true
        }
      ]
    },
    {
      "module": "module.my-eks.module.eks-dev",
      "mode": "managed",
      "type": "aws_security_group_rule",
      "name": "cluster",
      "provider": "module.my-eks.provider[\"registry.terraform.io/hashicorp/aws\"].us-west-2",
      "instances": [
        {
          "index_key": "ingress_nodes_443",
          "schema_version": 2,
          "attributes": {
            "cidr_blocks": null,
            "description": "Node groups to cluster API",
            "from_port": 443,
            "id": "sgrule-3999560725",
            "ipv6_cidr_blocks": null,
            "prefix_list_ids": null,
            "protocol": "tcp",
            "security_group_id": "sg-071489d3b8cff60b1",
            "security_group_rule_id": "sgr-05456a616ba480d27",
            "self": false,
            "source_security_group_id": "sg-069e7131ace2c9dc7",
            "timeouts": null,
            "to_port": 443,
            "type": "ingress"
          },
          "sensitive_attributes": [],
          "private": "eyJlMmJmYjczMC1lY2FhLTExZTYtOGY4OC0zNDM2M2JjN2M0YzAiOnsiY3JlYXRlIjozMDAwMDAwMDAwMDB9LCJzY2hlbWFfdmVyc2lvbiI6IjIifQ==",
          "dependencies": [
            "module.moses_vpc.module.vpc_secondary.aws_vpc.this",
            "module.my-eks.module.eks-dev.aws_security_group.cluster",
            "module.my-eks.module.eks-dev.aws_security_group.node"
          ],
          "create_before_destroy": true
        }
      ]
    },
    {
      "module": "module.my-eks.module.eks-dev",
      "mode": "managed",
      "type": "aws_security_group_rule",
      "name": "node",
      "provider": "module.my-eks.provider[\"registry.terraform.io/hashicorp/aws\"].us-west-2",
      "instances": [
        {
          "index_key": "egress_all",
          "schema_version": 2,
          "attributes": {
            "cidr_blocks": [
              "0.0.0.0/0"
            ],
            "description": "Allow all egress",
            "from_port": 0,
            "id": "sgrule-1078613604",
            "ipv6_cidr_blocks": null,
            "prefix_list_ids": [],
            "protocol": "-1",
            "security_group_id": "sg-069e7131ace2c9dc7",
            "security_group_rule_id": "sgr-0aa3f326f8aeaac02",
            "self": false,
            "source_security_group_id": null,
            "timeouts": null,
            "to_port": 0,
            "type": "egress"
          },
          "sensitive_attributes": [],
          "private": "eyJlMmJmYjczMC1lY2FhLTExZTYtOGY4OC0zNDM2M2JjN2M0YzAiOnsiY3JlYXRlIjozMDAwMDAwMDAwMDB9LCJzY2hlbWFfdmVyc2lvbiI6IjIifQ==",
          "dependencies": [
            "module.moses_vpc.module.vpc_secondary.aws_vpc.this",
            "module.my-eks.module.eks-dev.aws_security_group.cluster",
            "module.my-eks.module.eks-dev.aws_security_group.node"
          ],
          "create_before_destroy": true
        },
        {
          "index_key": "ingress_cluster_443",
          "schema_version": 2,
          "attributes": {
            "cidr_blocks": null,
            "description": "Cluster API to node groups",
            "from_port": 443,
            "id": "sgrule-1849720716",
            "ipv6_cidr_blocks": null,
            "prefix_list_ids": [],
            "protocol": "tcp",
            "security_group_id": "sg-069e7131ace2c9dc7",
            "security_group_rule_id": "sgr-0dad768254fb2a21e",
            "self": false,
            "source_security_group_id": "sg-071489d3b8cff60b1",
            "timeouts": null,
            "to_port": 443,
            "type": "ingress"
          },
          "sensitive_attributes": [],
          "private": "eyJlMmJmYjczMC1lY2FhLTExZTYtOGY4OC0zNDM2M2JjN2M0YzAiOnsiY3JlYXRlIjozMDAwMDAwMDAwMDB9LCJzY2hlbWFfdmVyc2lvbiI6IjIifQ==",
          "dependencies": [
            "module.moses_vpc.module.vpc_secondary.aws_vpc.this",
            "module.my-eks.module.eks-dev.aws_security_group.cluster",
            "module.my-eks.module.eks-dev.aws_security_group.node"
          ],
          "create_before_destroy": true
        },
        {
          "index_key": "ingress_cluster_4443_webhook",
          "schema_version": 2,
          "attributes": {
            "cidr_blocks": null,
            "description": "Cluster API to node 4443/tcp webhook",
            "from_port": 4443,
            "id": "sgrule-2917602754",
            "ipv6_cidr_blocks": null,
            "prefix_list_ids": [],
            "protocol": "tcp",
            "security_group_id": "sg-069e7131ace2c9dc7",
            "security_group_rule_id": "sgr-0a9d2c97e200e779f",
            "self": false,
            "source_security_group_id": "sg-071489d3b8cff60b1",
            "timeouts": null,
            "to_port": 4443,
            "type": "ingress"
          },
          "sensitive_attributes": [],
          "private": "eyJlMmJmYjczMC1lY2FhLTExZTYtOGY4OC0zNDM2M2JjN2M0YzAiOnsiY3JlYXRlIjozMDAwMDAwMDAwMDB9LCJzY2hlbWFfdmVyc2lvbiI6IjIifQ==",
          "dependencies": [
            "module.moses_vpc.module.vpc_secondary.aws_vpc.this",
            "module.my-eks.module.eks-dev.aws_security_group.cluster",
            "module.my-eks.module.eks-dev.aws_security_group.node"
          ],
          "create_before_destroy": true
        },
        {
          "index_key": "ingress_cluster_6443_webhook",
          "schema_version": 2,
          "attributes": {
            "cidr_blocks": null,
            "description": "Cluster API to node 6443/tcp webhook",
            "from_port": 6443,
            "id": "sgrule-1688564308",
            "ipv6_cidr_blocks": null,
            "prefix_list_ids": [],
            "protocol": "tcp",
            "security_group_id": "sg-069e7131ace2c9dc7",
            "security_group_rule_id": "sgr-00dd53ec6a4f08dc3",
            "self": false,
            "source_security_group_id": "sg-071489d3b8cff60b1",
            "timeouts": null,
            "to_port": 6443,
            "type": "ingress"
          },
          "sensitive_attributes": [],
          "private": "eyJlMmJmYjczMC1lY2FhLTExZTYtOGY4OC0zNDM2M2JjN2M0YzAiOnsiY3JlYXRlIjozMDAwMDAwMDAwMDB9LCJzY2hlbWFfdmVyc2lvbiI6IjIifQ==",
          "dependencies": [
            "module.moses_vpc.module.vpc_secondary.aws_vpc.this",
            "module.my-eks.module.eks-dev.aws_security_group.cluster",
            "module.my-eks.module.eks-dev.aws_security_group.node"
          ],
          "create_before_destroy": true
        },
        {
          "index_key": "ingress_cluster_8443_webhook",
          "schema_version": 2,
          "attributes": {
            "cidr_blocks": null,
            "description": "Cluster API to node 8443/tcp webhook",
            "from_port": 8443,
            "id": "sgrule-2012827253",
            "ipv6_cidr_blocks": null,
            "prefix_list_ids": [],
            "protocol": "tcp",
            "security_group_id": "sg-069e7131ace2c9dc7",
            "security_group_rule_id": "sgr-0eee4e6c34da6abd1",
            "self": false,
            "source_security_group_id": "sg-071489d3b8cff60b1",
            "timeouts": null,
            "to_port": 8443,
            "type": "ingress"
          },
          "sensitive_attributes": [],
          "private": "eyJlMmJmYjczMC1lY2FhLTExZTYtOGY4OC0zNDM2M2JjN2M0YzAiOnsiY3JlYXRlIjozMDAwMDAwMDAwMDB9LCJzY2hlbWFfdmVyc2lvbiI6IjIifQ==",
          "dependencies": [
            "module.moses_vpc.module.vpc_secondary.aws_vpc.this",
            "module.my-eks.module.eks-dev.aws_security_group.cluster",
            "module.my-eks.module.eks-dev.aws_security_group.node"
          ],
          "create_before_destroy": true
        },
        {
          "index_key": "ingress_cluster_9443_webhook",
          "schema_version": 2,
          "attributes": {
            "cidr_blocks": null,
            "description": "Cluster API to node 9443/tcp webhook",
            "from_port": 9443,
            "id": "sgrule-324566462",
            "ipv6_cidr_blocks": null,
            "prefix_list_ids": [],
            "protocol": "tcp",
            "security_group_id": "sg-069e7131ace2c9dc7",
            "security_group_rule_id": "sgr-0899be8ab2f0ff2a2",
            "self": false,
            "source_security_group_id": "sg-071489d3b8cff60b1",
            "timeouts": null,
            "to_port": 9443,
            "type": "ingress"
          },
          "sensitive_attributes": [],
          "private": "eyJlMmJmYjczMC1lY2FhLTExZTYtOGY4OC0zNDM2M2JjN2M0YzAiOnsiY3JlYXRlIjozMDAwMDAwMDAwMDB9LCJzY2hlbWFfdmVyc2lvbiI6IjIifQ==",
          "dependencies": [
            "module.moses_vpc.module.vpc_secondary.aws_vpc.this",
            "module.my-eks.module.eks-dev.aws_security_group.cluster",
            "module.my-eks.module.eks-dev.aws_security_group.node"
          ],
          "create_before_destroy": true
        },
        {
          "index_key": "ingress_cluster_kubelet",
          "schema_version": 2,
          "attributes": {
            "cidr_blocks": null,
            "description": "Cluster API to node kubelets",
            "from_port": 10250,
            "id": "sgrule-3575442214",
            "ipv6_cidr_blocks": null,
            "prefix_list_ids": [],
            "protocol": "tcp",
            "security_group_id": "sg-069e7131ace2c9dc7",
            "security_group_rule_id": "sgr-05576abd58ddbd1b7",
            "self": false,
            "source_security_group_id": "sg-071489d3b8cff60b1",
            "timeouts": null,
            "to_port": 10250,
            "type": "ingress"
          },
          "sensitive_attributes": [],
          "private": "eyJlMmJmYjczMC1lY2FhLTExZTYtOGY4OC0zNDM2M2JjN2M0YzAiOnsiY3JlYXRlIjozMDAwMDAwMDAwMDB9LCJzY2hlbWFfdmVyc2lvbiI6IjIifQ==",
          "dependencies": [
            "module.moses_vpc.module.vpc_secondary.aws_vpc.this",
            "module.my-eks.module.eks-dev.aws_security_group.cluster",
            "module.my-eks.module.eks-dev.aws_security_group.node"
          ],
          "create_before_destroy": true
        },
        {
          "index_key": "ingress_nodes_ephemeral",
          "schema_version": 2,
          "attributes": {
            "cidr_blocks": null,
            "description": "Node to node ingress on ephemeral ports",
            "from_port": 1025,
            "id": "sgrule-721905345",
            "ipv6_cidr_blocks": null,
            "prefix_list_ids": [],
            "protocol": "tcp",
            "security_group_id": "sg-069e7131ace2c9dc7",
            "security_group_rule_id": "sgr-0469673acb5b87e77",
            "self": true,
            "source_security_group_id": null,
            "timeouts": null,
            "to_port": 65535,
            "type": "ingress"
          },
          "sensitive_attributes": [],
          "private": "eyJlMmJmYjczMC1lY2FhLTExZTYtOGY4OC0zNDM2M2JjN2M0YzAiOnsiY3JlYXRlIjozMDAwMDAwMDAwMDB9LCJzY2hlbWFfdmVyc2lvbiI6IjIifQ==",
          "dependencies": [
            "module.moses_vpc.module.vpc_secondary.aws_vpc.this",
            "module.my-eks.module.eks-dev.aws_security_group.cluster",
            "module.my-eks.module.eks-dev.aws_security_group.node"
          ],
          "create_before_destroy": true
        },
        {
          "index_key": "ingress_self_coredns_tcp",
          "schema_version": 2,
          "attributes": {
            "cidr_blocks": null,
            "description": "Node to node CoreDNS",
            "from_port": 53,
            "id": "sgrule-4194428761",
            "ipv6_cidr_blocks": null,
            "prefix_list_ids": [],
            "protocol": "tcp",
            "security_group_id": "sg-069e7131ace2c9dc7",
            "security_group_rule_id": "sgr-016e62a3983bd3611",
            "self": true,
            "source_security_group_id": null,
            "timeouts": null,
            "to_port": 53,
            "type": "ingress"
          },
          "sensitive_attributes": [],
          "private": "eyJlMmJmYjczMC1lY2FhLTExZTYtOGY4OC0zNDM2M2JjN2M0YzAiOnsiY3JlYXRlIjozMDAwMDAwMDAwMDB9LCJzY2hlbWFfdmVyc2lvbiI6IjIifQ==",
          "dependencies": [
            "module.moses_vpc.module.vpc_secondary.aws_vpc.this",
            "module.my-eks.module.eks-dev.aws_security_group.cluster",
            "module.my-eks.module.eks-dev.aws_security_group.node"
          ],
          "create_before_destroy": true
        },
        {
          "index_key": "ingress_self_coredns_udp",
          "schema_version": 2,
          "attributes": {
            "cidr_blocks": null,
            "description": "Node to node CoreDNS UDP",
            "from_port": 53,
            "id": "sgrule-1583236278",
            "ipv6_cidr_blocks": null,
            "prefix_list_ids": [],
            "protocol": "udp",
            "security_group_id": "sg-069e7131ace2c9dc7",
            "security_group_rule_id": "sgr-05715a0bc5dbfd1f5",
            "self": true,
            "source_security_group_id": null,
            "timeouts": null,
            "to_port": 53,
            "type": "ingress"
          },
          "sensitive_attributes": [],
          "private": "eyJlMmJmYjczMC1lY2FhLTExZTYtOGY4OC0zNDM2M2JjN2M0YzAiOnsiY3JlYXRlIjozMDAwMDAwMDAwMDB9LCJzY2hlbWFfdmVyc2lvbiI6IjIifQ==",
          "dependencies": [
            "module.moses_vpc.module.vpc_secondary.aws_vpc.this",
            "module.my-eks.module.eks-dev.aws_security_group.cluster",
            "module.my-eks.module.eks-dev.aws_security_group.node"
          ],
          "create_before_destroy": true
        }
      ]
    },
    {
      "module": "module.my-eks.module.eks-dev",
      "mode": "managed",
      "type": "time_sleep",
      "name": "this",
      "provider": "provider[\"registry.terraform.io/hashicorp/time\"]",
      "instances": [
        {
          "index_key": 0,
          "schema_version": 0,
          "attributes": {
            "create_duration": "30s",
            "destroy_duration": null,
            "id": "2024-09-13T13:38:32Z",
            "triggers": {
              "cluster_certificate_authority_data": "LS0tLS1CRUdJTiBDRVJUSUZJQ0FURS0tLS0tCk1JSUMvakNDQWVhZ0F3SUJBZ0lCQURBTkJna3Foa2lHOXcwQkFRc0ZBREFWTVJNd0VRWURWUVFERXdwcmRXSmwKY201bGRHVnpNQjRYRFRJME1Ea3hNekV6TXpReE9Wb1hEVE0wTURreE1URXpNelF4T1Zvd0ZURVRNQkVHQTFVRQpBeE1LYTNWaVpYSnVaWFJsY3pDQ0FTSXdEUVlKS29aSWh2Y05BUUVCQlFBRGdnRVBBRENDQVFvQ2dnRUJBS1k1CnViaXBrWVF5Yzhjb2NXNkl1Z05Pek5KU2hJR1d3THJuYlBGNnpWSytIYnZVeDRLNTdlY2xQS01nWlY4MUFXRVMKSDlyUjQ5aHNzdDFHd3RsMk5TL05uS0lJOG8rS1pxZStFZ2Z3alhDSmgvOC9UZVNJNmtPbFR4djBrd0xUMkdnOApWaUhWdmNrVXllN24rYUtreTAxbXNKd1RHNGJGN1NjWU1xenBzSDRWNHVxQVZDcGE1azluUEFMRmpHQlZlcWVUCk1FQ1N1RVAvby9pYnhkZnNVNlhSVjFnZStjUlFlRGtCNE0vRFBXYnlUSk8yVnpzTkQ3a3hXeUROY2tjRlZuODYKaGxrZHBnYTFEMkFSbkFNMDBjVjdrQUlTaFAvS09PbUhKTVdrRzBDUFUzZVNyYWtSVm55STB1djJiR1lYdDJTRwpReDh5ZlVXcThveVI1cDBFanQ4Q0F3RUFBYU5aTUZjd0RnWURWUjBQQVFIL0JBUURBZ0trTUE4R0ExVWRFd0VCCi93UUZNQU1CQWY4d0hRWURWUjBPQkJZRUZOUHVSdmZsRWNVTDRmVm83bERod3pzNzlSanNNQlVHQTFVZEVRUU8KTUF5Q0NtdDFZbVZ5Ym1WMFpYTXdEUVlKS29aSWh2Y05BUUVMQlFBRGdnRUJBSXVHZlpERkg4cjZTZ3kzUzd2SQo2T1F5ZkdienJzREhrelFlSGlLZnR0bXFYSHFCOVZaaU1KeDJEempNUVBPMHRCY2FZUFVYdUZvdVdNNU9XUnR4Cm1LOFp2bTNRYUVXdXZ1ZUl4azlWOERaYzZrSEl5SkVZTG50TlcwaTJBRy92MmN3YmdTQjNTbmZtRGJzU1hrZnYKcWY3UUpxbktGeU4wRmlYWGpyU3J4VkRuTTVKd3RJcGJQekNoblorOUg3clNrVzQ4Yzd0azRtR29uVkxwUUNGNgpzM002RSt4NlJPTytOcWJMUURGNXlkSGhFb3NzaEtmcnVvNFI1RjVIM0pkMjlLdFNKNVdBOXZzY1NBcER3OEdnClVHeitJTzJjYTFGSEkxR0lSZkRsNWorU1lJLzVtREZVbmxoNDEyZURhRzdvVmptcmtVOFpKQVJqbUhnN2szbjAKWC9JPQotLS0tLUVORCBDRVJUSUZJQ0FURS0tLS0tCg==",
              "cluster_endpoint": "https://6EECAA73558305E1C781C34B34B43193.yl4.us-west-2.eks.amazonaws.com",
              "cluster_name": "pip-olumoko-cluster",
              "cluster_version": "1.24"
            }
          },
          "sensitive_attributes": [],
          "dependencies": [
            "module.moses_vpc.data.aws_availability_zones.us-west-2",
            "module.moses_vpc.module.vpc_secondary.aws_subnet.private",
            "module.moses_vpc.module.vpc_secondary.aws_vpc.this",
            "module.moses_vpc.module.vpc_secondary.aws_vpc_ipv4_cidr_block_association.this",
            "module.my-eks.module.eks-dev.aws_cloudwatch_log_group.this",
            "module.my-eks.module.eks-dev.aws_eks_cluster.this",
            "module.my-eks.module.eks-dev.aws_iam_policy.cni_ipv6_policy",
            "module.my-eks.module.eks-dev.aws_iam_role.this",
            "module.my-eks.module.eks-dev.aws_iam_role_policy_attachment.this",
            "module.my-eks.module.eks-dev.aws_security_group.cluster",
            "module.my-eks.module.eks-dev.aws_security_group.node",
            "module.my-eks.module.eks-dev.aws_security_group_rule.cluster",
            "module.my-eks.module.eks-dev.aws_security_group_rule.node",
            "module.my-eks.module.eks-dev.data.aws_iam_policy_document.assume_role_policy",
            "module.my-eks.module.eks-dev.data.aws_iam_session_context.current",
            "module.my-eks.module.eks-dev.data.aws_partition.current",
            "module.my-eks.module.eks-dev.module.kms.aws_kms_external_key.this",
            "module.my-eks.module.eks-dev.module.kms.aws_kms_key.this",
            "module.my-eks.module.eks-dev.module.kms.data.aws_caller_identity.current",
            "module.my-eks.module.eks-dev.module.kms.data.aws_iam_policy_document.this",
            "module.my-eks.module.eks-dev.module.kms.data.aws_partition.current"
          ],
          "create_before_destroy": true
        }
      ]
    },
    {
      "module": "module.my-eks.module.eks-dev.module.eks_managed_node_group[\"one\"]",
      "mode": "data",
      "type": "aws_caller_identity",
      "name": "current",
      "provider": "module.my-eks.provider[\"registry.terraform.io/hashicorp/aws\"].us-west-2",
      "instances": [
        {
          "schema_version": 0,
          "attributes": {
            "account_id": "495143188735",
            "arn": "arn:aws:iam::495143188735:user/pip",
            "id": "495143188735",
            "user_id": "AIDAXGSGVPD7S5JXQDKSO"
          },
          "sensitive_attributes": []
        }
      ]
    },
    {
      "module": "module.my-eks.module.eks-dev.module.eks_managed_node_group[\"one\"]",
      "mode": "data",
      "type": "aws_iam_policy_document",
      "name": "assume_role_policy",
      "provider": "module.my-eks.provider[\"registry.terraform.io/hashicorp/aws\"].us-west-2",
      "instances": [
        {
          "index_key": 0,
          "schema_version": 0,
          "attributes": {
            "id": "2560088296",
            "json": "{\n  \"Version\": \"2012-10-17\",\n  \"Statement\": [\n    {\n      \"Sid\": \"EKSNodeAssumeRole\",\n      \"Effect\": \"Allow\",\n      \"Action\": \"sts:AssumeRole\",\n      \"Principal\": {\n        \"Service\": \"ec2.amazonaws.com\"\n      }\n    }\n  ]\n}",
            "minified_json": "{\"Version\":\"2012-10-17\",\"Statement\":[{\"Sid\":\"EKSNodeAssumeRole\",\"Effect\":\"Allow\",\"Action\":\"sts:AssumeRole\",\"Principal\":{\"Service\":\"ec2.amazonaws.com\"}}]}",
            "override_json": null,
            "override_policy_documents": null,
            "policy_id": null,
            "source_json": null,
            "source_policy_documents": null,
            "statement": [
              {
                "actions": [
                  "sts:AssumeRole"
                ],
                "condition": [],
                "effect": "Allow",
                "not_actions": [],
                "not_principals": [],
                "not_resources": [],
                "principals": [
                  {
                    "identifiers": [
                      "ec2.amazonaws.com"
                    ],
                    "type": "Service"
                  }
                ],
                "resources": [],
                "sid": "EKSNodeAssumeRole"
              }
            ],
            "version": "2012-10-17"
          },
          "sensitive_attributes": []
        }
      ]
    },
    {
      "module": "module.my-eks.module.eks-dev.module.eks_managed_node_group[\"one\"]",
      "mode": "data",
      "type": "aws_partition",
      "name": "current",
      "provider": "module.my-eks.provider[\"registry.terraform.io/hashicorp/aws\"].us-west-2",
      "instances": [
        {
          "schema_version": 0,
          "attributes": {
            "dns_suffix": "amazonaws.com",
            "id": "aws",
            "partition": "aws",
            "reverse_dns_prefix": "com.amazonaws"
          },
          "sensitive_attributes": []
        }
      ]
    },
    {
      "module": "module.my-eks.module.eks-dev.module.eks_managed_node_group[\"one\"]",
      "mode": "managed",
      "type": "aws_eks_node_group",
      "name": "this",
      "provider": "module.my-eks.provider[\"registry.terraform.io/hashicorp/aws\"].us-west-2",
      "instances": [
        {
          "index_key": 0,
          "schema_version": 0,
          "attributes": {
            "ami_type": "AL2_x86_64",
            "arn": "arn:aws:eks:us-west-2:495143188735:nodegroup/pip-olumoko-cluster/node-group-1-20240913133836795800000016/70c8f5cd-b638-c91c-9902-25dc81725fa0",
            "capacity_type": "ON_DEMAND",
            "cluster_name": "pip-olumoko-cluster",
            "disk_size": 0,
            "force_update_version": null,
            "id": "pip-olumoko-cluster:node-group-1-20240913133836795800000016",
            "instance_types": [
              "t3.medium"
            ],
            "labels": null,
            "launch_template": [
              {
                "id": "lt-048deccc3ef384b0a",
                "name": "one-20240913133832752700000012",
                "version": "1"
              }
            ],
            "node_group_name": "node-group-1-20240913133836795800000016",
            "node_group_name_prefix": "node-group-1-",
            "node_role_arn": "arn:aws:iam::495143188735:role/node-group-1-eks-node-group-20240913132806295200000002",
            "release_version": "1.24.17-20240904",
            "remote_access": [],
            "resources": [
              {
                "autoscaling_groups": [
                  {
                    "name": "eks-node-group-1-20240913133836795800000016-70c8f5cd-b638-c91c-9902-25dc81725fa0"
                  }
                ],
                "remote_access_security_group_id": ""
              }
            ],
            "scaling_config": [
              {
                "desired_size": 1,
                "max_size": 2,
                "min_size": 1
              }
            ],
            "status": "ACTIVE",
            "subnet_ids": [
              "subnet-0493724e2cb94c7db",
              "subnet-0cf919d6a6a684481",
              "subnet-0d11688985c3f8fd2"
            ],
            "tags": {
              "Name": "node-group-1"
            },
            "tags_all": {
              "Name": "node-group-1"
            },
            "taint": [],
            "timeouts": {
              "create": null,
              "delete": null,
              "update": null
            },
            "update_config": [
              {
                "max_unavailable": 0,
                "max_unavailable_percentage": 33
              }
            ],
            "version": "1.24"
          },
          "sensitive_attributes": [],
          "private": "eyJlMmJmYjczMC1lY2FhLTExZTYtOGY4OC0zNDM2M2JjN2M0YzAiOnsiY3JlYXRlIjozNjAwMDAwMDAwMDAwLCJkZWxldGUiOjM2MDAwMDAwMDAwMDAsInVwZGF0ZSI6MzYwMDAwMDAwMDAwMH19",
          "dependencies": [
            "module.moses_vpc.data.aws_availability_zones.us-west-2",
            "module.moses_vpc.module.vpc_secondary.aws_subnet.private",
            "module.moses_vpc.module.vpc_secondary.aws_vpc.this",
            "module.moses_vpc.module.vpc_secondary.aws_vpc_ipv4_cidr_block_association.this",
            "module.my-eks.module.eks-dev.aws_cloudwatch_log_group.this",
            "module.my-eks.module.eks-dev.aws_eks_cluster.this",
            "module.my-eks.module.eks-dev.aws_iam_policy.cni_ipv6_policy",
            "module.my-eks.module.eks-dev.aws_iam_role.this",
            "module.my-eks.module.eks-dev.aws_iam_role_policy_attachment.this",
            "module.my-eks.module.eks-dev.aws_security_group.cluster",
            "module.my-eks.module.eks-dev.aws_security_group.node",
            "module.my-eks.module.eks-dev.aws_security_group_rule.cluster",
            "module.my-eks.module.eks-dev.aws_security_group_rule.node",
            "module.my-eks.module.eks-dev.data.aws_iam_policy_document.assume_role_policy",
            "module.my-eks.module.eks-dev.data.aws_iam_session_context.current",
            "module.my-eks.module.eks-dev.data.aws_partition.current",
            "module.my-eks.module.eks-dev.module.eks_managed_node_group.aws_iam_role.this",
            "module.my-eks.module.eks-dev.module.eks_managed_node_group.aws_iam_role_policy_attachment.this",
            "module.my-eks.module.eks-dev.module.eks_managed_node_group.aws_launch_template.this",
            "module.my-eks.module.eks-dev.module.eks_managed_node_group.data.aws_caller_identity.current",
            "module.my-eks.module.eks-dev.module.eks_managed_node_group.data.aws_iam_policy_document.assume_role_policy",
            "module.my-eks.module.eks-dev.module.eks_managed_node_group.data.aws_partition.current",
            "module.my-eks.module.eks-dev.module.eks_managed_node_group.module.user_data.data.cloudinit_config.linux_eks_managed_node_group",
            "module.my-eks.module.eks-dev.module.kms.aws_kms_external_key.this",
            "module.my-eks.module.eks-dev.module.kms.aws_kms_key.this",
            "module.my-eks.module.eks-dev.module.kms.data.aws_caller_identity.current",
            "module.my-eks.module.eks-dev.module.kms.data.aws_iam_policy_document.this",
            "module.my-eks.module.eks-dev.module.kms.data.aws_partition.current",
            "module.my-eks.module.eks-dev.time_sleep.this"
          ],
          "create_before_destroy": true
        }
      ]
    },
    {
      "module": "module.my-eks.module.eks-dev.module.eks_managed_node_group[\"one\"]",
      "mode": "managed",
      "type": "aws_iam_role",
      "name": "this",
      "provider": "module.my-eks.provider[\"registry.terraform.io/hashicorp/aws\"].us-west-2",
      "instances": [
        {
          "index_key": 0,
          "schema_version": 0,
          "attributes": {
            "arn": "arn:aws:iam::495143188735:role/node-group-1-eks-node-group-20240913132806295200000002",
            "assume_role_policy": "{\"Statement\":[{\"Action\":\"sts:AssumeRole\",\"Effect\":\"Allow\",\"Principal\":{\"Service\":\"ec2.amazonaws.com\"},\"Sid\":\"EKSNodeAssumeRole\"}],\"Version\":\"2012-10-17\"}",
            "create_date": "2024-09-13T13:28:07Z",
            "description": "EKS managed node group IAM role",
            "force_detach_policies": true,
            "id": "node-group-1-eks-node-group-20240913132806295200000002",
            "inline_policy": [],
            "managed_policy_arns": [],
            "max_session_duration": 3600,
            "name": "node-group-1-eks-node-group-20240913132806295200000002",
            "name_prefix": "node-group-1-eks-node-group-",
            "path": "/",
            "permissions_boundary": "",
            "tags": null,
            "tags_all": {},
            "unique_id": "AROAXGSGVPD7QNALWWIUN"
          },
          "sensitive_attributes": [],
          "private": "bnVsbA==",
          "dependencies": [
            "module.my-eks.module.eks-dev.module.eks_managed_node_group.data.aws_iam_policy_document.assume_role_policy"
          ],
          "create_before_destroy": true
        }
      ]
    },
    {
      "module": "module.my-eks.module.eks-dev.module.eks_managed_node_group[\"one\"]",
      "mode": "managed",
      "type": "aws_iam_role_policy_attachment",
      "name": "this",
      "provider": "module.my-eks.provider[\"registry.terraform.io/hashicorp/aws\"].us-west-2",
      "instances": [
        {
          "index_key": "arn:aws:iam::aws:policy/AmazonEC2ContainerRegistryReadOnly",
          "schema_version": 0,
          "attributes": {
            "id": "node-group-1-eks-node-group-20240913132806295200000002-20240913132809034700000008",
            "policy_arn": "arn:aws:iam::aws:policy/AmazonEC2ContainerRegistryReadOnly",
            "role": "node-group-1-eks-node-group-20240913132806295200000002"
          },
          "sensitive_attributes": [],
          "private": "bnVsbA==",
          "dependencies": [
            "module.my-eks.module.eks-dev.module.eks_managed_node_group.aws_iam_role.this",
            "module.my-eks.module.eks-dev.module.eks_managed_node_group.data.aws_caller_identity.current",
            "module.my-eks.module.eks-dev.module.eks_managed_node_group.data.aws_iam_policy_document.assume_role_policy",
            "module.my-eks.module.eks-dev.module.eks_managed_node_group.data.aws_partition.current"
          ],
          "create_before_destroy": true
        },
        {
          "index_key": "arn:aws:iam::aws:policy/AmazonEKSWorkerNodePolicy",
          "schema_version": 0,
          "attributes": {
            "id": "node-group-1-eks-node-group-20240913132806295200000002-20240913132808732800000004",
            "policy_arn": "arn:aws:iam::aws:policy/AmazonEKSWorkerNodePolicy",
            "role": "node-group-1-eks-node-group-20240913132806295200000002"
          },
          "sensitive_attributes": [],
          "private": "bnVsbA==",
          "dependencies": [
            "module.my-eks.module.eks-dev.module.eks_managed_node_group.aws_iam_role.this",
            "module.my-eks.module.eks-dev.module.eks_managed_node_group.data.aws_caller_identity.current",
            "module.my-eks.module.eks-dev.module.eks_managed_node_group.data.aws_iam_policy_document.assume_role_policy",
            "module.my-eks.module.eks-dev.module.eks_managed_node_group.data.aws_partition.current"
          ],
          "create_before_destroy": true
        },
        {
          "index_key": "arn:aws:iam::aws:policy/AmazonEKS_CNI_Policy",
          "schema_version": 0,
          "attributes": {
            "id": "node-group-1-eks-node-group-20240913132806295200000002-20240913132808739700000005",
            "policy_arn": "arn:aws:iam::aws:policy/AmazonEKS_CNI_Policy",
            "role": "node-group-1-eks-node-group-20240913132806295200000002"
          },
          "sensitive_attributes": [],
          "private": "bnVsbA==",
          "dependencies": [
            "module.my-eks.module.eks-dev.module.eks_managed_node_group.aws_iam_role.this",
            "module.my-eks.module.eks-dev.module.eks_managed_node_group.data.aws_caller_identity.current",
            "module.my-eks.module.eks-dev.module.eks_managed_node_group.data.aws_iam_policy_document.assume_role_policy",
            "module.my-eks.module.eks-dev.module.eks_managed_node_group.data.aws_partition.current"
          ],
          "create_before_destroy": true
        }
      ]
    },
    {
      "module": "module.my-eks.module.eks-dev.module.eks_managed_node_group[\"one\"]",
      "mode": "managed",
      "type": "aws_launch_template",
      "name": "this",
      "provider": "module.my-eks.provider[\"registry.terraform.io/hashicorp/aws\"].us-west-2",
      "instances": [
        {
          "index_key": 0,
          "schema_version": 0,
          "attributes": {
            "arn": "arn:aws:ec2:us-west-2:495143188735:launch-template/lt-048deccc3ef384b0a",
            "block_device_mappings": [],
            "capacity_reservation_specification": [],
            "cpu_options": [],
            "credit_specification": [],
            "default_version": 1,
            "description": "Custom launch template for node-group-1 EKS managed node group",
            "disable_api_stop": false,
            "disable_api_termination": false,
            "ebs_optimized": "",
            "elastic_gpu_specifications": [],
            "elastic_inference_accelerator": [],
            "enclave_options": [],
            "hibernation_options": [],
            "iam_instance_profile": [],
            "id": "lt-048deccc3ef384b0a",
            "image_id": "",
            "instance_initiated_shutdown_behavior": "",
            "instance_market_options": [],
            "instance_requirements": [],
            "instance_type": "",
            "kernel_id": "",
            "key_name": "",
            "latest_version": 1,
            "license_specification": [],
            "maintenance_options": [],
            "metadata_options": [
              {
                "http_endpoint": "enabled",
                "http_protocol_ipv6": "",
                "http_put_response_hop_limit": 2,
                "http_tokens": "required",
                "instance_metadata_tags": ""
              }
            ],
            "monitoring": [
              {
                "enabled": true
              }
            ],
            "name": "one-20240913133832752700000012",
            "name_prefix": "one-",
            "network_interfaces": [],
            "placement": [],
            "private_dns_name_options": [],
            "ram_disk_id": "",
            "security_group_names": null,
            "tag_specifications": [
              {
                "resource_type": "instance",
                "tags": {
                  "Name": "node-group-1"
                }
              },
              {
                "resource_type": "network-interface",
                "tags": {
                  "Name": "node-group-1"
                }
              },
              {
                "resource_type": "volume",
                "tags": {
                  "Name": "node-group-1"
                }
              }
            ],
            "tags": null,
            "tags_all": {},
            "update_default_version": true,
            "user_data": "",
            "vpc_security_group_ids": [
              "sg-069e7131ace2c9dc7"
            ]
          },
          "sensitive_attributes": [],
          "private": "bnVsbA==",
          "dependencies": [
            "module.moses_vpc.data.aws_availability_zones.us-west-2",
            "module.moses_vpc.module.vpc_secondary.aws_subnet.private",
            "module.moses_vpc.module.vpc_secondary.aws_vpc.this",
            "module.moses_vpc.module.vpc_secondary.aws_vpc_ipv4_cidr_block_association.this",
            "module.my-eks.module.eks-dev.aws_cloudwatch_log_group.this",
            "module.my-eks.module.eks-dev.aws_eks_cluster.this",
            "module.my-eks.module.eks-dev.aws_iam_policy.cni_ipv6_policy",
            "module.my-eks.module.eks-dev.aws_iam_role.this",
            "module.my-eks.module.eks-dev.aws_iam_role_policy_attachment.this",
            "module.my-eks.module.eks-dev.aws_security_group.cluster",
            "module.my-eks.module.eks-dev.aws_security_group.node",
            "module.my-eks.module.eks-dev.aws_security_group_rule.cluster",
            "module.my-eks.module.eks-dev.aws_security_group_rule.node",
            "module.my-eks.module.eks-dev.data.aws_iam_policy_document.assume_role_policy",
            "module.my-eks.module.eks-dev.data.aws_iam_session_context.current",
            "module.my-eks.module.eks-dev.data.aws_partition.current",
            "module.my-eks.module.eks-dev.module.eks_managed_node_group.aws_iam_role.this",
            "module.my-eks.module.eks-dev.module.eks_managed_node_group.aws_iam_role_policy_attachment.this",
            "module.my-eks.module.eks-dev.module.eks_managed_node_group.data.aws_caller_identity.current",
            "module.my-eks.module.eks-dev.module.eks_managed_node_group.data.aws_iam_policy_document.assume_role_policy",
            "module.my-eks.module.eks-dev.module.eks_managed_node_group.data.aws_partition.current",
            "module.my-eks.module.eks-dev.module.eks_managed_node_group.module.user_data.data.cloudinit_config.linux_eks_managed_node_group",
            "module.my-eks.module.eks-dev.module.kms.aws_kms_external_key.this",
            "module.my-eks.module.eks-dev.module.kms.aws_kms_key.this",
            "module.my-eks.module.eks-dev.module.kms.data.aws_caller_identity.current",
            "module.my-eks.module.eks-dev.module.kms.data.aws_iam_policy_document.this",
            "module.my-eks.module.eks-dev.module.kms.data.aws_partition.current",
            "module.my-eks.module.eks-dev.time_sleep.this"
          ],
          "create_before_destroy": true
        }
      ]
    },
    {
      "module": "module.my-eks.module.eks-dev.module.eks_managed_node_group[\"two\"]",
      "mode": "data",
      "type": "aws_caller_identity",
      "name": "current",
      "provider": "module.my-eks.provider[\"registry.terraform.io/hashicorp/aws\"].us-west-2",
      "instances": [
        {
          "schema_version": 0,
          "attributes": {
            "account_id": "495143188735",
            "arn": "arn:aws:iam::495143188735:user/pip",
            "id": "495143188735",
            "user_id": "AIDAXGSGVPD7S5JXQDKSO"
          },
          "sensitive_attributes": []
        }
      ]
    },
    {
      "module": "module.my-eks.module.eks-dev.module.eks_managed_node_group[\"two\"]",
      "mode": "data",
      "type": "aws_iam_policy_document",
      "name": "assume_role_policy",
      "provider": "module.my-eks.provider[\"registry.terraform.io/hashicorp/aws\"].us-west-2",
      "instances": [
        {
          "index_key": 0,
          "schema_version": 0,
          "attributes": {
            "id": "2560088296",
            "json": "{\n  \"Version\": \"2012-10-17\",\n  \"Statement\": [\n    {\n      \"Sid\": \"EKSNodeAssumeRole\",\n      \"Effect\": \"Allow\",\n      \"Action\": \"sts:AssumeRole\",\n      \"Principal\": {\n        \"Service\": \"ec2.amazonaws.com\"\n      }\n    }\n  ]\n}",
            "minified_json": "{\"Version\":\"2012-10-17\",\"Statement\":[{\"Sid\":\"EKSNodeAssumeRole\",\"Effect\":\"Allow\",\"Action\":\"sts:AssumeRole\",\"Principal\":{\"Service\":\"ec2.amazonaws.com\"}}]}",
            "override_json": null,
            "override_policy_documents": null,
            "policy_id": null,
            "source_json": null,
            "source_policy_documents": null,
            "statement": [
              {
                "actions": [
                  "sts:AssumeRole"
                ],
                "condition": [],
                "effect": "Allow",
                "not_actions": [],
                "not_principals": [],
                "not_resources": [],
                "principals": [
                  {
                    "identifiers": [
                      "ec2.amazonaws.com"
                    ],
                    "type": "Service"
                  }
                ],
                "resources": [],
                "sid": "EKSNodeAssumeRole"
              }
            ],
            "version": "2012-10-17"
          },
          "sensitive_attributes": []
        }
      ]
    },
    {
      "module": "module.my-eks.module.eks-dev.module.eks_managed_node_group[\"two\"]",
      "mode": "data",
      "type": "aws_partition",
      "name": "current",
      "provider": "module.my-eks.provider[\"registry.terraform.io/hashicorp/aws\"].us-west-2",
      "instances": [
        {
          "schema_version": 0,
          "attributes": {
            "dns_suffix": "amazonaws.com",
            "id": "aws",
            "partition": "aws",
            "reverse_dns_prefix": "com.amazonaws"
          },
          "sensitive_attributes": []
        }
      ]
    },
    {
      "module": "module.my-eks.module.eks-dev.module.eks_managed_node_group[\"two\"]",
      "mode": "managed",
      "type": "aws_eks_node_group",
      "name": "this",
      "provider": "module.my-eks.provider[\"registry.terraform.io/hashicorp/aws\"].us-west-2",
      "instances": [
        {
          "index_key": 0,
          "schema_version": 0,
          "attributes": {
            "ami_type": "AL2_x86_64",
            "arn": "arn:aws:eks:us-west-2:495143188735:nodegroup/pip-olumoko-cluster/node-group-2-20240913133836795700000014/4ec8f5cd-b636-e977-0d4e-11c6a4e70d75",
            "capacity_type": "ON_DEMAND",
            "cluster_name": "pip-olumoko-cluster",
            "disk_size": 0,
            "force_update_version": null,
            "id": "pip-olumoko-cluster:node-group-2-20240913133836795700000014",
            "instance_types": [
              "t3.medium"
            ],
            "labels": null,
            "launch_template": [
              {
                "id": "lt-0992f7e7aad39073c",
                "name": "two-20240913133832752700000010",
                "version": "1"
              }
            ],
            "node_group_name": "node-group-2-20240913133836795700000014",
            "node_group_name_prefix": "node-group-2-",
            "node_role_arn": "arn:aws:iam::495143188735:role/node-group-2-eks-node-group-20240913132806295000000001",
            "release_version": "1.24.17-20240904",
            "remote_access": [],
            "resources": [
              {
                "autoscaling_groups": [
                  {
                    "name": "eks-node-group-2-20240913133836795700000014-4ec8f5cd-b636-e977-0d4e-11c6a4e70d75"
                  }
                ],
                "remote_access_security_group_id": ""
              }
            ],
            "scaling_config": [
              {
                "desired_size": 1,
                "max_size": 2,
                "min_size": 1
              }
            ],
            "status": "ACTIVE",
            "subnet_ids": [
              "subnet-0493724e2cb94c7db",
              "subnet-0cf919d6a6a684481",
              "subnet-0d11688985c3f8fd2"
            ],
            "tags": {
              "Name": "node-group-2"
            },
            "tags_all": {
              "Name": "node-group-2"
            },
            "taint": [],
            "timeouts": {
              "create": null,
              "delete": null,
              "update": null
            },
            "update_config": [
              {
                "max_unavailable": 0,
                "max_unavailable_percentage": 33
              }
            ],
            "version": "1.24"
          },
          "sensitive_attributes": [],
          "private": "eyJlMmJmYjczMC1lY2FhLTExZTYtOGY4OC0zNDM2M2JjN2M0YzAiOnsiY3JlYXRlIjozNjAwMDAwMDAwMDAwLCJkZWxldGUiOjM2MDAwMDAwMDAwMDAsInVwZGF0ZSI6MzYwMDAwMDAwMDAwMH19",
          "dependencies": [
            "module.moses_vpc.data.aws_availability_zones.us-west-2",
            "module.moses_vpc.module.vpc_secondary.aws_subnet.private",
            "module.moses_vpc.module.vpc_secondary.aws_vpc.this",
            "module.moses_vpc.module.vpc_secondary.aws_vpc_ipv4_cidr_block_association.this",
            "module.my-eks.module.eks-dev.aws_cloudwatch_log_group.this",
            "module.my-eks.module.eks-dev.aws_eks_cluster.this",
            "module.my-eks.module.eks-dev.aws_iam_policy.cni_ipv6_policy",
            "module.my-eks.module.eks-dev.aws_iam_role.this",
            "module.my-eks.module.eks-dev.aws_iam_role_policy_attachment.this",
            "module.my-eks.module.eks-dev.aws_security_group.cluster",
            "module.my-eks.module.eks-dev.aws_security_group.node",
            "module.my-eks.module.eks-dev.aws_security_group_rule.cluster",
            "module.my-eks.module.eks-dev.aws_security_group_rule.node",
            "module.my-eks.module.eks-dev.data.aws_iam_policy_document.assume_role_policy",
            "module.my-eks.module.eks-dev.data.aws_iam_session_context.current",
            "module.my-eks.module.eks-dev.data.aws_partition.current",
            "module.my-eks.module.eks-dev.module.eks_managed_node_group.aws_iam_role.this",
            "module.my-eks.module.eks-dev.module.eks_managed_node_group.aws_iam_role_policy_attachment.this",
            "module.my-eks.module.eks-dev.module.eks_managed_node_group.aws_launch_template.this",
            "module.my-eks.module.eks-dev.module.eks_managed_node_group.data.aws_caller_identity.current",
            "module.my-eks.module.eks-dev.module.eks_managed_node_group.data.aws_iam_policy_document.assume_role_policy",
            "module.my-eks.module.eks-dev.module.eks_managed_node_group.data.aws_partition.current",
            "module.my-eks.module.eks-dev.module.eks_managed_node_group.module.user_data.data.cloudinit_config.linux_eks_managed_node_group",
            "module.my-eks.module.eks-dev.module.kms.aws_kms_external_key.this",
            "module.my-eks.module.eks-dev.module.kms.aws_kms_key.this",
            "module.my-eks.module.eks-dev.module.kms.data.aws_caller_identity.current",
            "module.my-eks.module.eks-dev.module.kms.data.aws_iam_policy_document.this",
            "module.my-eks.module.eks-dev.module.kms.data.aws_partition.current",
            "module.my-eks.module.eks-dev.time_sleep.this"
          ],
          "create_before_destroy": true
        }
      ]
    },
    {
      "module": "module.my-eks.module.eks-dev.module.eks_managed_node_group[\"two\"]",
      "mode": "managed",
      "type": "aws_iam_role",
      "name": "this",
      "provider": "module.my-eks.provider[\"registry.terraform.io/hashicorp/aws\"].us-west-2",
      "instances": [
        {
          "index_key": 0,
          "schema_version": 0,
          "attributes": {
            "arn": "arn:aws:iam::495143188735:role/node-group-2-eks-node-group-20240913132806295000000001",
            "assume_role_policy": "{\"Statement\":[{\"Action\":\"sts:AssumeRole\",\"Effect\":\"Allow\",\"Principal\":{\"Service\":\"ec2.amazonaws.com\"},\"Sid\":\"EKSNodeAssumeRole\"}],\"Version\":\"2012-10-17\"}",
            "create_date": "2024-09-13T13:28:07Z",
            "description": "EKS managed node group IAM role",
            "force_detach_policies": true,
            "id": "node-group-2-eks-node-group-20240913132806295000000001",
            "inline_policy": [],
            "managed_policy_arns": [],
            "max_session_duration": 3600,
            "name": "node-group-2-eks-node-group-20240913132806295000000001",
            "name_prefix": "node-group-2-eks-node-group-",
            "path": "/",
            "permissions_boundary": "",
            "tags": null,
            "tags_all": {},
            "unique_id": "AROAXGSGVPD7X2WPO4XC6"
          },
          "sensitive_attributes": [],
          "private": "bnVsbA==",
          "dependencies": [
            "module.my-eks.module.eks-dev.module.eks_managed_node_group.data.aws_iam_policy_document.assume_role_policy"
          ],
          "create_before_destroy": true
        }
      ]
    },
    {
      "module": "module.my-eks.module.eks-dev.module.eks_managed_node_group[\"two\"]",
      "mode": "managed",
      "type": "aws_iam_role_policy_attachment",
      "name": "this",
      "provider": "module.my-eks.provider[\"registry.terraform.io/hashicorp/aws\"].us-west-2",
      "instances": [
        {
          "index_key": "arn:aws:iam::aws:policy/AmazonEC2ContainerRegistryReadOnly",
          "schema_version": 0,
          "attributes": {
            "id": "node-group-2-eks-node-group-20240913132806295000000001-20240913132809368100000009",
            "policy_arn": "arn:aws:iam::aws:policy/AmazonEC2ContainerRegistryReadOnly",
            "role": "node-group-2-eks-node-group-20240913132806295000000001"
          },
          "sensitive_attributes": [],
          "private": "bnVsbA==",
          "dependencies": [
            "module.my-eks.module.eks-dev.module.eks_managed_node_group.aws_iam_role.this",
            "module.my-eks.module.eks-dev.module.eks_managed_node_group.data.aws_caller_identity.current",
            "module.my-eks.module.eks-dev.module.eks_managed_node_group.data.aws_iam_policy_document.assume_role_policy",
            "module.my-eks.module.eks-dev.module.eks_managed_node_group.data.aws_partition.current"
          ],
          "create_before_destroy": true
        },
        {
          "index_key": "arn:aws:iam::aws:policy/AmazonEKSWorkerNodePolicy",
          "schema_version": 0,
          "attributes": {
            "id": "node-group-2-eks-node-group-20240913132806295000000001-20240913132808837800000006",
            "policy_arn": "arn:aws:iam::aws:policy/AmazonEKSWorkerNodePolicy",
            "role": "node-group-2-eks-node-group-20240913132806295000000001"
          },
          "sensitive_attributes": [],
          "private": "bnVsbA==",
          "dependencies": [
            "module.my-eks.module.eks-dev.module.eks_managed_node_group.aws_iam_role.this",
            "module.my-eks.module.eks-dev.module.eks_managed_node_group.data.aws_caller_identity.current",
            "module.my-eks.module.eks-dev.module.eks_managed_node_group.data.aws_iam_policy_document.assume_role_policy",
            "module.my-eks.module.eks-dev.module.eks_managed_node_group.data.aws_partition.current"
          ],
          "create_before_destroy": true
        },
        {
          "index_key": "arn:aws:iam::aws:policy/AmazonEKS_CNI_Policy",
          "schema_version": 0,
          "attributes": {
            "id": "node-group-2-eks-node-group-20240913132806295000000001-20240913132809025200000007",
            "policy_arn": "arn:aws:iam::aws:policy/AmazonEKS_CNI_Policy",
            "role": "node-group-2-eks-node-group-20240913132806295000000001"
          },
          "sensitive_attributes": [],
          "private": "bnVsbA==",
          "dependencies": [
            "module.my-eks.module.eks-dev.module.eks_managed_node_group.aws_iam_role.this",
            "module.my-eks.module.eks-dev.module.eks_managed_node_group.data.aws_caller_identity.current",
            "module.my-eks.module.eks-dev.module.eks_managed_node_group.data.aws_iam_policy_document.assume_role_policy",
            "module.my-eks.module.eks-dev.module.eks_managed_node_group.data.aws_partition.current"
          ],
          "create_before_destroy": true
        }
      ]
    },
    {
      "module": "module.my-eks.module.eks-dev.module.eks_managed_node_group[\"two\"]",
      "mode": "managed",
      "type": "aws_launch_template",
      "name": "this",
      "provider": "module.my-eks.provider[\"registry.terraform.io/hashicorp/aws\"].us-west-2",
      "instances": [
        {
          "index_key": 0,
          "schema_version": 0,
          "attributes": {
            "arn": "arn:aws:ec2:us-west-2:495143188735:launch-template/lt-0992f7e7aad39073c",
            "block_device_mappings": [],
            "capacity_reservation_specification": [],
            "cpu_options": [],
            "credit_specification": [],
            "default_version": 1,
            "description": "Custom launch template for node-group-2 EKS managed node group",
            "disable_api_stop": false,
            "disable_api_termination": false,
            "ebs_optimized": "",
            "elastic_gpu_specifications": [],
            "elastic_inference_accelerator": [],
            "enclave_options": [],
            "hibernation_options": [],
            "iam_instance_profile": [],
            "id": "lt-0992f7e7aad39073c",
            "image_id": "",
            "instance_initiated_shutdown_behavior": "",
            "instance_market_options": [],
            "instance_requirements": [],
            "instance_type": "",
            "kernel_id": "",
            "key_name": "",
            "latest_version": 1,
            "license_specification": [],
            "maintenance_options": [],
            "metadata_options": [
              {
                "http_endpoint": "enabled",
                "http_protocol_ipv6": "",
                "http_put_response_hop_limit": 2,
                "http_tokens": "required",
                "instance_metadata_tags": ""
              }
            ],
            "monitoring": [
              {
                "enabled": true
              }
            ],
            "name": "two-20240913133832752700000010",
            "name_prefix": "two-",
            "network_interfaces": [],
            "placement": [],
            "private_dns_name_options": [],
            "ram_disk_id": "",
            "security_group_names": null,
            "tag_specifications": [
              {
                "resource_type": "instance",
                "tags": {
                  "Name": "node-group-2"
                }
              },
              {
                "resource_type": "network-interface",
                "tags": {
                  "Name": "node-group-2"
                }
              },
              {
                "resource_type": "volume",
                "tags": {
                  "Name": "node-group-2"
                }
              }
            ],
            "tags": null,
            "tags_all": {},
            "update_default_version": true,
            "user_data": "",
            "vpc_security_group_ids": [
              "sg-069e7131ace2c9dc7"
            ]
          },
          "sensitive_attributes": [],
          "private": "bnVsbA==",
          "dependencies": [
            "module.moses_vpc.data.aws_availability_zones.us-west-2",
            "module.moses_vpc.module.vpc_secondary.aws_subnet.private",
            "module.moses_vpc.module.vpc_secondary.aws_vpc.this",
            "module.moses_vpc.module.vpc_secondary.aws_vpc_ipv4_cidr_block_association.this",
            "module.my-eks.module.eks-dev.aws_cloudwatch_log_group.this",
            "module.my-eks.module.eks-dev.aws_eks_cluster.this",
            "module.my-eks.module.eks-dev.aws_iam_policy.cni_ipv6_policy",
            "module.my-eks.module.eks-dev.aws_iam_role.this",
            "module.my-eks.module.eks-dev.aws_iam_role_policy_attachment.this",
            "module.my-eks.module.eks-dev.aws_security_group.cluster",
            "module.my-eks.module.eks-dev.aws_security_group.node",
            "module.my-eks.module.eks-dev.aws_security_group_rule.cluster",
            "module.my-eks.module.eks-dev.aws_security_group_rule.node",
            "module.my-eks.module.eks-dev.data.aws_iam_policy_document.assume_role_policy",
            "module.my-eks.module.eks-dev.data.aws_iam_session_context.current",
            "module.my-eks.module.eks-dev.data.aws_partition.current",
            "module.my-eks.module.eks-dev.module.eks_managed_node_group.aws_iam_role.this",
            "module.my-eks.module.eks-dev.module.eks_managed_node_group.aws_iam_role_policy_attachment.this",
            "module.my-eks.module.eks-dev.module.eks_managed_node_group.data.aws_caller_identity.current",
            "module.my-eks.module.eks-dev.module.eks_managed_node_group.data.aws_iam_policy_document.assume_role_policy",
            "module.my-eks.module.eks-dev.module.eks_managed_node_group.data.aws_partition.current",
            "module.my-eks.module.eks-dev.module.eks_managed_node_group.module.user_data.data.cloudinit_config.linux_eks_managed_node_group",
            "module.my-eks.module.eks-dev.module.kms.aws_kms_external_key.this",
            "module.my-eks.module.eks-dev.module.kms.aws_kms_key.this",
            "module.my-eks.module.eks-dev.module.kms.data.aws_caller_identity.current",
            "module.my-eks.module.eks-dev.module.kms.data.aws_iam_policy_document.this",
            "module.my-eks.module.eks-dev.module.kms.data.aws_partition.current",
            "module.my-eks.module.eks-dev.time_sleep.this"
          ],
          "create_before_destroy": true
        }
      ]
    },
    {
      "module": "module.my-eks.module.eks-dev.module.kms",
      "mode": "data",
      "type": "aws_caller_identity",
      "name": "current",
      "provider": "module.my-eks.provider[\"registry.terraform.io/hashicorp/aws\"].us-west-2",
      "instances": [
        {
          "schema_version": 0,
          "attributes": {
            "account_id": "495143188735",
            "arn": "arn:aws:iam::495143188735:user/pip",
            "id": "495143188735",
            "user_id": "AIDAXGSGVPD7S5JXQDKSO"
          },
          "sensitive_attributes": []
        }
      ]
    },
    {
      "module": "module.my-eks.module.eks-dev.module.kms",
      "mode": "data",
      "type": "aws_iam_policy_document",
      "name": "this",
      "provider": "module.my-eks.provider[\"registry.terraform.io/hashicorp/aws\"].us-west-2",
      "instances": [
        {
          "index_key": 0,
          "schema_version": 0,
          "attributes": {
            "id": "1668418427",
            "json": "{\n  \"Version\": \"2012-10-17\",\n  \"Statement\": [\n    {\n      \"Sid\": \"KeyAdministration\",\n      \"Effect\": \"Allow\",\n      \"Action\": [\n        \"kms:Update*\",\n        \"kms:UntagResource\",\n        \"kms:TagResource\",\n        \"kms:ScheduleKeyDeletion\",\n        \"kms:Revoke*\",\n        \"kms:Put*\",\n        \"kms:List*\",\n        \"kms:Get*\",\n        \"kms:Enable*\",\n        \"kms:Disable*\",\n        \"kms:Describe*\",\n        \"kms:Delete*\",\n        \"kms:Create*\",\n        \"kms:CancelKeyDeletion\"\n      ],\n      \"Resource\": \"*\",\n      \"Principal\": {\n        \"AWS\": \"arn:aws:iam::495143188735:user/pip\"\n      }\n    },\n    {\n      \"Sid\": \"KeyUsage\",\n      \"Effect\": \"Allow\",\n      \"Action\": [\n        \"kms:ReEncrypt*\",\n        \"kms:GenerateDataKey*\",\n        \"kms:Encrypt\",\n        \"kms:DescribeKey\",\n        \"kms:Decrypt\"\n      ],\n      \"Resource\": \"*\",\n      \"Principal\": {\n        \"AWS\": \"arn:aws:iam::495143188735:role/pip-olumoko-cluster-cluster-20240913132806389100000003\"\n      }\n    }\n  ]\n}",
            "minified_json": "{\"Version\":\"2012-10-17\",\"Statement\":[{\"Sid\":\"KeyAdministration\",\"Effect\":\"Allow\",\"Action\":[\"kms:Update*\",\"kms:UntagResource\",\"kms:TagResource\",\"kms:ScheduleKeyDeletion\",\"kms:Revoke*\",\"kms:Put*\",\"kms:List*\",\"kms:Get*\",\"kms:Enable*\",\"kms:Disable*\",\"kms:Describe*\",\"kms:Delete*\",\"kms:Create*\",\"kms:CancelKeyDeletion\"],\"Resource\":\"*\",\"Principal\":{\"AWS\":\"arn:aws:iam::495143188735:user/pip\"}},{\"Sid\":\"KeyUsage\",\"Effect\":\"Allow\",\"Action\":[\"kms:ReEncrypt*\",\"kms:GenerateDataKey*\",\"kms:Encrypt\",\"kms:DescribeKey\",\"kms:Decrypt\"],\"Resource\":\"*\",\"Principal\":{\"AWS\":\"arn:aws:iam::495143188735:role/pip-olumoko-cluster-cluster-20240913132806389100000003\"}}]}",
            "override_json": null,
            "override_policy_documents": null,
            "policy_id": null,
            "source_json": null,
            "source_policy_documents": null,
            "statement": [
              {
                "actions": [
                  "kms:CancelKeyDeletion",
                  "kms:Create*",
                  "kms:Delete*",
                  "kms:Describe*",
                  "kms:Disable*",
                  "kms:Enable*",
                  "kms:Get*",
                  "kms:List*",
                  "kms:Put*",
                  "kms:Revoke*",
                  "kms:ScheduleKeyDeletion",
                  "kms:TagResource",
                  "kms:UntagResource",
                  "kms:Update*"
                ],
                "condition": [],
                "effect": "Allow",
                "not_actions": [],
                "not_principals": [],
                "not_resources": [],
                "principals": [
                  {
                    "identifiers": [
                      "arn:aws:iam::495143188735:user/pip"
                    ],
                    "type": "AWS"
                  }
                ],
                "resources": [
                  "*"
                ],
                "sid": "KeyAdministration"
              },
              {
                "actions": [
                  "kms:Decrypt",
                  "kms:DescribeKey",
                  "kms:Encrypt",
                  "kms:GenerateDataKey*",
                  "kms:ReEncrypt*"
                ],
                "condition": [],
                "effect": "Allow",
                "not_actions": [],
                "not_principals": [],
                "not_resources": [],
                "principals": [
                  {
                    "identifiers": [
                      "arn:aws:iam::495143188735:role/pip-olumoko-cluster-cluster-20240913132806389100000003"
                    ],
                    "type": "AWS"
                  }
                ],
                "resources": [
                  "*"
                ],
                "sid": "KeyUsage"
              }
            ],
            "version": "2012-10-17"
          },
          "sensitive_attributes": []
        }
      ]
    },
    {
      "module": "module.my-eks.module.eks-dev.module.kms",
      "mode": "data",
      "type": "aws_partition",
      "name": "current",
      "provider": "module.my-eks.provider[\"registry.terraform.io/hashicorp/aws\"].us-west-2",
      "instances": [
        {
          "schema_version": 0,
          "attributes": {
            "dns_suffix": "amazonaws.com",
            "id": "aws",
            "partition": "aws",
            "reverse_dns_prefix": "com.amazonaws"
          },
          "sensitive_attributes": []
        }
      ]
    },
    {
      "module": "module.my-eks.module.eks-dev.module.kms",
      "mode": "managed",
      "type": "aws_kms_alias",
      "name": "this",
      "provider": "module.my-eks.provider[\"registry.terraform.io/hashicorp/aws\"].us-west-2",
      "instances": [
        {
          "index_key": "cluster",
          "schema_version": 0,
          "attributes": {
            "arn": "arn:aws:kms:us-west-2:495143188735:alias/eks/pip-olumoko-cluster",
            "id": "alias/eks/pip-olumoko-cluster",
            "name": "alias/eks/pip-olumoko-cluster",
            "name_prefix": "",
            "target_key_arn": "arn:aws:kms:us-west-2:495143188735:key/d530fc6e-e473-4906-a348-0dda89a287bf",
            "target_key_id": "d530fc6e-e473-4906-a348-0dda89a287bf"
          },
          "sensitive_attributes": [],
          "private": "bnVsbA==",
          "dependencies": [
            "module.my-eks.module.eks-dev.aws_iam_role.this",
            "module.my-eks.module.eks-dev.data.aws_iam_policy_document.assume_role_policy",
            "module.my-eks.module.eks-dev.data.aws_iam_session_context.current",
            "module.my-eks.module.eks-dev.module.kms.aws_kms_external_key.this",
            "module.my-eks.module.eks-dev.module.kms.aws_kms_key.this",
            "module.my-eks.module.eks-dev.module.kms.data.aws_caller_identity.current",
            "module.my-eks.module.eks-dev.module.kms.data.aws_iam_policy_document.this",
            "module.my-eks.module.eks-dev.module.kms.data.aws_partition.current"
          ]
        }
      ]
    },
    {
      "module": "module.my-eks.module.eks-dev.module.kms",
      "mode": "managed",
      "type": "aws_kms_key",
      "name": "this",
      "provider": "module.my-eks.provider[\"registry.terraform.io/hashicorp/aws\"].us-west-2",
      "instances": [
        {
          "index_key": 0,
          "schema_version": 0,
          "attributes": {
            "arn": "arn:aws:kms:us-west-2:495143188735:key/d530fc6e-e473-4906-a348-0dda89a287bf",
            "bypass_policy_lockout_safety_check": false,
            "custom_key_store_id": "",
            "customer_master_key_spec": "SYMMETRIC_DEFAULT",
            "deletion_window_in_days": null,
            "description": "pip-olumoko-cluster cluster encryption key",
            "enable_key_rotation": true,
            "id": "d530fc6e-e473-4906-a348-0dda89a287bf",
            "is_enabled": true,
            "key_id": "d530fc6e-e473-4906-a348-0dda89a287bf",
            "key_usage": "ENCRYPT_DECRYPT",
            "multi_region": false,
            "policy": "{\"Statement\":[{\"Action\":[\"kms:Update*\",\"kms:UntagResource\",\"kms:TagResource\",\"kms:ScheduleKeyDeletion\",\"kms:Revoke*\",\"kms:Put*\",\"kms:List*\",\"kms:Get*\",\"kms:Enable*\",\"kms:Disable*\",\"kms:Describe*\",\"kms:Delete*\",\"kms:Create*\",\"kms:CancelKeyDeletion\"],\"Effect\":\"Allow\",\"Principal\":{\"AWS\":\"arn:aws:iam::495143188735:user/pip\"},\"Resource\":\"*\",\"Sid\":\"KeyAdministration\"},{\"Action\":[\"kms:ReEncrypt*\",\"kms:GenerateDataKey*\",\"kms:Encrypt\",\"kms:DescribeKey\",\"kms:Decrypt\"],\"Effect\":\"Allow\",\"Principal\":{\"AWS\":\"arn:aws:iam::495143188735:role/pip-olumoko-cluster-cluster-20240913132806389100000003\"},\"Resource\":\"*\",\"Sid\":\"KeyUsage\"}],\"Version\":\"2012-10-17\"}",
            "rotation_period_in_days": 365,
            "tags": null,
            "tags_all": {},
            "timeouts": null,
            "xks_key_id": ""
          },
          "sensitive_attributes": [],
          "private": "eyJlMmJmYjczMC1lY2FhLTExZTYtOGY4OC0zNDM2M2JjN2M0YzAiOnsiY3JlYXRlIjoxMjAwMDAwMDAwMDB9fQ==",
          "dependencies": [
            "module.my-eks.module.eks-dev.aws_iam_role.this",
            "module.my-eks.module.eks-dev.data.aws_iam_policy_document.assume_role_policy",
            "module.my-eks.module.eks-dev.data.aws_iam_session_context.current",
            "module.my-eks.module.eks-dev.module.kms.data.aws_caller_identity.current",
            "module.my-eks.module.eks-dev.module.kms.data.aws_iam_policy_document.this",
            "module.my-eks.module.eks-dev.module.kms.data.aws_partition.current"
          ],
          "create_before_destroy": true
        }
      ]
    },
    {
      "module": "module.my-eks.module.eks.module.eks_managed_node_group[\"one\"]",
      "mode": "data",
      "type": "aws_caller_identity",
      "name": "current",
      "provider": "provider[\"registry.terraform.io/hashicorp/aws\"]",
      "instances": [
        {
          "schema_version": 0,
          "attributes": {
            "account_id": "495143188735",
            "arn": "arn:aws:iam::495143188735:user/pip",
            "id": "495143188735",
            "user_id": "AIDAXGSGVPD7S5JXQDKSO"
          },
          "sensitive_attributes": []
        }
      ]
    },
    {
      "module": "module.my-eks.module.eks.module.eks_managed_node_group[\"one\"]",
      "mode": "data",
      "type": "aws_iam_policy_document",
      "name": "assume_role_policy",
      "provider": "provider[\"registry.terraform.io/hashicorp/aws\"]",
      "instances": [
        {
          "index_key": 0,
          "schema_version": 0,
          "attributes": {
            "id": "2560088296",
            "json": "{\n  \"Version\": \"2012-10-17\",\n  \"Statement\": [\n    {\n      \"Sid\": \"EKSNodeAssumeRole\",\n      \"Effect\": \"Allow\",\n      \"Action\": \"sts:AssumeRole\",\n      \"Principal\": {\n        \"Service\": \"ec2.amazonaws.com\"\n      }\n    }\n  ]\n}",
            "minified_json": "{\"Version\":\"2012-10-17\",\"Statement\":[{\"Sid\":\"EKSNodeAssumeRole\",\"Effect\":\"Allow\",\"Action\":\"sts:AssumeRole\",\"Principal\":{\"Service\":\"ec2.amazonaws.com\"}}]}",
            "override_json": null,
            "override_policy_documents": null,
            "policy_id": null,
            "source_json": null,
            "source_policy_documents": null,
            "statement": [
              {
                "actions": [
                  "sts:AssumeRole"
                ],
                "condition": [],
                "effect": "Allow",
                "not_actions": [],
                "not_principals": [],
                "not_resources": [],
                "principals": [
                  {
                    "identifiers": [
                      "ec2.amazonaws.com"
                    ],
                    "type": "Service"
                  }
                ],
                "resources": [],
                "sid": "EKSNodeAssumeRole"
              }
            ],
            "version": "2012-10-17"
          },
          "sensitive_attributes": []
        }
      ]
    },
    {
      "module": "module.my-eks.module.eks.module.eks_managed_node_group[\"one\"]",
      "mode": "data",
      "type": "aws_partition",
      "name": "current",
      "provider": "provider[\"registry.terraform.io/hashicorp/aws\"]",
      "instances": [
        {
          "schema_version": 0,
          "attributes": {
            "dns_suffix": "amazonaws.com",
            "id": "aws",
            "partition": "aws",
            "reverse_dns_prefix": "com.amazonaws"
          },
          "sensitive_attributes": []
        }
      ]
    },
    {
      "module": "module.my-eks.module.eks.module.eks_managed_node_group[\"one\"]",
      "mode": "managed",
      "type": "aws_eks_node_group",
      "name": "this",
      "provider": "provider[\"registry.terraform.io/hashicorp/aws\"]",
      "instances": [
        {
          "index_key": 0,
          "schema_version": 0,
          "attributes": {
            "ami_type": "AL2_x86_64",
            "arn": "arn:aws:eks:eu-west-1:495143188735:nodegroup/pip-olumoko-cluster/node-group-1-2024091313365837380000001e/c8c8f5cc-f5c7-8d61-c125-8f2f5aa6d1ec",
            "capacity_type": "ON_DEMAND",
            "cluster_name": "pip-olumoko-cluster",
            "disk_size": 0,
            "force_update_version": null,
            "id": "pip-olumoko-cluster:node-group-1-2024091313365837380000001e",
            "instance_types": [
              "t3.medium"
            ],
            "labels": null,
            "launch_template": [
              {
                "id": "lt-0fc0ff0c5e72b08f9",
                "name": "one-2024091313365578580000001c",
                "version": "1"
              }
            ],
            "node_group_name": "node-group-1-2024091313365837380000001e",
            "node_group_name_prefix": "node-group-1-",
            "node_role_arn": "arn:aws:iam::495143188735:role/node-group-1-eks-node-group-20240913132805480300000001",
            "release_version": "1.24.17-20240904",
            "remote_access": [],
            "resources": [
              {
                "autoscaling_groups": [
                  {
                    "name": "eks-node-group-1-2024091313365837380000001e-c8c8f5cc-f5c7-8d61-c125-8f2f5aa6d1ec"
                  }
                ],
                "remote_access_security_group_id": ""
              }
            ],
            "scaling_config": [
              {
                "desired_size": 2,
                "max_size": 3,
                "min_size": 2
              }
            ],
            "status": "ACTIVE",
            "subnet_ids": [
              "subnet-03fae03eb1d2cf414",
              "subnet-07646f2d03b72daf0",
              "subnet-0eb0605ed75c1e98b"
            ],
            "tags": {
              "Name": "node-group-1"
            },
            "tags_all": {
              "Name": "node-group-1"
            },
            "taint": [],
            "timeouts": {
              "create": null,
              "delete": null,
              "update": null
            },
            "update_config": [
              {
                "max_unavailable": 0,
                "max_unavailable_percentage": 33
              }
            ],
            "version": "1.24"
          },
          "sensitive_attributes": [],
          "private": "eyJlMmJmYjczMC1lY2FhLTExZTYtOGY4OC0zNDM2M2JjN2M0YzAiOnsiY3JlYXRlIjozNjAwMDAwMDAwMDAwLCJkZWxldGUiOjM2MDAwMDAwMDAwMDAsInVwZGF0ZSI6MzYwMDAwMDAwMDAwMH19",
          "dependencies": [
            "module.moses_vpc.data.aws_availability_zones.eu-west-1",
            "module.moses_vpc.module.vpc_primary.aws_subnet.private",
            "module.moses_vpc.module.vpc_primary.aws_vpc.this",
            "module.moses_vpc.module.vpc_primary.aws_vpc_ipv4_cidr_block_association.this",
            "module.my-eks.module.eks.aws_cloudwatch_log_group.this",
            "module.my-eks.module.eks.aws_eks_cluster.this",
            "module.my-eks.module.eks.aws_iam_policy.cni_ipv6_policy",
            "module.my-eks.module.eks.aws_iam_role.this",
            "module.my-eks.module.eks.aws_iam_role_policy_attachment.this",
            "module.my-eks.module.eks.aws_security_group.cluster",
            "module.my-eks.module.eks.aws_security_group.node",
            "module.my-eks.module.eks.aws_security_group_rule.cluster",
            "module.my-eks.module.eks.aws_security_group_rule.node",
            "module.my-eks.module.eks.data.aws_iam_policy_document.assume_role_policy",
            "module.my-eks.module.eks.data.aws_iam_session_context.current",
            "module.my-eks.module.eks.data.aws_partition.current",
            "module.my-eks.module.eks.module.eks_managed_node_group.aws_iam_role.this",
            "module.my-eks.module.eks.module.eks_managed_node_group.aws_iam_role_policy_attachment.this",
            "module.my-eks.module.eks.module.eks_managed_node_group.aws_launch_template.this",
            "module.my-eks.module.eks.module.eks_managed_node_group.data.aws_caller_identity.current",
            "module.my-eks.module.eks.module.eks_managed_node_group.data.aws_iam_policy_document.assume_role_policy",
            "module.my-eks.module.eks.module.eks_managed_node_group.data.aws_partition.current",
            "module.my-eks.module.eks.module.eks_managed_node_group.module.user_data.data.cloudinit_config.linux_eks_managed_node_group",
            "module.my-eks.module.eks.module.kms.aws_kms_external_key.this",
            "module.my-eks.module.eks.module.kms.aws_kms_key.this",
            "module.my-eks.module.eks.module.kms.data.aws_caller_identity.current",
            "module.my-eks.module.eks.module.kms.data.aws_iam_policy_document.this",
            "module.my-eks.module.eks.module.kms.data.aws_partition.current",
            "module.my-eks.module.eks.time_sleep.this"
          ],
          "create_before_destroy": true
        }
      ]
    },
    {
      "module": "module.my-eks.module.eks.module.eks_managed_node_group[\"one\"]",
      "mode": "managed",
      "type": "aws_iam_role",
      "name": "this",
      "provider": "provider[\"registry.terraform.io/hashicorp/aws\"]",
      "instances": [
        {
          "index_key": 0,
          "schema_version": 0,
          "attributes": {
            "arn": "arn:aws:iam::495143188735:role/node-group-1-eks-node-group-20240913132805480300000001",
            "assume_role_policy": "{\"Statement\":[{\"Action\":\"sts:AssumeRole\",\"Effect\":\"Allow\",\"Principal\":{\"Service\":\"ec2.amazonaws.com\"},\"Sid\":\"EKSNodeAssumeRole\"}],\"Version\":\"2012-10-17\"}",
            "create_date": "2024-09-13T13:28:07Z",
            "description": "EKS managed node group IAM role",
            "force_detach_policies": true,
            "id": "node-group-1-eks-node-group-20240913132805480300000001",
            "inline_policy": [],
            "managed_policy_arns": [],
            "max_session_duration": 3600,
            "name": "node-group-1-eks-node-group-20240913132805480300000001",
            "name_prefix": "node-group-1-eks-node-group-",
            "path": "/",
            "permissions_boundary": "",
            "tags": null,
            "tags_all": {},
            "unique_id": "AROAXGSGVPD77772AL747"
          },
          "sensitive_attributes": [],
          "private": "bnVsbA==",
          "dependencies": [
            "module.my-eks.module.eks.module.eks_managed_node_group.data.aws_iam_policy_document.assume_role_policy"
          ],
          "create_before_destroy": true
        }
      ]
    },
    {
      "module": "module.my-eks.module.eks.module.eks_managed_node_group[\"one\"]",
      "mode": "managed",
      "type": "aws_iam_role_policy_attachment",
      "name": "this",
      "provider": "provider[\"registry.terraform.io/hashicorp/aws\"]",
      "instances": [
        {
          "index_key": "arn:aws:iam::aws:policy/AmazonEC2ContainerRegistryReadOnly",
          "schema_version": 0,
          "attributes": {
            "id": "node-group-1-eks-node-group-20240913132805480300000001-20240913132809915300000007",
            "policy_arn": "arn:aws:iam::aws:policy/AmazonEC2ContainerRegistryReadOnly",
            "role": "node-group-1-eks-node-group-20240913132805480300000001"
          },
          "sensitive_attributes": [],
          "private": "bnVsbA==",
          "dependencies": [
            "module.my-eks.module.eks.module.eks_managed_node_group.aws_iam_role.this",
            "module.my-eks.module.eks.module.eks_managed_node_group.data.aws_caller_identity.current",
            "module.my-eks.module.eks.module.eks_managed_node_group.data.aws_iam_policy_document.assume_role_policy",
            "module.my-eks.module.eks.module.eks_managed_node_group.data.aws_partition.current"
          ],
          "create_before_destroy": true
        },
        {
          "index_key": "arn:aws:iam::aws:policy/AmazonEKSWorkerNodePolicy",
          "schema_version": 0,
          "attributes": {
            "id": "node-group-1-eks-node-group-20240913132805480300000001-20240913132809921100000008",
            "policy_arn": "arn:aws:iam::aws:policy/AmazonEKSWorkerNodePolicy",
            "role": "node-group-1-eks-node-group-20240913132805480300000001"
          },
          "sensitive_attributes": [],
          "private": "bnVsbA==",
          "dependencies": [
            "module.my-eks.module.eks.module.eks_managed_node_group.aws_iam_role.this",
            "module.my-eks.module.eks.module.eks_managed_node_group.data.aws_caller_identity.current",
            "module.my-eks.module.eks.module.eks_managed_node_group.data.aws_iam_policy_document.assume_role_policy",
            "module.my-eks.module.eks.module.eks_managed_node_group.data.aws_partition.current"
          ],
          "create_before_destroy": true
        },
        {
          "index_key": "arn:aws:iam::aws:policy/AmazonEKS_CNI_Policy",
          "schema_version": 0,
          "attributes": {
            "id": "node-group-1-eks-node-group-20240913132805480300000001-20240913132809934900000009",
            "policy_arn": "arn:aws:iam::aws:policy/AmazonEKS_CNI_Policy",
            "role": "node-group-1-eks-node-group-20240913132805480300000001"
          },
          "sensitive_attributes": [],
          "private": "bnVsbA==",
          "dependencies": [
            "module.my-eks.module.eks.module.eks_managed_node_group.aws_iam_role.this",
            "module.my-eks.module.eks.module.eks_managed_node_group.data.aws_caller_identity.current",
            "module.my-eks.module.eks.module.eks_managed_node_group.data.aws_iam_policy_document.assume_role_policy",
            "module.my-eks.module.eks.module.eks_managed_node_group.data.aws_partition.current"
          ],
          "create_before_destroy": true
        }
      ]
    },
    {
      "module": "module.my-eks.module.eks.module.eks_managed_node_group[\"one\"]",
      "mode": "managed",
      "type": "aws_launch_template",
      "name": "this",
      "provider": "provider[\"registry.terraform.io/hashicorp/aws\"]",
      "instances": [
        {
          "index_key": 0,
          "schema_version": 0,
          "attributes": {
            "arn": "arn:aws:ec2:eu-west-1:495143188735:launch-template/lt-0fc0ff0c5e72b08f9",
            "block_device_mappings": [],
            "capacity_reservation_specification": [],
            "cpu_options": [],
            "credit_specification": [],
            "default_version": 1,
            "description": "Custom launch template for node-group-1 EKS managed node group",
            "disable_api_stop": false,
            "disable_api_termination": false,
            "ebs_optimized": "",
            "elastic_gpu_specifications": [],
            "elastic_inference_accelerator": [],
            "enclave_options": [],
            "hibernation_options": [],
            "iam_instance_profile": [],
            "id": "lt-0fc0ff0c5e72b08f9",
            "image_id": "",
            "instance_initiated_shutdown_behavior": "",
            "instance_market_options": [],
            "instance_requirements": [],
            "instance_type": "",
            "kernel_id": "",
            "key_name": "",
            "latest_version": 1,
            "license_specification": [],
            "maintenance_options": [],
            "metadata_options": [
              {
                "http_endpoint": "enabled",
                "http_protocol_ipv6": "",
                "http_put_response_hop_limit": 2,
                "http_tokens": "required",
                "instance_metadata_tags": ""
              }
            ],
            "monitoring": [
              {
                "enabled": true
              }
            ],
            "name": "one-2024091313365578580000001c",
            "name_prefix": "one-",
            "network_interfaces": [],
            "placement": [],
            "private_dns_name_options": [],
            "ram_disk_id": "",
            "security_group_names": null,
            "tag_specifications": [
              {
                "resource_type": "instance",
                "tags": {
                  "Name": "node-group-1"
                }
              },
              {
                "resource_type": "network-interface",
                "tags": {
                  "Name": "node-group-1"
                }
              },
              {
                "resource_type": "volume",
                "tags": {
                  "Name": "node-group-1"
                }
              }
            ],
            "tags": null,
            "tags_all": {},
            "update_default_version": true,
            "user_data": "",
            "vpc_security_group_ids": [
              "sg-0604becbf569c351b"
            ]
          },
          "sensitive_attributes": [],
          "private": "bnVsbA==",
          "dependencies": [
            "module.moses_vpc.data.aws_availability_zones.eu-west-1",
            "module.moses_vpc.module.vpc_primary.aws_subnet.private",
            "module.moses_vpc.module.vpc_primary.aws_vpc.this",
            "module.moses_vpc.module.vpc_primary.aws_vpc_ipv4_cidr_block_association.this",
            "module.my-eks.module.eks.aws_cloudwatch_log_group.this",
            "module.my-eks.module.eks.aws_eks_cluster.this",
            "module.my-eks.module.eks.aws_iam_policy.cni_ipv6_policy",
            "module.my-eks.module.eks.aws_iam_role.this",
            "module.my-eks.module.eks.aws_iam_role_policy_attachment.this",
            "module.my-eks.module.eks.aws_security_group.cluster",
            "module.my-eks.module.eks.aws_security_group.node",
            "module.my-eks.module.eks.aws_security_group_rule.cluster",
            "module.my-eks.module.eks.aws_security_group_rule.node",
            "module.my-eks.module.eks.data.aws_iam_policy_document.assume_role_policy",
            "module.my-eks.module.eks.data.aws_iam_session_context.current",
            "module.my-eks.module.eks.data.aws_partition.current",
            "module.my-eks.module.eks.module.eks_managed_node_group.aws_iam_role.this",
            "module.my-eks.module.eks.module.eks_managed_node_group.aws_iam_role_policy_attachment.this",
            "module.my-eks.module.eks.module.eks_managed_node_group.data.aws_caller_identity.current",
            "module.my-eks.module.eks.module.eks_managed_node_group.data.aws_iam_policy_document.assume_role_policy",
            "module.my-eks.module.eks.module.eks_managed_node_group.data.aws_partition.current",
            "module.my-eks.module.eks.module.eks_managed_node_group.module.user_data.data.cloudinit_config.linux_eks_managed_node_group",
            "module.my-eks.module.eks.module.kms.aws_kms_external_key.this",
            "module.my-eks.module.eks.module.kms.aws_kms_key.this",
            "module.my-eks.module.eks.module.kms.data.aws_caller_identity.current",
            "module.my-eks.module.eks.module.kms.data.aws_iam_policy_document.this",
            "module.my-eks.module.eks.module.kms.data.aws_partition.current",
            "module.my-eks.module.eks.time_sleep.this"
          ],
          "create_before_destroy": true
        }
      ]
    },
    {
      "module": "module.my-eks.module.eks.module.eks_managed_node_group[\"two\"]",
      "mode": "data",
      "type": "aws_caller_identity",
      "name": "current",
      "provider": "provider[\"registry.terraform.io/hashicorp/aws\"]",
      "instances": [
        {
          "schema_version": 0,
          "attributes": {
            "account_id": "495143188735",
            "arn": "arn:aws:iam::495143188735:user/pip",
            "id": "495143188735",
            "user_id": "AIDAXGSGVPD7S5JXQDKSO"
          },
          "sensitive_attributes": []
        }
      ]
    },
    {
      "module": "module.my-eks.module.eks.module.eks_managed_node_group[\"two\"]",
      "mode": "data",
      "type": "aws_iam_policy_document",
      "name": "assume_role_policy",
      "provider": "provider[\"registry.terraform.io/hashicorp/aws\"]",
      "instances": [
        {
          "index_key": 0,
          "schema_version": 0,
          "attributes": {
            "id": "2560088296",
            "json": "{\n  \"Version\": \"2012-10-17\",\n  \"Statement\": [\n    {\n      \"Sid\": \"EKSNodeAssumeRole\",\n      \"Effect\": \"Allow\",\n      \"Action\": \"sts:AssumeRole\",\n      \"Principal\": {\n        \"Service\": \"ec2.amazonaws.com\"\n      }\n    }\n  ]\n}",
            "minified_json": "{\"Version\":\"2012-10-17\",\"Statement\":[{\"Sid\":\"EKSNodeAssumeRole\",\"Effect\":\"Allow\",\"Action\":\"sts:AssumeRole\",\"Principal\":{\"Service\":\"ec2.amazonaws.com\"}}]}",
            "override_json": null,
            "override_policy_documents": null,
            "policy_id": null,
            "source_json": null,
            "source_policy_documents": null,
            "statement": [
              {
                "actions": [
                  "sts:AssumeRole"
                ],
                "condition": [],
                "effect": "Allow",
                "not_actions": [],
                "not_principals": [],
                "not_resources": [],
                "principals": [
                  {
                    "identifiers": [
                      "ec2.amazonaws.com"
                    ],
                    "type": "Service"
                  }
                ],
                "resources": [],
                "sid": "EKSNodeAssumeRole"
              }
            ],
            "version": "2012-10-17"
          },
          "sensitive_attributes": []
        }
      ]
    },
    {
      "module": "module.my-eks.module.eks.module.eks_managed_node_group[\"two\"]",
      "mode": "data",
      "type": "aws_partition",
      "name": "current",
      "provider": "provider[\"registry.terraform.io/hashicorp/aws\"]",
      "instances": [
        {
          "schema_version": 0,
          "attributes": {
            "dns_suffix": "amazonaws.com",
            "id": "aws",
            "partition": "aws",
            "reverse_dns_prefix": "com.amazonaws"
          },
          "sensitive_attributes": []
        }
      ]
    },
    {
      "module": "module.my-eks.module.eks.module.eks_managed_node_group[\"two\"]",
      "mode": "managed",
      "type": "aws_eks_node_group",
      "name": "this",
      "provider": "provider[\"registry.terraform.io/hashicorp/aws\"]",
      "instances": [
        {
          "index_key": 0,
          "schema_version": 0,
          "attributes": {
            "ami_type": "AL2_x86_64",
            "arn": "arn:aws:eks:eu-west-1:495143188735:nodegroup/pip-olumoko-cluster/node-group-2-20240913133658374100000020/64c8f5cc-f5d1-b16e-94be-49909339fee0",
            "capacity_type": "ON_DEMAND",
            "cluster_name": "pip-olumoko-cluster",
            "disk_size": 0,
            "force_update_version": null,
            "id": "pip-olumoko-cluster:node-group-2-20240913133658374100000020",
            "instance_types": [
              "t3.medium"
            ],
            "labels": null,
            "launch_template": [
              {
                "id": "lt-0f836b933dac527f2",
                "name": "two-2024091313365578570000001a",
                "version": "1"
              }
            ],
            "node_group_name": "node-group-2-20240913133658374100000020",
            "node_group_name_prefix": "node-group-2-",
            "node_role_arn": "arn:aws:iam::495143188735:role/node-group-2-eks-node-group-20240913132805480600000002",
            "release_version": "1.24.17-20240904",
            "remote_access": [],
            "resources": [
              {
                "autoscaling_groups": [
                  {
                    "name": "eks-node-group-2-20240913133658374100000020-64c8f5cc-f5d1-b16e-94be-49909339fee0"
                  }
                ],
                "remote_access_security_group_id": ""
              }
            ],
            "scaling_config": [
              {
                "desired_size": 2,
                "max_size": 3,
                "min_size": 2
              }
            ],
            "status": "ACTIVE",
            "subnet_ids": [
              "subnet-03fae03eb1d2cf414",
              "subnet-07646f2d03b72daf0",
              "subnet-0eb0605ed75c1e98b"
            ],
            "tags": {
              "Name": "node-group-2"
            },
            "tags_all": {
              "Name": "node-group-2"
            },
            "taint": [],
            "timeouts": {
              "create": null,
              "delete": null,
              "update": null
            },
            "update_config": [
              {
                "max_unavailable": 0,
                "max_unavailable_percentage": 33
              }
            ],
            "version": "1.24"
          },
          "sensitive_attributes": [],
          "private": "eyJlMmJmYjczMC1lY2FhLTExZTYtOGY4OC0zNDM2M2JjN2M0YzAiOnsiY3JlYXRlIjozNjAwMDAwMDAwMDAwLCJkZWxldGUiOjM2MDAwMDAwMDAwMDAsInVwZGF0ZSI6MzYwMDAwMDAwMDAwMH19",
          "dependencies": [
            "module.moses_vpc.data.aws_availability_zones.eu-west-1",
            "module.moses_vpc.module.vpc_primary.aws_subnet.private",
            "module.moses_vpc.module.vpc_primary.aws_vpc.this",
            "module.moses_vpc.module.vpc_primary.aws_vpc_ipv4_cidr_block_association.this",
            "module.my-eks.module.eks.aws_cloudwatch_log_group.this",
            "module.my-eks.module.eks.aws_eks_cluster.this",
            "module.my-eks.module.eks.aws_iam_policy.cni_ipv6_policy",
            "module.my-eks.module.eks.aws_iam_role.this",
            "module.my-eks.module.eks.aws_iam_role_policy_attachment.this",
            "module.my-eks.module.eks.aws_security_group.cluster",
            "module.my-eks.module.eks.aws_security_group.node",
            "module.my-eks.module.eks.aws_security_group_rule.cluster",
            "module.my-eks.module.eks.aws_security_group_rule.node",
            "module.my-eks.module.eks.data.aws_iam_policy_document.assume_role_policy",
            "module.my-eks.module.eks.data.aws_iam_session_context.current",
            "module.my-eks.module.eks.data.aws_partition.current",
            "module.my-eks.module.eks.module.eks_managed_node_group.aws_iam_role.this",
            "module.my-eks.module.eks.module.eks_managed_node_group.aws_iam_role_policy_attachment.this",
            "module.my-eks.module.eks.module.eks_managed_node_group.aws_launch_template.this",
            "module.my-eks.module.eks.module.eks_managed_node_group.data.aws_caller_identity.current",
            "module.my-eks.module.eks.module.eks_managed_node_group.data.aws_iam_policy_document.assume_role_policy",
            "module.my-eks.module.eks.module.eks_managed_node_group.data.aws_partition.current",
            "module.my-eks.module.eks.module.eks_managed_node_group.module.user_data.data.cloudinit_config.linux_eks_managed_node_group",
            "module.my-eks.module.eks.module.kms.aws_kms_external_key.this",
            "module.my-eks.module.eks.module.kms.aws_kms_key.this",
            "module.my-eks.module.eks.module.kms.data.aws_caller_identity.current",
            "module.my-eks.module.eks.module.kms.data.aws_iam_policy_document.this",
            "module.my-eks.module.eks.module.kms.data.aws_partition.current",
            "module.my-eks.module.eks.time_sleep.this"
          ],
          "create_before_destroy": true
        }
      ]
    },
    {
      "module": "module.my-eks.module.eks.module.eks_managed_node_group[\"two\"]",
      "mode": "managed",
      "type": "aws_iam_role",
      "name": "this",
      "provider": "provider[\"registry.terraform.io/hashicorp/aws\"]",
      "instances": [
        {
          "index_key": 0,
          "schema_version": 0,
          "attributes": {
            "arn": "arn:aws:iam::495143188735:role/node-group-2-eks-node-group-20240913132805480600000002",
            "assume_role_policy": "{\"Statement\":[{\"Action\":\"sts:AssumeRole\",\"Effect\":\"Allow\",\"Principal\":{\"Service\":\"ec2.amazonaws.com\"},\"Sid\":\"EKSNodeAssumeRole\"}],\"Version\":\"2012-10-17\"}",
            "create_date": "2024-09-13T13:28:07Z",
            "description": "EKS managed node group IAM role",
            "force_detach_policies": true,
            "id": "node-group-2-eks-node-group-20240913132805480600000002",
            "inline_policy": [],
            "managed_policy_arns": [],
            "max_session_duration": 3600,
            "name": "node-group-2-eks-node-group-20240913132805480600000002",
            "name_prefix": "node-group-2-eks-node-group-",
            "path": "/",
            "permissions_boundary": "",
            "tags": null,
            "tags_all": {},
            "unique_id": "AROAXGSGVPD7TJC6REV6M"
          },
          "sensitive_attributes": [],
          "private": "bnVsbA==",
          "dependencies": [
            "module.my-eks.module.eks.module.eks_managed_node_group.data.aws_iam_policy_document.assume_role_policy"
          ],
          "create_before_destroy": true
        }
      ]
    },
    {
      "module": "module.my-eks.module.eks.module.eks_managed_node_group[\"two\"]",
      "mode": "managed",
      "type": "aws_iam_role_policy_attachment",
      "name": "this",
      "provider": "provider[\"registry.terraform.io/hashicorp/aws\"]",
      "instances": [
        {
          "index_key": "arn:aws:iam::aws:policy/AmazonEC2ContainerRegistryReadOnly",
          "schema_version": 0,
          "attributes": {
            "id": "node-group-2-eks-node-group-20240913132805480600000002-20240913132809634100000005",
            "policy_arn": "arn:aws:iam::aws:policy/AmazonEC2ContainerRegistryReadOnly",
            "role": "node-group-2-eks-node-group-20240913132805480600000002"
          },
          "sensitive_attributes": [],
          "private": "bnVsbA==",
          "dependencies": [
            "module.my-eks.module.eks.module.eks_managed_node_group.aws_iam_role.this",
            "module.my-eks.module.eks.module.eks_managed_node_group.data.aws_caller_identity.current",
            "module.my-eks.module.eks.module.eks_managed_node_group.data.aws_iam_policy_document.assume_role_policy",
            "module.my-eks.module.eks.module.eks_managed_node_group.data.aws_partition.current"
          ],
          "create_before_destroy": true
        },
        {
          "index_key": "arn:aws:iam::aws:policy/AmazonEKSWorkerNodePolicy",
          "schema_version": 0,
          "attributes": {
            "id": "node-group-2-eks-node-group-20240913132805480600000002-20240913132809402500000004",
            "policy_arn": "arn:aws:iam::aws:policy/AmazonEKSWorkerNodePolicy",
            "role": "node-group-2-eks-node-group-20240913132805480600000002"
          },
          "sensitive_attributes": [],
          "private": "bnVsbA==",
          "dependencies": [
            "module.my-eks.module.eks.module.eks_managed_node_group.aws_iam_role.this",
            "module.my-eks.module.eks.module.eks_managed_node_group.data.aws_caller_identity.current",
            "module.my-eks.module.eks.module.eks_managed_node_group.data.aws_iam_policy_document.assume_role_policy",
            "module.my-eks.module.eks.module.eks_managed_node_group.data.aws_partition.current"
          ],
          "create_before_destroy": true
        },
        {
          "index_key": "arn:aws:iam::aws:policy/AmazonEKS_CNI_Policy",
          "schema_version": 0,
          "attributes": {
            "id": "node-group-2-eks-node-group-20240913132805480600000002-20240913132809643100000006",
            "policy_arn": "arn:aws:iam::aws:policy/AmazonEKS_CNI_Policy",
            "role": "node-group-2-eks-node-group-20240913132805480600000002"
          },
          "sensitive_attributes": [],
          "private": "bnVsbA==",
          "dependencies": [
            "module.my-eks.module.eks.module.eks_managed_node_group.aws_iam_role.this",
            "module.my-eks.module.eks.module.eks_managed_node_group.data.aws_caller_identity.current",
            "module.my-eks.module.eks.module.eks_managed_node_group.data.aws_iam_policy_document.assume_role_policy",
            "module.my-eks.module.eks.module.eks_managed_node_group.data.aws_partition.current"
          ],
          "create_before_destroy": true
        }
      ]
    },
    {
      "module": "module.my-eks.module.eks.module.eks_managed_node_group[\"two\"]",
      "mode": "managed",
      "type": "aws_launch_template",
      "name": "this",
      "provider": "provider[\"registry.terraform.io/hashicorp/aws\"]",
      "instances": [
        {
          "index_key": 0,
          "schema_version": 0,
          "attributes": {
            "arn": "arn:aws:ec2:eu-west-1:495143188735:launch-template/lt-0f836b933dac527f2",
            "block_device_mappings": [],
            "capacity_reservation_specification": [],
            "cpu_options": [],
            "credit_specification": [],
            "default_version": 1,
            "description": "Custom launch template for node-group-2 EKS managed node group",
            "disable_api_stop": false,
            "disable_api_termination": false,
            "ebs_optimized": "",
            "elastic_gpu_specifications": [],
            "elastic_inference_accelerator": [],
            "enclave_options": [],
            "hibernation_options": [],
            "iam_instance_profile": [],
            "id": "lt-0f836b933dac527f2",
            "image_id": "",
            "instance_initiated_shutdown_behavior": "",
            "instance_market_options": [],
            "instance_requirements": [],
            "instance_type": "",
            "kernel_id": "",
            "key_name": "",
            "latest_version": 1,
            "license_specification": [],
            "maintenance_options": [],
            "metadata_options": [
              {
                "http_endpoint": "enabled",
                "http_protocol_ipv6": "",
                "http_put_response_hop_limit": 2,
                "http_tokens": "required",
                "instance_metadata_tags": ""
              }
            ],
            "monitoring": [
              {
                "enabled": true
              }
            ],
            "name": "two-2024091313365578570000001a",
            "name_prefix": "two-",
            "network_interfaces": [],
            "placement": [],
            "private_dns_name_options": [],
            "ram_disk_id": "",
            "security_group_names": null,
            "tag_specifications": [
              {
                "resource_type": "instance",
                "tags": {
                  "Name": "node-group-2"
                }
              },
              {
                "resource_type": "network-interface",
                "tags": {
                  "Name": "node-group-2"
                }
              },
              {
                "resource_type": "volume",
                "tags": {
                  "Name": "node-group-2"
                }
              }
            ],
            "tags": null,
            "tags_all": {},
            "update_default_version": true,
            "user_data": "",
            "vpc_security_group_ids": [
              "sg-0604becbf569c351b"
            ]
          },
          "sensitive_attributes": [],
          "private": "bnVsbA==",
          "dependencies": [
            "module.moses_vpc.data.aws_availability_zones.eu-west-1",
            "module.moses_vpc.module.vpc_primary.aws_subnet.private",
            "module.moses_vpc.module.vpc_primary.aws_vpc.this",
            "module.moses_vpc.module.vpc_primary.aws_vpc_ipv4_cidr_block_association.this",
            "module.my-eks.module.eks.aws_cloudwatch_log_group.this",
            "module.my-eks.module.eks.aws_eks_cluster.this",
            "module.my-eks.module.eks.aws_iam_policy.cni_ipv6_policy",
            "module.my-eks.module.eks.aws_iam_role.this",
            "module.my-eks.module.eks.aws_iam_role_policy_attachment.this",
            "module.my-eks.module.eks.aws_security_group.cluster",
            "module.my-eks.module.eks.aws_security_group.node",
            "module.my-eks.module.eks.aws_security_group_rule.cluster",
            "module.my-eks.module.eks.aws_security_group_rule.node",
            "module.my-eks.module.eks.data.aws_iam_policy_document.assume_role_policy",
            "module.my-eks.module.eks.data.aws_iam_session_context.current",
            "module.my-eks.module.eks.data.aws_partition.current",
            "module.my-eks.module.eks.module.eks_managed_node_group.aws_iam_role.this",
            "module.my-eks.module.eks.module.eks_managed_node_group.aws_iam_role_policy_attachment.this",
            "module.my-eks.module.eks.module.eks_managed_node_group.data.aws_caller_identity.current",
            "module.my-eks.module.eks.module.eks_managed_node_group.data.aws_iam_policy_document.assume_role_policy",
            "module.my-eks.module.eks.module.eks_managed_node_group.data.aws_partition.current",
            "module.my-eks.module.eks.module.eks_managed_node_group.module.user_data.data.cloudinit_config.linux_eks_managed_node_group",
            "module.my-eks.module.eks.module.kms.aws_kms_external_key.this",
            "module.my-eks.module.eks.module.kms.aws_kms_key.this",
            "module.my-eks.module.eks.module.kms.data.aws_caller_identity.current",
            "module.my-eks.module.eks.module.kms.data.aws_iam_policy_document.this",
            "module.my-eks.module.eks.module.kms.data.aws_partition.current",
            "module.my-eks.module.eks.time_sleep.this"
          ],
          "create_before_destroy": true
        }
      ]
    },
    {
      "module": "module.my-eks.module.eks.module.kms",
      "mode": "data",
      "type": "aws_caller_identity",
      "name": "current",
      "provider": "provider[\"registry.terraform.io/hashicorp/aws\"]",
      "instances": [
        {
          "schema_version": 0,
          "attributes": {
            "account_id": "495143188735",
            "arn": "arn:aws:iam::495143188735:user/pip",
            "id": "495143188735",
            "user_id": "AIDAXGSGVPD7S5JXQDKSO"
          },
          "sensitive_attributes": []
        }
      ]
    },
    {
      "module": "module.my-eks.module.eks.module.kms",
      "mode": "data",
      "type": "aws_iam_policy_document",
      "name": "this",
      "provider": "provider[\"registry.terraform.io/hashicorp/aws\"]",
      "instances": [
        {
          "index_key": 0,
          "schema_version": 0,
          "attributes": {
            "id": "4092025256",
            "json": "{\n  \"Version\": \"2012-10-17\",\n  \"Statement\": [\n    {\n      \"Sid\": \"KeyAdministration\",\n      \"Effect\": \"Allow\",\n      \"Action\": [\n        \"kms:Update*\",\n        \"kms:UntagResource\",\n        \"kms:TagResource\",\n        \"kms:ScheduleKeyDeletion\",\n        \"kms:Revoke*\",\n        \"kms:Put*\",\n        \"kms:List*\",\n        \"kms:Get*\",\n        \"kms:Enable*\",\n        \"kms:Disable*\",\n        \"kms:Describe*\",\n        \"kms:Delete*\",\n        \"kms:Create*\",\n        \"kms:CancelKeyDeletion\"\n      ],\n      \"Resource\": \"*\",\n      \"Principal\": {\n        \"AWS\": \"arn:aws:iam::495143188735:user/pip\"\n      }\n    },\n    {\n      \"Sid\": \"KeyUsage\",\n      \"Effect\": \"Allow\",\n      \"Action\": [\n        \"kms:ReEncrypt*\",\n        \"kms:GenerateDataKey*\",\n        \"kms:Encrypt\",\n        \"kms:DescribeKey\",\n        \"kms:Decrypt\"\n      ],\n      \"Resource\": \"*\",\n      \"Principal\": {\n        \"AWS\": \"arn:aws:iam::495143188735:role/pip-olumoko-cluster-cluster-20240913132805480800000003\"\n      }\n    }\n  ]\n}",
            "minified_json": "{\"Version\":\"2012-10-17\",\"Statement\":[{\"Sid\":\"KeyAdministration\",\"Effect\":\"Allow\",\"Action\":[\"kms:Update*\",\"kms:UntagResource\",\"kms:TagResource\",\"kms:ScheduleKeyDeletion\",\"kms:Revoke*\",\"kms:Put*\",\"kms:List*\",\"kms:Get*\",\"kms:Enable*\",\"kms:Disable*\",\"kms:Describe*\",\"kms:Delete*\",\"kms:Create*\",\"kms:CancelKeyDeletion\"],\"Resource\":\"*\",\"Principal\":{\"AWS\":\"arn:aws:iam::495143188735:user/pip\"}},{\"Sid\":\"KeyUsage\",\"Effect\":\"Allow\",\"Action\":[\"kms:ReEncrypt*\",\"kms:GenerateDataKey*\",\"kms:Encrypt\",\"kms:DescribeKey\",\"kms:Decrypt\"],\"Resource\":\"*\",\"Principal\":{\"AWS\":\"arn:aws:iam::495143188735:role/pip-olumoko-cluster-cluster-20240913132805480800000003\"}}]}",
            "override_json": null,
            "override_policy_documents": null,
            "policy_id": null,
            "source_json": null,
            "source_policy_documents": null,
            "statement": [
              {
                "actions": [
                  "kms:CancelKeyDeletion",
                  "kms:Create*",
                  "kms:Delete*",
                  "kms:Describe*",
                  "kms:Disable*",
                  "kms:Enable*",
                  "kms:Get*",
                  "kms:List*",
                  "kms:Put*",
                  "kms:Revoke*",
                  "kms:ScheduleKeyDeletion",
                  "kms:TagResource",
                  "kms:UntagResource",
                  "kms:Update*"
                ],
                "condition": [],
                "effect": "Allow",
                "not_actions": [],
                "not_principals": [],
                "not_resources": [],
                "principals": [
                  {
                    "identifiers": [
                      "arn:aws:iam::495143188735:user/pip"
                    ],
                    "type": "AWS"
                  }
                ],
                "resources": [
                  "*"
                ],
                "sid": "KeyAdministration"
              },
              {
                "actions": [
                  "kms:Decrypt",
                  "kms:DescribeKey",
                  "kms:Encrypt",
                  "kms:GenerateDataKey*",
                  "kms:ReEncrypt*"
                ],
                "condition": [],
                "effect": "Allow",
                "not_actions": [],
                "not_principals": [],
                "not_resources": [],
                "principals": [
                  {
                    "identifiers": [
                      "arn:aws:iam::495143188735:role/pip-olumoko-cluster-cluster-20240913132805480800000003"
                    ],
                    "type": "AWS"
                  }
                ],
                "resources": [
                  "*"
                ],
                "sid": "KeyUsage"
              }
            ],
            "version": "2012-10-17"
          },
          "sensitive_attributes": []
        }
      ]
    },
    {
      "module": "module.my-eks.module.eks.module.kms",
      "mode": "data",
      "type": "aws_partition",
      "name": "current",
      "provider": "provider[\"registry.terraform.io/hashicorp/aws\"]",
      "instances": [
        {
          "schema_version": 0,
          "attributes": {
            "dns_suffix": "amazonaws.com",
            "id": "aws",
            "partition": "aws",
            "reverse_dns_prefix": "com.amazonaws"
          },
          "sensitive_attributes": []
        }
      ]
    },
    {
      "module": "module.my-eks.module.eks.module.kms",
      "mode": "managed",
      "type": "aws_kms_alias",
      "name": "this",
      "provider": "provider[\"registry.terraform.io/hashicorp/aws\"]",
      "instances": [
        {
          "index_key": "cluster",
          "schema_version": 0,
          "attributes": {
            "arn": "arn:aws:kms:eu-west-1:495143188735:alias/eks/pip-olumoko-cluster",
            "id": "alias/eks/pip-olumoko-cluster",
            "name": "alias/eks/pip-olumoko-cluster",
            "name_prefix": "",
            "target_key_arn": "arn:aws:kms:eu-west-1:495143188735:key/fabdf2aa-d23f-4309-86b2-052a3fc38e2f",
            "target_key_id": "fabdf2aa-d23f-4309-86b2-052a3fc38e2f"
          },
          "sensitive_attributes": [],
          "private": "bnVsbA==",
          "dependencies": [
            "module.my-eks.module.eks.aws_iam_role.this",
            "module.my-eks.module.eks.data.aws_iam_policy_document.assume_role_policy",
            "module.my-eks.module.eks.data.aws_iam_session_context.current",
            "module.my-eks.module.eks.module.kms.aws_kms_external_key.this",
            "module.my-eks.module.eks.module.kms.aws_kms_key.this",
            "module.my-eks.module.eks.module.kms.data.aws_caller_identity.current",
            "module.my-eks.module.eks.module.kms.data.aws_iam_policy_document.this",
            "module.my-eks.module.eks.module.kms.data.aws_partition.current"
          ]
        }
      ]
    },
    {
      "module": "module.my-eks.module.eks.module.kms",
      "mode": "managed",
      "type": "aws_kms_key",
      "name": "this",
      "provider": "provider[\"registry.terraform.io/hashicorp/aws\"]",
      "instances": [
        {
          "index_key": 0,
          "schema_version": 0,
          "attributes": {
            "arn": "arn:aws:kms:eu-west-1:495143188735:key/fabdf2aa-d23f-4309-86b2-052a3fc38e2f",
            "bypass_policy_lockout_safety_check": false,
            "custom_key_store_id": "",
            "customer_master_key_spec": "SYMMETRIC_DEFAULT",
            "deletion_window_in_days": null,
            "description": "pip-olumoko-cluster cluster encryption key",
            "enable_key_rotation": true,
            "id": "fabdf2aa-d23f-4309-86b2-052a3fc38e2f",
            "is_enabled": true,
            "key_id": "fabdf2aa-d23f-4309-86b2-052a3fc38e2f",
            "key_usage": "ENCRYPT_DECRYPT",
            "multi_region": false,
            "policy": "{\"Statement\":[{\"Action\":[\"kms:Update*\",\"kms:UntagResource\",\"kms:TagResource\",\"kms:ScheduleKeyDeletion\",\"kms:Revoke*\",\"kms:Put*\",\"kms:List*\",\"kms:Get*\",\"kms:Enable*\",\"kms:Disable*\",\"kms:Describe*\",\"kms:Delete*\",\"kms:Create*\",\"kms:CancelKeyDeletion\"],\"Effect\":\"Allow\",\"Principal\":{\"AWS\":\"arn:aws:iam::495143188735:user/pip\"},\"Resource\":\"*\",\"Sid\":\"KeyAdministration\"},{\"Action\":[\"kms:ReEncrypt*\",\"kms:GenerateDataKey*\",\"kms:Encrypt\",\"kms:DescribeKey\",\"kms:Decrypt\"],\"Effect\":\"Allow\",\"Principal\":{\"AWS\":\"arn:aws:iam::495143188735:role/pip-olumoko-cluster-cluster-20240913132805480800000003\"},\"Resource\":\"*\",\"Sid\":\"KeyUsage\"}],\"Version\":\"2012-10-17\"}",
            "rotation_period_in_days": 365,
            "tags": null,
            "tags_all": {},
            "timeouts": null,
            "xks_key_id": ""
          },
          "sensitive_attributes": [],
          "private": "eyJlMmJmYjczMC1lY2FhLTExZTYtOGY4OC0zNDM2M2JjN2M0YzAiOnsiY3JlYXRlIjoxMjAwMDAwMDAwMDB9fQ==",
          "dependencies": [
            "module.my-eks.module.eks.aws_iam_role.this",
            "module.my-eks.module.eks.data.aws_iam_policy_document.assume_role_policy",
            "module.my-eks.module.eks.data.aws_iam_session_context.current",
            "module.my-eks.module.eks.module.kms.data.aws_caller_identity.current",
            "module.my-eks.module.eks.module.kms.data.aws_iam_policy_document.this",
            "module.my-eks.module.eks.module.kms.data.aws_partition.current"
          ],
          "create_before_destroy": true
        }
      ]
    }
  ],
  "check_results": null
}
